{
  "version": 4,
  "terraform_version": "1.10.5",
  "serial": 353,
  "lineage": "6eaf2f31-c5c8-f869-aab5-0e0823da9441",
  "outputs": {
    "private_subnet_ids_az_a": {
      "value": [
        "subnet-07353d6020e365d45",
        "subnet-07571ad452fe3c868",
        "subnet-0a7ec893fde1bb5b2"
      ],
      "type": [
        "tuple",
        [
          "string",
          "string",
          "string"
        ]
      ]
    },
    "private_subnet_ids_az_c": {
      "value": [
        "subnet-069699589e1a1a0fb",
        "subnet-0b2348acfc360a74f",
        "subnet-0fa542ece4895af4a"
      ],
      "type": [
        "tuple",
        [
          "string",
          "string",
          "string"
        ]
      ]
    }
  },
  "resources": [
    {
      "module": "module.eks_az_a.module.eks_az_a",
      "mode": "data",
      "type": "aws_caller_identity",
      "name": "current",
      "provider": "provider[\"registry.terraform.io/hashicorp/aws\"]",
      "instances": [
        {
          "index_key": 0,
          "schema_version": 0,
          "attributes": {
            "account_id": "277707137172",
            "arn": "arn:aws:iam::277707137172:user/user5",
            "id": "277707137172",
            "user_id": "AIDAUBKFCUCKJRC6C4LFH"
          },
          "sensitive_attributes": []
        }
      ]
    },
    {
      "module": "module.eks_az_a.module.eks_az_a",
      "mode": "data",
      "type": "aws_eks_addon_version",
      "name": "this",
      "provider": "provider[\"registry.terraform.io/hashicorp/aws\"]",
      "instances": []
    },
    {
      "module": "module.eks_az_a.module.eks_az_a",
      "mode": "data",
      "type": "aws_iam_policy_document",
      "name": "assume_role_policy",
      "provider": "provider[\"registry.terraform.io/hashicorp/aws\"]",
      "instances": [
        {
          "index_key": 0,
          "schema_version": 0,
          "attributes": {
            "id": "2830595799",
            "json": "{\n  \"Version\": \"2012-10-17\",\n  \"Statement\": [\n    {\n      \"Sid\": \"EKSClusterAssumeRole\",\n      \"Effect\": \"Allow\",\n      \"Action\": [\n        \"sts:TagSession\",\n        \"sts:AssumeRole\"\n      ],\n      \"Principal\": {\n        \"Service\": \"eks.amazonaws.com\"\n      }\n    }\n  ]\n}",
            "minified_json": "{\"Version\":\"2012-10-17\",\"Statement\":[{\"Sid\":\"EKSClusterAssumeRole\",\"Effect\":\"Allow\",\"Action\":[\"sts:TagSession\",\"sts:AssumeRole\"],\"Principal\":{\"Service\":\"eks.amazonaws.com\"}}]}",
            "override_json": null,
            "override_policy_documents": null,
            "policy_id": null,
            "source_json": null,
            "source_policy_documents": null,
            "statement": [
              {
                "actions": [
                  "sts:AssumeRole",
                  "sts:TagSession"
                ],
                "condition": [],
                "effect": "Allow",
                "not_actions": [],
                "not_principals": [],
                "not_resources": [],
                "principals": [
                  {
                    "identifiers": [
                      "eks.amazonaws.com"
                    ],
                    "type": "Service"
                  }
                ],
                "resources": [],
                "sid": "EKSClusterAssumeRole"
              }
            ],
            "version": "2012-10-17"
          },
          "sensitive_attributes": []
        }
      ]
    },
    {
      "module": "module.eks_az_a.module.eks_az_a",
      "mode": "data",
      "type": "aws_iam_policy_document",
      "name": "cni_ipv6_policy",
      "provider": "provider[\"registry.terraform.io/hashicorp/aws\"]",
      "instances": []
    },
    {
      "module": "module.eks_az_a.module.eks_az_a",
      "mode": "data",
      "type": "aws_iam_policy_document",
      "name": "custom",
      "provider": "provider[\"registry.terraform.io/hashicorp/aws\"]",
      "instances": [
        {
          "index_key": 0,
          "schema_version": 0,
          "attributes": {
            "id": "513122117",
            "json": "{\n  \"Version\": \"2012-10-17\",\n  \"Statement\": [\n    {\n      \"Sid\": \"Compute\",\n      \"Effect\": \"Allow\",\n      \"Action\": [\n        \"ec2:RunInstances\",\n        \"ec2:CreateLaunchTemplate\",\n        \"ec2:CreateFleet\"\n      ],\n      \"Resource\": \"*\",\n      \"Condition\": {\n        \"StringEquals\": {\n          \"aws:RequestTag/eks:eks-cluster-name\": \"${aws:PrincipalTag/eks:eks-cluster-name}\"\n        },\n        \"StringLike\": {\n          \"aws:RequestTag/eks:kubernetes-node-class-name\": \"*\",\n          \"aws:RequestTag/eks:kubernetes-node-pool-name\": \"*\"\n        }\n      }\n    },\n    {\n      \"Sid\": \"Storage\",\n      \"Effect\": \"Allow\",\n      \"Action\": [\n        \"ec2:CreateVolume\",\n        \"ec2:CreateSnapshot\"\n      ],\n      \"Resource\": [\n        \"arn:aws:ec2:*:*:volume/*\",\n        \"arn:aws:ec2:*:*:snapshot/*\"\n      ],\n      \"Condition\": {\n        \"StringEquals\": {\n          \"aws:RequestTag/eks:eks-cluster-name\": \"${aws:PrincipalTag/eks:eks-cluster-name}\"\n        }\n      }\n    },\n    {\n      \"Sid\": \"Networking\",\n      \"Effect\": \"Allow\",\n      \"Action\": \"ec2:CreateNetworkInterface\",\n      \"Resource\": \"*\",\n      \"Condition\": {\n        \"StringEquals\": {\n          \"aws:RequestTag/eks:eks-cluster-name\": \"${aws:PrincipalTag/eks:eks-cluster-name}\",\n          \"aws:RequestTag/eks:kubernetes-cni-node-name\": \"*\"\n        }\n      }\n    },\n    {\n      \"Sid\": \"LoadBalancer\",\n      \"Effect\": \"Allow\",\n      \"Action\": [\n        \"elasticloadbalancing:CreateTargetGroup\",\n        \"elasticloadbalancing:CreateRule\",\n        \"elasticloadbalancing:CreateLoadBalancer\",\n        \"elasticloadbalancing:CreateListener\",\n        \"ec2:CreateSecurityGroup\"\n      ],\n      \"Resource\": \"*\",\n      \"Condition\": {\n        \"StringEquals\": {\n          \"aws:RequestTag/eks:eks-cluster-name\": \"${aws:PrincipalTag/eks:eks-cluster-name}\"\n        }\n      }\n    },\n    {\n      \"Sid\": \"ShieldProtection\",\n      \"Effect\": \"Allow\",\n      \"Action\": \"shield:CreateProtection\",\n      \"Resource\": \"*\",\n      \"Condition\": {\n        \"StringEquals\": {\n          \"aws:RequestTag/eks:eks-cluster-name\": \"${aws:PrincipalTag/eks:eks-cluster-name}\"\n        }\n      }\n    },\n    {\n      \"Sid\": \"ShieldTagResource\",\n      \"Effect\": \"Allow\",\n      \"Action\": \"shield:TagResource\",\n      \"Resource\": \"arn:aws:shield::*:protection/*\",\n      \"Condition\": {\n        \"StringEquals\": {\n          \"aws:RequestTag/eks:eks-cluster-name\": \"${aws:PrincipalTag/eks:eks-cluster-name}\"\n        }\n      }\n    }\n  ]\n}",
            "minified_json": "{\"Version\":\"2012-10-17\",\"Statement\":[{\"Sid\":\"Compute\",\"Effect\":\"Allow\",\"Action\":[\"ec2:RunInstances\",\"ec2:CreateLaunchTemplate\",\"ec2:CreateFleet\"],\"Resource\":\"*\",\"Condition\":{\"StringEquals\":{\"aws:RequestTag/eks:eks-cluster-name\":\"${aws:PrincipalTag/eks:eks-cluster-name}\"},\"StringLike\":{\"aws:RequestTag/eks:kubernetes-node-class-name\":\"*\",\"aws:RequestTag/eks:kubernetes-node-pool-name\":\"*\"}}},{\"Sid\":\"Storage\",\"Effect\":\"Allow\",\"Action\":[\"ec2:CreateVolume\",\"ec2:CreateSnapshot\"],\"Resource\":[\"arn:aws:ec2:*:*:volume/*\",\"arn:aws:ec2:*:*:snapshot/*\"],\"Condition\":{\"StringEquals\":{\"aws:RequestTag/eks:eks-cluster-name\":\"${aws:PrincipalTag/eks:eks-cluster-name}\"}}},{\"Sid\":\"Networking\",\"Effect\":\"Allow\",\"Action\":\"ec2:CreateNetworkInterface\",\"Resource\":\"*\",\"Condition\":{\"StringEquals\":{\"aws:RequestTag/eks:eks-cluster-name\":\"${aws:PrincipalTag/eks:eks-cluster-name}\",\"aws:RequestTag/eks:kubernetes-cni-node-name\":\"*\"}}},{\"Sid\":\"LoadBalancer\",\"Effect\":\"Allow\",\"Action\":[\"elasticloadbalancing:CreateTargetGroup\",\"elasticloadbalancing:CreateRule\",\"elasticloadbalancing:CreateLoadBalancer\",\"elasticloadbalancing:CreateListener\",\"ec2:CreateSecurityGroup\"],\"Resource\":\"*\",\"Condition\":{\"StringEquals\":{\"aws:RequestTag/eks:eks-cluster-name\":\"${aws:PrincipalTag/eks:eks-cluster-name}\"}}},{\"Sid\":\"ShieldProtection\",\"Effect\":\"Allow\",\"Action\":\"shield:CreateProtection\",\"Resource\":\"*\",\"Condition\":{\"StringEquals\":{\"aws:RequestTag/eks:eks-cluster-name\":\"${aws:PrincipalTag/eks:eks-cluster-name}\"}}},{\"Sid\":\"ShieldTagResource\",\"Effect\":\"Allow\",\"Action\":\"shield:TagResource\",\"Resource\":\"arn:aws:shield::*:protection/*\",\"Condition\":{\"StringEquals\":{\"aws:RequestTag/eks:eks-cluster-name\":\"${aws:PrincipalTag/eks:eks-cluster-name}\"}}}]}",
            "override_json": null,
            "override_policy_documents": null,
            "policy_id": null,
            "source_json": null,
            "source_policy_documents": null,
            "statement": [
              {
                "actions": [
                  "ec2:CreateFleet",
                  "ec2:CreateLaunchTemplate",
                  "ec2:RunInstances"
                ],
                "condition": [
                  {
                    "test": "StringEquals",
                    "values": [
                      "${aws:PrincipalTag/eks:eks-cluster-name}"
                    ],
                    "variable": "aws:RequestTag/eks:eks-cluster-name"
                  },
                  {
                    "test": "StringLike",
                    "values": [
                      "*"
                    ],
                    "variable": "aws:RequestTag/eks:kubernetes-node-class-name"
                  },
                  {
                    "test": "StringLike",
                    "values": [
                      "*"
                    ],
                    "variable": "aws:RequestTag/eks:kubernetes-node-pool-name"
                  }
                ],
                "effect": "Allow",
                "not_actions": [],
                "not_principals": [],
                "not_resources": [],
                "principals": [],
                "resources": [
                  "*"
                ],
                "sid": "Compute"
              },
              {
                "actions": [
                  "ec2:CreateSnapshot",
                  "ec2:CreateVolume"
                ],
                "condition": [
                  {
                    "test": "StringEquals",
                    "values": [
                      "${aws:PrincipalTag/eks:eks-cluster-name}"
                    ],
                    "variable": "aws:RequestTag/eks:eks-cluster-name"
                  }
                ],
                "effect": "Allow",
                "not_actions": [],
                "not_principals": [],
                "not_resources": [],
                "principals": [],
                "resources": [
                  "arn:aws:ec2:*:*:snapshot/*",
                  "arn:aws:ec2:*:*:volume/*"
                ],
                "sid": "Storage"
              },
              {
                "actions": [
                  "ec2:CreateNetworkInterface"
                ],
                "condition": [
                  {
                    "test": "StringEquals",
                    "values": [
                      "${aws:PrincipalTag/eks:eks-cluster-name}"
                    ],
                    "variable": "aws:RequestTag/eks:eks-cluster-name"
                  },
                  {
                    "test": "StringEquals",
                    "values": [
                      "*"
                    ],
                    "variable": "aws:RequestTag/eks:kubernetes-cni-node-name"
                  }
                ],
                "effect": "Allow",
                "not_actions": [],
                "not_principals": [],
                "not_resources": [],
                "principals": [],
                "resources": [
                  "*"
                ],
                "sid": "Networking"
              },
              {
                "actions": [
                  "ec2:CreateSecurityGroup",
                  "elasticloadbalancing:CreateListener",
                  "elasticloadbalancing:CreateLoadBalancer",
                  "elasticloadbalancing:CreateRule",
                  "elasticloadbalancing:CreateTargetGroup"
                ],
                "condition": [
                  {
                    "test": "StringEquals",
                    "values": [
                      "${aws:PrincipalTag/eks:eks-cluster-name}"
                    ],
                    "variable": "aws:RequestTag/eks:eks-cluster-name"
                  }
                ],
                "effect": "Allow",
                "not_actions": [],
                "not_principals": [],
                "not_resources": [],
                "principals": [],
                "resources": [
                  "*"
                ],
                "sid": "LoadBalancer"
              },
              {
                "actions": [
                  "shield:CreateProtection"
                ],
                "condition": [
                  {
                    "test": "StringEquals",
                    "values": [
                      "${aws:PrincipalTag/eks:eks-cluster-name}"
                    ],
                    "variable": "aws:RequestTag/eks:eks-cluster-name"
                  }
                ],
                "effect": "Allow",
                "not_actions": [],
                "not_principals": [],
                "not_resources": [],
                "principals": [],
                "resources": [
                  "*"
                ],
                "sid": "ShieldProtection"
              },
              {
                "actions": [
                  "shield:TagResource"
                ],
                "condition": [
                  {
                    "test": "StringEquals",
                    "values": [
                      "${aws:PrincipalTag/eks:eks-cluster-name}"
                    ],
                    "variable": "aws:RequestTag/eks:eks-cluster-name"
                  }
                ],
                "effect": "Allow",
                "not_actions": [],
                "not_principals": [],
                "not_resources": [],
                "principals": [],
                "resources": [
                  "arn:aws:shield::*:protection/*"
                ],
                "sid": "ShieldTagResource"
              }
            ],
            "version": "2012-10-17"
          },
          "sensitive_attributes": []
        }
      ]
    },
    {
      "module": "module.eks_az_a.module.eks_az_a",
      "mode": "data",
      "type": "aws_iam_policy_document",
      "name": "node_assume_role_policy",
      "provider": "provider[\"registry.terraform.io/hashicorp/aws\"]",
      "instances": [
        {
          "index_key": 0,
          "schema_version": 0,
          "attributes": {
            "id": "3518401652",
            "json": "{\n  \"Version\": \"2012-10-17\",\n  \"Statement\": [\n    {\n      \"Sid\": \"EKSAutoNodeAssumeRole\",\n      \"Effect\": \"Allow\",\n      \"Action\": [\n        \"sts:TagSession\",\n        \"sts:AssumeRole\"\n      ],\n      \"Principal\": {\n        \"Service\": \"ec2.amazonaws.com\"\n      }\n    }\n  ]\n}",
            "minified_json": "{\"Version\":\"2012-10-17\",\"Statement\":[{\"Sid\":\"EKSAutoNodeAssumeRole\",\"Effect\":\"Allow\",\"Action\":[\"sts:TagSession\",\"sts:AssumeRole\"],\"Principal\":{\"Service\":\"ec2.amazonaws.com\"}}]}",
            "override_json": null,
            "override_policy_documents": null,
            "policy_id": null,
            "source_json": null,
            "source_policy_documents": null,
            "statement": [
              {
                "actions": [
                  "sts:AssumeRole",
                  "sts:TagSession"
                ],
                "condition": [],
                "effect": "Allow",
                "not_actions": [],
                "not_principals": [],
                "not_resources": [],
                "principals": [
                  {
                    "identifiers": [
                      "ec2.amazonaws.com"
                    ],
                    "type": "Service"
                  }
                ],
                "resources": [],
                "sid": "EKSAutoNodeAssumeRole"
              }
            ],
            "version": "2012-10-17"
          },
          "sensitive_attributes": []
        }
      ]
    },
    {
      "module": "module.eks_az_a.module.eks_az_a",
      "mode": "data",
      "type": "aws_iam_session_context",
      "name": "current",
      "provider": "provider[\"registry.terraform.io/hashicorp/aws\"]",
      "instances": [
        {
          "index_key": 0,
          "schema_version": 0,
          "attributes": {
            "arn": "arn:aws:iam::277707137172:user/user5",
            "id": "arn:aws:iam::277707137172:user/user5",
            "issuer_arn": "arn:aws:iam::277707137172:user/user5",
            "issuer_id": "",
            "issuer_name": "",
            "session_name": ""
          },
          "sensitive_attributes": []
        }
      ]
    },
    {
      "module": "module.eks_az_a.module.eks_az_a",
      "mode": "data",
      "type": "aws_partition",
      "name": "current",
      "provider": "provider[\"registry.terraform.io/hashicorp/aws\"]",
      "instances": [
        {
          "index_key": 0,
          "schema_version": 0,
          "attributes": {
            "dns_suffix": "amazonaws.com",
            "id": "aws",
            "partition": "aws",
            "reverse_dns_prefix": "com.amazonaws"
          },
          "sensitive_attributes": []
        }
      ]
    },
    {
      "module": "module.eks_az_a.module.eks_az_a",
      "mode": "data",
      "type": "tls_certificate",
      "name": "this",
      "provider": "provider[\"registry.terraform.io/hashicorp/tls\"]",
      "instances": [
        {
          "index_key": 0,
          "schema_version": 0,
          "attributes": {
            "certificates": [
              {
                "cert_pem": "-----BEGIN CERTIFICATE-----\nMIIEdTCCA12gAwIBAgIJAKcOSkw0grd/MA0GCSqGSIb3DQEBCwUAMGgxCzAJBgNV\nBAYTAlVTMSUwIwYDVQQKExxTdGFyZmllbGQgVGVjaG5vbG9naWVzLCBJbmMuMTIw\nMAYDVQQLEylTdGFyZmllbGQgQ2xhc3MgMiBDZXJ0aWZpY2F0aW9uIEF1dGhvcml0\neTAeFw0wOTA5MDIwMDAwMDBaFw0zNDA2MjgxNzM5MTZaMIGYMQswCQYDVQQGEwJV\nUzEQMA4GA1UECBMHQXJpem9uYTETMBEGA1UEBxMKU2NvdHRzZGFsZTElMCMGA1UE\nChMcU3RhcmZpZWxkIFRlY2hub2xvZ2llcywgSW5jLjE7MDkGA1UEAxMyU3RhcmZp\nZWxkIFNlcnZpY2VzIFJvb3QgQ2VydGlmaWNhdGUgQXV0aG9yaXR5IC0gRzIwggEi\nMA0GCSqGSIb3DQEBAQUAA4IBDwAwggEKAoIBAQDVDDrEKvlO4vW+GZdfjohTsR8/\ny8+fIBNtKTrID30892t2OGPZNmCom15cAICyL1l/9of5JUOG52kbUpqQ4XHj2C0N\nTm/2yEnZtvMaVq4rtnQU68/7JuMauh2WLmo7WJSJR1b/JaCTcFOD2oR0FMNnngRo\nOt+OQFodSk7PQ5E751bWAHDLUu57fa4657wx+UX2wmDPE1kCK4DMNEffud6QZW0C\nzyyRpqbn3oUYSXxmTqM6bam17jQuug0DuDPfR+uxa40l2ZvOgdFFRjKWcIfeAg5J\nQ4W2bHO7ZOphQazJ1FTfhy/HIrImzJ9ZVGif/L4qL8RVHHVAYBeFAlU5i38FAgMB\nAAGjgfAwge0wDwYDVR0TAQH/BAUwAwEB/zAOBgNVHQ8BAf8EBAMCAYYwHQYDVR0O\nBBYEFJxfAN+qAdcwKziIorhtSpzyEZGDMB8GA1UdIwQYMBaAFL9ft9HO3R+G9FtV\nrNzXEMIOqYjnME8GCCsGAQUFBwEBBEMwQTAcBggrBgEFBQcwAYYQaHR0cDovL28u\nc3MyLnVzLzAhBggrBgEFBQcwAoYVaHR0cDovL3guc3MyLnVzL3guY2VyMCYGA1Ud\nHwQfMB0wG6AZoBeGFWh0dHA6Ly9zLnNzMi51cy9yLmNybDARBgNVHSAECjAIMAYG\nBFUdIAAwDQYJKoZIhvcNAQELBQADggEBACMd44pXyn3pF3lM8R5V/cxTbj5HD9/G\nVfKyBDbtgB9TxF00KGu+x1X8Z+rLP3+QsjPNG1gQggL4+C/1E2DUBc7xgQjB3ad1\nl08YuW3e95ORCLp+QCztweq7dp4zBncdDQh/U90bZKuCJ/Fp1U1ervShw3WnWEQt\n8jxwmKy6abaVd38PMV4s/KCHOkdp8Hlf9BRUpJVeEXgSYCfOn8J3/yNTd126/+pZ\n59vPr5KW7ySaNRB6nJHGDn2Z9j8Z3/VyVOEVqQdZe4O/Ui5GjLIAZHYcSNPYeehu\nVsyuLAOQ1xk4meTKCRlb/weWsKh/NEnfVqn3sF/tM+2MR7cwA130A4w=\n-----END CERTIFICATE-----\n",
                "is_ca": true,
                "issuer": "OU=Starfield Class 2 Certification Authority,O=Starfield Technologies\\, Inc.,C=US",
                "not_after": "2034-06-28T17:39:16Z",
                "not_before": "2009-09-02T00:00:00Z",
                "public_key_algorithm": "RSA",
                "serial_number": "12037640545166866303",
                "sha1_fingerprint": "9e99a48a9960b14926bb7f3b02e22da2b0ab7280",
                "signature_algorithm": "SHA256-RSA",
                "subject": "CN=Starfield Services Root Certificate Authority - G2,O=Starfield Technologies\\, Inc.,L=Scottsdale,ST=Arizona,C=US",
                "version": 3
              },
              {
                "cert_pem": "-----BEGIN CERTIFICATE-----\nMIIEkjCCA3qgAwIBAgITBn+USionzfP6wq4rAfkI7rnExjANBgkqhkiG9w0BAQsF\nADCBmDELMAkGA1UEBhMCVVMxEDAOBgNVBAgTB0FyaXpvbmExEzARBgNVBAcTClNj\nb3R0c2RhbGUxJTAjBgNVBAoTHFN0YXJmaWVsZCBUZWNobm9sb2dpZXMsIEluYy4x\nOzA5BgNVBAMTMlN0YXJmaWVsZCBTZXJ2aWNlcyBSb290IENlcnRpZmljYXRlIEF1\ndGhvcml0eSAtIEcyMB4XDTE1MDUyNTEyMDAwMFoXDTM3MTIzMTAxMDAwMFowOTEL\nMAkGA1UEBhMCVVMxDzANBgNVBAoTBkFtYXpvbjEZMBcGA1UEAxMQQW1hem9uIFJv\nb3QgQ0EgMTCCASIwDQYJKoZIhvcNAQEBBQADggEPADCCAQoCggEBALJ4gHHKeNXj\nca9HgFB0fW7Y14h29Jlo91ghYPl0hAEvrAIthtOgQ3pOsqTQNroBvo3bSMgHFzZM\n9O6II8c+6zf1tRn4SWiw3te5djgdYZ6k/oI2peVKVuRF4fn9tBb6dNqcmzU5L/qw\nIFAGbHrQgLKm+a/sRxmPUDgH3KKHOVj4utWp+UhnMJbulHheb4mjUcAwhmahRWa6\nVOujw5H5SNz/0egwLX0tdHA114gk957EWW67c4cX8jJGKLhD+rcdqsq08p8kDi1L\n93FcXmn/6pUCyziKrlA4b9v7LWIbxcceVOF34GfID5yHI9Y/QCB/IIDEgEw+OyQm\njgSubJrIqg0CAwEAAaOCATEwggEtMA8GA1UdEwEB/wQFMAMBAf8wDgYDVR0PAQH/\nBAQDAgGGMB0GA1UdDgQWBBSEGMyFNOy8DJSULghZnMeyEE4KCDAfBgNVHSMEGDAW\ngBScXwDfqgHXMCs4iKK4bUqc8hGRgzB4BggrBgEFBQcBAQRsMGowLgYIKwYBBQUH\nMAGGImh0dHA6Ly9vY3NwLnJvb3RnMi5hbWF6b250cnVzdC5jb20wOAYIKwYBBQUH\nMAKGLGh0dHA6Ly9jcnQucm9vdGcyLmFtYXpvbnRydXN0LmNvbS9yb290ZzIuY2Vy\nMD0GA1UdHwQ2MDQwMqAwoC6GLGh0dHA6Ly9jcmwucm9vdGcyLmFtYXpvbnRydXN0\nLmNvbS9yb290ZzIuY3JsMBEGA1UdIAQKMAgwBgYEVR0gADANBgkqhkiG9w0BAQsF\nAAOCAQEAYjdCXLwQtT6LLOkMm2xF4gcAevnFWAu5CIw+7bMlPLVvUOTNNWqnkzSW\nMiGpSESrnO09tKpzbeR/FoCJbM8oAxiDR3mjEH4wW6w7sGDgd9QIpuEdfF7Au/ma\neyKdpwAJfqxGF4PcnCZXmTA5YpaP7dreqsXMGz7KQ2hsVxa81Q4gLv7/wmpdLqBK\nbRRYh5TmOTFffHPLkIhqhBGWJ6bt2YFGpn6jcgAKUj6DiAdjd4lpFw85hdKrCEVN\n0FE6/V1dN2RMfjCyVSRCnTawXZwXgWHxyvkQAiSr6w10kY17RSlQOYiypok1JR4U\nakcjMS9cmvqtmg5iUaQqqcT5NJ0hGA==\n-----END CERTIFICATE-----\n",
                "is_ca": true,
                "issuer": "CN=Starfield Services Root Certificate Authority - G2,O=Starfield Technologies\\, Inc.,L=Scottsdale,ST=Arizona,C=US",
                "not_after": "2037-12-31T01:00:00Z",
                "not_before": "2015-05-25T12:00:00Z",
                "public_key_algorithm": "RSA",
                "serial_number": "144918191876577076464031512351042010504348870",
                "sha1_fingerprint": "06b25927c42a721631c1efd9431e648fa62e1e39",
                "signature_algorithm": "SHA256-RSA",
                "subject": "CN=Amazon Root CA 1,O=Amazon,C=US",
                "version": 3
              },
              {
                "cert_pem": "-----BEGIN CERTIFICATE-----\nMIIEXjCCA0agAwIBAgITB3MSTNQG0mfAmRzdKZqfODF5hTANBgkqhkiG9w0BAQsF\nADA5MQswCQYDVQQGEwJVUzEPMA0GA1UEChMGQW1hem9uMRkwFwYDVQQDExBBbWF6\nb24gUm9vdCBDQSAxMB4XDTIyMDgyMzIyMjYwNFoXDTMwMDgyMzIyMjYwNFowPDEL\nMAkGA1UEBhMCVVMxDzANBgNVBAoTBkFtYXpvbjEcMBoGA1UEAxMTQW1hem9uIFJT\nQSAyMDQ4IE0wMzCCASIwDQYJKoZIhvcNAQEBBQADggEPADCCAQoCggEBALd/pVko\n8vuM475Tf45HV3BbCl/B9Jy89G1CRkFjcPY06WA9lS+7dWbUA7GtWUKoksr69hKM\nwcMsNpxlw7b3jeXFgxB09/nmalcAWtnLzF+LaDKEA5DQmvKzuh1nfIfqEiKCQSmX\nXh09Xs+dO7cm5qbaL2hhNJCSAejciwcvOFgFNgEMR42wm6KIFHsQW28jhA+1u/M0\np6fVwReuEgZfLfdx82Px0LJck3lST3EB/JfbdsdOzzzg5YkY1dfuqf8y5fUeZ7Cz\nWXbTjujwX/TovmeWKA36VLCz75azW6tDNuDn66FOpADZZ9omVaF6BqNJiLMVl6P3\n/c0OiUMC6Z5OfKcCAwEAAaOCAVowggFWMBIGA1UdEwEB/wQIMAYBAf8CAQAwDgYD\nVR0PAQH/BAQDAgGGMB0GA1UdJQQWMBQGCCsGAQUFBwMBBggrBgEFBQcDAjAdBgNV\nHQ4EFgQUVdkYX9IczAHhWLS+q9lVQgHXLgIwHwYDVR0jBBgwFoAUhBjMhTTsvAyU\nlC4IWZzHshBOCggwewYIKwYBBQUHAQEEbzBtMC8GCCsGAQUFBzABhiNodHRwOi8v\nb2NzcC5yb290Y2ExLmFtYXpvbnRydXN0LmNvbTA6BggrBgEFBQcwAoYuaHR0cDov\nL2NydC5yb290Y2ExLmFtYXpvbnRydXN0LmNvbS9yb290Y2ExLmNlcjA/BgNVHR8E\nODA2MDSgMqAwhi5odHRwOi8vY3JsLnJvb3RjYTEuYW1hem9udHJ1c3QuY29tL3Jv\nb3RjYTEuY3JsMBMGA1UdIAQMMAowCAYGZ4EMAQIBMA0GCSqGSIb3DQEBCwUAA4IB\nAQAGjeWm2cC+3z2MzSCnte46/7JZvj3iQZDY7EvODNdZF41n71Lrk9kbfNwerK0d\nVNzW36Wefr7j7ZSwBVg50W5ay65jNSN74TTQV1yt4WnSbVvN6KlMs1hiyOZdoHKs\nKDV2UGNxbdoBYCQNa2GYF8FQIWLugNp35aSOpMy6cFlymFQomIrnOQHwK1nvVY4q\nxDSJMU/gNJz17D8ArPN3ngnyZ2TwepJ0uBINz3G5te2rdFUF4i4Y3Bb7FUlHDYm4\nu8aIRGpk2ZpfXmxaoxnbIBZRvGLPSUuPwnwoUOMsJ8jirI5vs2dvchPb7MtI1rle\ni02f2ivH2vxkjDLltSpe2fiC\n-----END CERTIFICATE-----\n",
                "is_ca": true,
                "issuer": "CN=Amazon Root CA 1,O=Amazon,C=US",
                "not_after": "2030-08-23T22:26:04Z",
                "not_before": "2022-08-23T22:26:04Z",
                "public_key_algorithm": "RSA",
                "serial_number": "166129356476704345391986644047206454194698629",
                "sha1_fingerprint": "d9fe0a65fa00cabf61f5120d373a8135e1461f15",
                "signature_algorithm": "SHA256-RSA",
                "subject": "CN=Amazon RSA 2048 M03,O=Amazon,C=US",
                "version": 3
              },
              {
                "cert_pem": "-----BEGIN CERTIFICATE-----\nMIIF8DCCBNigAwIBAgIQBmdFro+hCdmSpveTDMijMDANBgkqhkiG9w0BAQsFADA8\nMQswCQYDVQQGEwJVUzEPMA0GA1UEChMGQW1hem9uMRwwGgYDVQQDExNBbWF6b24g\nUlNBIDIwNDggTTAzMB4XDTI0MDMyNjAwMDAwMFoXDTI1MDQyNDIzNTk1OVowLTEr\nMCkGA1UEAwwiKi5la3MuYXAtbm9ydGhlYXN0LTIuYW1hem9uYXdzLmNvbTCCASIw\nDQYJKoZIhvcNAQEBBQADggEPADCCAQoCggEBAJyzxsYL4t9p/wzNxnb4uwSBFFZO\nVzHx7Vw++iC81ZJQt0M6+Lk+oorI9wqPU0Y6uaqS8PI9gyZESAxx2StO1yEd1uhH\niKw5EkE8Y82D6C04ETduMs4WDK39J4asj6p7bl7cOQN7Pnk61+COf8Bn+uUWXbC+\nex/MCySwanYUwoZB7AUHeJ6DoXWIFST6Vx6blfHHrCoIs/+2Ok7KO3KqutlA/Y03\nDeavkpV/U+mteFZ79FjvYldrWpaMRboDz/mmAQTtKOwSozaKHcj+/WLUArL/K21u\nBUO6B2ElrxTMYkesC4d/Htnt5BwUZ2mR86P1M1xrfs1Z//y0Rl3SQuCjfmECAwEA\nAaOCAvswggL3MB8GA1UdIwQYMBaAFFXZGF/SHMwB4Vi0vqvZVUIB1y4CMB0GA1Ud\nDgQWBBRehZALtjVcS4VY+VoAXG8kA2RaNjAtBgNVHREEJjAkgiIqLmVrcy5hcC1u\nb3J0aGVhc3QtMi5hbWF6b25hd3MuY29tMBMGA1UdIAQMMAowCAYGZ4EMAQIBMA4G\nA1UdDwEB/wQEAwIFoDAdBgNVHSUEFjAUBggrBgEFBQcDAQYIKwYBBQUHAwIwOwYD\nVR0fBDQwMjAwoC6gLIYqaHR0cDovL2NybC5yMm0wMy5hbWF6b250cnVzdC5jb20v\ncjJtMDMuY3JsMHUGCCsGAQUFBwEBBGkwZzAtBggrBgEFBQcwAYYhaHR0cDovL29j\nc3AucjJtMDMuYW1hem9udHJ1c3QuY29tMDYGCCsGAQUFBzAChipodHRwOi8vY3J0\nLnIybTAzLmFtYXpvbnRydXN0LmNvbS9yMm0wMy5jZXIwDAYDVR0TAQH/BAIwADCC\nAX4GCisGAQQB1nkCBAIEggFuBIIBagFoAHcAzxFW7tUufK/zh1vZaS6b6RpxZ0qw\nF+ysAdJbd87MOwgAAAGOfGIO6wAABAMASDBGAiEA7Z5iMbK2kkw3FmqzxYc0tGMW\nIkWwevHI7Yq6XmRDuBQCIQCi7RcP7jFVsMRLL+IyIs8ijwQuasI3ho+aj92lYT+Z\nEwB2AH1ZHhLheCp7HGFnfF79+NCHXBSgTpWeuQMv2Q6MLnm4AAABjnxiDqsAAAQD\nAEcwRQIgGGgp1mXPRlr9bbOuEo/sVOrzR97b/+CZ+Aqt2yWI5egCIQDsIavA6HIu\nVdxWQa8C2RSCJN7CCyyJvCTllF/UI4CRfQB1AObSMWNAd4zBEEEG13G5zsHSQPaW\nhIb7uocyHf0eN45QAAABjnxiDrwAAAQDAEYwRAIgWxgtd741Pz3Bp9/oYB60RjwL\npTfkWDLNKPnX8T9rLqICIBOIE+V2M1mL/QO2gkUn7H2q2MWK1zT09sJb7/gNXEpf\nMA0GCSqGSIb3DQEBCwUAA4IBAQBLql8LXsIlZZWTwwaEZdny5tcJLDJYe7opk+ci\nUWFVa6+23XHy7C+kAWGEVGEsH2QabT1y00xmylXfVjf3DNXneE2T7/0HfokqidI+\nQBDE4djVrjat1Ga7rRo4Z8L6xrVj/S2M3ChQsmgTY7XwfQuB77+kUYni16wtqzeu\nm5EFpDSfF4UTU8Ts+JBgWlMSpRCL0WWu2/Bm1lX3ED+mMzxUjEFSwK8srJ9otuHj\n0cOOG0RShlLuX6QfMobw10wCErpsnIzNzRNzhBvYVAOKxNCqTePdbJVykT9GC4Zv\n6EE+eHli/Rwtkxg4NUHF9VM+xafyoL1Nyi8OfPm33gX+AG7U\n-----END CERTIFICATE-----\n",
                "is_ca": false,
                "issuer": "CN=Amazon RSA 2048 M03,O=Amazon,C=US",
                "not_after": "2025-04-24T23:59:59Z",
                "not_before": "2024-03-26T00:00:00Z",
                "public_key_algorithm": "RSA",
                "serial_number": "8511587867552551906634992853747016496",
                "sha1_fingerprint": "55635cfea6a15f4770cc5ec0977492b318f9b0cc",
                "signature_algorithm": "SHA256-RSA",
                "subject": "CN=*.eks.ap-northeast-2.amazonaws.com",
                "version": 3
              }
            ],
            "content": null,
            "id": "edf63ed368dbccffd595f895026cdd06194eaa5a",
            "url": "https://oidc.eks.ap-northeast-2.amazonaws.com/id/0C8D8AEA508CD99F7AB6E982C877C073",
            "verify_chain": true
          },
          "sensitive_attributes": []
        }
      ]
    },
    {
      "module": "module.eks_az_a.module.eks_az_a",
      "mode": "managed",
      "type": "aws_cloudwatch_log_group",
      "name": "this",
      "provider": "provider[\"registry.terraform.io/hashicorp/aws\"]",
      "instances": [
        {
          "index_key": 0,
          "schema_version": 0,
          "attributes": {
            "arn": "arn:aws:logs:ap-northeast-2:277707137172:log-group:/aws/eks/stage-eks-az-a/cluster",
            "id": "/aws/eks/stage-eks-az-a/cluster",
            "kms_key_id": "",
            "log_group_class": "STANDARD",
            "name": "/aws/eks/stage-eks-az-a/cluster",
            "name_prefix": "",
            "retention_in_days": 90,
            "skip_destroy": false,
            "tags": {
              "Environment": "dev",
              "Name": "/aws/eks/stage-eks-az-a/cluster",
              "Terraform": "true",
              "Zone": "az-a"
            },
            "tags_all": {
              "Environment": "dev",
              "Name": "/aws/eks/stage-eks-az-a/cluster",
              "Terraform": "true",
              "Zone": "az-a"
            }
          },
          "sensitive_attributes": [],
          "private": "bnVsbA==",
          "create_before_destroy": true
        }
      ]
    },
    {
      "module": "module.eks_az_a.module.eks_az_a",
      "mode": "managed",
      "type": "aws_ec2_tag",
      "name": "cluster_primary_security_group",
      "provider": "provider[\"registry.terraform.io/hashicorp/aws\"]",
      "instances": [
        {
          "index_key": "Environment",
          "schema_version": 0,
          "attributes": {
            "id": "sg-015ccedb2c4a10990,Environment",
            "key": "Environment",
            "resource_id": "sg-015ccedb2c4a10990",
            "value": "dev"
          },
          "sensitive_attributes": [],
          "private": "bnVsbA==",
          "dependencies": [
            "module.eks_az_a.module.eks_az_a.aws_cloudwatch_log_group.this",
            "module.eks_az_a.module.eks_az_a.aws_eks_cluster.this",
            "module.eks_az_a.module.eks_az_a.aws_iam_policy.cni_ipv6_policy",
            "module.eks_az_a.module.eks_az_a.aws_iam_role.eks_auto",
            "module.eks_az_a.module.eks_az_a.aws_iam_role.this",
            "module.eks_az_a.module.eks_az_a.aws_iam_role_policy_attachment.this",
            "module.eks_az_a.module.eks_az_a.aws_security_group.cluster",
            "module.eks_az_a.module.eks_az_a.aws_security_group.node",
            "module.eks_az_a.module.eks_az_a.aws_security_group_rule.cluster",
            "module.eks_az_a.module.eks_az_a.aws_security_group_rule.node",
            "module.eks_az_a.module.eks_az_a.data.aws_caller_identity.current",
            "module.eks_az_a.module.eks_az_a.data.aws_iam_policy_document.assume_role_policy",
            "module.eks_az_a.module.eks_az_a.data.aws_iam_policy_document.cni_ipv6_policy",
            "module.eks_az_a.module.eks_az_a.data.aws_iam_policy_document.node_assume_role_policy",
            "module.eks_az_a.module.eks_az_a.data.aws_iam_session_context.current",
            "module.eks_az_a.module.eks_az_a.data.aws_partition.current",
            "module.eks_az_a.module.eks_az_a.module.kms.aws_kms_external_key.this",
            "module.eks_az_a.module.eks_az_a.module.kms.aws_kms_key.this",
            "module.eks_az_a.module.eks_az_a.module.kms.aws_kms_replica_external_key.this",
            "module.eks_az_a.module.eks_az_a.module.kms.aws_kms_replica_key.this",
            "module.eks_az_a.module.eks_az_a.module.kms.data.aws_caller_identity.current",
            "module.eks_az_a.module.eks_az_a.module.kms.data.aws_iam_policy_document.this",
            "module.eks_az_a.module.eks_az_a.module.kms.data.aws_partition.current",
            "module.vpc.module.vpc.aws_subnet.private",
            "module.vpc.module.vpc.aws_vpc.this",
            "module.vpc.module.vpc.aws_vpc_ipv4_cidr_block_association.this"
          ]
        },
        {
          "index_key": "Terraform",
          "schema_version": 0,
          "attributes": {
            "id": "sg-015ccedb2c4a10990,Terraform",
            "key": "Terraform",
            "resource_id": "sg-015ccedb2c4a10990",
            "value": "true"
          },
          "sensitive_attributes": [],
          "private": "bnVsbA==",
          "dependencies": [
            "module.eks_az_a.module.eks_az_a.aws_cloudwatch_log_group.this",
            "module.eks_az_a.module.eks_az_a.aws_eks_cluster.this",
            "module.eks_az_a.module.eks_az_a.aws_iam_policy.cni_ipv6_policy",
            "module.eks_az_a.module.eks_az_a.aws_iam_role.eks_auto",
            "module.eks_az_a.module.eks_az_a.aws_iam_role.this",
            "module.eks_az_a.module.eks_az_a.aws_iam_role_policy_attachment.this",
            "module.eks_az_a.module.eks_az_a.aws_security_group.cluster",
            "module.eks_az_a.module.eks_az_a.aws_security_group.node",
            "module.eks_az_a.module.eks_az_a.aws_security_group_rule.cluster",
            "module.eks_az_a.module.eks_az_a.aws_security_group_rule.node",
            "module.eks_az_a.module.eks_az_a.data.aws_caller_identity.current",
            "module.eks_az_a.module.eks_az_a.data.aws_iam_policy_document.assume_role_policy",
            "module.eks_az_a.module.eks_az_a.data.aws_iam_policy_document.cni_ipv6_policy",
            "module.eks_az_a.module.eks_az_a.data.aws_iam_policy_document.node_assume_role_policy",
            "module.eks_az_a.module.eks_az_a.data.aws_iam_session_context.current",
            "module.eks_az_a.module.eks_az_a.data.aws_partition.current",
            "module.eks_az_a.module.eks_az_a.module.kms.aws_kms_external_key.this",
            "module.eks_az_a.module.eks_az_a.module.kms.aws_kms_key.this",
            "module.eks_az_a.module.eks_az_a.module.kms.aws_kms_replica_external_key.this",
            "module.eks_az_a.module.eks_az_a.module.kms.aws_kms_replica_key.this",
            "module.eks_az_a.module.eks_az_a.module.kms.data.aws_caller_identity.current",
            "module.eks_az_a.module.eks_az_a.module.kms.data.aws_iam_policy_document.this",
            "module.eks_az_a.module.eks_az_a.module.kms.data.aws_partition.current",
            "module.vpc.module.vpc.aws_subnet.private",
            "module.vpc.module.vpc.aws_vpc.this",
            "module.vpc.module.vpc.aws_vpc_ipv4_cidr_block_association.this"
          ]
        },
        {
          "index_key": "Zone",
          "schema_version": 0,
          "attributes": {
            "id": "sg-015ccedb2c4a10990,Zone",
            "key": "Zone",
            "resource_id": "sg-015ccedb2c4a10990",
            "value": "az-a"
          },
          "sensitive_attributes": [],
          "private": "bnVsbA==",
          "dependencies": [
            "module.eks_az_a.module.eks_az_a.aws_cloudwatch_log_group.this",
            "module.eks_az_a.module.eks_az_a.aws_eks_cluster.this",
            "module.eks_az_a.module.eks_az_a.aws_iam_policy.cni_ipv6_policy",
            "module.eks_az_a.module.eks_az_a.aws_iam_role.eks_auto",
            "module.eks_az_a.module.eks_az_a.aws_iam_role.this",
            "module.eks_az_a.module.eks_az_a.aws_iam_role_policy_attachment.this",
            "module.eks_az_a.module.eks_az_a.aws_security_group.cluster",
            "module.eks_az_a.module.eks_az_a.aws_security_group.node",
            "module.eks_az_a.module.eks_az_a.aws_security_group_rule.cluster",
            "module.eks_az_a.module.eks_az_a.aws_security_group_rule.node",
            "module.eks_az_a.module.eks_az_a.data.aws_caller_identity.current",
            "module.eks_az_a.module.eks_az_a.data.aws_iam_policy_document.assume_role_policy",
            "module.eks_az_a.module.eks_az_a.data.aws_iam_policy_document.cni_ipv6_policy",
            "module.eks_az_a.module.eks_az_a.data.aws_iam_policy_document.node_assume_role_policy",
            "module.eks_az_a.module.eks_az_a.data.aws_iam_session_context.current",
            "module.eks_az_a.module.eks_az_a.data.aws_partition.current",
            "module.eks_az_a.module.eks_az_a.module.kms.aws_kms_external_key.this",
            "module.eks_az_a.module.eks_az_a.module.kms.aws_kms_key.this",
            "module.eks_az_a.module.eks_az_a.module.kms.aws_kms_replica_external_key.this",
            "module.eks_az_a.module.eks_az_a.module.kms.aws_kms_replica_key.this",
            "module.eks_az_a.module.eks_az_a.module.kms.data.aws_caller_identity.current",
            "module.eks_az_a.module.eks_az_a.module.kms.data.aws_iam_policy_document.this",
            "module.eks_az_a.module.eks_az_a.module.kms.data.aws_partition.current",
            "module.vpc.module.vpc.aws_subnet.private",
            "module.vpc.module.vpc.aws_vpc.this",
            "module.vpc.module.vpc.aws_vpc_ipv4_cidr_block_association.this"
          ]
        }
      ]
    },
    {
      "module": "module.eks_az_a.module.eks_az_a",
      "mode": "managed",
      "type": "aws_eks_access_entry",
      "name": "this",
      "provider": "provider[\"registry.terraform.io/hashicorp/aws\"]",
      "instances": []
    },
    {
      "module": "module.eks_az_a.module.eks_az_a",
      "mode": "managed",
      "type": "aws_eks_access_policy_association",
      "name": "this",
      "provider": "provider[\"registry.terraform.io/hashicorp/aws\"]",
      "instances": []
    },
    {
      "module": "module.eks_az_a.module.eks_az_a",
      "mode": "managed",
      "type": "aws_eks_addon",
      "name": "before_compute",
      "provider": "provider[\"registry.terraform.io/hashicorp/aws\"]",
      "instances": []
    },
    {
      "module": "module.eks_az_a.module.eks_az_a",
      "mode": "managed",
      "type": "aws_eks_addon",
      "name": "this",
      "provider": "provider[\"registry.terraform.io/hashicorp/aws\"]",
      "instances": []
    },
    {
      "module": "module.eks_az_a.module.eks_az_a",
      "mode": "managed",
      "type": "aws_eks_cluster",
      "name": "this",
      "provider": "provider[\"registry.terraform.io/hashicorp/aws\"]",
      "instances": [
        {
          "index_key": 0,
          "schema_version": 1,
          "attributes": {
            "access_config": [
              {
                "authentication_mode": "API_AND_CONFIG_MAP",
                "bootstrap_cluster_creator_admin_permissions": false
              }
            ],
            "arn": "arn:aws:eks:ap-northeast-2:277707137172:cluster/stage-eks-az-a",
            "bootstrap_self_managed_addons": false,
            "certificate_authority": [
              {
                "data": "LS0tLS1CRUdJTiBDRVJUSUZJQ0FURS0tLS0tCk1JSURCVENDQWUyZ0F3SUJBZ0lJT0Y4MU56V3FvRk13RFFZSktvWklodmNOQVFFTEJRQXdGVEVUTUJFR0ExVUUKQXhNS2EzVmlaWEp1WlhSbGN6QWVGdzB5TlRBeU1USXdPREF5TkRGYUZ3MHpOVEF5TVRBd09EQTNOREZhTUJVeApFekFSQmdOVkJBTVRDbXQxWW1WeWJtVjBaWE13Z2dFaU1BMEdDU3FHU0liM0RRRUJBUVVBQTRJQkR3QXdnZ0VLCkFvSUJBUUNzSXZpWmIveCt5SnhZQzZwZktEN1dVL3FYR3dqUm1uR0VlNHlZK0xHRFFsNDR0SHpHcXV4SWpVcTcKSlpVQWVMMW0wNUlEaDdLTXZHQXhTWTd0aWdYaDJvSTU2TksxMVk4MTNKd1U4bjB1OHM0YXBsVzJ5OGJFS1ExRgpaOStBMit4OVFpSWJFdm1LK1VLWTVLNHVkTGtHNEJWQjZQODJvVytzdHhxdDRVU1Z2R01CZ3hEMUVjVHRWRGtECmo4blNvODArR3BJelVwZ0FxckxpdUxwVGNzOUlUVWRKdjdUdFptTjVNWnNnMDRSdXdtSnVERU9CSGtjZ3FuVFYKU0ttUUdmV2JuOUlHU2lWT3RKRWllcDVWNW5xM3FkYXVLY0JTbUpIRTM5anR1WVA1ZzVGQWdVMktVMmYvMm5DYQpxamx0alZqS3lNbDNjUFlybXlkWld4dm82QXdmQWdNQkFBR2pXVEJYTUE0R0ExVWREd0VCL3dRRUF3SUNwREFQCkJnTlZIUk1CQWY4RUJUQURBUUgvTUIwR0ExVWREZ1FXQkJTeEllMzN0UGRraW01Ry9BY2VBbWlvd0ljTWxqQVYKQmdOVkhSRUVEakFNZ2dwcmRXSmxjbTVsZEdWek1BMEdDU3FHU0liM0RRRUJDd1VBQTRJQkFRQ1hmbTJWR0lJTwp1LzUxOU1FZWluUEc1enBRdWxhbEI1VVhmOGYxb0hXa0RkbmVjNWFpSm52RXlPdzd5Z2twUmxpQlZ3Q2QzUVVpClJJTThTOGhaSWcyV1liMWtiRnpXR3NqeU91RjUrVDNtVWhpZEFneHJuRU5PWko1c0wyUjdJc2JGSVJTaWI1cE0KTXFlRjVkOGRmMWhBajVGTExCdjlNZUhFOVlJNEcxT0ZRN2tPQVk2d052bExmdjMvUHJoS3hyOG9zZ0pUQjkzNAo0aG1WN2JhSGp5UDk2USs3Wm5wTGo2WW5HTTJMYU45dzVZMlpFSzBUY0R4NWUwYXFMR2tqMGlpd29oSmUxSGlFCldqZzlSU29hQmhjYTg4SEtDbTZEZ2NmUGNmYUx0M284NjdSWGxTd0wyRy9GSGRiTzYwc3Y5YjBlTFlHb2x5UEoKYjhZdU5sSE9QS1dzCi0tLS0tRU5EIENFUlRJRklDQVRFLS0tLS0K"
              }
            ],
            "cluster_id": null,
            "compute_config": [
              {
                "enabled": true,
                "node_pools": [
                  "general-purpose"
                ],
                "node_role_arn": "arn:aws:iam::277707137172:role/stage-eks-az-a-eks-auto-20250212080316744700000008"
              }
            ],
            "created_at": "2025-02-12T08:03:41Z",
            "enabled_cluster_log_types": [
              "api",
              "audit",
              "authenticator"
            ],
            "encryption_config": [
              {
                "provider": [
                  {
                    "key_arn": "arn:aws:kms:ap-northeast-2:277707137172:key/7d7eca4f-0559-455c-8ee6-1f2932879a8e"
                  }
                ],
                "resources": [
                  "secrets"
                ]
              }
            ],
            "endpoint": "https://0C8D8AEA508CD99F7AB6E982C877C073.gr7.ap-northeast-2.eks.amazonaws.com",
            "id": "stage-eks-az-a",
            "identity": [
              {
                "oidc": [
                  {
                    "issuer": "https://oidc.eks.ap-northeast-2.amazonaws.com/id/0C8D8AEA508CD99F7AB6E982C877C073"
                  }
                ]
              }
            ],
            "kubernetes_network_config": [
              {
                "elastic_load_balancing": [
                  {
                    "enabled": true
                  }
                ],
                "ip_family": "ipv4",
                "service_ipv4_cidr": "172.20.0.0/16",
                "service_ipv6_cidr": ""
              }
            ],
            "name": "stage-eks-az-a",
            "outpost_config": [],
            "platform_version": "eks.19",
            "remote_network_config": [],
            "role_arn": "arn:aws:iam::277707137172:role/stage-eks-az-a-cluster-20250212080316113600000003",
            "status": "ACTIVE",
            "storage_config": [
              {
                "block_storage": [
                  {
                    "enabled": true
                  }
                ]
              }
            ],
            "tags": {
              "Environment": "dev",
              "Terraform": "true",
              "Zone": "az-a",
              "terraform-aws-modules": "eks"
            },
            "tags_all": {
              "Environment": "dev",
              "Terraform": "true",
              "Zone": "az-a",
              "terraform-aws-modules": "eks"
            },
            "timeouts": {
              "create": null,
              "delete": null,
              "update": null
            },
            "upgrade_policy": [
              {
                "support_type": "EXTENDED"
              }
            ],
            "version": "1.31",
            "vpc_config": [
              {
                "cluster_security_group_id": "sg-015ccedb2c4a10990",
                "endpoint_private_access": true,
                "endpoint_public_access": false,
                "public_access_cidrs": [
                  "0.0.0.0/0"
                ],
                "security_group_ids": [
                  "sg-03ff1a4905ea3c6ed"
                ],
                "subnet_ids": [
                  "subnet-07353d6020e365d45",
                  "subnet-07571ad452fe3c868",
                  "subnet-0a7ec893fde1bb5b2"
                ],
                "vpc_id": "vpc-0aea249fb189ca256"
              }
            ],
            "zonal_shift_config": []
          },
          "sensitive_attributes": [],
          "private": "eyJlMmJmYjczMC1lY2FhLTExZTYtOGY4OC0zNDM2M2JjN2M0YzAiOnsiY3JlYXRlIjoxODAwMDAwMDAwMDAwLCJkZWxldGUiOjkwMDAwMDAwMDAwMCwidXBkYXRlIjozNjAwMDAwMDAwMDAwfSwic2NoZW1hX3ZlcnNpb24iOiIxIn0=",
          "dependencies": [
            "module.eks_az_a.module.eks_az_a.aws_cloudwatch_log_group.this",
            "module.eks_az_a.module.eks_az_a.aws_iam_policy.cni_ipv6_policy",
            "module.eks_az_a.module.eks_az_a.aws_iam_role.eks_auto",
            "module.eks_az_a.module.eks_az_a.aws_iam_role.this",
            "module.eks_az_a.module.eks_az_a.aws_iam_role_policy_attachment.this",
            "module.eks_az_a.module.eks_az_a.aws_security_group.cluster",
            "module.eks_az_a.module.eks_az_a.aws_security_group.node",
            "module.eks_az_a.module.eks_az_a.aws_security_group_rule.cluster",
            "module.eks_az_a.module.eks_az_a.aws_security_group_rule.node",
            "module.eks_az_a.module.eks_az_a.data.aws_caller_identity.current",
            "module.eks_az_a.module.eks_az_a.data.aws_iam_policy_document.assume_role_policy",
            "module.eks_az_a.module.eks_az_a.data.aws_iam_policy_document.cni_ipv6_policy",
            "module.eks_az_a.module.eks_az_a.data.aws_iam_policy_document.node_assume_role_policy",
            "module.eks_az_a.module.eks_az_a.data.aws_iam_session_context.current",
            "module.eks_az_a.module.eks_az_a.data.aws_partition.current",
            "module.eks_az_a.module.eks_az_a.module.kms.aws_kms_external_key.this",
            "module.eks_az_a.module.eks_az_a.module.kms.aws_kms_key.this",
            "module.eks_az_a.module.eks_az_a.module.kms.aws_kms_replica_external_key.this",
            "module.eks_az_a.module.eks_az_a.module.kms.aws_kms_replica_key.this",
            "module.eks_az_a.module.eks_az_a.module.kms.data.aws_caller_identity.current",
            "module.eks_az_a.module.eks_az_a.module.kms.data.aws_iam_policy_document.this",
            "module.eks_az_a.module.eks_az_a.module.kms.data.aws_partition.current",
            "module.vpc.module.vpc.aws_subnet.private",
            "module.vpc.module.vpc.aws_vpc.this",
            "module.vpc.module.vpc.aws_vpc_ipv4_cidr_block_association.this"
          ],
          "create_before_destroy": true
        }
      ]
    },
    {
      "module": "module.eks_az_a.module.eks_az_a",
      "mode": "managed",
      "type": "aws_eks_identity_provider_config",
      "name": "this",
      "provider": "provider[\"registry.terraform.io/hashicorp/aws\"]",
      "instances": []
    },
    {
      "module": "module.eks_az_a.module.eks_az_a",
      "mode": "managed",
      "type": "aws_iam_openid_connect_provider",
      "name": "oidc_provider",
      "provider": "provider[\"registry.terraform.io/hashicorp/aws\"]",
      "instances": [
        {
          "index_key": 0,
          "schema_version": 0,
          "attributes": {
            "arn": "arn:aws:iam::277707137172:oidc-provider/oidc.eks.ap-northeast-2.amazonaws.com/id/0C8D8AEA508CD99F7AB6E982C877C073",
            "client_id_list": [
              "sts.amazonaws.com"
            ],
            "id": "arn:aws:iam::277707137172:oidc-provider/oidc.eks.ap-northeast-2.amazonaws.com/id/0C8D8AEA508CD99F7AB6E982C877C073",
            "tags": {
              "Environment": "dev",
              "Name": "stage-eks-az-a-eks-irsa",
              "Terraform": "true",
              "Zone": "az-a"
            },
            "tags_all": {
              "Environment": "dev",
              "Name": "stage-eks-az-a-eks-irsa",
              "Terraform": "true",
              "Zone": "az-a"
            },
            "thumbprint_list": [
              "9e99a48a9960b14926bb7f3b02e22da2b0ab7280"
            ],
            "url": "oidc.eks.ap-northeast-2.amazonaws.com/id/0C8D8AEA508CD99F7AB6E982C877C073"
          },
          "sensitive_attributes": [],
          "private": "bnVsbA==",
          "dependencies": [
            "module.eks_az_a.module.eks_az_a.aws_cloudwatch_log_group.this",
            "module.eks_az_a.module.eks_az_a.aws_eks_cluster.this",
            "module.eks_az_a.module.eks_az_a.aws_iam_policy.cni_ipv6_policy",
            "module.eks_az_a.module.eks_az_a.aws_iam_role.eks_auto",
            "module.eks_az_a.module.eks_az_a.aws_iam_role.this",
            "module.eks_az_a.module.eks_az_a.aws_iam_role_policy_attachment.this",
            "module.eks_az_a.module.eks_az_a.aws_security_group.cluster",
            "module.eks_az_a.module.eks_az_a.aws_security_group.node",
            "module.eks_az_a.module.eks_az_a.aws_security_group_rule.cluster",
            "module.eks_az_a.module.eks_az_a.aws_security_group_rule.node",
            "module.eks_az_a.module.eks_az_a.data.aws_caller_identity.current",
            "module.eks_az_a.module.eks_az_a.data.aws_iam_policy_document.assume_role_policy",
            "module.eks_az_a.module.eks_az_a.data.aws_iam_policy_document.cni_ipv6_policy",
            "module.eks_az_a.module.eks_az_a.data.aws_iam_policy_document.node_assume_role_policy",
            "module.eks_az_a.module.eks_az_a.data.aws_iam_session_context.current",
            "module.eks_az_a.module.eks_az_a.data.aws_partition.current",
            "module.eks_az_a.module.eks_az_a.data.tls_certificate.this",
            "module.eks_az_a.module.eks_az_a.module.kms.aws_kms_external_key.this",
            "module.eks_az_a.module.eks_az_a.module.kms.aws_kms_key.this",
            "module.eks_az_a.module.eks_az_a.module.kms.aws_kms_replica_external_key.this",
            "module.eks_az_a.module.eks_az_a.module.kms.aws_kms_replica_key.this",
            "module.eks_az_a.module.eks_az_a.module.kms.data.aws_caller_identity.current",
            "module.eks_az_a.module.eks_az_a.module.kms.data.aws_iam_policy_document.this",
            "module.eks_az_a.module.eks_az_a.module.kms.data.aws_partition.current",
            "module.vpc.module.vpc.aws_subnet.private",
            "module.vpc.module.vpc.aws_vpc.this",
            "module.vpc.module.vpc.aws_vpc_ipv4_cidr_block_association.this"
          ]
        }
      ]
    },
    {
      "module": "module.eks_az_a.module.eks_az_a",
      "mode": "managed",
      "type": "aws_iam_policy",
      "name": "cluster_encryption",
      "provider": "provider[\"registry.terraform.io/hashicorp/aws\"]",
      "instances": [
        {
          "index_key": 0,
          "schema_version": 0,
          "attributes": {
            "arn": "arn:aws:iam::277707137172:policy/stage-eks-az-a-cluster-ClusterEncryption2025021208033889160000003b",
            "attachment_count": 0,
            "description": "Cluster encryption policy to allow cluster role to utilize CMK provided",
            "id": "arn:aws:iam::277707137172:policy/stage-eks-az-a-cluster-ClusterEncryption2025021208033889160000003b",
            "name": "stage-eks-az-a-cluster-ClusterEncryption2025021208033889160000003b",
            "name_prefix": "stage-eks-az-a-cluster-ClusterEncryption",
            "path": "/",
            "policy": "{\"Statement\":[{\"Action\":[\"kms:Encrypt\",\"kms:Decrypt\",\"kms:ListGrants\",\"kms:DescribeKey\"],\"Effect\":\"Allow\",\"Resource\":\"arn:aws:kms:ap-northeast-2:277707137172:key/7d7eca4f-0559-455c-8ee6-1f2932879a8e\"}],\"Version\":\"2012-10-17\"}",
            "policy_id": "ANPAUBKFCUCKMJK3BRV2W",
            "tags": {
              "Environment": "dev",
              "Terraform": "true",
              "Zone": "az-a"
            },
            "tags_all": {
              "Environment": "dev",
              "Terraform": "true",
              "Zone": "az-a"
            }
          },
          "sensitive_attributes": [],
          "private": "bnVsbA==",
          "dependencies": [
            "module.eks_az_a.module.eks_az_a.aws_iam_role.this",
            "module.eks_az_a.module.eks_az_a.data.aws_caller_identity.current",
            "module.eks_az_a.module.eks_az_a.data.aws_iam_policy_document.assume_role_policy",
            "module.eks_az_a.module.eks_az_a.data.aws_iam_session_context.current",
            "module.eks_az_a.module.eks_az_a.module.kms.aws_kms_external_key.this",
            "module.eks_az_a.module.eks_az_a.module.kms.aws_kms_key.this",
            "module.eks_az_a.module.eks_az_a.module.kms.aws_kms_replica_external_key.this",
            "module.eks_az_a.module.eks_az_a.module.kms.aws_kms_replica_key.this",
            "module.eks_az_a.module.eks_az_a.module.kms.data.aws_caller_identity.current",
            "module.eks_az_a.module.eks_az_a.module.kms.data.aws_iam_policy_document.this",
            "module.eks_az_a.module.eks_az_a.module.kms.data.aws_partition.current"
          ]
        }
      ]
    },
    {
      "module": "module.eks_az_a.module.eks_az_a",
      "mode": "managed",
      "type": "aws_iam_policy",
      "name": "cni_ipv6_policy",
      "provider": "provider[\"registry.terraform.io/hashicorp/aws\"]",
      "instances": []
    },
    {
      "module": "module.eks_az_a.module.eks_az_a",
      "mode": "managed",
      "type": "aws_iam_policy",
      "name": "custom",
      "provider": "provider[\"registry.terraform.io/hashicorp/aws\"]",
      "instances": [
        {
          "index_key": 0,
          "schema_version": 0,
          "attributes": {
            "arn": "arn:aws:iam::277707137172:policy/stage-eks-az-a-cluster-2025021208031688760000000a",
            "attachment_count": 0,
            "description": "",
            "id": "arn:aws:iam::277707137172:policy/stage-eks-az-a-cluster-2025021208031688760000000a",
            "name": "stage-eks-az-a-cluster-2025021208031688760000000a",
            "name_prefix": "stage-eks-az-a-cluster-",
            "path": "/",
            "policy": "{\"Statement\":[{\"Action\":[\"ec2:RunInstances\",\"ec2:CreateLaunchTemplate\",\"ec2:CreateFleet\"],\"Condition\":{\"StringEquals\":{\"aws:RequestTag/eks:eks-cluster-name\":\"${aws:PrincipalTag/eks:eks-cluster-name}\"},\"StringLike\":{\"aws:RequestTag/eks:kubernetes-node-class-name\":\"*\",\"aws:RequestTag/eks:kubernetes-node-pool-name\":\"*\"}},\"Effect\":\"Allow\",\"Resource\":\"*\",\"Sid\":\"Compute\"},{\"Action\":[\"ec2:CreateVolume\",\"ec2:CreateSnapshot\"],\"Condition\":{\"StringEquals\":{\"aws:RequestTag/eks:eks-cluster-name\":\"${aws:PrincipalTag/eks:eks-cluster-name}\"}},\"Effect\":\"Allow\",\"Resource\":[\"arn:aws:ec2:*:*:volume/*\",\"arn:aws:ec2:*:*:snapshot/*\"],\"Sid\":\"Storage\"},{\"Action\":\"ec2:CreateNetworkInterface\",\"Condition\":{\"StringEquals\":{\"aws:RequestTag/eks:eks-cluster-name\":\"${aws:PrincipalTag/eks:eks-cluster-name}\",\"aws:RequestTag/eks:kubernetes-cni-node-name\":\"*\"}},\"Effect\":\"Allow\",\"Resource\":\"*\",\"Sid\":\"Networking\"},{\"Action\":[\"elasticloadbalancing:CreateTargetGroup\",\"elasticloadbalancing:CreateRule\",\"elasticloadbalancing:CreateLoadBalancer\",\"elasticloadbalancing:CreateListener\",\"ec2:CreateSecurityGroup\"],\"Condition\":{\"StringEquals\":{\"aws:RequestTag/eks:eks-cluster-name\":\"${aws:PrincipalTag/eks:eks-cluster-name}\"}},\"Effect\":\"Allow\",\"Resource\":\"*\",\"Sid\":\"LoadBalancer\"},{\"Action\":\"shield:CreateProtection\",\"Condition\":{\"StringEquals\":{\"aws:RequestTag/eks:eks-cluster-name\":\"${aws:PrincipalTag/eks:eks-cluster-name}\"}},\"Effect\":\"Allow\",\"Resource\":\"*\",\"Sid\":\"ShieldProtection\"},{\"Action\":\"shield:TagResource\",\"Condition\":{\"StringEquals\":{\"aws:RequestTag/eks:eks-cluster-name\":\"${aws:PrincipalTag/eks:eks-cluster-name}\"}},\"Effect\":\"Allow\",\"Resource\":\"arn:aws:shield::*:protection/*\",\"Sid\":\"ShieldTagResource\"}],\"Version\":\"2012-10-17\"}",
            "policy_id": "ANPAUBKFCUCKC5SUWO4DU",
            "tags": {
              "Environment": "dev",
              "Terraform": "true",
              "Zone": "az-a"
            },
            "tags_all": {
              "Environment": "dev",
              "Terraform": "true",
              "Zone": "az-a"
            }
          },
          "sensitive_attributes": [],
          "private": "bnVsbA==",
          "dependencies": [
            "module.eks_az_a.module.eks_az_a.data.aws_iam_policy_document.custom",
            "module.eks_az_a.module.eks_az_a.data.aws_partition.current"
          ]
        }
      ]
    },
    {
      "module": "module.eks_az_a.module.eks_az_a",
      "mode": "managed",
      "type": "aws_iam_role",
      "name": "eks_auto",
      "provider": "provider[\"registry.terraform.io/hashicorp/aws\"]",
      "instances": [
        {
          "index_key": 0,
          "schema_version": 0,
          "attributes": {
            "arn": "arn:aws:iam::277707137172:role/stage-eks-az-a-eks-auto-20250212080316744700000008",
            "assume_role_policy": "{\"Statement\":[{\"Action\":[\"sts:TagSession\",\"sts:AssumeRole\"],\"Effect\":\"Allow\",\"Principal\":{\"Service\":\"ec2.amazonaws.com\"},\"Sid\":\"EKSAutoNodeAssumeRole\"}],\"Version\":\"2012-10-17\"}",
            "create_date": "2025-02-12T08:03:17Z",
            "description": "",
            "force_detach_policies": true,
            "id": "stage-eks-az-a-eks-auto-20250212080316744700000008",
            "inline_policy": [],
            "managed_policy_arns": [],
            "max_session_duration": 3600,
            "name": "stage-eks-az-a-eks-auto-20250212080316744700000008",
            "name_prefix": "stage-eks-az-a-eks-auto-",
            "path": "/",
            "permissions_boundary": "",
            "tags": {
              "Environment": "dev",
              "Terraform": "true",
              "Zone": "az-a"
            },
            "tags_all": {
              "Environment": "dev",
              "Terraform": "true",
              "Zone": "az-a"
            },
            "unique_id": "AROAUBKFCUCKNLE5552XL"
          },
          "sensitive_attributes": [],
          "private": "bnVsbA==",
          "dependencies": [
            "module.eks_az_a.module.eks_az_a.data.aws_iam_policy_document.node_assume_role_policy"
          ],
          "create_before_destroy": true
        }
      ]
    },
    {
      "module": "module.eks_az_a.module.eks_az_a",
      "mode": "managed",
      "type": "aws_iam_role",
      "name": "this",
      "provider": "provider[\"registry.terraform.io/hashicorp/aws\"]",
      "instances": [
        {
          "index_key": 0,
          "schema_version": 0,
          "attributes": {
            "arn": "arn:aws:iam::277707137172:role/stage-eks-az-a-cluster-20250212080316113600000003",
            "assume_role_policy": "{\"Statement\":[{\"Action\":[\"sts:TagSession\",\"sts:AssumeRole\"],\"Effect\":\"Allow\",\"Principal\":{\"Service\":\"eks.amazonaws.com\"},\"Sid\":\"EKSClusterAssumeRole\"}],\"Version\":\"2012-10-17\"}",
            "create_date": "2025-02-12T08:03:16Z",
            "description": "",
            "force_detach_policies": true,
            "id": "stage-eks-az-a-cluster-20250212080316113600000003",
            "inline_policy": [],
            "managed_policy_arns": [],
            "max_session_duration": 3600,
            "name": "stage-eks-az-a-cluster-20250212080316113600000003",
            "name_prefix": "stage-eks-az-a-cluster-",
            "path": "/",
            "permissions_boundary": "",
            "tags": {
              "Environment": "dev",
              "Terraform": "true",
              "Zone": "az-a"
            },
            "tags_all": {
              "Environment": "dev",
              "Terraform": "true",
              "Zone": "az-a"
            },
            "unique_id": "AROAUBKFCUCKJYLO4IRH4"
          },
          "sensitive_attributes": [],
          "private": "bnVsbA==",
          "dependencies": [
            "module.eks_az_a.module.eks_az_a.data.aws_iam_policy_document.assume_role_policy"
          ],
          "create_before_destroy": true
        }
      ]
    },
    {
      "module": "module.eks_az_a.module.eks_az_a",
      "mode": "managed",
      "type": "aws_iam_role_policy_attachment",
      "name": "additional",
      "provider": "provider[\"registry.terraform.io/hashicorp/aws\"]",
      "instances": []
    },
    {
      "module": "module.eks_az_a.module.eks_az_a",
      "mode": "managed",
      "type": "aws_iam_role_policy_attachment",
      "name": "cluster_encryption",
      "provider": "provider[\"registry.terraform.io/hashicorp/aws\"]",
      "instances": [
        {
          "index_key": 0,
          "schema_version": 0,
          "attributes": {
            "id": "stage-eks-az-a-cluster-20250212080316113600000003-2025021208034012530000003c",
            "policy_arn": "arn:aws:iam::277707137172:policy/stage-eks-az-a-cluster-ClusterEncryption2025021208033889160000003b",
            "role": "stage-eks-az-a-cluster-20250212080316113600000003"
          },
          "sensitive_attributes": [],
          "private": "bnVsbA==",
          "dependencies": [
            "module.eks_az_a.module.eks_az_a.aws_iam_policy.cluster_encryption",
            "module.eks_az_a.module.eks_az_a.aws_iam_role.this",
            "module.eks_az_a.module.eks_az_a.data.aws_caller_identity.current",
            "module.eks_az_a.module.eks_az_a.data.aws_iam_policy_document.assume_role_policy",
            "module.eks_az_a.module.eks_az_a.data.aws_iam_session_context.current",
            "module.eks_az_a.module.eks_az_a.module.kms.aws_kms_external_key.this",
            "module.eks_az_a.module.eks_az_a.module.kms.aws_kms_key.this",
            "module.eks_az_a.module.eks_az_a.module.kms.aws_kms_replica_external_key.this",
            "module.eks_az_a.module.eks_az_a.module.kms.aws_kms_replica_key.this",
            "module.eks_az_a.module.eks_az_a.module.kms.data.aws_caller_identity.current",
            "module.eks_az_a.module.eks_az_a.module.kms.data.aws_iam_policy_document.this",
            "module.eks_az_a.module.eks_az_a.module.kms.data.aws_partition.current"
          ]
        }
      ]
    },
    {
      "module": "module.eks_az_a.module.eks_az_a",
      "mode": "managed",
      "type": "aws_iam_role_policy_attachment",
      "name": "custom",
      "provider": "provider[\"registry.terraform.io/hashicorp/aws\"]",
      "instances": [
        {
          "index_key": 0,
          "schema_version": 0,
          "attributes": {
            "id": "stage-eks-az-a-cluster-20250212080316113600000003-20250212080320531200000019",
            "policy_arn": "arn:aws:iam::277707137172:policy/stage-eks-az-a-cluster-2025021208031688760000000a",
            "role": "stage-eks-az-a-cluster-20250212080316113600000003"
          },
          "sensitive_attributes": [],
          "private": "bnVsbA==",
          "dependencies": [
            "module.eks_az_a.module.eks_az_a.aws_iam_policy.custom",
            "module.eks_az_a.module.eks_az_a.aws_iam_role.this",
            "module.eks_az_a.module.eks_az_a.data.aws_iam_policy_document.assume_role_policy",
            "module.eks_az_a.module.eks_az_a.data.aws_iam_policy_document.custom",
            "module.eks_az_a.module.eks_az_a.data.aws_partition.current"
          ]
        }
      ]
    },
    {
      "module": "module.eks_az_a.module.eks_az_a",
      "mode": "managed",
      "type": "aws_iam_role_policy_attachment",
      "name": "eks_auto",
      "provider": "provider[\"registry.terraform.io/hashicorp/aws\"]",
      "instances": [
        {
          "index_key": "AmazonEC2ContainerRegistryPullOnly",
          "schema_version": 0,
          "attributes": {
            "id": "stage-eks-az-a-eks-auto-20250212080316744700000008-20250212080319263500000010",
            "policy_arn": "arn:aws:iam::aws:policy/AmazonEC2ContainerRegistryPullOnly",
            "role": "stage-eks-az-a-eks-auto-20250212080316744700000008"
          },
          "sensitive_attributes": [],
          "private": "bnVsbA==",
          "dependencies": [
            "module.eks_az_a.module.eks_az_a.aws_iam_role.eks_auto",
            "module.eks_az_a.module.eks_az_a.data.aws_iam_policy_document.node_assume_role_policy",
            "module.eks_az_a.module.eks_az_a.data.aws_partition.current"
          ]
        },
        {
          "index_key": "AmazonEKSWorkerNodeMinimalPolicy",
          "schema_version": 0,
          "attributes": {
            "id": "stage-eks-az-a-eks-auto-20250212080316744700000008-2025021208031920390000000f",
            "policy_arn": "arn:aws:iam::aws:policy/AmazonEKSWorkerNodeMinimalPolicy",
            "role": "stage-eks-az-a-eks-auto-20250212080316744700000008"
          },
          "sensitive_attributes": [],
          "private": "bnVsbA==",
          "dependencies": [
            "module.eks_az_a.module.eks_az_a.aws_iam_role.eks_auto",
            "module.eks_az_a.module.eks_az_a.data.aws_iam_policy_document.node_assume_role_policy",
            "module.eks_az_a.module.eks_az_a.data.aws_partition.current"
          ]
        }
      ]
    },
    {
      "module": "module.eks_az_a.module.eks_az_a",
      "mode": "managed",
      "type": "aws_iam_role_policy_attachment",
      "name": "eks_auto_additional",
      "provider": "provider[\"registry.terraform.io/hashicorp/aws\"]",
      "instances": []
    },
    {
      "module": "module.eks_az_a.module.eks_az_a",
      "mode": "managed",
      "type": "aws_iam_role_policy_attachment",
      "name": "this",
      "provider": "provider[\"registry.terraform.io/hashicorp/aws\"]",
      "instances": [
        {
          "index_key": "AmazonEKSBlockStoragePolicy",
          "schema_version": 0,
          "attributes": {
            "id": "stage-eks-az-a-cluster-20250212080316113600000003-2025021208032305940000002b",
            "policy_arn": "arn:aws:iam::aws:policy/AmazonEKSBlockStoragePolicy",
            "role": "stage-eks-az-a-cluster-20250212080316113600000003"
          },
          "sensitive_attributes": [],
          "private": "bnVsbA==",
          "dependencies": [
            "module.eks_az_a.module.eks_az_a.aws_iam_role.this",
            "module.eks_az_a.module.eks_az_a.data.aws_iam_policy_document.assume_role_policy",
            "module.eks_az_a.module.eks_az_a.data.aws_partition.current"
          ],
          "create_before_destroy": true
        },
        {
          "index_key": "AmazonEKSClusterPolicy",
          "schema_version": 0,
          "attributes": {
            "id": "stage-eks-az-a-cluster-20250212080316113600000003-2025021208032314150000002c",
            "policy_arn": "arn:aws:iam::aws:policy/AmazonEKSClusterPolicy",
            "role": "stage-eks-az-a-cluster-20250212080316113600000003"
          },
          "sensitive_attributes": [],
          "private": "bnVsbA==",
          "dependencies": [
            "module.eks_az_a.module.eks_az_a.aws_iam_role.this",
            "module.eks_az_a.module.eks_az_a.data.aws_iam_policy_document.assume_role_policy",
            "module.eks_az_a.module.eks_az_a.data.aws_partition.current"
          ],
          "create_before_destroy": true
        },
        {
          "index_key": "AmazonEKSComputePolicy",
          "schema_version": 0,
          "attributes": {
            "id": "stage-eks-az-a-cluster-20250212080316113600000003-20250212080323435800000030",
            "policy_arn": "arn:aws:iam::aws:policy/AmazonEKSComputePolicy",
            "role": "stage-eks-az-a-cluster-20250212080316113600000003"
          },
          "sensitive_attributes": [],
          "private": "bnVsbA==",
          "dependencies": [
            "module.eks_az_a.module.eks_az_a.aws_iam_role.this",
            "module.eks_az_a.module.eks_az_a.data.aws_iam_policy_document.assume_role_policy",
            "module.eks_az_a.module.eks_az_a.data.aws_partition.current"
          ],
          "create_before_destroy": true
        },
        {
          "index_key": "AmazonEKSLoadBalancingPolicy",
          "schema_version": 0,
          "attributes": {
            "id": "stage-eks-az-a-cluster-20250212080316113600000003-2025021208032314590000002e",
            "policy_arn": "arn:aws:iam::aws:policy/AmazonEKSLoadBalancingPolicy",
            "role": "stage-eks-az-a-cluster-20250212080316113600000003"
          },
          "sensitive_attributes": [],
          "private": "bnVsbA==",
          "dependencies": [
            "module.eks_az_a.module.eks_az_a.aws_iam_role.this",
            "module.eks_az_a.module.eks_az_a.data.aws_iam_policy_document.assume_role_policy",
            "module.eks_az_a.module.eks_az_a.data.aws_partition.current"
          ],
          "create_before_destroy": true
        },
        {
          "index_key": "AmazonEKSNetworkingPolicy",
          "schema_version": 0,
          "attributes": {
            "id": "stage-eks-az-a-cluster-20250212080316113600000003-2025021208032063230000001a",
            "policy_arn": "arn:aws:iam::aws:policy/AmazonEKSNetworkingPolicy",
            "role": "stage-eks-az-a-cluster-20250212080316113600000003"
          },
          "sensitive_attributes": [],
          "private": "bnVsbA==",
          "dependencies": [
            "module.eks_az_a.module.eks_az_a.aws_iam_role.this",
            "module.eks_az_a.module.eks_az_a.data.aws_iam_policy_document.assume_role_policy",
            "module.eks_az_a.module.eks_az_a.data.aws_partition.current"
          ],
          "create_before_destroy": true
        }
      ]
    },
    {
      "module": "module.eks_az_a.module.eks_az_a",
      "mode": "managed",
      "type": "aws_security_group",
      "name": "cluster",
      "provider": "provider[\"registry.terraform.io/hashicorp/aws\"]",
      "instances": [
        {
          "index_key": 0,
          "schema_version": 1,
          "attributes": {
            "arn": "arn:aws:ec2:ap-northeast-2:277707137172:security-group/sg-03ff1a4905ea3c6ed",
            "description": "EKS cluster security group",
            "egress": [],
            "id": "sg-03ff1a4905ea3c6ed",
            "ingress": [],
            "name": "stage-eks-az-a-cluster-2025021208032064860000001b",
            "name_prefix": "stage-eks-az-a-cluster-",
            "owner_id": "277707137172",
            "revoke_rules_on_delete": false,
            "tags": {
              "Environment": "dev",
              "Name": "stage-eks-az-a-cluster",
              "Terraform": "true",
              "Zone": "az-a"
            },
            "tags_all": {
              "Environment": "dev",
              "Name": "stage-eks-az-a-cluster",
              "Terraform": "true",
              "Zone": "az-a"
            },
            "timeouts": null,
            "vpc_id": "vpc-0aea249fb189ca256"
          },
          "sensitive_attributes": [],
          "private": "eyJlMmJmYjczMC1lY2FhLTExZTYtOGY4OC0zNDM2M2JjN2M0YzAiOnsiY3JlYXRlIjo2MDAwMDAwMDAwMDAsImRlbGV0ZSI6OTAwMDAwMDAwMDAwfSwic2NoZW1hX3ZlcnNpb24iOiIxIn0=",
          "dependencies": [
            "module.vpc.module.vpc.aws_vpc.this"
          ],
          "create_before_destroy": true
        }
      ]
    },
    {
      "module": "module.eks_az_a.module.eks_az_a",
      "mode": "managed",
      "type": "aws_security_group",
      "name": "node",
      "provider": "provider[\"registry.terraform.io/hashicorp/aws\"]",
      "instances": [
        {
          "index_key": 0,
          "schema_version": 1,
          "attributes": {
            "arn": "arn:aws:ec2:ap-northeast-2:277707137172:security-group/sg-0ecc2ec502862740f",
            "description": "EKS node shared security group",
            "egress": [],
            "id": "sg-0ecc2ec502862740f",
            "ingress": [],
            "name": "stage-eks-az-a-node-2025021208032095070000001e",
            "name_prefix": "stage-eks-az-a-node-",
            "owner_id": "277707137172",
            "revoke_rules_on_delete": false,
            "tags": {
              "Environment": "dev",
              "Name": "stage-eks-az-a-node",
              "Terraform": "true",
              "Zone": "az-a",
              "kubernetes.io/cluster/stage-eks-az-a": "owned"
            },
            "tags_all": {
              "Environment": "dev",
              "Name": "stage-eks-az-a-node",
              "Terraform": "true",
              "Zone": "az-a",
              "kubernetes.io/cluster/stage-eks-az-a": "owned"
            },
            "timeouts": null,
            "vpc_id": "vpc-0aea249fb189ca256"
          },
          "sensitive_attributes": [],
          "private": "eyJlMmJmYjczMC1lY2FhLTExZTYtOGY4OC0zNDM2M2JjN2M0YzAiOnsiY3JlYXRlIjo2MDAwMDAwMDAwMDAsImRlbGV0ZSI6OTAwMDAwMDAwMDAwfSwic2NoZW1hX3ZlcnNpb24iOiIxIn0=",
          "dependencies": [
            "module.vpc.module.vpc.aws_vpc.this"
          ],
          "create_before_destroy": true
        }
      ]
    },
    {
      "module": "module.eks_az_a.module.eks_az_a",
      "mode": "managed",
      "type": "aws_security_group_rule",
      "name": "cluster",
      "provider": "provider[\"registry.terraform.io/hashicorp/aws\"]",
      "instances": [
        {
          "index_key": "ingress_nodes_443",
          "schema_version": 2,
          "attributes": {
            "cidr_blocks": null,
            "description": "Node groups to cluster API",
            "from_port": 443,
            "id": "sgrule-15814220",
            "ipv6_cidr_blocks": null,
            "prefix_list_ids": null,
            "protocol": "tcp",
            "security_group_id": "sg-03ff1a4905ea3c6ed",
            "security_group_rule_id": "sgr-03bebfad2563eb103",
            "self": false,
            "source_security_group_id": "sg-0ecc2ec502862740f",
            "timeouts": null,
            "to_port": 443,
            "type": "ingress"
          },
          "sensitive_attributes": [],
          "private": "eyJlMmJmYjczMC1lY2FhLTExZTYtOGY4OC0zNDM2M2JjN2M0YzAiOnsiY3JlYXRlIjozMDAwMDAwMDAwMDB9LCJzY2hlbWFfdmVyc2lvbiI6IjIifQ==",
          "dependencies": [
            "module.eks_az_a.module.eks_az_a.aws_security_group.cluster",
            "module.eks_az_a.module.eks_az_a.aws_security_group.node",
            "module.vpc.module.vpc.aws_vpc.this"
          ],
          "create_before_destroy": true
        }
      ]
    },
    {
      "module": "module.eks_az_a.module.eks_az_a",
      "mode": "managed",
      "type": "aws_security_group_rule",
      "name": "node",
      "provider": "provider[\"registry.terraform.io/hashicorp/aws\"]",
      "instances": [
        {
          "index_key": "egress_all",
          "schema_version": 2,
          "attributes": {
            "cidr_blocks": [
              "0.0.0.0/0"
            ],
            "description": "Allow all egress",
            "from_port": 0,
            "id": "sgrule-3381721076",
            "ipv6_cidr_blocks": null,
            "prefix_list_ids": [],
            "protocol": "-1",
            "security_group_id": "sg-0ecc2ec502862740f",
            "security_group_rule_id": "sgr-04d989a4976102458",
            "self": false,
            "source_security_group_id": null,
            "timeouts": null,
            "to_port": 0,
            "type": "egress"
          },
          "sensitive_attributes": [],
          "private": "eyJlMmJmYjczMC1lY2FhLTExZTYtOGY4OC0zNDM2M2JjN2M0YzAiOnsiY3JlYXRlIjozMDAwMDAwMDAwMDB9LCJzY2hlbWFfdmVyc2lvbiI6IjIifQ==",
          "dependencies": [
            "module.eks_az_a.module.eks_az_a.aws_security_group.cluster",
            "module.eks_az_a.module.eks_az_a.aws_security_group.node",
            "module.vpc.module.vpc.aws_vpc.this"
          ],
          "create_before_destroy": true
        },
        {
          "index_key": "ingress_cluster_443",
          "schema_version": 2,
          "attributes": {
            "cidr_blocks": null,
            "description": "Cluster API to node groups",
            "from_port": 443,
            "id": "sgrule-1233627020",
            "ipv6_cidr_blocks": null,
            "prefix_list_ids": [],
            "protocol": "tcp",
            "security_group_id": "sg-0ecc2ec502862740f",
            "security_group_rule_id": "sgr-08f3f3f3955ea9f81",
            "self": false,
            "source_security_group_id": "sg-03ff1a4905ea3c6ed",
            "timeouts": null,
            "to_port": 443,
            "type": "ingress"
          },
          "sensitive_attributes": [],
          "private": "eyJlMmJmYjczMC1lY2FhLTExZTYtOGY4OC0zNDM2M2JjN2M0YzAiOnsiY3JlYXRlIjozMDAwMDAwMDAwMDB9LCJzY2hlbWFfdmVyc2lvbiI6IjIifQ==",
          "dependencies": [
            "module.eks_az_a.module.eks_az_a.aws_security_group.cluster",
            "module.eks_az_a.module.eks_az_a.aws_security_group.node",
            "module.vpc.module.vpc.aws_vpc.this"
          ],
          "create_before_destroy": true
        },
        {
          "index_key": "ingress_cluster_4443_webhook",
          "schema_version": 2,
          "attributes": {
            "cidr_blocks": null,
            "description": "Cluster API to node 4443/tcp webhook",
            "from_port": 4443,
            "id": "sgrule-1746918908",
            "ipv6_cidr_blocks": null,
            "prefix_list_ids": [],
            "protocol": "tcp",
            "security_group_id": "sg-0ecc2ec502862740f",
            "security_group_rule_id": "sgr-027a00cce81356c06",
            "self": false,
            "source_security_group_id": "sg-03ff1a4905ea3c6ed",
            "timeouts": null,
            "to_port": 4443,
            "type": "ingress"
          },
          "sensitive_attributes": [],
          "private": "eyJlMmJmYjczMC1lY2FhLTExZTYtOGY4OC0zNDM2M2JjN2M0YzAiOnsiY3JlYXRlIjozMDAwMDAwMDAwMDB9LCJzY2hlbWFfdmVyc2lvbiI6IjIifQ==",
          "dependencies": [
            "module.eks_az_a.module.eks_az_a.aws_security_group.cluster",
            "module.eks_az_a.module.eks_az_a.aws_security_group.node",
            "module.vpc.module.vpc.aws_vpc.this"
          ],
          "create_before_destroy": true
        },
        {
          "index_key": "ingress_cluster_6443_webhook",
          "schema_version": 2,
          "attributes": {
            "cidr_blocks": null,
            "description": "Cluster API to node 6443/tcp webhook",
            "from_port": 6443,
            "id": "sgrule-2707274346",
            "ipv6_cidr_blocks": null,
            "prefix_list_ids": [],
            "protocol": "tcp",
            "security_group_id": "sg-0ecc2ec502862740f",
            "security_group_rule_id": "sgr-05e944eedcf286820",
            "self": false,
            "source_security_group_id": "sg-03ff1a4905ea3c6ed",
            "timeouts": null,
            "to_port": 6443,
            "type": "ingress"
          },
          "sensitive_attributes": [],
          "private": "eyJlMmJmYjczMC1lY2FhLTExZTYtOGY4OC0zNDM2M2JjN2M0YzAiOnsiY3JlYXRlIjozMDAwMDAwMDAwMDB9LCJzY2hlbWFfdmVyc2lvbiI6IjIifQ==",
          "dependencies": [
            "module.eks_az_a.module.eks_az_a.aws_security_group.cluster",
            "module.eks_az_a.module.eks_az_a.aws_security_group.node",
            "module.vpc.module.vpc.aws_vpc.this"
          ],
          "create_before_destroy": true
        },
        {
          "index_key": "ingress_cluster_8443_webhook",
          "schema_version": 2,
          "attributes": {
            "cidr_blocks": null,
            "description": "Cluster API to node 8443/tcp webhook",
            "from_port": 8443,
            "id": "sgrule-2986444363",
            "ipv6_cidr_blocks": null,
            "prefix_list_ids": [],
            "protocol": "tcp",
            "security_group_id": "sg-0ecc2ec502862740f",
            "security_group_rule_id": "sgr-0d18ade91c3bf0968",
            "self": false,
            "source_security_group_id": "sg-03ff1a4905ea3c6ed",
            "timeouts": null,
            "to_port": 8443,
            "type": "ingress"
          },
          "sensitive_attributes": [],
          "private": "eyJlMmJmYjczMC1lY2FhLTExZTYtOGY4OC0zNDM2M2JjN2M0YzAiOnsiY3JlYXRlIjozMDAwMDAwMDAwMDB9LCJzY2hlbWFfdmVyc2lvbiI6IjIifQ==",
          "dependencies": [
            "module.eks_az_a.module.eks_az_a.aws_security_group.cluster",
            "module.eks_az_a.module.eks_az_a.aws_security_group.node",
            "module.vpc.module.vpc.aws_vpc.this"
          ],
          "create_before_destroy": true
        },
        {
          "index_key": "ingress_cluster_9443_webhook",
          "schema_version": 2,
          "attributes": {
            "cidr_blocks": null,
            "description": "Cluster API to node 9443/tcp webhook",
            "from_port": 9443,
            "id": "sgrule-3600856448",
            "ipv6_cidr_blocks": null,
            "prefix_list_ids": [],
            "protocol": "tcp",
            "security_group_id": "sg-0ecc2ec502862740f",
            "security_group_rule_id": "sgr-0a336bd8e71c45682",
            "self": false,
            "source_security_group_id": "sg-03ff1a4905ea3c6ed",
            "timeouts": null,
            "to_port": 9443,
            "type": "ingress"
          },
          "sensitive_attributes": [],
          "private": "eyJlMmJmYjczMC1lY2FhLTExZTYtOGY4OC0zNDM2M2JjN2M0YzAiOnsiY3JlYXRlIjozMDAwMDAwMDAwMDB9LCJzY2hlbWFfdmVyc2lvbiI6IjIifQ==",
          "dependencies": [
            "module.eks_az_a.module.eks_az_a.aws_security_group.cluster",
            "module.eks_az_a.module.eks_az_a.aws_security_group.node",
            "module.vpc.module.vpc.aws_vpc.this"
          ],
          "create_before_destroy": true
        },
        {
          "index_key": "ingress_cluster_kubelet",
          "schema_version": 2,
          "attributes": {
            "cidr_blocks": null,
            "description": "Cluster API to node kubelets",
            "from_port": 10250,
            "id": "sgrule-1284950590",
            "ipv6_cidr_blocks": null,
            "prefix_list_ids": [],
            "protocol": "tcp",
            "security_group_id": "sg-0ecc2ec502862740f",
            "security_group_rule_id": "sgr-0cea98bd95431c97c",
            "self": false,
            "source_security_group_id": "sg-03ff1a4905ea3c6ed",
            "timeouts": null,
            "to_port": 10250,
            "type": "ingress"
          },
          "sensitive_attributes": [],
          "private": "eyJlMmJmYjczMC1lY2FhLTExZTYtOGY4OC0zNDM2M2JjN2M0YzAiOnsiY3JlYXRlIjozMDAwMDAwMDAwMDB9LCJzY2hlbWFfdmVyc2lvbiI6IjIifQ==",
          "dependencies": [
            "module.eks_az_a.module.eks_az_a.aws_security_group.cluster",
            "module.eks_az_a.module.eks_az_a.aws_security_group.node",
            "module.vpc.module.vpc.aws_vpc.this"
          ],
          "create_before_destroy": true
        },
        {
          "index_key": "ingress_nodes_ephemeral",
          "schema_version": 2,
          "attributes": {
            "cidr_blocks": null,
            "description": "Node to node ingress on ephemeral ports",
            "from_port": 1025,
            "id": "sgrule-1721205472",
            "ipv6_cidr_blocks": null,
            "prefix_list_ids": [],
            "protocol": "tcp",
            "security_group_id": "sg-0ecc2ec502862740f",
            "security_group_rule_id": "sgr-0f41777bcc671fe8b",
            "self": true,
            "source_security_group_id": null,
            "timeouts": null,
            "to_port": 65535,
            "type": "ingress"
          },
          "sensitive_attributes": [],
          "private": "eyJlMmJmYjczMC1lY2FhLTExZTYtOGY4OC0zNDM2M2JjN2M0YzAiOnsiY3JlYXRlIjozMDAwMDAwMDAwMDB9LCJzY2hlbWFfdmVyc2lvbiI6IjIifQ==",
          "dependencies": [
            "module.eks_az_a.module.eks_az_a.aws_security_group.cluster",
            "module.eks_az_a.module.eks_az_a.aws_security_group.node",
            "module.vpc.module.vpc.aws_vpc.this"
          ],
          "create_before_destroy": true
        },
        {
          "index_key": "ingress_self_coredns_tcp",
          "schema_version": 2,
          "attributes": {
            "cidr_blocks": null,
            "description": "Node to node CoreDNS",
            "from_port": 53,
            "id": "sgrule-1624883224",
            "ipv6_cidr_blocks": null,
            "prefix_list_ids": [],
            "protocol": "tcp",
            "security_group_id": "sg-0ecc2ec502862740f",
            "security_group_rule_id": "sgr-0e83db2a9a571d732",
            "self": true,
            "source_security_group_id": null,
            "timeouts": null,
            "to_port": 53,
            "type": "ingress"
          },
          "sensitive_attributes": [],
          "private": "eyJlMmJmYjczMC1lY2FhLTExZTYtOGY4OC0zNDM2M2JjN2M0YzAiOnsiY3JlYXRlIjozMDAwMDAwMDAwMDB9LCJzY2hlbWFfdmVyc2lvbiI6IjIifQ==",
          "dependencies": [
            "module.eks_az_a.module.eks_az_a.aws_security_group.cluster",
            "module.eks_az_a.module.eks_az_a.aws_security_group.node",
            "module.vpc.module.vpc.aws_vpc.this"
          ],
          "create_before_destroy": true
        },
        {
          "index_key": "ingress_self_coredns_udp",
          "schema_version": 2,
          "attributes": {
            "cidr_blocks": null,
            "description": "Node to node CoreDNS UDP",
            "from_port": 53,
            "id": "sgrule-3297141751",
            "ipv6_cidr_blocks": null,
            "prefix_list_ids": [],
            "protocol": "udp",
            "security_group_id": "sg-0ecc2ec502862740f",
            "security_group_rule_id": "sgr-0c3a03d4a68fb5a34",
            "self": true,
            "source_security_group_id": null,
            "timeouts": null,
            "to_port": 53,
            "type": "ingress"
          },
          "sensitive_attributes": [],
          "private": "eyJlMmJmYjczMC1lY2FhLTExZTYtOGY4OC0zNDM2M2JjN2M0YzAiOnsiY3JlYXRlIjozMDAwMDAwMDAwMDB9LCJzY2hlbWFfdmVyc2lvbiI6IjIifQ==",
          "dependencies": [
            "module.eks_az_a.module.eks_az_a.aws_security_group.cluster",
            "module.eks_az_a.module.eks_az_a.aws_security_group.node",
            "module.vpc.module.vpc.aws_vpc.this"
          ],
          "create_before_destroy": true
        }
      ]
    },
    {
      "module": "module.eks_az_a.module.eks_az_a",
      "mode": "managed",
      "type": "time_sleep",
      "name": "this",
      "provider": "provider[\"registry.terraform.io/hashicorp/time\"]",
      "instances": [
        {
          "index_key": 0,
          "schema_version": 0,
          "attributes": {
            "create_duration": "30s",
            "destroy_duration": null,
            "id": "2025-02-12T08:13:16Z",
            "triggers": {
              "cluster_certificate_authority_data": "LS0tLS1CRUdJTiBDRVJUSUZJQ0FURS0tLS0tCk1JSURCVENDQWUyZ0F3SUJBZ0lJT0Y4MU56V3FvRk13RFFZSktvWklodmNOQVFFTEJRQXdGVEVUTUJFR0ExVUUKQXhNS2EzVmlaWEp1WlhSbGN6QWVGdzB5TlRBeU1USXdPREF5TkRGYUZ3MHpOVEF5TVRBd09EQTNOREZhTUJVeApFekFSQmdOVkJBTVRDbXQxWW1WeWJtVjBaWE13Z2dFaU1BMEdDU3FHU0liM0RRRUJBUVVBQTRJQkR3QXdnZ0VLCkFvSUJBUUNzSXZpWmIveCt5SnhZQzZwZktEN1dVL3FYR3dqUm1uR0VlNHlZK0xHRFFsNDR0SHpHcXV4SWpVcTcKSlpVQWVMMW0wNUlEaDdLTXZHQXhTWTd0aWdYaDJvSTU2TksxMVk4MTNKd1U4bjB1OHM0YXBsVzJ5OGJFS1ExRgpaOStBMit4OVFpSWJFdm1LK1VLWTVLNHVkTGtHNEJWQjZQODJvVytzdHhxdDRVU1Z2R01CZ3hEMUVjVHRWRGtECmo4blNvODArR3BJelVwZ0FxckxpdUxwVGNzOUlUVWRKdjdUdFptTjVNWnNnMDRSdXdtSnVERU9CSGtjZ3FuVFYKU0ttUUdmV2JuOUlHU2lWT3RKRWllcDVWNW5xM3FkYXVLY0JTbUpIRTM5anR1WVA1ZzVGQWdVMktVMmYvMm5DYQpxamx0alZqS3lNbDNjUFlybXlkWld4dm82QXdmQWdNQkFBR2pXVEJYTUE0R0ExVWREd0VCL3dRRUF3SUNwREFQCkJnTlZIUk1CQWY4RUJUQURBUUgvTUIwR0ExVWREZ1FXQkJTeEllMzN0UGRraW01Ry9BY2VBbWlvd0ljTWxqQVYKQmdOVkhSRUVEakFNZ2dwcmRXSmxjbTVsZEdWek1BMEdDU3FHU0liM0RRRUJDd1VBQTRJQkFRQ1hmbTJWR0lJTwp1LzUxOU1FZWluUEc1enBRdWxhbEI1VVhmOGYxb0hXa0RkbmVjNWFpSm52RXlPdzd5Z2twUmxpQlZ3Q2QzUVVpClJJTThTOGhaSWcyV1liMWtiRnpXR3NqeU91RjUrVDNtVWhpZEFneHJuRU5PWko1c0wyUjdJc2JGSVJTaWI1cE0KTXFlRjVkOGRmMWhBajVGTExCdjlNZUhFOVlJNEcxT0ZRN2tPQVk2d052bExmdjMvUHJoS3hyOG9zZ0pUQjkzNAo0aG1WN2JhSGp5UDk2USs3Wm5wTGo2WW5HTTJMYU45dzVZMlpFSzBUY0R4NWUwYXFMR2tqMGlpd29oSmUxSGlFCldqZzlSU29hQmhjYTg4SEtDbTZEZ2NmUGNmYUx0M284NjdSWGxTd0wyRy9GSGRiTzYwc3Y5YjBlTFlHb2x5UEoKYjhZdU5sSE9QS1dzCi0tLS0tRU5EIENFUlRJRklDQVRFLS0tLS0K",
              "cluster_endpoint": "https://0C8D8AEA508CD99F7AB6E982C877C073.gr7.ap-northeast-2.eks.amazonaws.com",
              "cluster_name": "stage-eks-az-a",
              "cluster_service_cidr": "172.20.0.0/16",
              "cluster_version": "1.31"
            }
          },
          "sensitive_attributes": [],
          "dependencies": [
            "module.eks_az_a.module.eks_az_a.aws_cloudwatch_log_group.this",
            "module.eks_az_a.module.eks_az_a.aws_eks_cluster.this",
            "module.eks_az_a.module.eks_az_a.aws_iam_policy.cni_ipv6_policy",
            "module.eks_az_a.module.eks_az_a.aws_iam_role.eks_auto",
            "module.eks_az_a.module.eks_az_a.aws_iam_role.this",
            "module.eks_az_a.module.eks_az_a.aws_iam_role_policy_attachment.this",
            "module.eks_az_a.module.eks_az_a.aws_security_group.cluster",
            "module.eks_az_a.module.eks_az_a.aws_security_group.node",
            "module.eks_az_a.module.eks_az_a.aws_security_group_rule.cluster",
            "module.eks_az_a.module.eks_az_a.aws_security_group_rule.node",
            "module.eks_az_a.module.eks_az_a.data.aws_caller_identity.current",
            "module.eks_az_a.module.eks_az_a.data.aws_iam_policy_document.assume_role_policy",
            "module.eks_az_a.module.eks_az_a.data.aws_iam_policy_document.cni_ipv6_policy",
            "module.eks_az_a.module.eks_az_a.data.aws_iam_policy_document.node_assume_role_policy",
            "module.eks_az_a.module.eks_az_a.data.aws_iam_session_context.current",
            "module.eks_az_a.module.eks_az_a.data.aws_partition.current",
            "module.eks_az_a.module.eks_az_a.module.kms.aws_kms_external_key.this",
            "module.eks_az_a.module.eks_az_a.module.kms.aws_kms_key.this",
            "module.eks_az_a.module.eks_az_a.module.kms.aws_kms_replica_external_key.this",
            "module.eks_az_a.module.eks_az_a.module.kms.aws_kms_replica_key.this",
            "module.eks_az_a.module.eks_az_a.module.kms.data.aws_caller_identity.current",
            "module.eks_az_a.module.eks_az_a.module.kms.data.aws_iam_policy_document.this",
            "module.eks_az_a.module.eks_az_a.module.kms.data.aws_partition.current",
            "module.vpc.module.vpc.aws_subnet.private",
            "module.vpc.module.vpc.aws_vpc.this",
            "module.vpc.module.vpc.aws_vpc_ipv4_cidr_block_association.this"
          ],
          "create_before_destroy": true
        }
      ]
    },
    {
      "module": "module.eks_az_a.module.eks_az_a.module.kms",
      "mode": "data",
      "type": "aws_caller_identity",
      "name": "current",
      "provider": "provider[\"registry.terraform.io/hashicorp/aws\"]",
      "instances": [
        {
          "index_key": 0,
          "schema_version": 0,
          "attributes": {
            "account_id": "277707137172",
            "arn": "arn:aws:iam::277707137172:user/user5",
            "id": "277707137172",
            "user_id": "AIDAUBKFCUCKJRC6C4LFH"
          },
          "sensitive_attributes": []
        }
      ]
    },
    {
      "module": "module.eks_az_a.module.eks_az_a.module.kms",
      "mode": "data",
      "type": "aws_iam_policy_document",
      "name": "this",
      "provider": "provider[\"registry.terraform.io/hashicorp/aws\"]",
      "instances": [
        {
          "index_key": 0,
          "schema_version": 0,
          "attributes": {
            "id": "2742801827",
            "json": "{\n  \"Version\": \"2012-10-17\",\n  \"Statement\": [\n    {\n      \"Sid\": \"Default\",\n      \"Effect\": \"Allow\",\n      \"Action\": \"kms:*\",\n      \"Resource\": \"*\",\n      \"Principal\": {\n        \"AWS\": \"arn:aws:iam::277707137172:root\"\n      }\n    },\n    {\n      \"Sid\": \"KeyAdministration\",\n      \"Effect\": \"Allow\",\n      \"Action\": [\n        \"kms:Update*\",\n        \"kms:UntagResource\",\n        \"kms:TagResource\",\n        \"kms:ScheduleKeyDeletion\",\n        \"kms:Revoke*\",\n        \"kms:ReplicateKey\",\n        \"kms:Put*\",\n        \"kms:List*\",\n        \"kms:ImportKeyMaterial\",\n        \"kms:Get*\",\n        \"kms:Enable*\",\n        \"kms:Disable*\",\n        \"kms:Describe*\",\n        \"kms:Delete*\",\n        \"kms:Create*\",\n        \"kms:CancelKeyDeletion\"\n      ],\n      \"Resource\": \"*\",\n      \"Principal\": {\n        \"AWS\": \"arn:aws:iam::277707137172:user/user5\"\n      }\n    },\n    {\n      \"Sid\": \"KeyUsage\",\n      \"Effect\": \"Allow\",\n      \"Action\": [\n        \"kms:ReEncrypt*\",\n        \"kms:GenerateDataKey*\",\n        \"kms:Encrypt\",\n        \"kms:DescribeKey\",\n        \"kms:Decrypt\"\n      ],\n      \"Resource\": \"*\",\n      \"Principal\": {\n        \"AWS\": \"arn:aws:iam::277707137172:role/stage-eks-az-a-cluster-20250212080316113600000003\"\n      }\n    }\n  ]\n}",
            "minified_json": "{\"Version\":\"2012-10-17\",\"Statement\":[{\"Sid\":\"Default\",\"Effect\":\"Allow\",\"Action\":\"kms:*\",\"Resource\":\"*\",\"Principal\":{\"AWS\":\"arn:aws:iam::277707137172:root\"}},{\"Sid\":\"KeyAdministration\",\"Effect\":\"Allow\",\"Action\":[\"kms:Update*\",\"kms:UntagResource\",\"kms:TagResource\",\"kms:ScheduleKeyDeletion\",\"kms:Revoke*\",\"kms:ReplicateKey\",\"kms:Put*\",\"kms:List*\",\"kms:ImportKeyMaterial\",\"kms:Get*\",\"kms:Enable*\",\"kms:Disable*\",\"kms:Describe*\",\"kms:Delete*\",\"kms:Create*\",\"kms:CancelKeyDeletion\"],\"Resource\":\"*\",\"Principal\":{\"AWS\":\"arn:aws:iam::277707137172:user/user5\"}},{\"Sid\":\"KeyUsage\",\"Effect\":\"Allow\",\"Action\":[\"kms:ReEncrypt*\",\"kms:GenerateDataKey*\",\"kms:Encrypt\",\"kms:DescribeKey\",\"kms:Decrypt\"],\"Resource\":\"*\",\"Principal\":{\"AWS\":\"arn:aws:iam::277707137172:role/stage-eks-az-a-cluster-20250212080316113600000003\"}}]}",
            "override_json": null,
            "override_policy_documents": null,
            "policy_id": null,
            "source_json": null,
            "source_policy_documents": null,
            "statement": [
              {
                "actions": [
                  "kms:*"
                ],
                "condition": [],
                "effect": "Allow",
                "not_actions": [],
                "not_principals": [],
                "not_resources": [],
                "principals": [
                  {
                    "identifiers": [
                      "arn:aws:iam::277707137172:root"
                    ],
                    "type": "AWS"
                  }
                ],
                "resources": [
                  "*"
                ],
                "sid": "Default"
              },
              {
                "actions": [
                  "kms:CancelKeyDeletion",
                  "kms:Create*",
                  "kms:Delete*",
                  "kms:Describe*",
                  "kms:Disable*",
                  "kms:Enable*",
                  "kms:Get*",
                  "kms:ImportKeyMaterial",
                  "kms:List*",
                  "kms:Put*",
                  "kms:ReplicateKey",
                  "kms:Revoke*",
                  "kms:ScheduleKeyDeletion",
                  "kms:TagResource",
                  "kms:UntagResource",
                  "kms:Update*"
                ],
                "condition": [],
                "effect": "Allow",
                "not_actions": [],
                "not_principals": [],
                "not_resources": [],
                "principals": [
                  {
                    "identifiers": [
                      "arn:aws:iam::277707137172:user/user5"
                    ],
                    "type": "AWS"
                  }
                ],
                "resources": [
                  "*"
                ],
                "sid": "KeyAdministration"
              },
              {
                "actions": [
                  "kms:Decrypt",
                  "kms:DescribeKey",
                  "kms:Encrypt",
                  "kms:GenerateDataKey*",
                  "kms:ReEncrypt*"
                ],
                "condition": [],
                "effect": "Allow",
                "not_actions": [],
                "not_principals": [],
                "not_resources": [],
                "principals": [
                  {
                    "identifiers": [
                      "arn:aws:iam::277707137172:role/stage-eks-az-a-cluster-20250212080316113600000003"
                    ],
                    "type": "AWS"
                  }
                ],
                "resources": [
                  "*"
                ],
                "sid": "KeyUsage"
              }
            ],
            "version": "2012-10-17"
          },
          "sensitive_attributes": []
        }
      ]
    },
    {
      "module": "module.eks_az_a.module.eks_az_a.module.kms",
      "mode": "data",
      "type": "aws_partition",
      "name": "current",
      "provider": "provider[\"registry.terraform.io/hashicorp/aws\"]",
      "instances": [
        {
          "index_key": 0,
          "schema_version": 0,
          "attributes": {
            "dns_suffix": "amazonaws.com",
            "id": "aws",
            "partition": "aws",
            "reverse_dns_prefix": "com.amazonaws"
          },
          "sensitive_attributes": []
        }
      ]
    },
    {
      "module": "module.eks_az_a.module.eks_az_a.module.kms",
      "mode": "managed",
      "type": "aws_kms_external_key",
      "name": "this",
      "provider": "provider[\"registry.terraform.io/hashicorp/aws\"]",
      "instances": []
    },
    {
      "module": "module.eks_az_a.module.eks_az_a.module.kms",
      "mode": "managed",
      "type": "aws_kms_grant",
      "name": "this",
      "provider": "provider[\"registry.terraform.io/hashicorp/aws\"]",
      "instances": []
    },
    {
      "module": "module.eks_az_a.module.eks_az_a.module.kms",
      "mode": "managed",
      "type": "aws_kms_key",
      "name": "this",
      "provider": "provider[\"registry.terraform.io/hashicorp/aws\"]",
      "instances": [
        {
          "index_key": 0,
          "schema_version": 0,
          "attributes": {
            "arn": "arn:aws:kms:ap-northeast-2:277707137172:key/7d7eca4f-0559-455c-8ee6-1f2932879a8e",
            "bypass_policy_lockout_safety_check": false,
            "custom_key_store_id": "",
            "customer_master_key_spec": "SYMMETRIC_DEFAULT",
            "deletion_window_in_days": null,
            "description": "stage-eks-az-a cluster encryption key",
            "enable_key_rotation": true,
            "id": "7d7eca4f-0559-455c-8ee6-1f2932879a8e",
            "is_enabled": true,
            "key_id": "7d7eca4f-0559-455c-8ee6-1f2932879a8e",
            "key_usage": "ENCRYPT_DECRYPT",
            "multi_region": false,
            "policy": "{\"Statement\":[{\"Action\":\"kms:*\",\"Effect\":\"Allow\",\"Principal\":{\"AWS\":\"arn:aws:iam::277707137172:root\"},\"Resource\":\"*\",\"Sid\":\"Default\"},{\"Action\":[\"kms:Update*\",\"kms:UntagResource\",\"kms:TagResource\",\"kms:ScheduleKeyDeletion\",\"kms:Revoke*\",\"kms:ReplicateKey\",\"kms:Put*\",\"kms:List*\",\"kms:ImportKeyMaterial\",\"kms:Get*\",\"kms:Enable*\",\"kms:Disable*\",\"kms:Describe*\",\"kms:Delete*\",\"kms:Create*\",\"kms:CancelKeyDeletion\"],\"Effect\":\"Allow\",\"Principal\":{\"AWS\":\"arn:aws:iam::277707137172:user/user5\"},\"Resource\":\"*\",\"Sid\":\"KeyAdministration\"},{\"Action\":[\"kms:ReEncrypt*\",\"kms:GenerateDataKey*\",\"kms:Encrypt\",\"kms:DescribeKey\",\"kms:Decrypt\"],\"Effect\":\"Allow\",\"Principal\":{\"AWS\":\"arn:aws:iam::277707137172:role/stage-eks-az-a-cluster-20250212080316113600000003\"},\"Resource\":\"*\",\"Sid\":\"KeyUsage\"}],\"Version\":\"2012-10-17\"}",
            "rotation_period_in_days": 365,
            "tags": {
              "Environment": "dev",
              "Terraform": "true",
              "Zone": "az-a",
              "terraform-aws-modules": "eks"
            },
            "tags_all": {
              "Environment": "dev",
              "Terraform": "true",
              "Zone": "az-a",
              "terraform-aws-modules": "eks"
            },
            "timeouts": null,
            "xks_key_id": ""
          },
          "sensitive_attributes": [],
          "private": "eyJlMmJmYjczMC1lY2FhLTExZTYtOGY4OC0zNDM2M2JjN2M0YzAiOnsiY3JlYXRlIjoxMjAwMDAwMDAwMDB9fQ==",
          "dependencies": [
            "module.eks_az_a.module.eks_az_a.aws_iam_role.this",
            "module.eks_az_a.module.eks_az_a.data.aws_caller_identity.current",
            "module.eks_az_a.module.eks_az_a.data.aws_iam_policy_document.assume_role_policy",
            "module.eks_az_a.module.eks_az_a.data.aws_iam_session_context.current",
            "module.eks_az_a.module.eks_az_a.module.kms.data.aws_caller_identity.current",
            "module.eks_az_a.module.eks_az_a.module.kms.data.aws_iam_policy_document.this",
            "module.eks_az_a.module.eks_az_a.module.kms.data.aws_partition.current"
          ],
          "create_before_destroy": true
        }
      ]
    },
    {
      "module": "module.eks_az_a.module.eks_az_a.module.kms",
      "mode": "managed",
      "type": "aws_kms_replica_external_key",
      "name": "this",
      "provider": "provider[\"registry.terraform.io/hashicorp/aws\"]",
      "instances": []
    },
    {
      "module": "module.eks_az_a.module.eks_az_a.module.kms",
      "mode": "managed",
      "type": "aws_kms_replica_key",
      "name": "this",
      "provider": "provider[\"registry.terraform.io/hashicorp/aws\"]",
      "instances": []
    },
    {
      "module": "module.eks_az_a.module.eks_az_c",
      "mode": "data",
      "type": "aws_caller_identity",
      "name": "current",
      "provider": "provider[\"registry.terraform.io/hashicorp/aws\"]",
      "instances": [
        {
          "index_key": 0,
          "schema_version": 0,
          "attributes": {
            "account_id": "277707137172",
            "arn": "arn:aws:iam::277707137172:user/user5",
            "id": "277707137172",
            "user_id": "AIDAUBKFCUCKJRC6C4LFH"
          },
          "sensitive_attributes": []
        }
      ]
    },
    {
      "module": "module.eks_az_a.module.eks_az_c",
      "mode": "data",
      "type": "aws_eks_addon_version",
      "name": "this",
      "provider": "provider[\"registry.terraform.io/hashicorp/aws\"]",
      "instances": []
    },
    {
      "module": "module.eks_az_a.module.eks_az_c",
      "mode": "data",
      "type": "aws_iam_policy_document",
      "name": "assume_role_policy",
      "provider": "provider[\"registry.terraform.io/hashicorp/aws\"]",
      "instances": [
        {
          "index_key": 0,
          "schema_version": 0,
          "attributes": {
            "id": "2830595799",
            "json": "{\n  \"Version\": \"2012-10-17\",\n  \"Statement\": [\n    {\n      \"Sid\": \"EKSClusterAssumeRole\",\n      \"Effect\": \"Allow\",\n      \"Action\": [\n        \"sts:TagSession\",\n        \"sts:AssumeRole\"\n      ],\n      \"Principal\": {\n        \"Service\": \"eks.amazonaws.com\"\n      }\n    }\n  ]\n}",
            "minified_json": "{\"Version\":\"2012-10-17\",\"Statement\":[{\"Sid\":\"EKSClusterAssumeRole\",\"Effect\":\"Allow\",\"Action\":[\"sts:TagSession\",\"sts:AssumeRole\"],\"Principal\":{\"Service\":\"eks.amazonaws.com\"}}]}",
            "override_json": null,
            "override_policy_documents": null,
            "policy_id": null,
            "source_json": null,
            "source_policy_documents": null,
            "statement": [
              {
                "actions": [
                  "sts:AssumeRole",
                  "sts:TagSession"
                ],
                "condition": [],
                "effect": "Allow",
                "not_actions": [],
                "not_principals": [],
                "not_resources": [],
                "principals": [
                  {
                    "identifiers": [
                      "eks.amazonaws.com"
                    ],
                    "type": "Service"
                  }
                ],
                "resources": [],
                "sid": "EKSClusterAssumeRole"
              }
            ],
            "version": "2012-10-17"
          },
          "sensitive_attributes": []
        }
      ]
    },
    {
      "module": "module.eks_az_a.module.eks_az_c",
      "mode": "data",
      "type": "aws_iam_policy_document",
      "name": "cni_ipv6_policy",
      "provider": "provider[\"registry.terraform.io/hashicorp/aws\"]",
      "instances": []
    },
    {
      "module": "module.eks_az_a.module.eks_az_c",
      "mode": "data",
      "type": "aws_iam_policy_document",
      "name": "custom",
      "provider": "provider[\"registry.terraform.io/hashicorp/aws\"]",
      "instances": [
        {
          "index_key": 0,
          "schema_version": 0,
          "attributes": {
            "id": "513122117",
            "json": "{\n  \"Version\": \"2012-10-17\",\n  \"Statement\": [\n    {\n      \"Sid\": \"Compute\",\n      \"Effect\": \"Allow\",\n      \"Action\": [\n        \"ec2:RunInstances\",\n        \"ec2:CreateLaunchTemplate\",\n        \"ec2:CreateFleet\"\n      ],\n      \"Resource\": \"*\",\n      \"Condition\": {\n        \"StringEquals\": {\n          \"aws:RequestTag/eks:eks-cluster-name\": \"${aws:PrincipalTag/eks:eks-cluster-name}\"\n        },\n        \"StringLike\": {\n          \"aws:RequestTag/eks:kubernetes-node-class-name\": \"*\",\n          \"aws:RequestTag/eks:kubernetes-node-pool-name\": \"*\"\n        }\n      }\n    },\n    {\n      \"Sid\": \"Storage\",\n      \"Effect\": \"Allow\",\n      \"Action\": [\n        \"ec2:CreateVolume\",\n        \"ec2:CreateSnapshot\"\n      ],\n      \"Resource\": [\n        \"arn:aws:ec2:*:*:volume/*\",\n        \"arn:aws:ec2:*:*:snapshot/*\"\n      ],\n      \"Condition\": {\n        \"StringEquals\": {\n          \"aws:RequestTag/eks:eks-cluster-name\": \"${aws:PrincipalTag/eks:eks-cluster-name}\"\n        }\n      }\n    },\n    {\n      \"Sid\": \"Networking\",\n      \"Effect\": \"Allow\",\n      \"Action\": \"ec2:CreateNetworkInterface\",\n      \"Resource\": \"*\",\n      \"Condition\": {\n        \"StringEquals\": {\n          \"aws:RequestTag/eks:eks-cluster-name\": \"${aws:PrincipalTag/eks:eks-cluster-name}\",\n          \"aws:RequestTag/eks:kubernetes-cni-node-name\": \"*\"\n        }\n      }\n    },\n    {\n      \"Sid\": \"LoadBalancer\",\n      \"Effect\": \"Allow\",\n      \"Action\": [\n        \"elasticloadbalancing:CreateTargetGroup\",\n        \"elasticloadbalancing:CreateRule\",\n        \"elasticloadbalancing:CreateLoadBalancer\",\n        \"elasticloadbalancing:CreateListener\",\n        \"ec2:CreateSecurityGroup\"\n      ],\n      \"Resource\": \"*\",\n      \"Condition\": {\n        \"StringEquals\": {\n          \"aws:RequestTag/eks:eks-cluster-name\": \"${aws:PrincipalTag/eks:eks-cluster-name}\"\n        }\n      }\n    },\n    {\n      \"Sid\": \"ShieldProtection\",\n      \"Effect\": \"Allow\",\n      \"Action\": \"shield:CreateProtection\",\n      \"Resource\": \"*\",\n      \"Condition\": {\n        \"StringEquals\": {\n          \"aws:RequestTag/eks:eks-cluster-name\": \"${aws:PrincipalTag/eks:eks-cluster-name}\"\n        }\n      }\n    },\n    {\n      \"Sid\": \"ShieldTagResource\",\n      \"Effect\": \"Allow\",\n      \"Action\": \"shield:TagResource\",\n      \"Resource\": \"arn:aws:shield::*:protection/*\",\n      \"Condition\": {\n        \"StringEquals\": {\n          \"aws:RequestTag/eks:eks-cluster-name\": \"${aws:PrincipalTag/eks:eks-cluster-name}\"\n        }\n      }\n    }\n  ]\n}",
            "minified_json": "{\"Version\":\"2012-10-17\",\"Statement\":[{\"Sid\":\"Compute\",\"Effect\":\"Allow\",\"Action\":[\"ec2:RunInstances\",\"ec2:CreateLaunchTemplate\",\"ec2:CreateFleet\"],\"Resource\":\"*\",\"Condition\":{\"StringEquals\":{\"aws:RequestTag/eks:eks-cluster-name\":\"${aws:PrincipalTag/eks:eks-cluster-name}\"},\"StringLike\":{\"aws:RequestTag/eks:kubernetes-node-class-name\":\"*\",\"aws:RequestTag/eks:kubernetes-node-pool-name\":\"*\"}}},{\"Sid\":\"Storage\",\"Effect\":\"Allow\",\"Action\":[\"ec2:CreateVolume\",\"ec2:CreateSnapshot\"],\"Resource\":[\"arn:aws:ec2:*:*:volume/*\",\"arn:aws:ec2:*:*:snapshot/*\"],\"Condition\":{\"StringEquals\":{\"aws:RequestTag/eks:eks-cluster-name\":\"${aws:PrincipalTag/eks:eks-cluster-name}\"}}},{\"Sid\":\"Networking\",\"Effect\":\"Allow\",\"Action\":\"ec2:CreateNetworkInterface\",\"Resource\":\"*\",\"Condition\":{\"StringEquals\":{\"aws:RequestTag/eks:eks-cluster-name\":\"${aws:PrincipalTag/eks:eks-cluster-name}\",\"aws:RequestTag/eks:kubernetes-cni-node-name\":\"*\"}}},{\"Sid\":\"LoadBalancer\",\"Effect\":\"Allow\",\"Action\":[\"elasticloadbalancing:CreateTargetGroup\",\"elasticloadbalancing:CreateRule\",\"elasticloadbalancing:CreateLoadBalancer\",\"elasticloadbalancing:CreateListener\",\"ec2:CreateSecurityGroup\"],\"Resource\":\"*\",\"Condition\":{\"StringEquals\":{\"aws:RequestTag/eks:eks-cluster-name\":\"${aws:PrincipalTag/eks:eks-cluster-name}\"}}},{\"Sid\":\"ShieldProtection\",\"Effect\":\"Allow\",\"Action\":\"shield:CreateProtection\",\"Resource\":\"*\",\"Condition\":{\"StringEquals\":{\"aws:RequestTag/eks:eks-cluster-name\":\"${aws:PrincipalTag/eks:eks-cluster-name}\"}}},{\"Sid\":\"ShieldTagResource\",\"Effect\":\"Allow\",\"Action\":\"shield:TagResource\",\"Resource\":\"arn:aws:shield::*:protection/*\",\"Condition\":{\"StringEquals\":{\"aws:RequestTag/eks:eks-cluster-name\":\"${aws:PrincipalTag/eks:eks-cluster-name}\"}}}]}",
            "override_json": null,
            "override_policy_documents": null,
            "policy_id": null,
            "source_json": null,
            "source_policy_documents": null,
            "statement": [
              {
                "actions": [
                  "ec2:CreateFleet",
                  "ec2:CreateLaunchTemplate",
                  "ec2:RunInstances"
                ],
                "condition": [
                  {
                    "test": "StringEquals",
                    "values": [
                      "${aws:PrincipalTag/eks:eks-cluster-name}"
                    ],
                    "variable": "aws:RequestTag/eks:eks-cluster-name"
                  },
                  {
                    "test": "StringLike",
                    "values": [
                      "*"
                    ],
                    "variable": "aws:RequestTag/eks:kubernetes-node-class-name"
                  },
                  {
                    "test": "StringLike",
                    "values": [
                      "*"
                    ],
                    "variable": "aws:RequestTag/eks:kubernetes-node-pool-name"
                  }
                ],
                "effect": "Allow",
                "not_actions": [],
                "not_principals": [],
                "not_resources": [],
                "principals": [],
                "resources": [
                  "*"
                ],
                "sid": "Compute"
              },
              {
                "actions": [
                  "ec2:CreateSnapshot",
                  "ec2:CreateVolume"
                ],
                "condition": [
                  {
                    "test": "StringEquals",
                    "values": [
                      "${aws:PrincipalTag/eks:eks-cluster-name}"
                    ],
                    "variable": "aws:RequestTag/eks:eks-cluster-name"
                  }
                ],
                "effect": "Allow",
                "not_actions": [],
                "not_principals": [],
                "not_resources": [],
                "principals": [],
                "resources": [
                  "arn:aws:ec2:*:*:snapshot/*",
                  "arn:aws:ec2:*:*:volume/*"
                ],
                "sid": "Storage"
              },
              {
                "actions": [
                  "ec2:CreateNetworkInterface"
                ],
                "condition": [
                  {
                    "test": "StringEquals",
                    "values": [
                      "${aws:PrincipalTag/eks:eks-cluster-name}"
                    ],
                    "variable": "aws:RequestTag/eks:eks-cluster-name"
                  },
                  {
                    "test": "StringEquals",
                    "values": [
                      "*"
                    ],
                    "variable": "aws:RequestTag/eks:kubernetes-cni-node-name"
                  }
                ],
                "effect": "Allow",
                "not_actions": [],
                "not_principals": [],
                "not_resources": [],
                "principals": [],
                "resources": [
                  "*"
                ],
                "sid": "Networking"
              },
              {
                "actions": [
                  "ec2:CreateSecurityGroup",
                  "elasticloadbalancing:CreateListener",
                  "elasticloadbalancing:CreateLoadBalancer",
                  "elasticloadbalancing:CreateRule",
                  "elasticloadbalancing:CreateTargetGroup"
                ],
                "condition": [
                  {
                    "test": "StringEquals",
                    "values": [
                      "${aws:PrincipalTag/eks:eks-cluster-name}"
                    ],
                    "variable": "aws:RequestTag/eks:eks-cluster-name"
                  }
                ],
                "effect": "Allow",
                "not_actions": [],
                "not_principals": [],
                "not_resources": [],
                "principals": [],
                "resources": [
                  "*"
                ],
                "sid": "LoadBalancer"
              },
              {
                "actions": [
                  "shield:CreateProtection"
                ],
                "condition": [
                  {
                    "test": "StringEquals",
                    "values": [
                      "${aws:PrincipalTag/eks:eks-cluster-name}"
                    ],
                    "variable": "aws:RequestTag/eks:eks-cluster-name"
                  }
                ],
                "effect": "Allow",
                "not_actions": [],
                "not_principals": [],
                "not_resources": [],
                "principals": [],
                "resources": [
                  "*"
                ],
                "sid": "ShieldProtection"
              },
              {
                "actions": [
                  "shield:TagResource"
                ],
                "condition": [
                  {
                    "test": "StringEquals",
                    "values": [
                      "${aws:PrincipalTag/eks:eks-cluster-name}"
                    ],
                    "variable": "aws:RequestTag/eks:eks-cluster-name"
                  }
                ],
                "effect": "Allow",
                "not_actions": [],
                "not_principals": [],
                "not_resources": [],
                "principals": [],
                "resources": [
                  "arn:aws:shield::*:protection/*"
                ],
                "sid": "ShieldTagResource"
              }
            ],
            "version": "2012-10-17"
          },
          "sensitive_attributes": []
        }
      ]
    },
    {
      "module": "module.eks_az_a.module.eks_az_c",
      "mode": "data",
      "type": "aws_iam_policy_document",
      "name": "node_assume_role_policy",
      "provider": "provider[\"registry.terraform.io/hashicorp/aws\"]",
      "instances": [
        {
          "index_key": 0,
          "schema_version": 0,
          "attributes": {
            "id": "3518401652",
            "json": "{\n  \"Version\": \"2012-10-17\",\n  \"Statement\": [\n    {\n      \"Sid\": \"EKSAutoNodeAssumeRole\",\n      \"Effect\": \"Allow\",\n      \"Action\": [\n        \"sts:TagSession\",\n        \"sts:AssumeRole\"\n      ],\n      \"Principal\": {\n        \"Service\": \"ec2.amazonaws.com\"\n      }\n    }\n  ]\n}",
            "minified_json": "{\"Version\":\"2012-10-17\",\"Statement\":[{\"Sid\":\"EKSAutoNodeAssumeRole\",\"Effect\":\"Allow\",\"Action\":[\"sts:TagSession\",\"sts:AssumeRole\"],\"Principal\":{\"Service\":\"ec2.amazonaws.com\"}}]}",
            "override_json": null,
            "override_policy_documents": null,
            "policy_id": null,
            "source_json": null,
            "source_policy_documents": null,
            "statement": [
              {
                "actions": [
                  "sts:AssumeRole",
                  "sts:TagSession"
                ],
                "condition": [],
                "effect": "Allow",
                "not_actions": [],
                "not_principals": [],
                "not_resources": [],
                "principals": [
                  {
                    "identifiers": [
                      "ec2.amazonaws.com"
                    ],
                    "type": "Service"
                  }
                ],
                "resources": [],
                "sid": "EKSAutoNodeAssumeRole"
              }
            ],
            "version": "2012-10-17"
          },
          "sensitive_attributes": []
        }
      ]
    },
    {
      "module": "module.eks_az_a.module.eks_az_c",
      "mode": "data",
      "type": "aws_iam_session_context",
      "name": "current",
      "provider": "provider[\"registry.terraform.io/hashicorp/aws\"]",
      "instances": [
        {
          "index_key": 0,
          "schema_version": 0,
          "attributes": {
            "arn": "arn:aws:iam::277707137172:user/user5",
            "id": "arn:aws:iam::277707137172:user/user5",
            "issuer_arn": "arn:aws:iam::277707137172:user/user5",
            "issuer_id": "",
            "issuer_name": "",
            "session_name": ""
          },
          "sensitive_attributes": []
        }
      ]
    },
    {
      "module": "module.eks_az_a.module.eks_az_c",
      "mode": "data",
      "type": "aws_partition",
      "name": "current",
      "provider": "provider[\"registry.terraform.io/hashicorp/aws\"]",
      "instances": [
        {
          "index_key": 0,
          "schema_version": 0,
          "attributes": {
            "dns_suffix": "amazonaws.com",
            "id": "aws",
            "partition": "aws",
            "reverse_dns_prefix": "com.amazonaws"
          },
          "sensitive_attributes": []
        }
      ]
    },
    {
      "module": "module.eks_az_a.module.eks_az_c",
      "mode": "data",
      "type": "tls_certificate",
      "name": "this",
      "provider": "provider[\"registry.terraform.io/hashicorp/tls\"]",
      "instances": [
        {
          "index_key": 0,
          "schema_version": 0,
          "attributes": {
            "certificates": [
              {
                "cert_pem": "-----BEGIN CERTIFICATE-----\nMIIEdTCCA12gAwIBAgIJAKcOSkw0grd/MA0GCSqGSIb3DQEBCwUAMGgxCzAJBgNV\nBAYTAlVTMSUwIwYDVQQKExxTdGFyZmllbGQgVGVjaG5vbG9naWVzLCBJbmMuMTIw\nMAYDVQQLEylTdGFyZmllbGQgQ2xhc3MgMiBDZXJ0aWZpY2F0aW9uIEF1dGhvcml0\neTAeFw0wOTA5MDIwMDAwMDBaFw0zNDA2MjgxNzM5MTZaMIGYMQswCQYDVQQGEwJV\nUzEQMA4GA1UECBMHQXJpem9uYTETMBEGA1UEBxMKU2NvdHRzZGFsZTElMCMGA1UE\nChMcU3RhcmZpZWxkIFRlY2hub2xvZ2llcywgSW5jLjE7MDkGA1UEAxMyU3RhcmZp\nZWxkIFNlcnZpY2VzIFJvb3QgQ2VydGlmaWNhdGUgQXV0aG9yaXR5IC0gRzIwggEi\nMA0GCSqGSIb3DQEBAQUAA4IBDwAwggEKAoIBAQDVDDrEKvlO4vW+GZdfjohTsR8/\ny8+fIBNtKTrID30892t2OGPZNmCom15cAICyL1l/9of5JUOG52kbUpqQ4XHj2C0N\nTm/2yEnZtvMaVq4rtnQU68/7JuMauh2WLmo7WJSJR1b/JaCTcFOD2oR0FMNnngRo\nOt+OQFodSk7PQ5E751bWAHDLUu57fa4657wx+UX2wmDPE1kCK4DMNEffud6QZW0C\nzyyRpqbn3oUYSXxmTqM6bam17jQuug0DuDPfR+uxa40l2ZvOgdFFRjKWcIfeAg5J\nQ4W2bHO7ZOphQazJ1FTfhy/HIrImzJ9ZVGif/L4qL8RVHHVAYBeFAlU5i38FAgMB\nAAGjgfAwge0wDwYDVR0TAQH/BAUwAwEB/zAOBgNVHQ8BAf8EBAMCAYYwHQYDVR0O\nBBYEFJxfAN+qAdcwKziIorhtSpzyEZGDMB8GA1UdIwQYMBaAFL9ft9HO3R+G9FtV\nrNzXEMIOqYjnME8GCCsGAQUFBwEBBEMwQTAcBggrBgEFBQcwAYYQaHR0cDovL28u\nc3MyLnVzLzAhBggrBgEFBQcwAoYVaHR0cDovL3guc3MyLnVzL3guY2VyMCYGA1Ud\nHwQfMB0wG6AZoBeGFWh0dHA6Ly9zLnNzMi51cy9yLmNybDARBgNVHSAECjAIMAYG\nBFUdIAAwDQYJKoZIhvcNAQELBQADggEBACMd44pXyn3pF3lM8R5V/cxTbj5HD9/G\nVfKyBDbtgB9TxF00KGu+x1X8Z+rLP3+QsjPNG1gQggL4+C/1E2DUBc7xgQjB3ad1\nl08YuW3e95ORCLp+QCztweq7dp4zBncdDQh/U90bZKuCJ/Fp1U1ervShw3WnWEQt\n8jxwmKy6abaVd38PMV4s/KCHOkdp8Hlf9BRUpJVeEXgSYCfOn8J3/yNTd126/+pZ\n59vPr5KW7ySaNRB6nJHGDn2Z9j8Z3/VyVOEVqQdZe4O/Ui5GjLIAZHYcSNPYeehu\nVsyuLAOQ1xk4meTKCRlb/weWsKh/NEnfVqn3sF/tM+2MR7cwA130A4w=\n-----END CERTIFICATE-----\n",
                "is_ca": true,
                "issuer": "OU=Starfield Class 2 Certification Authority,O=Starfield Technologies\\, Inc.,C=US",
                "not_after": "2034-06-28T17:39:16Z",
                "not_before": "2009-09-02T00:00:00Z",
                "public_key_algorithm": "RSA",
                "serial_number": "12037640545166866303",
                "sha1_fingerprint": "9e99a48a9960b14926bb7f3b02e22da2b0ab7280",
                "signature_algorithm": "SHA256-RSA",
                "subject": "CN=Starfield Services Root Certificate Authority - G2,O=Starfield Technologies\\, Inc.,L=Scottsdale,ST=Arizona,C=US",
                "version": 3
              },
              {
                "cert_pem": "-----BEGIN CERTIFICATE-----\nMIIEkjCCA3qgAwIBAgITBn+USionzfP6wq4rAfkI7rnExjANBgkqhkiG9w0BAQsF\nADCBmDELMAkGA1UEBhMCVVMxEDAOBgNVBAgTB0FyaXpvbmExEzARBgNVBAcTClNj\nb3R0c2RhbGUxJTAjBgNVBAoTHFN0YXJmaWVsZCBUZWNobm9sb2dpZXMsIEluYy4x\nOzA5BgNVBAMTMlN0YXJmaWVsZCBTZXJ2aWNlcyBSb290IENlcnRpZmljYXRlIEF1\ndGhvcml0eSAtIEcyMB4XDTE1MDUyNTEyMDAwMFoXDTM3MTIzMTAxMDAwMFowOTEL\nMAkGA1UEBhMCVVMxDzANBgNVBAoTBkFtYXpvbjEZMBcGA1UEAxMQQW1hem9uIFJv\nb3QgQ0EgMTCCASIwDQYJKoZIhvcNAQEBBQADggEPADCCAQoCggEBALJ4gHHKeNXj\nca9HgFB0fW7Y14h29Jlo91ghYPl0hAEvrAIthtOgQ3pOsqTQNroBvo3bSMgHFzZM\n9O6II8c+6zf1tRn4SWiw3te5djgdYZ6k/oI2peVKVuRF4fn9tBb6dNqcmzU5L/qw\nIFAGbHrQgLKm+a/sRxmPUDgH3KKHOVj4utWp+UhnMJbulHheb4mjUcAwhmahRWa6\nVOujw5H5SNz/0egwLX0tdHA114gk957EWW67c4cX8jJGKLhD+rcdqsq08p8kDi1L\n93FcXmn/6pUCyziKrlA4b9v7LWIbxcceVOF34GfID5yHI9Y/QCB/IIDEgEw+OyQm\njgSubJrIqg0CAwEAAaOCATEwggEtMA8GA1UdEwEB/wQFMAMBAf8wDgYDVR0PAQH/\nBAQDAgGGMB0GA1UdDgQWBBSEGMyFNOy8DJSULghZnMeyEE4KCDAfBgNVHSMEGDAW\ngBScXwDfqgHXMCs4iKK4bUqc8hGRgzB4BggrBgEFBQcBAQRsMGowLgYIKwYBBQUH\nMAGGImh0dHA6Ly9vY3NwLnJvb3RnMi5hbWF6b250cnVzdC5jb20wOAYIKwYBBQUH\nMAKGLGh0dHA6Ly9jcnQucm9vdGcyLmFtYXpvbnRydXN0LmNvbS9yb290ZzIuY2Vy\nMD0GA1UdHwQ2MDQwMqAwoC6GLGh0dHA6Ly9jcmwucm9vdGcyLmFtYXpvbnRydXN0\nLmNvbS9yb290ZzIuY3JsMBEGA1UdIAQKMAgwBgYEVR0gADANBgkqhkiG9w0BAQsF\nAAOCAQEAYjdCXLwQtT6LLOkMm2xF4gcAevnFWAu5CIw+7bMlPLVvUOTNNWqnkzSW\nMiGpSESrnO09tKpzbeR/FoCJbM8oAxiDR3mjEH4wW6w7sGDgd9QIpuEdfF7Au/ma\neyKdpwAJfqxGF4PcnCZXmTA5YpaP7dreqsXMGz7KQ2hsVxa81Q4gLv7/wmpdLqBK\nbRRYh5TmOTFffHPLkIhqhBGWJ6bt2YFGpn6jcgAKUj6DiAdjd4lpFw85hdKrCEVN\n0FE6/V1dN2RMfjCyVSRCnTawXZwXgWHxyvkQAiSr6w10kY17RSlQOYiypok1JR4U\nakcjMS9cmvqtmg5iUaQqqcT5NJ0hGA==\n-----END CERTIFICATE-----\n",
                "is_ca": true,
                "issuer": "CN=Starfield Services Root Certificate Authority - G2,O=Starfield Technologies\\, Inc.,L=Scottsdale,ST=Arizona,C=US",
                "not_after": "2037-12-31T01:00:00Z",
                "not_before": "2015-05-25T12:00:00Z",
                "public_key_algorithm": "RSA",
                "serial_number": "144918191876577076464031512351042010504348870",
                "sha1_fingerprint": "06b25927c42a721631c1efd9431e648fa62e1e39",
                "signature_algorithm": "SHA256-RSA",
                "subject": "CN=Amazon Root CA 1,O=Amazon,C=US",
                "version": 3
              },
              {
                "cert_pem": "-----BEGIN CERTIFICATE-----\nMIIEXjCCA0agAwIBAgITB3MSTNQG0mfAmRzdKZqfODF5hTANBgkqhkiG9w0BAQsF\nADA5MQswCQYDVQQGEwJVUzEPMA0GA1UEChMGQW1hem9uMRkwFwYDVQQDExBBbWF6\nb24gUm9vdCBDQSAxMB4XDTIyMDgyMzIyMjYwNFoXDTMwMDgyMzIyMjYwNFowPDEL\nMAkGA1UEBhMCVVMxDzANBgNVBAoTBkFtYXpvbjEcMBoGA1UEAxMTQW1hem9uIFJT\nQSAyMDQ4IE0wMzCCASIwDQYJKoZIhvcNAQEBBQADggEPADCCAQoCggEBALd/pVko\n8vuM475Tf45HV3BbCl/B9Jy89G1CRkFjcPY06WA9lS+7dWbUA7GtWUKoksr69hKM\nwcMsNpxlw7b3jeXFgxB09/nmalcAWtnLzF+LaDKEA5DQmvKzuh1nfIfqEiKCQSmX\nXh09Xs+dO7cm5qbaL2hhNJCSAejciwcvOFgFNgEMR42wm6KIFHsQW28jhA+1u/M0\np6fVwReuEgZfLfdx82Px0LJck3lST3EB/JfbdsdOzzzg5YkY1dfuqf8y5fUeZ7Cz\nWXbTjujwX/TovmeWKA36VLCz75azW6tDNuDn66FOpADZZ9omVaF6BqNJiLMVl6P3\n/c0OiUMC6Z5OfKcCAwEAAaOCAVowggFWMBIGA1UdEwEB/wQIMAYBAf8CAQAwDgYD\nVR0PAQH/BAQDAgGGMB0GA1UdJQQWMBQGCCsGAQUFBwMBBggrBgEFBQcDAjAdBgNV\nHQ4EFgQUVdkYX9IczAHhWLS+q9lVQgHXLgIwHwYDVR0jBBgwFoAUhBjMhTTsvAyU\nlC4IWZzHshBOCggwewYIKwYBBQUHAQEEbzBtMC8GCCsGAQUFBzABhiNodHRwOi8v\nb2NzcC5yb290Y2ExLmFtYXpvbnRydXN0LmNvbTA6BggrBgEFBQcwAoYuaHR0cDov\nL2NydC5yb290Y2ExLmFtYXpvbnRydXN0LmNvbS9yb290Y2ExLmNlcjA/BgNVHR8E\nODA2MDSgMqAwhi5odHRwOi8vY3JsLnJvb3RjYTEuYW1hem9udHJ1c3QuY29tL3Jv\nb3RjYTEuY3JsMBMGA1UdIAQMMAowCAYGZ4EMAQIBMA0GCSqGSIb3DQEBCwUAA4IB\nAQAGjeWm2cC+3z2MzSCnte46/7JZvj3iQZDY7EvODNdZF41n71Lrk9kbfNwerK0d\nVNzW36Wefr7j7ZSwBVg50W5ay65jNSN74TTQV1yt4WnSbVvN6KlMs1hiyOZdoHKs\nKDV2UGNxbdoBYCQNa2GYF8FQIWLugNp35aSOpMy6cFlymFQomIrnOQHwK1nvVY4q\nxDSJMU/gNJz17D8ArPN3ngnyZ2TwepJ0uBINz3G5te2rdFUF4i4Y3Bb7FUlHDYm4\nu8aIRGpk2ZpfXmxaoxnbIBZRvGLPSUuPwnwoUOMsJ8jirI5vs2dvchPb7MtI1rle\ni02f2ivH2vxkjDLltSpe2fiC\n-----END CERTIFICATE-----\n",
                "is_ca": true,
                "issuer": "CN=Amazon Root CA 1,O=Amazon,C=US",
                "not_after": "2030-08-23T22:26:04Z",
                "not_before": "2022-08-23T22:26:04Z",
                "public_key_algorithm": "RSA",
                "serial_number": "166129356476704345391986644047206454194698629",
                "sha1_fingerprint": "d9fe0a65fa00cabf61f5120d373a8135e1461f15",
                "signature_algorithm": "SHA256-RSA",
                "subject": "CN=Amazon RSA 2048 M03,O=Amazon,C=US",
                "version": 3
              },
              {
                "cert_pem": "-----BEGIN CERTIFICATE-----\nMIIF8DCCBNigAwIBAgIQBmdFro+hCdmSpveTDMijMDANBgkqhkiG9w0BAQsFADA8\nMQswCQYDVQQGEwJVUzEPMA0GA1UEChMGQW1hem9uMRwwGgYDVQQDExNBbWF6b24g\nUlNBIDIwNDggTTAzMB4XDTI0MDMyNjAwMDAwMFoXDTI1MDQyNDIzNTk1OVowLTEr\nMCkGA1UEAwwiKi5la3MuYXAtbm9ydGhlYXN0LTIuYW1hem9uYXdzLmNvbTCCASIw\nDQYJKoZIhvcNAQEBBQADggEPADCCAQoCggEBAJyzxsYL4t9p/wzNxnb4uwSBFFZO\nVzHx7Vw++iC81ZJQt0M6+Lk+oorI9wqPU0Y6uaqS8PI9gyZESAxx2StO1yEd1uhH\niKw5EkE8Y82D6C04ETduMs4WDK39J4asj6p7bl7cOQN7Pnk61+COf8Bn+uUWXbC+\nex/MCySwanYUwoZB7AUHeJ6DoXWIFST6Vx6blfHHrCoIs/+2Ok7KO3KqutlA/Y03\nDeavkpV/U+mteFZ79FjvYldrWpaMRboDz/mmAQTtKOwSozaKHcj+/WLUArL/K21u\nBUO6B2ElrxTMYkesC4d/Htnt5BwUZ2mR86P1M1xrfs1Z//y0Rl3SQuCjfmECAwEA\nAaOCAvswggL3MB8GA1UdIwQYMBaAFFXZGF/SHMwB4Vi0vqvZVUIB1y4CMB0GA1Ud\nDgQWBBRehZALtjVcS4VY+VoAXG8kA2RaNjAtBgNVHREEJjAkgiIqLmVrcy5hcC1u\nb3J0aGVhc3QtMi5hbWF6b25hd3MuY29tMBMGA1UdIAQMMAowCAYGZ4EMAQIBMA4G\nA1UdDwEB/wQEAwIFoDAdBgNVHSUEFjAUBggrBgEFBQcDAQYIKwYBBQUHAwIwOwYD\nVR0fBDQwMjAwoC6gLIYqaHR0cDovL2NybC5yMm0wMy5hbWF6b250cnVzdC5jb20v\ncjJtMDMuY3JsMHUGCCsGAQUFBwEBBGkwZzAtBggrBgEFBQcwAYYhaHR0cDovL29j\nc3AucjJtMDMuYW1hem9udHJ1c3QuY29tMDYGCCsGAQUFBzAChipodHRwOi8vY3J0\nLnIybTAzLmFtYXpvbnRydXN0LmNvbS9yMm0wMy5jZXIwDAYDVR0TAQH/BAIwADCC\nAX4GCisGAQQB1nkCBAIEggFuBIIBagFoAHcAzxFW7tUufK/zh1vZaS6b6RpxZ0qw\nF+ysAdJbd87MOwgAAAGOfGIO6wAABAMASDBGAiEA7Z5iMbK2kkw3FmqzxYc0tGMW\nIkWwevHI7Yq6XmRDuBQCIQCi7RcP7jFVsMRLL+IyIs8ijwQuasI3ho+aj92lYT+Z\nEwB2AH1ZHhLheCp7HGFnfF79+NCHXBSgTpWeuQMv2Q6MLnm4AAABjnxiDqsAAAQD\nAEcwRQIgGGgp1mXPRlr9bbOuEo/sVOrzR97b/+CZ+Aqt2yWI5egCIQDsIavA6HIu\nVdxWQa8C2RSCJN7CCyyJvCTllF/UI4CRfQB1AObSMWNAd4zBEEEG13G5zsHSQPaW\nhIb7uocyHf0eN45QAAABjnxiDrwAAAQDAEYwRAIgWxgtd741Pz3Bp9/oYB60RjwL\npTfkWDLNKPnX8T9rLqICIBOIE+V2M1mL/QO2gkUn7H2q2MWK1zT09sJb7/gNXEpf\nMA0GCSqGSIb3DQEBCwUAA4IBAQBLql8LXsIlZZWTwwaEZdny5tcJLDJYe7opk+ci\nUWFVa6+23XHy7C+kAWGEVGEsH2QabT1y00xmylXfVjf3DNXneE2T7/0HfokqidI+\nQBDE4djVrjat1Ga7rRo4Z8L6xrVj/S2M3ChQsmgTY7XwfQuB77+kUYni16wtqzeu\nm5EFpDSfF4UTU8Ts+JBgWlMSpRCL0WWu2/Bm1lX3ED+mMzxUjEFSwK8srJ9otuHj\n0cOOG0RShlLuX6QfMobw10wCErpsnIzNzRNzhBvYVAOKxNCqTePdbJVykT9GC4Zv\n6EE+eHli/Rwtkxg4NUHF9VM+xafyoL1Nyi8OfPm33gX+AG7U\n-----END CERTIFICATE-----\n",
                "is_ca": false,
                "issuer": "CN=Amazon RSA 2048 M03,O=Amazon,C=US",
                "not_after": "2025-04-24T23:59:59Z",
                "not_before": "2024-03-26T00:00:00Z",
                "public_key_algorithm": "RSA",
                "serial_number": "8511587867552551906634992853747016496",
                "sha1_fingerprint": "55635cfea6a15f4770cc5ec0977492b318f9b0cc",
                "signature_algorithm": "SHA256-RSA",
                "subject": "CN=*.eks.ap-northeast-2.amazonaws.com",
                "version": 3
              }
            ],
            "content": null,
            "id": "edf63ed368dbccffd595f895026cdd06194eaa5a",
            "url": "https://oidc.eks.ap-northeast-2.amazonaws.com/id/59D2E67035A3B1E4621B3328967EF7E9",
            "verify_chain": true
          },
          "sensitive_attributes": []
        }
      ]
    },
    {
      "module": "module.eks_az_a.module.eks_az_c",
      "mode": "managed",
      "type": "aws_cloudwatch_log_group",
      "name": "this",
      "provider": "provider[\"registry.terraform.io/hashicorp/aws\"]",
      "instances": [
        {
          "index_key": 0,
          "schema_version": 0,
          "attributes": {
            "arn": "arn:aws:logs:ap-northeast-2:277707137172:log-group:/aws/eks/stage-eks-az-c/cluster",
            "id": "/aws/eks/stage-eks-az-c/cluster",
            "kms_key_id": "",
            "log_group_class": "STANDARD",
            "name": "/aws/eks/stage-eks-az-c/cluster",
            "name_prefix": "",
            "retention_in_days": 90,
            "skip_destroy": false,
            "tags": {
              "Environment": "dev",
              "Name": "/aws/eks/stage-eks-az-c/cluster",
              "Terraform": "true",
              "Zone": "az-c"
            },
            "tags_all": {
              "Environment": "dev",
              "Name": "/aws/eks/stage-eks-az-c/cluster",
              "Terraform": "true",
              "Zone": "az-c"
            }
          },
          "sensitive_attributes": [],
          "private": "bnVsbA==",
          "create_before_destroy": true
        }
      ]
    },
    {
      "module": "module.eks_az_a.module.eks_az_c",
      "mode": "managed",
      "type": "aws_ec2_tag",
      "name": "cluster_primary_security_group",
      "provider": "provider[\"registry.terraform.io/hashicorp/aws\"]",
      "instances": [
        {
          "index_key": "Environment",
          "schema_version": 0,
          "attributes": {
            "id": "sg-05fc7ef2155b5dc28,Environment",
            "key": "Environment",
            "resource_id": "sg-05fc7ef2155b5dc28",
            "value": "dev"
          },
          "sensitive_attributes": [],
          "private": "bnVsbA==",
          "dependencies": [
            "module.eks_az_a.module.eks_az_c.aws_cloudwatch_log_group.this",
            "module.eks_az_a.module.eks_az_c.aws_eks_cluster.this",
            "module.eks_az_a.module.eks_az_c.aws_iam_policy.cni_ipv6_policy",
            "module.eks_az_a.module.eks_az_c.aws_iam_role.eks_auto",
            "module.eks_az_a.module.eks_az_c.aws_iam_role.this",
            "module.eks_az_a.module.eks_az_c.aws_iam_role_policy_attachment.this",
            "module.eks_az_a.module.eks_az_c.aws_security_group.cluster",
            "module.eks_az_a.module.eks_az_c.aws_security_group.node",
            "module.eks_az_a.module.eks_az_c.aws_security_group_rule.cluster",
            "module.eks_az_a.module.eks_az_c.aws_security_group_rule.node",
            "module.eks_az_a.module.eks_az_c.data.aws_caller_identity.current",
            "module.eks_az_a.module.eks_az_c.data.aws_iam_policy_document.assume_role_policy",
            "module.eks_az_a.module.eks_az_c.data.aws_iam_policy_document.cni_ipv6_policy",
            "module.eks_az_a.module.eks_az_c.data.aws_iam_policy_document.node_assume_role_policy",
            "module.eks_az_a.module.eks_az_c.data.aws_iam_session_context.current",
            "module.eks_az_a.module.eks_az_c.data.aws_partition.current",
            "module.eks_az_a.module.eks_az_c.module.kms.aws_kms_external_key.this",
            "module.eks_az_a.module.eks_az_c.module.kms.aws_kms_key.this",
            "module.eks_az_a.module.eks_az_c.module.kms.aws_kms_replica_external_key.this",
            "module.eks_az_a.module.eks_az_c.module.kms.aws_kms_replica_key.this",
            "module.eks_az_a.module.eks_az_c.module.kms.data.aws_caller_identity.current",
            "module.eks_az_a.module.eks_az_c.module.kms.data.aws_iam_policy_document.this",
            "module.eks_az_a.module.eks_az_c.module.kms.data.aws_partition.current",
            "module.vpc.module.vpc.aws_subnet.private",
            "module.vpc.module.vpc.aws_vpc.this",
            "module.vpc.module.vpc.aws_vpc_ipv4_cidr_block_association.this"
          ]
        },
        {
          "index_key": "Terraform",
          "schema_version": 0,
          "attributes": {
            "id": "sg-05fc7ef2155b5dc28,Terraform",
            "key": "Terraform",
            "resource_id": "sg-05fc7ef2155b5dc28",
            "value": "true"
          },
          "sensitive_attributes": [],
          "private": "bnVsbA==",
          "dependencies": [
            "module.eks_az_a.module.eks_az_c.aws_cloudwatch_log_group.this",
            "module.eks_az_a.module.eks_az_c.aws_eks_cluster.this",
            "module.eks_az_a.module.eks_az_c.aws_iam_policy.cni_ipv6_policy",
            "module.eks_az_a.module.eks_az_c.aws_iam_role.eks_auto",
            "module.eks_az_a.module.eks_az_c.aws_iam_role.this",
            "module.eks_az_a.module.eks_az_c.aws_iam_role_policy_attachment.this",
            "module.eks_az_a.module.eks_az_c.aws_security_group.cluster",
            "module.eks_az_a.module.eks_az_c.aws_security_group.node",
            "module.eks_az_a.module.eks_az_c.aws_security_group_rule.cluster",
            "module.eks_az_a.module.eks_az_c.aws_security_group_rule.node",
            "module.eks_az_a.module.eks_az_c.data.aws_caller_identity.current",
            "module.eks_az_a.module.eks_az_c.data.aws_iam_policy_document.assume_role_policy",
            "module.eks_az_a.module.eks_az_c.data.aws_iam_policy_document.cni_ipv6_policy",
            "module.eks_az_a.module.eks_az_c.data.aws_iam_policy_document.node_assume_role_policy",
            "module.eks_az_a.module.eks_az_c.data.aws_iam_session_context.current",
            "module.eks_az_a.module.eks_az_c.data.aws_partition.current",
            "module.eks_az_a.module.eks_az_c.module.kms.aws_kms_external_key.this",
            "module.eks_az_a.module.eks_az_c.module.kms.aws_kms_key.this",
            "module.eks_az_a.module.eks_az_c.module.kms.aws_kms_replica_external_key.this",
            "module.eks_az_a.module.eks_az_c.module.kms.aws_kms_replica_key.this",
            "module.eks_az_a.module.eks_az_c.module.kms.data.aws_caller_identity.current",
            "module.eks_az_a.module.eks_az_c.module.kms.data.aws_iam_policy_document.this",
            "module.eks_az_a.module.eks_az_c.module.kms.data.aws_partition.current",
            "module.vpc.module.vpc.aws_subnet.private",
            "module.vpc.module.vpc.aws_vpc.this",
            "module.vpc.module.vpc.aws_vpc_ipv4_cidr_block_association.this"
          ]
        },
        {
          "index_key": "Zone",
          "schema_version": 0,
          "attributes": {
            "id": "sg-05fc7ef2155b5dc28,Zone",
            "key": "Zone",
            "resource_id": "sg-05fc7ef2155b5dc28",
            "value": "az-c"
          },
          "sensitive_attributes": [],
          "private": "bnVsbA==",
          "dependencies": [
            "module.eks_az_a.module.eks_az_c.aws_cloudwatch_log_group.this",
            "module.eks_az_a.module.eks_az_c.aws_eks_cluster.this",
            "module.eks_az_a.module.eks_az_c.aws_iam_policy.cni_ipv6_policy",
            "module.eks_az_a.module.eks_az_c.aws_iam_role.eks_auto",
            "module.eks_az_a.module.eks_az_c.aws_iam_role.this",
            "module.eks_az_a.module.eks_az_c.aws_iam_role_policy_attachment.this",
            "module.eks_az_a.module.eks_az_c.aws_security_group.cluster",
            "module.eks_az_a.module.eks_az_c.aws_security_group.node",
            "module.eks_az_a.module.eks_az_c.aws_security_group_rule.cluster",
            "module.eks_az_a.module.eks_az_c.aws_security_group_rule.node",
            "module.eks_az_a.module.eks_az_c.data.aws_caller_identity.current",
            "module.eks_az_a.module.eks_az_c.data.aws_iam_policy_document.assume_role_policy",
            "module.eks_az_a.module.eks_az_c.data.aws_iam_policy_document.cni_ipv6_policy",
            "module.eks_az_a.module.eks_az_c.data.aws_iam_policy_document.node_assume_role_policy",
            "module.eks_az_a.module.eks_az_c.data.aws_iam_session_context.current",
            "module.eks_az_a.module.eks_az_c.data.aws_partition.current",
            "module.eks_az_a.module.eks_az_c.module.kms.aws_kms_external_key.this",
            "module.eks_az_a.module.eks_az_c.module.kms.aws_kms_key.this",
            "module.eks_az_a.module.eks_az_c.module.kms.aws_kms_replica_external_key.this",
            "module.eks_az_a.module.eks_az_c.module.kms.aws_kms_replica_key.this",
            "module.eks_az_a.module.eks_az_c.module.kms.data.aws_caller_identity.current",
            "module.eks_az_a.module.eks_az_c.module.kms.data.aws_iam_policy_document.this",
            "module.eks_az_a.module.eks_az_c.module.kms.data.aws_partition.current",
            "module.vpc.module.vpc.aws_subnet.private",
            "module.vpc.module.vpc.aws_vpc.this",
            "module.vpc.module.vpc.aws_vpc_ipv4_cidr_block_association.this"
          ]
        }
      ]
    },
    {
      "module": "module.eks_az_a.module.eks_az_c",
      "mode": "managed",
      "type": "aws_eks_access_entry",
      "name": "this",
      "provider": "provider[\"registry.terraform.io/hashicorp/aws\"]",
      "instances": []
    },
    {
      "module": "module.eks_az_a.module.eks_az_c",
      "mode": "managed",
      "type": "aws_eks_access_policy_association",
      "name": "this",
      "provider": "provider[\"registry.terraform.io/hashicorp/aws\"]",
      "instances": []
    },
    {
      "module": "module.eks_az_a.module.eks_az_c",
      "mode": "managed",
      "type": "aws_eks_addon",
      "name": "before_compute",
      "provider": "provider[\"registry.terraform.io/hashicorp/aws\"]",
      "instances": []
    },
    {
      "module": "module.eks_az_a.module.eks_az_c",
      "mode": "managed",
      "type": "aws_eks_addon",
      "name": "this",
      "provider": "provider[\"registry.terraform.io/hashicorp/aws\"]",
      "instances": []
    },
    {
      "module": "module.eks_az_a.module.eks_az_c",
      "mode": "managed",
      "type": "aws_eks_cluster",
      "name": "this",
      "provider": "provider[\"registry.terraform.io/hashicorp/aws\"]",
      "instances": [
        {
          "index_key": 0,
          "schema_version": 1,
          "attributes": {
            "access_config": [
              {
                "authentication_mode": "API_AND_CONFIG_MAP",
                "bootstrap_cluster_creator_admin_permissions": false
              }
            ],
            "arn": "arn:aws:eks:ap-northeast-2:277707137172:cluster/stage-eks-az-c",
            "bootstrap_self_managed_addons": false,
            "certificate_authority": [
              {
                "data": "LS0tLS1CRUdJTiBDRVJUSUZJQ0FURS0tLS0tCk1JSURCVENDQWUyZ0F3SUJBZ0lJVGFMbDFiUXdqbkl3RFFZSktvWklodmNOQVFFTEJRQXdGVEVUTUJFR0ExVUUKQXhNS2EzVmlaWEp1WlhSbGN6QWVGdzB5TlRBeU1USXdPREF5TlRsYUZ3MHpOVEF5TVRBd09EQTNOVGxhTUJVeApFekFSQmdOVkJBTVRDbXQxWW1WeWJtVjBaWE13Z2dFaU1BMEdDU3FHU0liM0RRRUJBUVVBQTRJQkR3QXdnZ0VLCkFvSUJBUURBWG53bnBzZWtxNCtqUTdhSERVb25iZ2x0bHd4ckxjSjR5R0lqTm43eDZiOWNNcElIMENTWEdlZzMKSUFKY1V3elZyN2NJdXJxM2xmdVhCU244MUV5Qk5qS0pJdUIrT3BtS2FrYlVsK0ZhRWxvOTBvdm1UNGdWdU9tMwo3bFU0Y1RIUklGTzRrOFloaFBXYkRDazFHSUdiemhWeitpUGd6L05qNnA3Vmo2NG80Q3VTWkNQbXZQWEdVTlc2CldQdC9JQ1hZRGlRS0t5UDVkdEszWUNlbll4STl5dHZLaGtPOEZCUDd0anIrMlJzNEIreG16ajNlMEZJZ2xJbXcKYXpEUUtSNWplZVFCcm1xOTBWaWE2Q2dGeVJaMy84MzYrMVBqdnB4N0VLOS9pRUJBWi9QQ29nZ3lidURqSllGRwo4R25LSXlibGVmRk5hNWZFbTBqdTJ2aEJma2puQWdNQkFBR2pXVEJYTUE0R0ExVWREd0VCL3dRRUF3SUNwREFQCkJnTlZIUk1CQWY4RUJUQURBUUgvTUIwR0ExVWREZ1FXQkJUbnB2Qzd2VUV0ZXIxUTA3NDRycEpxQ2psMVJ6QVYKQmdOVkhSRUVEakFNZ2dwcmRXSmxjbTVsZEdWek1BMEdDU3FHU0liM0RRRUJDd1VBQTRJQkFRQVM4TTl0V1V1RApYUHN1cy9wUjUwaTNia0czdk1qY3o3VG5tRjhOT2RBSEZTcWF0Wit3MUFURUtUYjhiMHBjcElGdityRHlIT2ppCjN3eHJFanI5RG53ZGhtM21vVllveXo1KzI1V0ppZXRlQlVua0xXc0tKa2NyM1hnUmdoSXp6OUo0UXowVGxWQlcKdGVTKzFScGxZTFJuRDBBN1I5MkVVZHZxYkgrRjc0Zk9nYnNTaXA3MzROaU9oZ1JNeWF2LzcxVDNUZlVRZ3dVMQpWcXRpVHI1WVg5aENqa1ZmdzlReGV2d015U09CZnVSaUQvRXJBSWxzVjJxa1FiUno3TnJNUll3WGljQ0MrS0xrCkpjWnVranYzOVZRMHZlWmNmK0NoZ29HZWhFQkREL3duM205UGg2bk40aE9nYUpDSjNxSm1KWlFDNWdqUzk2ekcKOE9IeVdSVnBpYnA2Ci0tLS0tRU5EIENFUlRJRklDQVRFLS0tLS0K"
              }
            ],
            "cluster_id": null,
            "compute_config": [
              {
                "enabled": true,
                "node_pools": [
                  "general-purpose"
                ],
                "node_role_arn": "arn:aws:iam::277707137172:role/stage-eks-az-c-eks-auto-20250212080316726100000007"
              }
            ],
            "created_at": "2025-02-12T08:03:40Z",
            "enabled_cluster_log_types": [
              "api",
              "audit",
              "authenticator"
            ],
            "encryption_config": [
              {
                "provider": [
                  {
                    "key_arn": "arn:aws:kms:ap-northeast-2:277707137172:key/7b7667b2-a42a-45bc-9c44-b6b72e069e36"
                  }
                ],
                "resources": [
                  "secrets"
                ]
              }
            ],
            "endpoint": "https://59D2E67035A3B1E4621B3328967EF7E9.gr7.ap-northeast-2.eks.amazonaws.com",
            "id": "stage-eks-az-c",
            "identity": [
              {
                "oidc": [
                  {
                    "issuer": "https://oidc.eks.ap-northeast-2.amazonaws.com/id/59D2E67035A3B1E4621B3328967EF7E9"
                  }
                ]
              }
            ],
            "kubernetes_network_config": [
              {
                "elastic_load_balancing": [
                  {
                    "enabled": true
                  }
                ],
                "ip_family": "ipv4",
                "service_ipv4_cidr": "172.20.0.0/16",
                "service_ipv6_cidr": ""
              }
            ],
            "name": "stage-eks-az-c",
            "outpost_config": [],
            "platform_version": "eks.19",
            "remote_network_config": [],
            "role_arn": "arn:aws:iam::277707137172:role/stage-eks-az-c-cluster-20250212080316086900000002",
            "status": "ACTIVE",
            "storage_config": [
              {
                "block_storage": [
                  {
                    "enabled": true
                  }
                ]
              }
            ],
            "tags": {
              "Environment": "dev",
              "Terraform": "true",
              "Zone": "az-c",
              "terraform-aws-modules": "eks"
            },
            "tags_all": {
              "Environment": "dev",
              "Terraform": "true",
              "Zone": "az-c",
              "terraform-aws-modules": "eks"
            },
            "timeouts": {
              "create": null,
              "delete": null,
              "update": null
            },
            "upgrade_policy": [
              {
                "support_type": "EXTENDED"
              }
            ],
            "version": "1.31",
            "vpc_config": [
              {
                "cluster_security_group_id": "sg-05fc7ef2155b5dc28",
                "endpoint_private_access": true,
                "endpoint_public_access": true,
                "public_access_cidrs": [
                  "0.0.0.0/0"
                ],
                "security_group_ids": [
                  "sg-0781846203c8ddce1"
                ],
                "subnet_ids": [
                  "subnet-07353d6020e365d45",
                  "subnet-07571ad452fe3c868",
                  "subnet-0a7ec893fde1bb5b2"
                ],
                "vpc_id": "vpc-0aea249fb189ca256"
              }
            ],
            "zonal_shift_config": []
          },
          "sensitive_attributes": [],
          "private": "eyJlMmJmYjczMC1lY2FhLTExZTYtOGY4OC0zNDM2M2JjN2M0YzAiOnsiY3JlYXRlIjoxODAwMDAwMDAwMDAwLCJkZWxldGUiOjkwMDAwMDAwMDAwMCwidXBkYXRlIjozNjAwMDAwMDAwMDAwfSwic2NoZW1hX3ZlcnNpb24iOiIxIn0=",
          "dependencies": [
            "module.eks_az_a.module.eks_az_c.aws_cloudwatch_log_group.this",
            "module.eks_az_a.module.eks_az_c.aws_iam_policy.cni_ipv6_policy",
            "module.eks_az_a.module.eks_az_c.aws_iam_role.eks_auto",
            "module.eks_az_a.module.eks_az_c.aws_iam_role.this",
            "module.eks_az_a.module.eks_az_c.aws_iam_role_policy_attachment.this",
            "module.eks_az_a.module.eks_az_c.aws_security_group.cluster",
            "module.eks_az_a.module.eks_az_c.aws_security_group.node",
            "module.eks_az_a.module.eks_az_c.aws_security_group_rule.cluster",
            "module.eks_az_a.module.eks_az_c.aws_security_group_rule.node",
            "module.eks_az_a.module.eks_az_c.data.aws_caller_identity.current",
            "module.eks_az_a.module.eks_az_c.data.aws_iam_policy_document.assume_role_policy",
            "module.eks_az_a.module.eks_az_c.data.aws_iam_policy_document.cni_ipv6_policy",
            "module.eks_az_a.module.eks_az_c.data.aws_iam_policy_document.node_assume_role_policy",
            "module.eks_az_a.module.eks_az_c.data.aws_iam_session_context.current",
            "module.eks_az_a.module.eks_az_c.data.aws_partition.current",
            "module.eks_az_a.module.eks_az_c.module.kms.aws_kms_external_key.this",
            "module.eks_az_a.module.eks_az_c.module.kms.aws_kms_key.this",
            "module.eks_az_a.module.eks_az_c.module.kms.aws_kms_replica_external_key.this",
            "module.eks_az_a.module.eks_az_c.module.kms.aws_kms_replica_key.this",
            "module.eks_az_a.module.eks_az_c.module.kms.data.aws_caller_identity.current",
            "module.eks_az_a.module.eks_az_c.module.kms.data.aws_iam_policy_document.this",
            "module.eks_az_a.module.eks_az_c.module.kms.data.aws_partition.current",
            "module.vpc.module.vpc.aws_subnet.private",
            "module.vpc.module.vpc.aws_vpc.this",
            "module.vpc.module.vpc.aws_vpc_ipv4_cidr_block_association.this"
          ],
          "create_before_destroy": true
        }
      ]
    },
    {
      "module": "module.eks_az_a.module.eks_az_c",
      "mode": "managed",
      "type": "aws_eks_identity_provider_config",
      "name": "this",
      "provider": "provider[\"registry.terraform.io/hashicorp/aws\"]",
      "instances": []
    },
    {
      "module": "module.eks_az_a.module.eks_az_c",
      "mode": "managed",
      "type": "aws_iam_openid_connect_provider",
      "name": "oidc_provider",
      "provider": "provider[\"registry.terraform.io/hashicorp/aws\"]",
      "instances": [
        {
          "index_key": 0,
          "schema_version": 0,
          "attributes": {
            "arn": "arn:aws:iam::277707137172:oidc-provider/oidc.eks.ap-northeast-2.amazonaws.com/id/59D2E67035A3B1E4621B3328967EF7E9",
            "client_id_list": [
              "sts.amazonaws.com"
            ],
            "id": "arn:aws:iam::277707137172:oidc-provider/oidc.eks.ap-northeast-2.amazonaws.com/id/59D2E67035A3B1E4621B3328967EF7E9",
            "tags": {
              "Environment": "dev",
              "Name": "stage-eks-az-c-eks-irsa",
              "Terraform": "true",
              "Zone": "az-c"
            },
            "tags_all": {
              "Environment": "dev",
              "Name": "stage-eks-az-c-eks-irsa",
              "Terraform": "true",
              "Zone": "az-c"
            },
            "thumbprint_list": [
              "9e99a48a9960b14926bb7f3b02e22da2b0ab7280"
            ],
            "url": "oidc.eks.ap-northeast-2.amazonaws.com/id/59D2E67035A3B1E4621B3328967EF7E9"
          },
          "sensitive_attributes": [],
          "private": "bnVsbA==",
          "dependencies": [
            "module.eks_az_a.module.eks_az_c.aws_cloudwatch_log_group.this",
            "module.eks_az_a.module.eks_az_c.aws_eks_cluster.this",
            "module.eks_az_a.module.eks_az_c.aws_iam_policy.cni_ipv6_policy",
            "module.eks_az_a.module.eks_az_c.aws_iam_role.eks_auto",
            "module.eks_az_a.module.eks_az_c.aws_iam_role.this",
            "module.eks_az_a.module.eks_az_c.aws_iam_role_policy_attachment.this",
            "module.eks_az_a.module.eks_az_c.aws_security_group.cluster",
            "module.eks_az_a.module.eks_az_c.aws_security_group.node",
            "module.eks_az_a.module.eks_az_c.aws_security_group_rule.cluster",
            "module.eks_az_a.module.eks_az_c.aws_security_group_rule.node",
            "module.eks_az_a.module.eks_az_c.data.aws_caller_identity.current",
            "module.eks_az_a.module.eks_az_c.data.aws_iam_policy_document.assume_role_policy",
            "module.eks_az_a.module.eks_az_c.data.aws_iam_policy_document.cni_ipv6_policy",
            "module.eks_az_a.module.eks_az_c.data.aws_iam_policy_document.node_assume_role_policy",
            "module.eks_az_a.module.eks_az_c.data.aws_iam_session_context.current",
            "module.eks_az_a.module.eks_az_c.data.aws_partition.current",
            "module.eks_az_a.module.eks_az_c.data.tls_certificate.this",
            "module.eks_az_a.module.eks_az_c.module.kms.aws_kms_external_key.this",
            "module.eks_az_a.module.eks_az_c.module.kms.aws_kms_key.this",
            "module.eks_az_a.module.eks_az_c.module.kms.aws_kms_replica_external_key.this",
            "module.eks_az_a.module.eks_az_c.module.kms.aws_kms_replica_key.this",
            "module.eks_az_a.module.eks_az_c.module.kms.data.aws_caller_identity.current",
            "module.eks_az_a.module.eks_az_c.module.kms.data.aws_iam_policy_document.this",
            "module.eks_az_a.module.eks_az_c.module.kms.data.aws_partition.current",
            "module.vpc.module.vpc.aws_subnet.private",
            "module.vpc.module.vpc.aws_vpc.this",
            "module.vpc.module.vpc.aws_vpc_ipv4_cidr_block_association.this"
          ]
        }
      ]
    },
    {
      "module": "module.eks_az_a.module.eks_az_c",
      "mode": "managed",
      "type": "aws_iam_policy",
      "name": "cluster_encryption",
      "provider": "provider[\"registry.terraform.io/hashicorp/aws\"]",
      "instances": [
        {
          "index_key": 0,
          "schema_version": 0,
          "attributes": {
            "arn": "arn:aws:iam::277707137172:policy/stage-eks-az-c-cluster-ClusterEncryption20250212080337087300000037",
            "attachment_count": 0,
            "description": "Cluster encryption policy to allow cluster role to utilize CMK provided",
            "id": "arn:aws:iam::277707137172:policy/stage-eks-az-c-cluster-ClusterEncryption20250212080337087300000037",
            "name": "stage-eks-az-c-cluster-ClusterEncryption20250212080337087300000037",
            "name_prefix": "stage-eks-az-c-cluster-ClusterEncryption",
            "path": "/",
            "policy": "{\"Statement\":[{\"Action\":[\"kms:Encrypt\",\"kms:Decrypt\",\"kms:ListGrants\",\"kms:DescribeKey\"],\"Effect\":\"Allow\",\"Resource\":\"arn:aws:kms:ap-northeast-2:277707137172:key/7b7667b2-a42a-45bc-9c44-b6b72e069e36\"}],\"Version\":\"2012-10-17\"}",
            "policy_id": "ANPAUBKFCUCKH332SEHQI",
            "tags": {
              "Environment": "dev",
              "Terraform": "true",
              "Zone": "az-c"
            },
            "tags_all": {
              "Environment": "dev",
              "Terraform": "true",
              "Zone": "az-c"
            }
          },
          "sensitive_attributes": [],
          "private": "bnVsbA==",
          "dependencies": [
            "module.eks_az_a.module.eks_az_c.aws_iam_role.this",
            "module.eks_az_a.module.eks_az_c.data.aws_caller_identity.current",
            "module.eks_az_a.module.eks_az_c.data.aws_iam_policy_document.assume_role_policy",
            "module.eks_az_a.module.eks_az_c.data.aws_iam_session_context.current",
            "module.eks_az_a.module.eks_az_c.module.kms.aws_kms_external_key.this",
            "module.eks_az_a.module.eks_az_c.module.kms.aws_kms_key.this",
            "module.eks_az_a.module.eks_az_c.module.kms.aws_kms_replica_external_key.this",
            "module.eks_az_a.module.eks_az_c.module.kms.aws_kms_replica_key.this",
            "module.eks_az_a.module.eks_az_c.module.kms.data.aws_caller_identity.current",
            "module.eks_az_a.module.eks_az_c.module.kms.data.aws_iam_policy_document.this",
            "module.eks_az_a.module.eks_az_c.module.kms.data.aws_partition.current"
          ]
        }
      ]
    },
    {
      "module": "module.eks_az_a.module.eks_az_c",
      "mode": "managed",
      "type": "aws_iam_policy",
      "name": "cni_ipv6_policy",
      "provider": "provider[\"registry.terraform.io/hashicorp/aws\"]",
      "instances": []
    },
    {
      "module": "module.eks_az_a.module.eks_az_c",
      "mode": "managed",
      "type": "aws_iam_policy",
      "name": "custom",
      "provider": "provider[\"registry.terraform.io/hashicorp/aws\"]",
      "instances": [
        {
          "index_key": 0,
          "schema_version": 0,
          "attributes": {
            "arn": "arn:aws:iam::277707137172:policy/stage-eks-az-c-cluster-2025021208031870090000000c",
            "attachment_count": 0,
            "description": "",
            "id": "arn:aws:iam::277707137172:policy/stage-eks-az-c-cluster-2025021208031870090000000c",
            "name": "stage-eks-az-c-cluster-2025021208031870090000000c",
            "name_prefix": "stage-eks-az-c-cluster-",
            "path": "/",
            "policy": "{\"Statement\":[{\"Action\":[\"ec2:RunInstances\",\"ec2:CreateLaunchTemplate\",\"ec2:CreateFleet\"],\"Condition\":{\"StringEquals\":{\"aws:RequestTag/eks:eks-cluster-name\":\"${aws:PrincipalTag/eks:eks-cluster-name}\"},\"StringLike\":{\"aws:RequestTag/eks:kubernetes-node-class-name\":\"*\",\"aws:RequestTag/eks:kubernetes-node-pool-name\":\"*\"}},\"Effect\":\"Allow\",\"Resource\":\"*\",\"Sid\":\"Compute\"},{\"Action\":[\"ec2:CreateVolume\",\"ec2:CreateSnapshot\"],\"Condition\":{\"StringEquals\":{\"aws:RequestTag/eks:eks-cluster-name\":\"${aws:PrincipalTag/eks:eks-cluster-name}\"}},\"Effect\":\"Allow\",\"Resource\":[\"arn:aws:ec2:*:*:volume/*\",\"arn:aws:ec2:*:*:snapshot/*\"],\"Sid\":\"Storage\"},{\"Action\":\"ec2:CreateNetworkInterface\",\"Condition\":{\"StringEquals\":{\"aws:RequestTag/eks:eks-cluster-name\":\"${aws:PrincipalTag/eks:eks-cluster-name}\",\"aws:RequestTag/eks:kubernetes-cni-node-name\":\"*\"}},\"Effect\":\"Allow\",\"Resource\":\"*\",\"Sid\":\"Networking\"},{\"Action\":[\"elasticloadbalancing:CreateTargetGroup\",\"elasticloadbalancing:CreateRule\",\"elasticloadbalancing:CreateLoadBalancer\",\"elasticloadbalancing:CreateListener\",\"ec2:CreateSecurityGroup\"],\"Condition\":{\"StringEquals\":{\"aws:RequestTag/eks:eks-cluster-name\":\"${aws:PrincipalTag/eks:eks-cluster-name}\"}},\"Effect\":\"Allow\",\"Resource\":\"*\",\"Sid\":\"LoadBalancer\"},{\"Action\":\"shield:CreateProtection\",\"Condition\":{\"StringEquals\":{\"aws:RequestTag/eks:eks-cluster-name\":\"${aws:PrincipalTag/eks:eks-cluster-name}\"}},\"Effect\":\"Allow\",\"Resource\":\"*\",\"Sid\":\"ShieldProtection\"},{\"Action\":\"shield:TagResource\",\"Condition\":{\"StringEquals\":{\"aws:RequestTag/eks:eks-cluster-name\":\"${aws:PrincipalTag/eks:eks-cluster-name}\"}},\"Effect\":\"Allow\",\"Resource\":\"arn:aws:shield::*:protection/*\",\"Sid\":\"ShieldTagResource\"}],\"Version\":\"2012-10-17\"}",
            "policy_id": "ANPAUBKFCUCKI4C5B7UZC",
            "tags": {
              "Environment": "dev",
              "Terraform": "true",
              "Zone": "az-c"
            },
            "tags_all": {
              "Environment": "dev",
              "Terraform": "true",
              "Zone": "az-c"
            }
          },
          "sensitive_attributes": [],
          "private": "bnVsbA==",
          "dependencies": [
            "module.eks_az_a.module.eks_az_c.data.aws_iam_policy_document.custom",
            "module.eks_az_a.module.eks_az_c.data.aws_partition.current"
          ]
        }
      ]
    },
    {
      "module": "module.eks_az_a.module.eks_az_c",
      "mode": "managed",
      "type": "aws_iam_role",
      "name": "eks_auto",
      "provider": "provider[\"registry.terraform.io/hashicorp/aws\"]",
      "instances": [
        {
          "index_key": 0,
          "schema_version": 0,
          "attributes": {
            "arn": "arn:aws:iam::277707137172:role/stage-eks-az-c-eks-auto-20250212080316726100000007",
            "assume_role_policy": "{\"Statement\":[{\"Action\":[\"sts:TagSession\",\"sts:AssumeRole\"],\"Effect\":\"Allow\",\"Principal\":{\"Service\":\"ec2.amazonaws.com\"},\"Sid\":\"EKSAutoNodeAssumeRole\"}],\"Version\":\"2012-10-17\"}",
            "create_date": "2025-02-12T08:03:17Z",
            "description": "",
            "force_detach_policies": true,
            "id": "stage-eks-az-c-eks-auto-20250212080316726100000007",
            "inline_policy": [],
            "managed_policy_arns": [],
            "max_session_duration": 3600,
            "name": "stage-eks-az-c-eks-auto-20250212080316726100000007",
            "name_prefix": "stage-eks-az-c-eks-auto-",
            "path": "/",
            "permissions_boundary": "",
            "tags": {
              "Environment": "dev",
              "Terraform": "true",
              "Zone": "az-c"
            },
            "tags_all": {
              "Environment": "dev",
              "Terraform": "true",
              "Zone": "az-c"
            },
            "unique_id": "AROAUBKFCUCKAAOIYDJ6Q"
          },
          "sensitive_attributes": [],
          "private": "bnVsbA==",
          "dependencies": [
            "module.eks_az_a.module.eks_az_c.data.aws_iam_policy_document.node_assume_role_policy"
          ],
          "create_before_destroy": true
        }
      ]
    },
    {
      "module": "module.eks_az_a.module.eks_az_c",
      "mode": "managed",
      "type": "aws_iam_role",
      "name": "this",
      "provider": "provider[\"registry.terraform.io/hashicorp/aws\"]",
      "instances": [
        {
          "index_key": 0,
          "schema_version": 0,
          "attributes": {
            "arn": "arn:aws:iam::277707137172:role/stage-eks-az-c-cluster-20250212080316086900000002",
            "assume_role_policy": "{\"Statement\":[{\"Action\":[\"sts:TagSession\",\"sts:AssumeRole\"],\"Effect\":\"Allow\",\"Principal\":{\"Service\":\"eks.amazonaws.com\"},\"Sid\":\"EKSClusterAssumeRole\"}],\"Version\":\"2012-10-17\"}",
            "create_date": "2025-02-12T08:03:16Z",
            "description": "",
            "force_detach_policies": true,
            "id": "stage-eks-az-c-cluster-20250212080316086900000002",
            "inline_policy": [],
            "managed_policy_arns": [],
            "max_session_duration": 3600,
            "name": "stage-eks-az-c-cluster-20250212080316086900000002",
            "name_prefix": "stage-eks-az-c-cluster-",
            "path": "/",
            "permissions_boundary": "",
            "tags": {
              "Environment": "dev",
              "Terraform": "true",
              "Zone": "az-c"
            },
            "tags_all": {
              "Environment": "dev",
              "Terraform": "true",
              "Zone": "az-c"
            },
            "unique_id": "AROAUBKFCUCKDCLVPKUF3"
          },
          "sensitive_attributes": [],
          "private": "bnVsbA==",
          "dependencies": [
            "module.eks_az_a.module.eks_az_c.data.aws_iam_policy_document.assume_role_policy"
          ],
          "create_before_destroy": true
        }
      ]
    },
    {
      "module": "module.eks_az_a.module.eks_az_c",
      "mode": "managed",
      "type": "aws_iam_role_policy_attachment",
      "name": "additional",
      "provider": "provider[\"registry.terraform.io/hashicorp/aws\"]",
      "instances": []
    },
    {
      "module": "module.eks_az_a.module.eks_az_c",
      "mode": "managed",
      "type": "aws_iam_role_policy_attachment",
      "name": "cluster_encryption",
      "provider": "provider[\"registry.terraform.io/hashicorp/aws\"]",
      "instances": [
        {
          "index_key": 0,
          "schema_version": 0,
          "attributes": {
            "id": "stage-eks-az-c-cluster-20250212080316086900000002-2025021208033865660000003a",
            "policy_arn": "arn:aws:iam::277707137172:policy/stage-eks-az-c-cluster-ClusterEncryption20250212080337087300000037",
            "role": "stage-eks-az-c-cluster-20250212080316086900000002"
          },
          "sensitive_attributes": [],
          "private": "bnVsbA==",
          "dependencies": [
            "module.eks_az_a.module.eks_az_c.aws_iam_policy.cluster_encryption",
            "module.eks_az_a.module.eks_az_c.aws_iam_role.this",
            "module.eks_az_a.module.eks_az_c.data.aws_caller_identity.current",
            "module.eks_az_a.module.eks_az_c.data.aws_iam_policy_document.assume_role_policy",
            "module.eks_az_a.module.eks_az_c.data.aws_iam_session_context.current",
            "module.eks_az_a.module.eks_az_c.module.kms.aws_kms_external_key.this",
            "module.eks_az_a.module.eks_az_c.module.kms.aws_kms_key.this",
            "module.eks_az_a.module.eks_az_c.module.kms.aws_kms_replica_external_key.this",
            "module.eks_az_a.module.eks_az_c.module.kms.aws_kms_replica_key.this",
            "module.eks_az_a.module.eks_az_c.module.kms.data.aws_caller_identity.current",
            "module.eks_az_a.module.eks_az_c.module.kms.data.aws_iam_policy_document.this",
            "module.eks_az_a.module.eks_az_c.module.kms.data.aws_partition.current"
          ]
        }
      ]
    },
    {
      "module": "module.eks_az_a.module.eks_az_c",
      "mode": "managed",
      "type": "aws_iam_role_policy_attachment",
      "name": "custom",
      "provider": "provider[\"registry.terraform.io/hashicorp/aws\"]",
      "instances": [
        {
          "index_key": 0,
          "schema_version": 0,
          "attributes": {
            "id": "stage-eks-az-c-cluster-20250212080316086900000002-20250212080324053600000034",
            "policy_arn": "arn:aws:iam::277707137172:policy/stage-eks-az-c-cluster-2025021208031870090000000c",
            "role": "stage-eks-az-c-cluster-20250212080316086900000002"
          },
          "sensitive_attributes": [],
          "private": "bnVsbA==",
          "dependencies": [
            "module.eks_az_a.module.eks_az_c.aws_iam_policy.custom",
            "module.eks_az_a.module.eks_az_c.aws_iam_role.this",
            "module.eks_az_a.module.eks_az_c.data.aws_iam_policy_document.assume_role_policy",
            "module.eks_az_a.module.eks_az_c.data.aws_iam_policy_document.custom",
            "module.eks_az_a.module.eks_az_c.data.aws_partition.current"
          ]
        }
      ]
    },
    {
      "module": "module.eks_az_a.module.eks_az_c",
      "mode": "managed",
      "type": "aws_iam_role_policy_attachment",
      "name": "eks_auto",
      "provider": "provider[\"registry.terraform.io/hashicorp/aws\"]",
      "instances": [
        {
          "index_key": "AmazonEC2ContainerRegistryPullOnly",
          "schema_version": 0,
          "attributes": {
            "id": "stage-eks-az-c-eks-auto-20250212080316726100000007-20250212080323450700000031",
            "policy_arn": "arn:aws:iam::aws:policy/AmazonEC2ContainerRegistryPullOnly",
            "role": "stage-eks-az-c-eks-auto-20250212080316726100000007"
          },
          "sensitive_attributes": [],
          "private": "bnVsbA==",
          "dependencies": [
            "module.eks_az_a.module.eks_az_c.aws_iam_role.eks_auto",
            "module.eks_az_a.module.eks_az_c.data.aws_iam_policy_document.node_assume_role_policy",
            "module.eks_az_a.module.eks_az_c.data.aws_partition.current"
          ]
        },
        {
          "index_key": "AmazonEKSWorkerNodeMinimalPolicy",
          "schema_version": 0,
          "attributes": {
            "id": "stage-eks-az-c-eks-auto-20250212080316726100000007-20250212080319389400000013",
            "policy_arn": "arn:aws:iam::aws:policy/AmazonEKSWorkerNodeMinimalPolicy",
            "role": "stage-eks-az-c-eks-auto-20250212080316726100000007"
          },
          "sensitive_attributes": [],
          "private": "bnVsbA==",
          "dependencies": [
            "module.eks_az_a.module.eks_az_c.aws_iam_role.eks_auto",
            "module.eks_az_a.module.eks_az_c.data.aws_iam_policy_document.node_assume_role_policy",
            "module.eks_az_a.module.eks_az_c.data.aws_partition.current"
          ]
        }
      ]
    },
    {
      "module": "module.eks_az_a.module.eks_az_c",
      "mode": "managed",
      "type": "aws_iam_role_policy_attachment",
      "name": "eks_auto_additional",
      "provider": "provider[\"registry.terraform.io/hashicorp/aws\"]",
      "instances": []
    },
    {
      "module": "module.eks_az_a.module.eks_az_c",
      "mode": "managed",
      "type": "aws_iam_role_policy_attachment",
      "name": "this",
      "provider": "provider[\"registry.terraform.io/hashicorp/aws\"]",
      "instances": [
        {
          "index_key": "AmazonEKSBlockStoragePolicy",
          "schema_version": 0,
          "attributes": {
            "id": "stage-eks-az-c-cluster-20250212080316086900000002-20250212080320349100000018",
            "policy_arn": "arn:aws:iam::aws:policy/AmazonEKSBlockStoragePolicy",
            "role": "stage-eks-az-c-cluster-20250212080316086900000002"
          },
          "sensitive_attributes": [],
          "private": "bnVsbA==",
          "dependencies": [
            "module.eks_az_a.module.eks_az_c.aws_iam_role.this",
            "module.eks_az_a.module.eks_az_c.data.aws_iam_policy_document.assume_role_policy",
            "module.eks_az_a.module.eks_az_c.data.aws_partition.current"
          ],
          "create_before_destroy": true
        },
        {
          "index_key": "AmazonEKSClusterPolicy",
          "schema_version": 0,
          "attributes": {
            "id": "stage-eks-az-c-cluster-20250212080316086900000002-20250212080322104800000026",
            "policy_arn": "arn:aws:iam::aws:policy/AmazonEKSClusterPolicy",
            "role": "stage-eks-az-c-cluster-20250212080316086900000002"
          },
          "sensitive_attributes": [],
          "private": "bnVsbA==",
          "dependencies": [
            "module.eks_az_a.module.eks_az_c.aws_iam_role.this",
            "module.eks_az_a.module.eks_az_c.data.aws_iam_policy_document.assume_role_policy",
            "module.eks_az_a.module.eks_az_c.data.aws_partition.current"
          ],
          "create_before_destroy": true
        },
        {
          "index_key": "AmazonEKSComputePolicy",
          "schema_version": 0,
          "attributes": {
            "id": "stage-eks-az-c-cluster-20250212080316086900000002-20250212080322141700000027",
            "policy_arn": "arn:aws:iam::aws:policy/AmazonEKSComputePolicy",
            "role": "stage-eks-az-c-cluster-20250212080316086900000002"
          },
          "sensitive_attributes": [],
          "private": "bnVsbA==",
          "dependencies": [
            "module.eks_az_a.module.eks_az_c.aws_iam_role.this",
            "module.eks_az_a.module.eks_az_c.data.aws_iam_policy_document.assume_role_policy",
            "module.eks_az_a.module.eks_az_c.data.aws_partition.current"
          ],
          "create_before_destroy": true
        },
        {
          "index_key": "AmazonEKSLoadBalancingPolicy",
          "schema_version": 0,
          "attributes": {
            "id": "stage-eks-az-c-cluster-20250212080316086900000002-20250212080322985400000029",
            "policy_arn": "arn:aws:iam::aws:policy/AmazonEKSLoadBalancingPolicy",
            "role": "stage-eks-az-c-cluster-20250212080316086900000002"
          },
          "sensitive_attributes": [],
          "private": "bnVsbA==",
          "dependencies": [
            "module.eks_az_a.module.eks_az_c.aws_iam_role.this",
            "module.eks_az_a.module.eks_az_c.data.aws_iam_policy_document.assume_role_policy",
            "module.eks_az_a.module.eks_az_c.data.aws_partition.current"
          ],
          "create_before_destroy": true
        },
        {
          "index_key": "AmazonEKSNetworkingPolicy",
          "schema_version": 0,
          "attributes": {
            "id": "stage-eks-az-c-cluster-20250212080316086900000002-20250212080322591600000028",
            "policy_arn": "arn:aws:iam::aws:policy/AmazonEKSNetworkingPolicy",
            "role": "stage-eks-az-c-cluster-20250212080316086900000002"
          },
          "sensitive_attributes": [],
          "private": "bnVsbA==",
          "dependencies": [
            "module.eks_az_a.module.eks_az_c.aws_iam_role.this",
            "module.eks_az_a.module.eks_az_c.data.aws_iam_policy_document.assume_role_policy",
            "module.eks_az_a.module.eks_az_c.data.aws_partition.current"
          ],
          "create_before_destroy": true
        }
      ]
    },
    {
      "module": "module.eks_az_a.module.eks_az_c",
      "mode": "managed",
      "type": "aws_security_group",
      "name": "cluster",
      "provider": "provider[\"registry.terraform.io/hashicorp/aws\"]",
      "instances": [
        {
          "index_key": 0,
          "schema_version": 1,
          "attributes": {
            "arn": "arn:aws:ec2:ap-northeast-2:277707137172:security-group/sg-0781846203c8ddce1",
            "description": "EKS cluster security group",
            "egress": [],
            "id": "sg-0781846203c8ddce1",
            "ingress": [],
            "name": "stage-eks-az-c-cluster-2025021208031907610000000e",
            "name_prefix": "stage-eks-az-c-cluster-",
            "owner_id": "277707137172",
            "revoke_rules_on_delete": false,
            "tags": {
              "Environment": "dev",
              "Name": "stage-eks-az-c-cluster",
              "Terraform": "true",
              "Zone": "az-c"
            },
            "tags_all": {
              "Environment": "dev",
              "Name": "stage-eks-az-c-cluster",
              "Terraform": "true",
              "Zone": "az-c"
            },
            "timeouts": null,
            "vpc_id": "vpc-0aea249fb189ca256"
          },
          "sensitive_attributes": [],
          "private": "eyJlMmJmYjczMC1lY2FhLTExZTYtOGY4OC0zNDM2M2JjN2M0YzAiOnsiY3JlYXRlIjo2MDAwMDAwMDAwMDAsImRlbGV0ZSI6OTAwMDAwMDAwMDAwfSwic2NoZW1hX3ZlcnNpb24iOiIxIn0=",
          "dependencies": [
            "module.vpc.module.vpc.aws_vpc.this"
          ],
          "create_before_destroy": true
        }
      ]
    },
    {
      "module": "module.eks_az_a.module.eks_az_c",
      "mode": "managed",
      "type": "aws_security_group",
      "name": "node",
      "provider": "provider[\"registry.terraform.io/hashicorp/aws\"]",
      "instances": [
        {
          "index_key": 0,
          "schema_version": 1,
          "attributes": {
            "arn": "arn:aws:ec2:ap-northeast-2:277707137172:security-group/sg-0b79e734f1cb9bfb0",
            "description": "EKS node shared security group",
            "egress": [],
            "id": "sg-0b79e734f1cb9bfb0",
            "ingress": [],
            "name": "stage-eks-az-c-node-20250212080319703300000016",
            "name_prefix": "stage-eks-az-c-node-",
            "owner_id": "277707137172",
            "revoke_rules_on_delete": false,
            "tags": {
              "Environment": "dev",
              "Name": "stage-eks-az-c-node",
              "Terraform": "true",
              "Zone": "az-c",
              "kubernetes.io/cluster/stage-eks-az-c": "owned"
            },
            "tags_all": {
              "Environment": "dev",
              "Name": "stage-eks-az-c-node",
              "Terraform": "true",
              "Zone": "az-c",
              "kubernetes.io/cluster/stage-eks-az-c": "owned"
            },
            "timeouts": null,
            "vpc_id": "vpc-0aea249fb189ca256"
          },
          "sensitive_attributes": [],
          "private": "eyJlMmJmYjczMC1lY2FhLTExZTYtOGY4OC0zNDM2M2JjN2M0YzAiOnsiY3JlYXRlIjo2MDAwMDAwMDAwMDAsImRlbGV0ZSI6OTAwMDAwMDAwMDAwfSwic2NoZW1hX3ZlcnNpb24iOiIxIn0=",
          "dependencies": [
            "module.vpc.module.vpc.aws_vpc.this"
          ],
          "create_before_destroy": true
        }
      ]
    },
    {
      "module": "module.eks_az_a.module.eks_az_c",
      "mode": "managed",
      "type": "aws_security_group_rule",
      "name": "cluster",
      "provider": "provider[\"registry.terraform.io/hashicorp/aws\"]",
      "instances": [
        {
          "index_key": "ingress_nodes_443",
          "schema_version": 2,
          "attributes": {
            "cidr_blocks": null,
            "description": "Node groups to cluster API",
            "from_port": 443,
            "id": "sgrule-2448149322",
            "ipv6_cidr_blocks": null,
            "prefix_list_ids": null,
            "protocol": "tcp",
            "security_group_id": "sg-0781846203c8ddce1",
            "security_group_rule_id": "sgr-07c2f7b1fe3d02fbc",
            "self": false,
            "source_security_group_id": "sg-0b79e734f1cb9bfb0",
            "timeouts": null,
            "to_port": 443,
            "type": "ingress"
          },
          "sensitive_attributes": [],
          "private": "eyJlMmJmYjczMC1lY2FhLTExZTYtOGY4OC0zNDM2M2JjN2M0YzAiOnsiY3JlYXRlIjozMDAwMDAwMDAwMDB9LCJzY2hlbWFfdmVyc2lvbiI6IjIifQ==",
          "dependencies": [
            "module.eks_az_a.module.eks_az_c.aws_security_group.cluster",
            "module.eks_az_a.module.eks_az_c.aws_security_group.node",
            "module.vpc.module.vpc.aws_vpc.this"
          ],
          "create_before_destroy": true
        }
      ]
    },
    {
      "module": "module.eks_az_a.module.eks_az_c",
      "mode": "managed",
      "type": "aws_security_group_rule",
      "name": "node",
      "provider": "provider[\"registry.terraform.io/hashicorp/aws\"]",
      "instances": [
        {
          "index_key": "egress_all",
          "schema_version": 2,
          "attributes": {
            "cidr_blocks": [
              "0.0.0.0/0"
            ],
            "description": "Allow all egress",
            "from_port": 0,
            "id": "sgrule-3218884272",
            "ipv6_cidr_blocks": null,
            "prefix_list_ids": [],
            "protocol": "-1",
            "security_group_id": "sg-0b79e734f1cb9bfb0",
            "security_group_rule_id": "sgr-04642424dbe29a1c1",
            "self": false,
            "source_security_group_id": null,
            "timeouts": null,
            "to_port": 0,
            "type": "egress"
          },
          "sensitive_attributes": [],
          "private": "eyJlMmJmYjczMC1lY2FhLTExZTYtOGY4OC0zNDM2M2JjN2M0YzAiOnsiY3JlYXRlIjozMDAwMDAwMDAwMDB9LCJzY2hlbWFfdmVyc2lvbiI6IjIifQ==",
          "dependencies": [
            "module.eks_az_a.module.eks_az_c.aws_security_group.cluster",
            "module.eks_az_a.module.eks_az_c.aws_security_group.node",
            "module.vpc.module.vpc.aws_vpc.this"
          ],
          "create_before_destroy": true
        },
        {
          "index_key": "ingress_cluster_443",
          "schema_version": 2,
          "attributes": {
            "cidr_blocks": null,
            "description": "Cluster API to node groups",
            "from_port": 443,
            "id": "sgrule-155247369",
            "ipv6_cidr_blocks": null,
            "prefix_list_ids": [],
            "protocol": "tcp",
            "security_group_id": "sg-0b79e734f1cb9bfb0",
            "security_group_rule_id": "sgr-00afe79a88a2910cf",
            "self": false,
            "source_security_group_id": "sg-0781846203c8ddce1",
            "timeouts": null,
            "to_port": 443,
            "type": "ingress"
          },
          "sensitive_attributes": [],
          "private": "eyJlMmJmYjczMC1lY2FhLTExZTYtOGY4OC0zNDM2M2JjN2M0YzAiOnsiY3JlYXRlIjozMDAwMDAwMDAwMDB9LCJzY2hlbWFfdmVyc2lvbiI6IjIifQ==",
          "dependencies": [
            "module.eks_az_a.module.eks_az_c.aws_security_group.cluster",
            "module.eks_az_a.module.eks_az_c.aws_security_group.node",
            "module.vpc.module.vpc.aws_vpc.this"
          ],
          "create_before_destroy": true
        },
        {
          "index_key": "ingress_cluster_4443_webhook",
          "schema_version": 2,
          "attributes": {
            "cidr_blocks": null,
            "description": "Cluster API to node 4443/tcp webhook",
            "from_port": 4443,
            "id": "sgrule-3780700193",
            "ipv6_cidr_blocks": null,
            "prefix_list_ids": [],
            "protocol": "tcp",
            "security_group_id": "sg-0b79e734f1cb9bfb0",
            "security_group_rule_id": "sgr-0b0c160e787523431",
            "self": false,
            "source_security_group_id": "sg-0781846203c8ddce1",
            "timeouts": null,
            "to_port": 4443,
            "type": "ingress"
          },
          "sensitive_attributes": [],
          "private": "eyJlMmJmYjczMC1lY2FhLTExZTYtOGY4OC0zNDM2M2JjN2M0YzAiOnsiY3JlYXRlIjozMDAwMDAwMDAwMDB9LCJzY2hlbWFfdmVyc2lvbiI6IjIifQ==",
          "dependencies": [
            "module.eks_az_a.module.eks_az_c.aws_security_group.cluster",
            "module.eks_az_a.module.eks_az_c.aws_security_group.node",
            "module.vpc.module.vpc.aws_vpc.this"
          ],
          "create_before_destroy": true
        },
        {
          "index_key": "ingress_cluster_6443_webhook",
          "schema_version": 2,
          "attributes": {
            "cidr_blocks": null,
            "description": "Cluster API to node 6443/tcp webhook",
            "from_port": 6443,
            "id": "sgrule-672829367",
            "ipv6_cidr_blocks": null,
            "prefix_list_ids": [],
            "protocol": "tcp",
            "security_group_id": "sg-0b79e734f1cb9bfb0",
            "security_group_rule_id": "sgr-0b5b803b45eed85ea",
            "self": false,
            "source_security_group_id": "sg-0781846203c8ddce1",
            "timeouts": null,
            "to_port": 6443,
            "type": "ingress"
          },
          "sensitive_attributes": [],
          "private": "eyJlMmJmYjczMC1lY2FhLTExZTYtOGY4OC0zNDM2M2JjN2M0YzAiOnsiY3JlYXRlIjozMDAwMDAwMDAwMDB9LCJzY2hlbWFfdmVyc2lvbiI6IjIifQ==",
          "dependencies": [
            "module.eks_az_a.module.eks_az_c.aws_security_group.cluster",
            "module.eks_az_a.module.eks_az_c.aws_security_group.node",
            "module.vpc.module.vpc.aws_vpc.this"
          ],
          "create_before_destroy": true
        },
        {
          "index_key": "ingress_cluster_8443_webhook",
          "schema_version": 2,
          "attributes": {
            "cidr_blocks": null,
            "description": "Cluster API to node 8443/tcp webhook",
            "from_port": 8443,
            "id": "sgrule-994489238",
            "ipv6_cidr_blocks": null,
            "prefix_list_ids": [],
            "protocol": "tcp",
            "security_group_id": "sg-0b79e734f1cb9bfb0",
            "security_group_rule_id": "sgr-0642e74df9d176472",
            "self": false,
            "source_security_group_id": "sg-0781846203c8ddce1",
            "timeouts": null,
            "to_port": 8443,
            "type": "ingress"
          },
          "sensitive_attributes": [],
          "private": "eyJlMmJmYjczMC1lY2FhLTExZTYtOGY4OC0zNDM2M2JjN2M0YzAiOnsiY3JlYXRlIjozMDAwMDAwMDAwMDB9LCJzY2hlbWFfdmVyc2lvbiI6IjIifQ==",
          "dependencies": [
            "module.eks_az_a.module.eks_az_c.aws_security_group.cluster",
            "module.eks_az_a.module.eks_az_c.aws_security_group.node",
            "module.vpc.module.vpc.aws_vpc.this"
          ],
          "create_before_destroy": true
        },
        {
          "index_key": "ingress_cluster_9443_webhook",
          "schema_version": 2,
          "attributes": {
            "cidr_blocks": null,
            "description": "Cluster API to node 9443/tcp webhook",
            "from_port": 9443,
            "id": "sgrule-1609007197",
            "ipv6_cidr_blocks": null,
            "prefix_list_ids": [],
            "protocol": "tcp",
            "security_group_id": "sg-0b79e734f1cb9bfb0",
            "security_group_rule_id": "sgr-0245cbc2297d429c9",
            "self": false,
            "source_security_group_id": "sg-0781846203c8ddce1",
            "timeouts": null,
            "to_port": 9443,
            "type": "ingress"
          },
          "sensitive_attributes": [],
          "private": "eyJlMmJmYjczMC1lY2FhLTExZTYtOGY4OC0zNDM2M2JjN2M0YzAiOnsiY3JlYXRlIjozMDAwMDAwMDAwMDB9LCJzY2hlbWFfdmVyc2lvbiI6IjIifQ==",
          "dependencies": [
            "module.eks_az_a.module.eks_az_c.aws_security_group.cluster",
            "module.eks_az_a.module.eks_az_c.aws_security_group.node",
            "module.vpc.module.vpc.aws_vpc.this"
          ],
          "create_before_destroy": true
        },
        {
          "index_key": "ingress_cluster_kubelet",
          "schema_version": 2,
          "attributes": {
            "cidr_blocks": null,
            "description": "Cluster API to node kubelets",
            "from_port": 10250,
            "id": "sgrule-2427560085",
            "ipv6_cidr_blocks": null,
            "prefix_list_ids": [],
            "protocol": "tcp",
            "security_group_id": "sg-0b79e734f1cb9bfb0",
            "security_group_rule_id": "sgr-08c460b5e245d25bd",
            "self": false,
            "source_security_group_id": "sg-0781846203c8ddce1",
            "timeouts": null,
            "to_port": 10250,
            "type": "ingress"
          },
          "sensitive_attributes": [],
          "private": "eyJlMmJmYjczMC1lY2FhLTExZTYtOGY4OC0zNDM2M2JjN2M0YzAiOnsiY3JlYXRlIjozMDAwMDAwMDAwMDB9LCJzY2hlbWFfdmVyc2lvbiI6IjIifQ==",
          "dependencies": [
            "module.eks_az_a.module.eks_az_c.aws_security_group.cluster",
            "module.eks_az_a.module.eks_az_c.aws_security_group.node",
            "module.vpc.module.vpc.aws_vpc.this"
          ],
          "create_before_destroy": true
        },
        {
          "index_key": "ingress_nodes_ephemeral",
          "schema_version": 2,
          "attributes": {
            "cidr_blocks": null,
            "description": "Node to node ingress on ephemeral ports",
            "from_port": 1025,
            "id": "sgrule-488795657",
            "ipv6_cidr_blocks": null,
            "prefix_list_ids": [],
            "protocol": "tcp",
            "security_group_id": "sg-0b79e734f1cb9bfb0",
            "security_group_rule_id": "sgr-0ca1d16dc6990ebe2",
            "self": true,
            "source_security_group_id": null,
            "timeouts": null,
            "to_port": 65535,
            "type": "ingress"
          },
          "sensitive_attributes": [],
          "private": "eyJlMmJmYjczMC1lY2FhLTExZTYtOGY4OC0zNDM2M2JjN2M0YzAiOnsiY3JlYXRlIjozMDAwMDAwMDAwMDB9LCJzY2hlbWFfdmVyc2lvbiI6IjIifQ==",
          "dependencies": [
            "module.eks_az_a.module.eks_az_c.aws_security_group.cluster",
            "module.eks_az_a.module.eks_az_c.aws_security_group.node",
            "module.vpc.module.vpc.aws_vpc.this"
          ],
          "create_before_destroy": true
        },
        {
          "index_key": "ingress_self_coredns_tcp",
          "schema_version": 2,
          "attributes": {
            "cidr_blocks": null,
            "description": "Node to node CoreDNS",
            "from_port": 53,
            "id": "sgrule-3975256305",
            "ipv6_cidr_blocks": null,
            "prefix_list_ids": [],
            "protocol": "tcp",
            "security_group_id": "sg-0b79e734f1cb9bfb0",
            "security_group_rule_id": "sgr-046d88ebfea237c87",
            "self": true,
            "source_security_group_id": null,
            "timeouts": null,
            "to_port": 53,
            "type": "ingress"
          },
          "sensitive_attributes": [],
          "private": "eyJlMmJmYjczMC1lY2FhLTExZTYtOGY4OC0zNDM2M2JjN2M0YzAiOnsiY3JlYXRlIjozMDAwMDAwMDAwMDB9LCJzY2hlbWFfdmVyc2lvbiI6IjIifQ==",
          "dependencies": [
            "module.eks_az_a.module.eks_az_c.aws_security_group.cluster",
            "module.eks_az_a.module.eks_az_c.aws_security_group.node",
            "module.vpc.module.vpc.aws_vpc.this"
          ],
          "create_before_destroy": true
        },
        {
          "index_key": "ingress_self_coredns_udp",
          "schema_version": 2,
          "attributes": {
            "cidr_blocks": null,
            "description": "Node to node CoreDNS UDP",
            "from_port": 53,
            "id": "sgrule-1219377950",
            "ipv6_cidr_blocks": null,
            "prefix_list_ids": [],
            "protocol": "udp",
            "security_group_id": "sg-0b79e734f1cb9bfb0",
            "security_group_rule_id": "sgr-02ae8d7a752e78e38",
            "self": true,
            "source_security_group_id": null,
            "timeouts": null,
            "to_port": 53,
            "type": "ingress"
          },
          "sensitive_attributes": [],
          "private": "eyJlMmJmYjczMC1lY2FhLTExZTYtOGY4OC0zNDM2M2JjN2M0YzAiOnsiY3JlYXRlIjozMDAwMDAwMDAwMDB9LCJzY2hlbWFfdmVyc2lvbiI6IjIifQ==",
          "dependencies": [
            "module.eks_az_a.module.eks_az_c.aws_security_group.cluster",
            "module.eks_az_a.module.eks_az_c.aws_security_group.node",
            "module.vpc.module.vpc.aws_vpc.this"
          ],
          "create_before_destroy": true
        }
      ]
    },
    {
      "module": "module.eks_az_a.module.eks_az_c",
      "mode": "managed",
      "type": "time_sleep",
      "name": "this",
      "provider": "provider[\"registry.terraform.io/hashicorp/time\"]",
      "instances": [
        {
          "index_key": 0,
          "schema_version": 0,
          "attributes": {
            "create_duration": "30s",
            "destroy_duration": null,
            "id": "2025-02-12T08:14:15Z",
            "triggers": {
              "cluster_certificate_authority_data": "LS0tLS1CRUdJTiBDRVJUSUZJQ0FURS0tLS0tCk1JSURCVENDQWUyZ0F3SUJBZ0lJVGFMbDFiUXdqbkl3RFFZSktvWklodmNOQVFFTEJRQXdGVEVUTUJFR0ExVUUKQXhNS2EzVmlaWEp1WlhSbGN6QWVGdzB5TlRBeU1USXdPREF5TlRsYUZ3MHpOVEF5TVRBd09EQTNOVGxhTUJVeApFekFSQmdOVkJBTVRDbXQxWW1WeWJtVjBaWE13Z2dFaU1BMEdDU3FHU0liM0RRRUJBUVVBQTRJQkR3QXdnZ0VLCkFvSUJBUURBWG53bnBzZWtxNCtqUTdhSERVb25iZ2x0bHd4ckxjSjR5R0lqTm43eDZiOWNNcElIMENTWEdlZzMKSUFKY1V3elZyN2NJdXJxM2xmdVhCU244MUV5Qk5qS0pJdUIrT3BtS2FrYlVsK0ZhRWxvOTBvdm1UNGdWdU9tMwo3bFU0Y1RIUklGTzRrOFloaFBXYkRDazFHSUdiemhWeitpUGd6L05qNnA3Vmo2NG80Q3VTWkNQbXZQWEdVTlc2CldQdC9JQ1hZRGlRS0t5UDVkdEszWUNlbll4STl5dHZLaGtPOEZCUDd0anIrMlJzNEIreG16ajNlMEZJZ2xJbXcKYXpEUUtSNWplZVFCcm1xOTBWaWE2Q2dGeVJaMy84MzYrMVBqdnB4N0VLOS9pRUJBWi9QQ29nZ3lidURqSllGRwo4R25LSXlibGVmRk5hNWZFbTBqdTJ2aEJma2puQWdNQkFBR2pXVEJYTUE0R0ExVWREd0VCL3dRRUF3SUNwREFQCkJnTlZIUk1CQWY4RUJUQURBUUgvTUIwR0ExVWREZ1FXQkJUbnB2Qzd2VUV0ZXIxUTA3NDRycEpxQ2psMVJ6QVYKQmdOVkhSRUVEakFNZ2dwcmRXSmxjbTVsZEdWek1BMEdDU3FHU0liM0RRRUJDd1VBQTRJQkFRQVM4TTl0V1V1RApYUHN1cy9wUjUwaTNia0czdk1qY3o3VG5tRjhOT2RBSEZTcWF0Wit3MUFURUtUYjhiMHBjcElGdityRHlIT2ppCjN3eHJFanI5RG53ZGhtM21vVllveXo1KzI1V0ppZXRlQlVua0xXc0tKa2NyM1hnUmdoSXp6OUo0UXowVGxWQlcKdGVTKzFScGxZTFJuRDBBN1I5MkVVZHZxYkgrRjc0Zk9nYnNTaXA3MzROaU9oZ1JNeWF2LzcxVDNUZlVRZ3dVMQpWcXRpVHI1WVg5aENqa1ZmdzlReGV2d015U09CZnVSaUQvRXJBSWxzVjJxa1FiUno3TnJNUll3WGljQ0MrS0xrCkpjWnVranYzOVZRMHZlWmNmK0NoZ29HZWhFQkREL3duM205UGg2bk40aE9nYUpDSjNxSm1KWlFDNWdqUzk2ekcKOE9IeVdSVnBpYnA2Ci0tLS0tRU5EIENFUlRJRklDQVRFLS0tLS0K",
              "cluster_endpoint": "https://59D2E67035A3B1E4621B3328967EF7E9.gr7.ap-northeast-2.eks.amazonaws.com",
              "cluster_name": "stage-eks-az-c",
              "cluster_service_cidr": "172.20.0.0/16",
              "cluster_version": "1.31"
            }
          },
          "sensitive_attributes": [],
          "dependencies": [
            "module.eks_az_a.module.eks_az_c.aws_cloudwatch_log_group.this",
            "module.eks_az_a.module.eks_az_c.aws_eks_cluster.this",
            "module.eks_az_a.module.eks_az_c.aws_iam_policy.cni_ipv6_policy",
            "module.eks_az_a.module.eks_az_c.aws_iam_role.eks_auto",
            "module.eks_az_a.module.eks_az_c.aws_iam_role.this",
            "module.eks_az_a.module.eks_az_c.aws_iam_role_policy_attachment.this",
            "module.eks_az_a.module.eks_az_c.aws_security_group.cluster",
            "module.eks_az_a.module.eks_az_c.aws_security_group.node",
            "module.eks_az_a.module.eks_az_c.aws_security_group_rule.cluster",
            "module.eks_az_a.module.eks_az_c.aws_security_group_rule.node",
            "module.eks_az_a.module.eks_az_c.data.aws_caller_identity.current",
            "module.eks_az_a.module.eks_az_c.data.aws_iam_policy_document.assume_role_policy",
            "module.eks_az_a.module.eks_az_c.data.aws_iam_policy_document.cni_ipv6_policy",
            "module.eks_az_a.module.eks_az_c.data.aws_iam_policy_document.node_assume_role_policy",
            "module.eks_az_a.module.eks_az_c.data.aws_iam_session_context.current",
            "module.eks_az_a.module.eks_az_c.data.aws_partition.current",
            "module.eks_az_a.module.eks_az_c.module.kms.aws_kms_external_key.this",
            "module.eks_az_a.module.eks_az_c.module.kms.aws_kms_key.this",
            "module.eks_az_a.module.eks_az_c.module.kms.aws_kms_replica_external_key.this",
            "module.eks_az_a.module.eks_az_c.module.kms.aws_kms_replica_key.this",
            "module.eks_az_a.module.eks_az_c.module.kms.data.aws_caller_identity.current",
            "module.eks_az_a.module.eks_az_c.module.kms.data.aws_iam_policy_document.this",
            "module.eks_az_a.module.eks_az_c.module.kms.data.aws_partition.current",
            "module.vpc.module.vpc.aws_subnet.private",
            "module.vpc.module.vpc.aws_vpc.this",
            "module.vpc.module.vpc.aws_vpc_ipv4_cidr_block_association.this"
          ],
          "create_before_destroy": true
        }
      ]
    },
    {
      "module": "module.eks_az_a.module.eks_az_c.module.kms",
      "mode": "data",
      "type": "aws_caller_identity",
      "name": "current",
      "provider": "provider[\"registry.terraform.io/hashicorp/aws\"]",
      "instances": [
        {
          "index_key": 0,
          "schema_version": 0,
          "attributes": {
            "account_id": "277707137172",
            "arn": "arn:aws:iam::277707137172:user/user5",
            "id": "277707137172",
            "user_id": "AIDAUBKFCUCKJRC6C4LFH"
          },
          "sensitive_attributes": []
        }
      ]
    },
    {
      "module": "module.eks_az_a.module.eks_az_c.module.kms",
      "mode": "data",
      "type": "aws_iam_policy_document",
      "name": "this",
      "provider": "provider[\"registry.terraform.io/hashicorp/aws\"]",
      "instances": [
        {
          "index_key": 0,
          "schema_version": 0,
          "attributes": {
            "id": "420890634",
            "json": "{\n  \"Version\": \"2012-10-17\",\n  \"Statement\": [\n    {\n      \"Sid\": \"Default\",\n      \"Effect\": \"Allow\",\n      \"Action\": \"kms:*\",\n      \"Resource\": \"*\",\n      \"Principal\": {\n        \"AWS\": \"arn:aws:iam::277707137172:root\"\n      }\n    },\n    {\n      \"Sid\": \"KeyAdministration\",\n      \"Effect\": \"Allow\",\n      \"Action\": [\n        \"kms:Update*\",\n        \"kms:UntagResource\",\n        \"kms:TagResource\",\n        \"kms:ScheduleKeyDeletion\",\n        \"kms:Revoke*\",\n        \"kms:ReplicateKey\",\n        \"kms:Put*\",\n        \"kms:List*\",\n        \"kms:ImportKeyMaterial\",\n        \"kms:Get*\",\n        \"kms:Enable*\",\n        \"kms:Disable*\",\n        \"kms:Describe*\",\n        \"kms:Delete*\",\n        \"kms:Create*\",\n        \"kms:CancelKeyDeletion\"\n      ],\n      \"Resource\": \"*\",\n      \"Principal\": {\n        \"AWS\": \"arn:aws:iam::277707137172:user/user5\"\n      }\n    },\n    {\n      \"Sid\": \"KeyUsage\",\n      \"Effect\": \"Allow\",\n      \"Action\": [\n        \"kms:ReEncrypt*\",\n        \"kms:GenerateDataKey*\",\n        \"kms:Encrypt\",\n        \"kms:DescribeKey\",\n        \"kms:Decrypt\"\n      ],\n      \"Resource\": \"*\",\n      \"Principal\": {\n        \"AWS\": \"arn:aws:iam::277707137172:role/stage-eks-az-c-cluster-20250212080316086900000002\"\n      }\n    }\n  ]\n}",
            "minified_json": "{\"Version\":\"2012-10-17\",\"Statement\":[{\"Sid\":\"Default\",\"Effect\":\"Allow\",\"Action\":\"kms:*\",\"Resource\":\"*\",\"Principal\":{\"AWS\":\"arn:aws:iam::277707137172:root\"}},{\"Sid\":\"KeyAdministration\",\"Effect\":\"Allow\",\"Action\":[\"kms:Update*\",\"kms:UntagResource\",\"kms:TagResource\",\"kms:ScheduleKeyDeletion\",\"kms:Revoke*\",\"kms:ReplicateKey\",\"kms:Put*\",\"kms:List*\",\"kms:ImportKeyMaterial\",\"kms:Get*\",\"kms:Enable*\",\"kms:Disable*\",\"kms:Describe*\",\"kms:Delete*\",\"kms:Create*\",\"kms:CancelKeyDeletion\"],\"Resource\":\"*\",\"Principal\":{\"AWS\":\"arn:aws:iam::277707137172:user/user5\"}},{\"Sid\":\"KeyUsage\",\"Effect\":\"Allow\",\"Action\":[\"kms:ReEncrypt*\",\"kms:GenerateDataKey*\",\"kms:Encrypt\",\"kms:DescribeKey\",\"kms:Decrypt\"],\"Resource\":\"*\",\"Principal\":{\"AWS\":\"arn:aws:iam::277707137172:role/stage-eks-az-c-cluster-20250212080316086900000002\"}}]}",
            "override_json": null,
            "override_policy_documents": null,
            "policy_id": null,
            "source_json": null,
            "source_policy_documents": null,
            "statement": [
              {
                "actions": [
                  "kms:*"
                ],
                "condition": [],
                "effect": "Allow",
                "not_actions": [],
                "not_principals": [],
                "not_resources": [],
                "principals": [
                  {
                    "identifiers": [
                      "arn:aws:iam::277707137172:root"
                    ],
                    "type": "AWS"
                  }
                ],
                "resources": [
                  "*"
                ],
                "sid": "Default"
              },
              {
                "actions": [
                  "kms:CancelKeyDeletion",
                  "kms:Create*",
                  "kms:Delete*",
                  "kms:Describe*",
                  "kms:Disable*",
                  "kms:Enable*",
                  "kms:Get*",
                  "kms:ImportKeyMaterial",
                  "kms:List*",
                  "kms:Put*",
                  "kms:ReplicateKey",
                  "kms:Revoke*",
                  "kms:ScheduleKeyDeletion",
                  "kms:TagResource",
                  "kms:UntagResource",
                  "kms:Update*"
                ],
                "condition": [],
                "effect": "Allow",
                "not_actions": [],
                "not_principals": [],
                "not_resources": [],
                "principals": [
                  {
                    "identifiers": [
                      "arn:aws:iam::277707137172:user/user5"
                    ],
                    "type": "AWS"
                  }
                ],
                "resources": [
                  "*"
                ],
                "sid": "KeyAdministration"
              },
              {
                "actions": [
                  "kms:Decrypt",
                  "kms:DescribeKey",
                  "kms:Encrypt",
                  "kms:GenerateDataKey*",
                  "kms:ReEncrypt*"
                ],
                "condition": [],
                "effect": "Allow",
                "not_actions": [],
                "not_principals": [],
                "not_resources": [],
                "principals": [
                  {
                    "identifiers": [
                      "arn:aws:iam::277707137172:role/stage-eks-az-c-cluster-20250212080316086900000002"
                    ],
                    "type": "AWS"
                  }
                ],
                "resources": [
                  "*"
                ],
                "sid": "KeyUsage"
              }
            ],
            "version": "2012-10-17"
          },
          "sensitive_attributes": []
        }
      ]
    },
    {
      "module": "module.eks_az_a.module.eks_az_c.module.kms",
      "mode": "data",
      "type": "aws_partition",
      "name": "current",
      "provider": "provider[\"registry.terraform.io/hashicorp/aws\"]",
      "instances": [
        {
          "index_key": 0,
          "schema_version": 0,
          "attributes": {
            "dns_suffix": "amazonaws.com",
            "id": "aws",
            "partition": "aws",
            "reverse_dns_prefix": "com.amazonaws"
          },
          "sensitive_attributes": []
        }
      ]
    },
    {
      "module": "module.eks_az_a.module.eks_az_c.module.kms",
      "mode": "managed",
      "type": "aws_kms_alias",
      "name": "this",
      "provider": "provider[\"registry.terraform.io/hashicorp/aws\"]",
      "instances": [
        {
          "index_key": "cluster",
          "schema_version": 0,
          "attributes": {
            "arn": "arn:aws:kms:ap-northeast-2:277707137172:alias/eks/stage-eks-az-c",
            "id": "alias/eks/stage-eks-az-c",
            "name": "alias/eks/stage-eks-az-c",
            "name_prefix": "",
            "target_key_arn": "arn:aws:kms:ap-northeast-2:277707137172:key/7b7667b2-a42a-45bc-9c44-b6b72e069e36",
            "target_key_id": "7b7667b2-a42a-45bc-9c44-b6b72e069e36"
          },
          "sensitive_attributes": [],
          "private": "bnVsbA==",
          "dependencies": [
            "module.eks_az_a.module.eks_az_c.aws_iam_role.this",
            "module.eks_az_a.module.eks_az_c.data.aws_caller_identity.current",
            "module.eks_az_a.module.eks_az_c.data.aws_iam_policy_document.assume_role_policy",
            "module.eks_az_a.module.eks_az_c.data.aws_iam_session_context.current",
            "module.eks_az_a.module.eks_az_c.module.kms.aws_kms_external_key.this",
            "module.eks_az_a.module.eks_az_c.module.kms.aws_kms_key.this",
            "module.eks_az_a.module.eks_az_c.module.kms.aws_kms_replica_external_key.this",
            "module.eks_az_a.module.eks_az_c.module.kms.aws_kms_replica_key.this",
            "module.eks_az_a.module.eks_az_c.module.kms.data.aws_caller_identity.current",
            "module.eks_az_a.module.eks_az_c.module.kms.data.aws_iam_policy_document.this",
            "module.eks_az_a.module.eks_az_c.module.kms.data.aws_partition.current"
          ]
        }
      ]
    },
    {
      "module": "module.eks_az_a.module.eks_az_c.module.kms",
      "mode": "managed",
      "type": "aws_kms_external_key",
      "name": "this",
      "provider": "provider[\"registry.terraform.io/hashicorp/aws\"]",
      "instances": []
    },
    {
      "module": "module.eks_az_a.module.eks_az_c.module.kms",
      "mode": "managed",
      "type": "aws_kms_grant",
      "name": "this",
      "provider": "provider[\"registry.terraform.io/hashicorp/aws\"]",
      "instances": []
    },
    {
      "module": "module.eks_az_a.module.eks_az_c.module.kms",
      "mode": "managed",
      "type": "aws_kms_key",
      "name": "this",
      "provider": "provider[\"registry.terraform.io/hashicorp/aws\"]",
      "instances": [
        {
          "index_key": 0,
          "schema_version": 0,
          "attributes": {
            "arn": "arn:aws:kms:ap-northeast-2:277707137172:key/7b7667b2-a42a-45bc-9c44-b6b72e069e36",
            "bypass_policy_lockout_safety_check": false,
            "custom_key_store_id": "",
            "customer_master_key_spec": "SYMMETRIC_DEFAULT",
            "deletion_window_in_days": null,
            "description": "stage-eks-az-c cluster encryption key",
            "enable_key_rotation": true,
            "id": "7b7667b2-a42a-45bc-9c44-b6b72e069e36",
            "is_enabled": true,
            "key_id": "7b7667b2-a42a-45bc-9c44-b6b72e069e36",
            "key_usage": "ENCRYPT_DECRYPT",
            "multi_region": false,
            "policy": "{\"Statement\":[{\"Action\":\"kms:*\",\"Effect\":\"Allow\",\"Principal\":{\"AWS\":\"arn:aws:iam::277707137172:root\"},\"Resource\":\"*\",\"Sid\":\"Default\"},{\"Action\":[\"kms:Update*\",\"kms:UntagResource\",\"kms:TagResource\",\"kms:ScheduleKeyDeletion\",\"kms:Revoke*\",\"kms:ReplicateKey\",\"kms:Put*\",\"kms:List*\",\"kms:ImportKeyMaterial\",\"kms:Get*\",\"kms:Enable*\",\"kms:Disable*\",\"kms:Describe*\",\"kms:Delete*\",\"kms:Create*\",\"kms:CancelKeyDeletion\"],\"Effect\":\"Allow\",\"Principal\":{\"AWS\":\"arn:aws:iam::277707137172:user/user5\"},\"Resource\":\"*\",\"Sid\":\"KeyAdministration\"},{\"Action\":[\"kms:ReEncrypt*\",\"kms:GenerateDataKey*\",\"kms:Encrypt\",\"kms:DescribeKey\",\"kms:Decrypt\"],\"Effect\":\"Allow\",\"Principal\":{\"AWS\":\"arn:aws:iam::277707137172:role/stage-eks-az-c-cluster-20250212080316086900000002\"},\"Resource\":\"*\",\"Sid\":\"KeyUsage\"}],\"Version\":\"2012-10-17\"}",
            "rotation_period_in_days": 365,
            "tags": {
              "Environment": "dev",
              "Terraform": "true",
              "Zone": "az-c",
              "terraform-aws-modules": "eks"
            },
            "tags_all": {
              "Environment": "dev",
              "Terraform": "true",
              "Zone": "az-c",
              "terraform-aws-modules": "eks"
            },
            "timeouts": null,
            "xks_key_id": ""
          },
          "sensitive_attributes": [],
          "private": "eyJlMmJmYjczMC1lY2FhLTExZTYtOGY4OC0zNDM2M2JjN2M0YzAiOnsiY3JlYXRlIjoxMjAwMDAwMDAwMDB9fQ==",
          "dependencies": [
            "module.eks_az_a.module.eks_az_c.aws_iam_role.this",
            "module.eks_az_a.module.eks_az_c.data.aws_caller_identity.current",
            "module.eks_az_a.module.eks_az_c.data.aws_iam_policy_document.assume_role_policy",
            "module.eks_az_a.module.eks_az_c.data.aws_iam_session_context.current",
            "module.eks_az_a.module.eks_az_c.module.kms.data.aws_caller_identity.current",
            "module.eks_az_a.module.eks_az_c.module.kms.data.aws_iam_policy_document.this",
            "module.eks_az_a.module.eks_az_c.module.kms.data.aws_partition.current"
          ],
          "create_before_destroy": true
        }
      ]
    },
    {
      "module": "module.eks_az_a.module.eks_az_c.module.kms",
      "mode": "managed",
      "type": "aws_kms_replica_external_key",
      "name": "this",
      "provider": "provider[\"registry.terraform.io/hashicorp/aws\"]",
      "instances": []
    },
    {
      "module": "module.eks_az_a.module.eks_az_c.module.kms",
      "mode": "managed",
      "type": "aws_kms_replica_key",
      "name": "this",
      "provider": "provider[\"registry.terraform.io/hashicorp/aws\"]",
      "instances": []
    },
    {
      "module": "module.eks_az_c.module.eks_az_a",
      "mode": "data",
      "type": "aws_caller_identity",
      "name": "current",
      "provider": "provider[\"registry.terraform.io/hashicorp/aws\"]",
      "instances": [
        {
          "index_key": 0,
          "schema_version": 0,
          "attributes": {
            "account_id": "277707137172",
            "arn": "arn:aws:iam::277707137172:user/user5",
            "id": "277707137172",
            "user_id": "AIDAUBKFCUCKJRC6C4LFH"
          },
          "sensitive_attributes": []
        }
      ]
    },
    {
      "module": "module.eks_az_c.module.eks_az_a",
      "mode": "data",
      "type": "aws_iam_policy_document",
      "name": "assume_role_policy",
      "provider": "provider[\"registry.terraform.io/hashicorp/aws\"]",
      "instances": [
        {
          "index_key": 0,
          "schema_version": 0,
          "attributes": {
            "id": "2830595799",
            "json": "{\n  \"Version\": \"2012-10-17\",\n  \"Statement\": [\n    {\n      \"Sid\": \"EKSClusterAssumeRole\",\n      \"Effect\": \"Allow\",\n      \"Action\": [\n        \"sts:TagSession\",\n        \"sts:AssumeRole\"\n      ],\n      \"Principal\": {\n        \"Service\": \"eks.amazonaws.com\"\n      }\n    }\n  ]\n}",
            "minified_json": "{\"Version\":\"2012-10-17\",\"Statement\":[{\"Sid\":\"EKSClusterAssumeRole\",\"Effect\":\"Allow\",\"Action\":[\"sts:TagSession\",\"sts:AssumeRole\"],\"Principal\":{\"Service\":\"eks.amazonaws.com\"}}]}",
            "override_json": null,
            "override_policy_documents": null,
            "policy_id": null,
            "source_json": null,
            "source_policy_documents": null,
            "statement": [
              {
                "actions": [
                  "sts:AssumeRole",
                  "sts:TagSession"
                ],
                "condition": [],
                "effect": "Allow",
                "not_actions": [],
                "not_principals": [],
                "not_resources": [],
                "principals": [
                  {
                    "identifiers": [
                      "eks.amazonaws.com"
                    ],
                    "type": "Service"
                  }
                ],
                "resources": [],
                "sid": "EKSClusterAssumeRole"
              }
            ],
            "version": "2012-10-17"
          },
          "sensitive_attributes": []
        }
      ]
    },
    {
      "module": "module.eks_az_c.module.eks_az_a",
      "mode": "data",
      "type": "aws_iam_policy_document",
      "name": "cni_ipv6_policy",
      "provider": "provider[\"registry.terraform.io/hashicorp/aws\"]",
      "instances": []
    },
    {
      "module": "module.eks_az_c.module.eks_az_a",
      "mode": "data",
      "type": "aws_iam_policy_document",
      "name": "custom",
      "provider": "provider[\"registry.terraform.io/hashicorp/aws\"]",
      "instances": [
        {
          "index_key": 0,
          "schema_version": 0,
          "attributes": {
            "id": "513122117",
            "json": "{\n  \"Version\": \"2012-10-17\",\n  \"Statement\": [\n    {\n      \"Sid\": \"Compute\",\n      \"Effect\": \"Allow\",\n      \"Action\": [\n        \"ec2:RunInstances\",\n        \"ec2:CreateLaunchTemplate\",\n        \"ec2:CreateFleet\"\n      ],\n      \"Resource\": \"*\",\n      \"Condition\": {\n        \"StringEquals\": {\n          \"aws:RequestTag/eks:eks-cluster-name\": \"${aws:PrincipalTag/eks:eks-cluster-name}\"\n        },\n        \"StringLike\": {\n          \"aws:RequestTag/eks:kubernetes-node-class-name\": \"*\",\n          \"aws:RequestTag/eks:kubernetes-node-pool-name\": \"*\"\n        }\n      }\n    },\n    {\n      \"Sid\": \"Storage\",\n      \"Effect\": \"Allow\",\n      \"Action\": [\n        \"ec2:CreateVolume\",\n        \"ec2:CreateSnapshot\"\n      ],\n      \"Resource\": [\n        \"arn:aws:ec2:*:*:volume/*\",\n        \"arn:aws:ec2:*:*:snapshot/*\"\n      ],\n      \"Condition\": {\n        \"StringEquals\": {\n          \"aws:RequestTag/eks:eks-cluster-name\": \"${aws:PrincipalTag/eks:eks-cluster-name}\"\n        }\n      }\n    },\n    {\n      \"Sid\": \"Networking\",\n      \"Effect\": \"Allow\",\n      \"Action\": \"ec2:CreateNetworkInterface\",\n      \"Resource\": \"*\",\n      \"Condition\": {\n        \"StringEquals\": {\n          \"aws:RequestTag/eks:eks-cluster-name\": \"${aws:PrincipalTag/eks:eks-cluster-name}\",\n          \"aws:RequestTag/eks:kubernetes-cni-node-name\": \"*\"\n        }\n      }\n    },\n    {\n      \"Sid\": \"LoadBalancer\",\n      \"Effect\": \"Allow\",\n      \"Action\": [\n        \"elasticloadbalancing:CreateTargetGroup\",\n        \"elasticloadbalancing:CreateRule\",\n        \"elasticloadbalancing:CreateLoadBalancer\",\n        \"elasticloadbalancing:CreateListener\",\n        \"ec2:CreateSecurityGroup\"\n      ],\n      \"Resource\": \"*\",\n      \"Condition\": {\n        \"StringEquals\": {\n          \"aws:RequestTag/eks:eks-cluster-name\": \"${aws:PrincipalTag/eks:eks-cluster-name}\"\n        }\n      }\n    },\n    {\n      \"Sid\": \"ShieldProtection\",\n      \"Effect\": \"Allow\",\n      \"Action\": \"shield:CreateProtection\",\n      \"Resource\": \"*\",\n      \"Condition\": {\n        \"StringEquals\": {\n          \"aws:RequestTag/eks:eks-cluster-name\": \"${aws:PrincipalTag/eks:eks-cluster-name}\"\n        }\n      }\n    },\n    {\n      \"Sid\": \"ShieldTagResource\",\n      \"Effect\": \"Allow\",\n      \"Action\": \"shield:TagResource\",\n      \"Resource\": \"arn:aws:shield::*:protection/*\",\n      \"Condition\": {\n        \"StringEquals\": {\n          \"aws:RequestTag/eks:eks-cluster-name\": \"${aws:PrincipalTag/eks:eks-cluster-name}\"\n        }\n      }\n    }\n  ]\n}",
            "minified_json": "{\"Version\":\"2012-10-17\",\"Statement\":[{\"Sid\":\"Compute\",\"Effect\":\"Allow\",\"Action\":[\"ec2:RunInstances\",\"ec2:CreateLaunchTemplate\",\"ec2:CreateFleet\"],\"Resource\":\"*\",\"Condition\":{\"StringEquals\":{\"aws:RequestTag/eks:eks-cluster-name\":\"${aws:PrincipalTag/eks:eks-cluster-name}\"},\"StringLike\":{\"aws:RequestTag/eks:kubernetes-node-class-name\":\"*\",\"aws:RequestTag/eks:kubernetes-node-pool-name\":\"*\"}}},{\"Sid\":\"Storage\",\"Effect\":\"Allow\",\"Action\":[\"ec2:CreateVolume\",\"ec2:CreateSnapshot\"],\"Resource\":[\"arn:aws:ec2:*:*:volume/*\",\"arn:aws:ec2:*:*:snapshot/*\"],\"Condition\":{\"StringEquals\":{\"aws:RequestTag/eks:eks-cluster-name\":\"${aws:PrincipalTag/eks:eks-cluster-name}\"}}},{\"Sid\":\"Networking\",\"Effect\":\"Allow\",\"Action\":\"ec2:CreateNetworkInterface\",\"Resource\":\"*\",\"Condition\":{\"StringEquals\":{\"aws:RequestTag/eks:eks-cluster-name\":\"${aws:PrincipalTag/eks:eks-cluster-name}\",\"aws:RequestTag/eks:kubernetes-cni-node-name\":\"*\"}}},{\"Sid\":\"LoadBalancer\",\"Effect\":\"Allow\",\"Action\":[\"elasticloadbalancing:CreateTargetGroup\",\"elasticloadbalancing:CreateRule\",\"elasticloadbalancing:CreateLoadBalancer\",\"elasticloadbalancing:CreateListener\",\"ec2:CreateSecurityGroup\"],\"Resource\":\"*\",\"Condition\":{\"StringEquals\":{\"aws:RequestTag/eks:eks-cluster-name\":\"${aws:PrincipalTag/eks:eks-cluster-name}\"}}},{\"Sid\":\"ShieldProtection\",\"Effect\":\"Allow\",\"Action\":\"shield:CreateProtection\",\"Resource\":\"*\",\"Condition\":{\"StringEquals\":{\"aws:RequestTag/eks:eks-cluster-name\":\"${aws:PrincipalTag/eks:eks-cluster-name}\"}}},{\"Sid\":\"ShieldTagResource\",\"Effect\":\"Allow\",\"Action\":\"shield:TagResource\",\"Resource\":\"arn:aws:shield::*:protection/*\",\"Condition\":{\"StringEquals\":{\"aws:RequestTag/eks:eks-cluster-name\":\"${aws:PrincipalTag/eks:eks-cluster-name}\"}}}]}",
            "override_json": null,
            "override_policy_documents": null,
            "policy_id": null,
            "source_json": null,
            "source_policy_documents": null,
            "statement": [
              {
                "actions": [
                  "ec2:CreateFleet",
                  "ec2:CreateLaunchTemplate",
                  "ec2:RunInstances"
                ],
                "condition": [
                  {
                    "test": "StringEquals",
                    "values": [
                      "${aws:PrincipalTag/eks:eks-cluster-name}"
                    ],
                    "variable": "aws:RequestTag/eks:eks-cluster-name"
                  },
                  {
                    "test": "StringLike",
                    "values": [
                      "*"
                    ],
                    "variable": "aws:RequestTag/eks:kubernetes-node-class-name"
                  },
                  {
                    "test": "StringLike",
                    "values": [
                      "*"
                    ],
                    "variable": "aws:RequestTag/eks:kubernetes-node-pool-name"
                  }
                ],
                "effect": "Allow",
                "not_actions": [],
                "not_principals": [],
                "not_resources": [],
                "principals": [],
                "resources": [
                  "*"
                ],
                "sid": "Compute"
              },
              {
                "actions": [
                  "ec2:CreateSnapshot",
                  "ec2:CreateVolume"
                ],
                "condition": [
                  {
                    "test": "StringEquals",
                    "values": [
                      "${aws:PrincipalTag/eks:eks-cluster-name}"
                    ],
                    "variable": "aws:RequestTag/eks:eks-cluster-name"
                  }
                ],
                "effect": "Allow",
                "not_actions": [],
                "not_principals": [],
                "not_resources": [],
                "principals": [],
                "resources": [
                  "arn:aws:ec2:*:*:snapshot/*",
                  "arn:aws:ec2:*:*:volume/*"
                ],
                "sid": "Storage"
              },
              {
                "actions": [
                  "ec2:CreateNetworkInterface"
                ],
                "condition": [
                  {
                    "test": "StringEquals",
                    "values": [
                      "${aws:PrincipalTag/eks:eks-cluster-name}"
                    ],
                    "variable": "aws:RequestTag/eks:eks-cluster-name"
                  },
                  {
                    "test": "StringEquals",
                    "values": [
                      "*"
                    ],
                    "variable": "aws:RequestTag/eks:kubernetes-cni-node-name"
                  }
                ],
                "effect": "Allow",
                "not_actions": [],
                "not_principals": [],
                "not_resources": [],
                "principals": [],
                "resources": [
                  "*"
                ],
                "sid": "Networking"
              },
              {
                "actions": [
                  "ec2:CreateSecurityGroup",
                  "elasticloadbalancing:CreateListener",
                  "elasticloadbalancing:CreateLoadBalancer",
                  "elasticloadbalancing:CreateRule",
                  "elasticloadbalancing:CreateTargetGroup"
                ],
                "condition": [
                  {
                    "test": "StringEquals",
                    "values": [
                      "${aws:PrincipalTag/eks:eks-cluster-name}"
                    ],
                    "variable": "aws:RequestTag/eks:eks-cluster-name"
                  }
                ],
                "effect": "Allow",
                "not_actions": [],
                "not_principals": [],
                "not_resources": [],
                "principals": [],
                "resources": [
                  "*"
                ],
                "sid": "LoadBalancer"
              },
              {
                "actions": [
                  "shield:CreateProtection"
                ],
                "condition": [
                  {
                    "test": "StringEquals",
                    "values": [
                      "${aws:PrincipalTag/eks:eks-cluster-name}"
                    ],
                    "variable": "aws:RequestTag/eks:eks-cluster-name"
                  }
                ],
                "effect": "Allow",
                "not_actions": [],
                "not_principals": [],
                "not_resources": [],
                "principals": [],
                "resources": [
                  "*"
                ],
                "sid": "ShieldProtection"
              },
              {
                "actions": [
                  "shield:TagResource"
                ],
                "condition": [
                  {
                    "test": "StringEquals",
                    "values": [
                      "${aws:PrincipalTag/eks:eks-cluster-name}"
                    ],
                    "variable": "aws:RequestTag/eks:eks-cluster-name"
                  }
                ],
                "effect": "Allow",
                "not_actions": [],
                "not_principals": [],
                "not_resources": [],
                "principals": [],
                "resources": [
                  "arn:aws:shield::*:protection/*"
                ],
                "sid": "ShieldTagResource"
              }
            ],
            "version": "2012-10-17"
          },
          "sensitive_attributes": []
        }
      ]
    },
    {
      "module": "module.eks_az_c.module.eks_az_a",
      "mode": "data",
      "type": "aws_iam_policy_document",
      "name": "node_assume_role_policy",
      "provider": "provider[\"registry.terraform.io/hashicorp/aws\"]",
      "instances": [
        {
          "index_key": 0,
          "schema_version": 0,
          "attributes": {
            "id": "3518401652",
            "json": "{\n  \"Version\": \"2012-10-17\",\n  \"Statement\": [\n    {\n      \"Sid\": \"EKSAutoNodeAssumeRole\",\n      \"Effect\": \"Allow\",\n      \"Action\": [\n        \"sts:TagSession\",\n        \"sts:AssumeRole\"\n      ],\n      \"Principal\": {\n        \"Service\": \"ec2.amazonaws.com\"\n      }\n    }\n  ]\n}",
            "minified_json": "{\"Version\":\"2012-10-17\",\"Statement\":[{\"Sid\":\"EKSAutoNodeAssumeRole\",\"Effect\":\"Allow\",\"Action\":[\"sts:TagSession\",\"sts:AssumeRole\"],\"Principal\":{\"Service\":\"ec2.amazonaws.com\"}}]}",
            "override_json": null,
            "override_policy_documents": null,
            "policy_id": null,
            "source_json": null,
            "source_policy_documents": null,
            "statement": [
              {
                "actions": [
                  "sts:AssumeRole",
                  "sts:TagSession"
                ],
                "condition": [],
                "effect": "Allow",
                "not_actions": [],
                "not_principals": [],
                "not_resources": [],
                "principals": [
                  {
                    "identifiers": [
                      "ec2.amazonaws.com"
                    ],
                    "type": "Service"
                  }
                ],
                "resources": [],
                "sid": "EKSAutoNodeAssumeRole"
              }
            ],
            "version": "2012-10-17"
          },
          "sensitive_attributes": []
        }
      ]
    },
    {
      "module": "module.eks_az_c.module.eks_az_a",
      "mode": "data",
      "type": "aws_iam_session_context",
      "name": "current",
      "provider": "provider[\"registry.terraform.io/hashicorp/aws\"]",
      "instances": [
        {
          "index_key": 0,
          "schema_version": 0,
          "attributes": {
            "arn": "arn:aws:iam::277707137172:user/user5",
            "id": "arn:aws:iam::277707137172:user/user5",
            "issuer_arn": "arn:aws:iam::277707137172:user/user5",
            "issuer_id": "",
            "issuer_name": "",
            "session_name": ""
          },
          "sensitive_attributes": []
        }
      ]
    },
    {
      "module": "module.eks_az_c.module.eks_az_a",
      "mode": "data",
      "type": "aws_partition",
      "name": "current",
      "provider": "provider[\"registry.terraform.io/hashicorp/aws\"]",
      "instances": [
        {
          "index_key": 0,
          "schema_version": 0,
          "attributes": {
            "dns_suffix": "amazonaws.com",
            "id": "aws",
            "partition": "aws",
            "reverse_dns_prefix": "com.amazonaws"
          },
          "sensitive_attributes": []
        }
      ]
    },
    {
      "module": "module.eks_az_c.module.eks_az_a",
      "mode": "managed",
      "type": "aws_iam_policy",
      "name": "cluster_encryption",
      "provider": "provider[\"registry.terraform.io/hashicorp/aws\"]",
      "instances": [
        {
          "index_key": 0,
          "schema_version": 0,
          "attributes": {
            "arn": "arn:aws:iam::277707137172:policy/stage-eks-az-a-cluster-ClusterEncryption20250212080337047800000035",
            "attachment_count": 0,
            "description": "Cluster encryption policy to allow cluster role to utilize CMK provided",
            "id": "arn:aws:iam::277707137172:policy/stage-eks-az-a-cluster-ClusterEncryption20250212080337047800000035",
            "name": "stage-eks-az-a-cluster-ClusterEncryption20250212080337047800000035",
            "name_prefix": "stage-eks-az-a-cluster-ClusterEncryption",
            "path": "/",
            "policy": "{\"Statement\":[{\"Action\":[\"kms:Encrypt\",\"kms:Decrypt\",\"kms:ListGrants\",\"kms:DescribeKey\"],\"Effect\":\"Allow\",\"Resource\":\"arn:aws:kms:ap-northeast-2:277707137172:key/d835f72d-0885-4091-96f8-21afc183d647\"}],\"Version\":\"2012-10-17\"}",
            "policy_id": "ANPAUBKFCUCKHM2X2WJLU",
            "tags": {
              "Environment": "dev",
              "Terraform": "true",
              "Zone": "az-a"
            },
            "tags_all": {
              "Environment": "dev",
              "Terraform": "true",
              "Zone": "az-a"
            }
          },
          "sensitive_attributes": [],
          "private": "bnVsbA==",
          "dependencies": [
            "module.eks_az_c.module.eks_az_a.aws_iam_role.this",
            "module.eks_az_c.module.eks_az_a.data.aws_caller_identity.current",
            "module.eks_az_c.module.eks_az_a.data.aws_iam_policy_document.assume_role_policy",
            "module.eks_az_c.module.eks_az_a.data.aws_iam_session_context.current",
            "module.eks_az_c.module.eks_az_a.module.kms.aws_kms_external_key.this",
            "module.eks_az_c.module.eks_az_a.module.kms.aws_kms_key.this",
            "module.eks_az_c.module.eks_az_a.module.kms.aws_kms_replica_external_key.this",
            "module.eks_az_c.module.eks_az_a.module.kms.aws_kms_replica_key.this",
            "module.eks_az_c.module.eks_az_a.module.kms.data.aws_caller_identity.current",
            "module.eks_az_c.module.eks_az_a.module.kms.data.aws_iam_policy_document.this",
            "module.eks_az_c.module.eks_az_a.module.kms.data.aws_partition.current"
          ]
        }
      ]
    },
    {
      "module": "module.eks_az_c.module.eks_az_a",
      "mode": "managed",
      "type": "aws_iam_policy",
      "name": "cni_ipv6_policy",
      "provider": "provider[\"registry.terraform.io/hashicorp/aws\"]",
      "instances": []
    },
    {
      "module": "module.eks_az_c.module.eks_az_a",
      "mode": "managed",
      "type": "aws_iam_policy",
      "name": "custom",
      "provider": "provider[\"registry.terraform.io/hashicorp/aws\"]",
      "instances": [
        {
          "index_key": 0,
          "schema_version": 0,
          "attributes": {
            "arn": "arn:aws:iam::277707137172:policy/stage-eks-az-a-cluster-2025021208031823560000000b",
            "attachment_count": 0,
            "description": "",
            "id": "arn:aws:iam::277707137172:policy/stage-eks-az-a-cluster-2025021208031823560000000b",
            "name": "stage-eks-az-a-cluster-2025021208031823560000000b",
            "name_prefix": "stage-eks-az-a-cluster-",
            "path": "/",
            "policy": "{\"Statement\":[{\"Action\":[\"ec2:RunInstances\",\"ec2:CreateLaunchTemplate\",\"ec2:CreateFleet\"],\"Condition\":{\"StringEquals\":{\"aws:RequestTag/eks:eks-cluster-name\":\"${aws:PrincipalTag/eks:eks-cluster-name}\"},\"StringLike\":{\"aws:RequestTag/eks:kubernetes-node-class-name\":\"*\",\"aws:RequestTag/eks:kubernetes-node-pool-name\":\"*\"}},\"Effect\":\"Allow\",\"Resource\":\"*\",\"Sid\":\"Compute\"},{\"Action\":[\"ec2:CreateVolume\",\"ec2:CreateSnapshot\"],\"Condition\":{\"StringEquals\":{\"aws:RequestTag/eks:eks-cluster-name\":\"${aws:PrincipalTag/eks:eks-cluster-name}\"}},\"Effect\":\"Allow\",\"Resource\":[\"arn:aws:ec2:*:*:volume/*\",\"arn:aws:ec2:*:*:snapshot/*\"],\"Sid\":\"Storage\"},{\"Action\":\"ec2:CreateNetworkInterface\",\"Condition\":{\"StringEquals\":{\"aws:RequestTag/eks:eks-cluster-name\":\"${aws:PrincipalTag/eks:eks-cluster-name}\",\"aws:RequestTag/eks:kubernetes-cni-node-name\":\"*\"}},\"Effect\":\"Allow\",\"Resource\":\"*\",\"Sid\":\"Networking\"},{\"Action\":[\"elasticloadbalancing:CreateTargetGroup\",\"elasticloadbalancing:CreateRule\",\"elasticloadbalancing:CreateLoadBalancer\",\"elasticloadbalancing:CreateListener\",\"ec2:CreateSecurityGroup\"],\"Condition\":{\"StringEquals\":{\"aws:RequestTag/eks:eks-cluster-name\":\"${aws:PrincipalTag/eks:eks-cluster-name}\"}},\"Effect\":\"Allow\",\"Resource\":\"*\",\"Sid\":\"LoadBalancer\"},{\"Action\":\"shield:CreateProtection\",\"Condition\":{\"StringEquals\":{\"aws:RequestTag/eks:eks-cluster-name\":\"${aws:PrincipalTag/eks:eks-cluster-name}\"}},\"Effect\":\"Allow\",\"Resource\":\"*\",\"Sid\":\"ShieldProtection\"},{\"Action\":\"shield:TagResource\",\"Condition\":{\"StringEquals\":{\"aws:RequestTag/eks:eks-cluster-name\":\"${aws:PrincipalTag/eks:eks-cluster-name}\"}},\"Effect\":\"Allow\",\"Resource\":\"arn:aws:shield::*:protection/*\",\"Sid\":\"ShieldTagResource\"}],\"Version\":\"2012-10-17\"}",
            "policy_id": "ANPAUBKFCUCKJI4KI53DR",
            "tags": {
              "Environment": "dev",
              "Terraform": "true",
              "Zone": "az-a"
            },
            "tags_all": {
              "Environment": "dev",
              "Terraform": "true",
              "Zone": "az-a"
            }
          },
          "sensitive_attributes": [],
          "private": "bnVsbA==",
          "dependencies": [
            "module.eks_az_c.module.eks_az_a.data.aws_iam_policy_document.custom",
            "module.eks_az_c.module.eks_az_a.data.aws_partition.current"
          ]
        }
      ]
    },
    {
      "module": "module.eks_az_c.module.eks_az_a",
      "mode": "managed",
      "type": "aws_iam_role",
      "name": "eks_auto",
      "provider": "provider[\"registry.terraform.io/hashicorp/aws\"]",
      "instances": [
        {
          "index_key": 0,
          "schema_version": 0,
          "attributes": {
            "arn": "arn:aws:iam::277707137172:role/stage-eks-az-a-eks-auto-20250212080316132000000004",
            "assume_role_policy": "{\"Statement\":[{\"Action\":[\"sts:TagSession\",\"sts:AssumeRole\"],\"Effect\":\"Allow\",\"Principal\":{\"Service\":\"ec2.amazonaws.com\"},\"Sid\":\"EKSAutoNodeAssumeRole\"}],\"Version\":\"2012-10-17\"}",
            "create_date": "2025-02-12T08:03:17Z",
            "description": "",
            "force_detach_policies": true,
            "id": "stage-eks-az-a-eks-auto-20250212080316132000000004",
            "inline_policy": [],
            "managed_policy_arns": [],
            "max_session_duration": 3600,
            "name": "stage-eks-az-a-eks-auto-20250212080316132000000004",
            "name_prefix": "stage-eks-az-a-eks-auto-",
            "path": "/",
            "permissions_boundary": "",
            "tags": {
              "Environment": "dev",
              "Terraform": "true",
              "Zone": "az-a"
            },
            "tags_all": {
              "Environment": "dev",
              "Terraform": "true",
              "Zone": "az-a"
            },
            "unique_id": "AROAUBKFCUCKKKZAMKOKH"
          },
          "sensitive_attributes": [],
          "private": "bnVsbA==",
          "dependencies": [
            "module.eks_az_c.module.eks_az_a.data.aws_iam_policy_document.node_assume_role_policy"
          ],
          "create_before_destroy": true
        }
      ]
    },
    {
      "module": "module.eks_az_c.module.eks_az_a",
      "mode": "managed",
      "type": "aws_iam_role",
      "name": "this",
      "provider": "provider[\"registry.terraform.io/hashicorp/aws\"]",
      "instances": [
        {
          "index_key": 0,
          "schema_version": 0,
          "attributes": {
            "arn": "arn:aws:iam::277707137172:role/stage-eks-az-a-cluster-20250212080316147700000005",
            "assume_role_policy": "{\"Statement\":[{\"Action\":[\"sts:TagSession\",\"sts:AssumeRole\"],\"Effect\":\"Allow\",\"Principal\":{\"Service\":\"eks.amazonaws.com\"},\"Sid\":\"EKSClusterAssumeRole\"}],\"Version\":\"2012-10-17\"}",
            "create_date": "2025-02-12T08:03:17Z",
            "description": "",
            "force_detach_policies": true,
            "id": "stage-eks-az-a-cluster-20250212080316147700000005",
            "inline_policy": [],
            "managed_policy_arns": [],
            "max_session_duration": 3600,
            "name": "stage-eks-az-a-cluster-20250212080316147700000005",
            "name_prefix": "stage-eks-az-a-cluster-",
            "path": "/",
            "permissions_boundary": "",
            "tags": {
              "Environment": "dev",
              "Terraform": "true",
              "Zone": "az-a"
            },
            "tags_all": {
              "Environment": "dev",
              "Terraform": "true",
              "Zone": "az-a"
            },
            "unique_id": "AROAUBKFCUCKJJ3NH5JF2"
          },
          "sensitive_attributes": [],
          "private": "bnVsbA==",
          "dependencies": [
            "module.eks_az_c.module.eks_az_a.data.aws_iam_policy_document.assume_role_policy"
          ],
          "create_before_destroy": true
        }
      ]
    },
    {
      "module": "module.eks_az_c.module.eks_az_a",
      "mode": "managed",
      "type": "aws_iam_role_policy_attachment",
      "name": "additional",
      "provider": "provider[\"registry.terraform.io/hashicorp/aws\"]",
      "instances": []
    },
    {
      "module": "module.eks_az_c.module.eks_az_a",
      "mode": "managed",
      "type": "aws_iam_role_policy_attachment",
      "name": "cluster_encryption",
      "provider": "provider[\"registry.terraform.io/hashicorp/aws\"]",
      "instances": [
        {
          "index_key": 0,
          "schema_version": 0,
          "attributes": {
            "id": "stage-eks-az-a-cluster-20250212080316147700000005-20250212080338377200000038",
            "policy_arn": "arn:aws:iam::277707137172:policy/stage-eks-az-a-cluster-ClusterEncryption20250212080337047800000035",
            "role": "stage-eks-az-a-cluster-20250212080316147700000005"
          },
          "sensitive_attributes": [],
          "private": "bnVsbA==",
          "dependencies": [
            "module.eks_az_c.module.eks_az_a.aws_iam_policy.cluster_encryption",
            "module.eks_az_c.module.eks_az_a.aws_iam_role.this",
            "module.eks_az_c.module.eks_az_a.data.aws_caller_identity.current",
            "module.eks_az_c.module.eks_az_a.data.aws_iam_policy_document.assume_role_policy",
            "module.eks_az_c.module.eks_az_a.data.aws_iam_session_context.current",
            "module.eks_az_c.module.eks_az_a.module.kms.aws_kms_external_key.this",
            "module.eks_az_c.module.eks_az_a.module.kms.aws_kms_key.this",
            "module.eks_az_c.module.eks_az_a.module.kms.aws_kms_replica_external_key.this",
            "module.eks_az_c.module.eks_az_a.module.kms.aws_kms_replica_key.this",
            "module.eks_az_c.module.eks_az_a.module.kms.data.aws_caller_identity.current",
            "module.eks_az_c.module.eks_az_a.module.kms.data.aws_iam_policy_document.this",
            "module.eks_az_c.module.eks_az_a.module.kms.data.aws_partition.current"
          ]
        }
      ]
    },
    {
      "module": "module.eks_az_c.module.eks_az_a",
      "mode": "managed",
      "type": "aws_iam_role_policy_attachment",
      "name": "custom",
      "provider": "provider[\"registry.terraform.io/hashicorp/aws\"]",
      "instances": [
        {
          "index_key": 0,
          "schema_version": 0,
          "attributes": {
            "id": "stage-eks-az-a-cluster-20250212080316147700000005-20250212080323872500000033",
            "policy_arn": "arn:aws:iam::277707137172:policy/stage-eks-az-a-cluster-2025021208031823560000000b",
            "role": "stage-eks-az-a-cluster-20250212080316147700000005"
          },
          "sensitive_attributes": [],
          "private": "bnVsbA==",
          "dependencies": [
            "module.eks_az_c.module.eks_az_a.aws_iam_policy.custom",
            "module.eks_az_c.module.eks_az_a.aws_iam_role.this",
            "module.eks_az_c.module.eks_az_a.data.aws_iam_policy_document.assume_role_policy",
            "module.eks_az_c.module.eks_az_a.data.aws_iam_policy_document.custom",
            "module.eks_az_c.module.eks_az_a.data.aws_partition.current"
          ]
        }
      ]
    },
    {
      "module": "module.eks_az_c.module.eks_az_a",
      "mode": "managed",
      "type": "aws_iam_role_policy_attachment",
      "name": "eks_auto",
      "provider": "provider[\"registry.terraform.io/hashicorp/aws\"]",
      "instances": [
        {
          "index_key": "AmazonEC2ContainerRegistryPullOnly",
          "schema_version": 0,
          "attributes": {
            "id": "stage-eks-az-a-eks-auto-20250212080316132000000004-20250212080319643800000015",
            "policy_arn": "arn:aws:iam::aws:policy/AmazonEC2ContainerRegistryPullOnly",
            "role": "stage-eks-az-a-eks-auto-20250212080316132000000004"
          },
          "sensitive_attributes": [],
          "private": "bnVsbA==",
          "dependencies": [
            "module.eks_az_c.module.eks_az_a.aws_iam_role.eks_auto",
            "module.eks_az_c.module.eks_az_a.data.aws_iam_policy_document.node_assume_role_policy",
            "module.eks_az_c.module.eks_az_a.data.aws_partition.current"
          ]
        },
        {
          "index_key": "AmazonEKSWorkerNodeMinimalPolicy",
          "schema_version": 0,
          "attributes": {
            "id": "stage-eks-az-a-eks-auto-20250212080316132000000004-20250212080321943100000025",
            "policy_arn": "arn:aws:iam::aws:policy/AmazonEKSWorkerNodeMinimalPolicy",
            "role": "stage-eks-az-a-eks-auto-20250212080316132000000004"
          },
          "sensitive_attributes": [],
          "private": "bnVsbA==",
          "dependencies": [
            "module.eks_az_c.module.eks_az_a.aws_iam_role.eks_auto",
            "module.eks_az_c.module.eks_az_a.data.aws_iam_policy_document.node_assume_role_policy",
            "module.eks_az_c.module.eks_az_a.data.aws_partition.current"
          ]
        }
      ]
    },
    {
      "module": "module.eks_az_c.module.eks_az_a",
      "mode": "managed",
      "type": "aws_iam_role_policy_attachment",
      "name": "eks_auto_additional",
      "provider": "provider[\"registry.terraform.io/hashicorp/aws\"]",
      "instances": []
    },
    {
      "module": "module.eks_az_c.module.eks_az_a",
      "mode": "managed",
      "type": "aws_iam_role_policy_attachment",
      "name": "this",
      "provider": "provider[\"registry.terraform.io/hashicorp/aws\"]",
      "instances": [
        {
          "index_key": "AmazonEKSBlockStoragePolicy",
          "schema_version": 0,
          "attributes": {
            "id": "stage-eks-az-a-cluster-20250212080316147700000005-20250212080321696300000022",
            "policy_arn": "arn:aws:iam::aws:policy/AmazonEKSBlockStoragePolicy",
            "role": "stage-eks-az-a-cluster-20250212080316147700000005"
          },
          "sensitive_attributes": [],
          "private": "bnVsbA==",
          "dependencies": [
            "module.eks_az_c.module.eks_az_a.aws_iam_role.this",
            "module.eks_az_c.module.eks_az_a.data.aws_iam_policy_document.assume_role_policy",
            "module.eks_az_c.module.eks_az_a.data.aws_partition.current"
          ],
          "create_before_destroy": true
        },
        {
          "index_key": "AmazonEKSClusterPolicy",
          "schema_version": 0,
          "attributes": {
            "id": "stage-eks-az-a-cluster-20250212080316147700000005-20250212080321749400000023",
            "policy_arn": "arn:aws:iam::aws:policy/AmazonEKSClusterPolicy",
            "role": "stage-eks-az-a-cluster-20250212080316147700000005"
          },
          "sensitive_attributes": [],
          "private": "bnVsbA==",
          "dependencies": [
            "module.eks_az_c.module.eks_az_a.aws_iam_role.this",
            "module.eks_az_c.module.eks_az_a.data.aws_iam_policy_document.assume_role_policy",
            "module.eks_az_c.module.eks_az_a.data.aws_partition.current"
          ],
          "create_before_destroy": true
        },
        {
          "index_key": "AmazonEKSComputePolicy",
          "schema_version": 0,
          "attributes": {
            "id": "stage-eks-az-a-cluster-20250212080316147700000005-20250212080319325400000012",
            "policy_arn": "arn:aws:iam::aws:policy/AmazonEKSComputePolicy",
            "role": "stage-eks-az-a-cluster-20250212080316147700000005"
          },
          "sensitive_attributes": [],
          "private": "bnVsbA==",
          "dependencies": [
            "module.eks_az_c.module.eks_az_a.aws_iam_role.this",
            "module.eks_az_c.module.eks_az_a.data.aws_iam_policy_document.assume_role_policy",
            "module.eks_az_c.module.eks_az_a.data.aws_partition.current"
          ],
          "create_before_destroy": true
        },
        {
          "index_key": "AmazonEKSLoadBalancingPolicy",
          "schema_version": 0,
          "attributes": {
            "id": "stage-eks-az-a-cluster-20250212080316147700000005-2025021208032106660000001f",
            "policy_arn": "arn:aws:iam::aws:policy/AmazonEKSLoadBalancingPolicy",
            "role": "stage-eks-az-a-cluster-20250212080316147700000005"
          },
          "sensitive_attributes": [],
          "private": "bnVsbA==",
          "dependencies": [
            "module.eks_az_c.module.eks_az_a.aws_iam_role.this",
            "module.eks_az_c.module.eks_az_a.data.aws_iam_policy_document.assume_role_policy",
            "module.eks_az_c.module.eks_az_a.data.aws_partition.current"
          ],
          "create_before_destroy": true
        },
        {
          "index_key": "AmazonEKSNetworkingPolicy",
          "schema_version": 0,
          "attributes": {
            "id": "stage-eks-az-a-cluster-20250212080316147700000005-20250212080321326600000021",
            "policy_arn": "arn:aws:iam::aws:policy/AmazonEKSNetworkingPolicy",
            "role": "stage-eks-az-a-cluster-20250212080316147700000005"
          },
          "sensitive_attributes": [],
          "private": "bnVsbA==",
          "dependencies": [
            "module.eks_az_c.module.eks_az_a.aws_iam_role.this",
            "module.eks_az_c.module.eks_az_a.data.aws_iam_policy_document.assume_role_policy",
            "module.eks_az_c.module.eks_az_a.data.aws_partition.current"
          ],
          "create_before_destroy": true
        }
      ]
    },
    {
      "module": "module.eks_az_c.module.eks_az_a",
      "mode": "managed",
      "type": "aws_security_group",
      "name": "cluster",
      "provider": "provider[\"registry.terraform.io/hashicorp/aws\"]",
      "instances": [
        {
          "index_key": 0,
          "schema_version": 1,
          "attributes": {
            "arn": "arn:aws:ec2:ap-northeast-2:277707137172:security-group/sg-0d81dc62e807c2a0f",
            "description": "EKS cluster security group",
            "egress": [],
            "id": "sg-0d81dc62e807c2a0f",
            "ingress": [],
            "name": "stage-eks-az-a-cluster-2025021208031903040000000d",
            "name_prefix": "stage-eks-az-a-cluster-",
            "owner_id": "277707137172",
            "revoke_rules_on_delete": false,
            "tags": {
              "Environment": "dev",
              "Name": "stage-eks-az-a-cluster",
              "Terraform": "true",
              "Zone": "az-a"
            },
            "tags_all": {
              "Environment": "dev",
              "Name": "stage-eks-az-a-cluster",
              "Terraform": "true",
              "Zone": "az-a"
            },
            "timeouts": null,
            "vpc_id": "vpc-0aea249fb189ca256"
          },
          "sensitive_attributes": [],
          "private": "eyJlMmJmYjczMC1lY2FhLTExZTYtOGY4OC0zNDM2M2JjN2M0YzAiOnsiY3JlYXRlIjo2MDAwMDAwMDAwMDAsImRlbGV0ZSI6OTAwMDAwMDAwMDAwfSwic2NoZW1hX3ZlcnNpb24iOiIxIn0=",
          "dependencies": [
            "module.vpc.module.vpc.aws_vpc.this"
          ],
          "create_before_destroy": true
        }
      ]
    },
    {
      "module": "module.eks_az_c.module.eks_az_a",
      "mode": "managed",
      "type": "aws_security_group",
      "name": "node",
      "provider": "provider[\"registry.terraform.io/hashicorp/aws\"]",
      "instances": [
        {
          "index_key": 0,
          "schema_version": 1,
          "attributes": {
            "arn": "arn:aws:ec2:ap-northeast-2:277707137172:security-group/sg-00b96196c81dd4c16",
            "description": "EKS node shared security group",
            "egress": [],
            "id": "sg-00b96196c81dd4c16",
            "ingress": [],
            "name": "stage-eks-az-a-node-20250212080320093500000017",
            "name_prefix": "stage-eks-az-a-node-",
            "owner_id": "277707137172",
            "revoke_rules_on_delete": false,
            "tags": {
              "Environment": "dev",
              "Name": "stage-eks-az-a-node",
              "Terraform": "true",
              "Zone": "az-a",
              "kubernetes.io/cluster/stage-eks-az-a": "owned"
            },
            "tags_all": {
              "Environment": "dev",
              "Name": "stage-eks-az-a-node",
              "Terraform": "true",
              "Zone": "az-a",
              "kubernetes.io/cluster/stage-eks-az-a": "owned"
            },
            "timeouts": null,
            "vpc_id": "vpc-0aea249fb189ca256"
          },
          "sensitive_attributes": [],
          "private": "eyJlMmJmYjczMC1lY2FhLTExZTYtOGY4OC0zNDM2M2JjN2M0YzAiOnsiY3JlYXRlIjo2MDAwMDAwMDAwMDAsImRlbGV0ZSI6OTAwMDAwMDAwMDAwfSwic2NoZW1hX3ZlcnNpb24iOiIxIn0=",
          "dependencies": [
            "module.vpc.module.vpc.aws_vpc.this"
          ],
          "create_before_destroy": true
        }
      ]
    },
    {
      "module": "module.eks_az_c.module.eks_az_a",
      "mode": "managed",
      "type": "aws_security_group_rule",
      "name": "cluster",
      "provider": "provider[\"registry.terraform.io/hashicorp/aws\"]",
      "instances": [
        {
          "index_key": "ingress_nodes_443",
          "schema_version": 2,
          "attributes": {
            "cidr_blocks": null,
            "description": "Node groups to cluster API",
            "from_port": 443,
            "id": "sgrule-2667512713",
            "ipv6_cidr_blocks": null,
            "prefix_list_ids": null,
            "protocol": "tcp",
            "security_group_id": "sg-0d81dc62e807c2a0f",
            "security_group_rule_id": "sgr-0521ae10dc3bc82d6",
            "self": false,
            "source_security_group_id": "sg-00b96196c81dd4c16",
            "timeouts": null,
            "to_port": 443,
            "type": "ingress"
          },
          "sensitive_attributes": [],
          "private": "eyJlMmJmYjczMC1lY2FhLTExZTYtOGY4OC0zNDM2M2JjN2M0YzAiOnsiY3JlYXRlIjozMDAwMDAwMDAwMDB9LCJzY2hlbWFfdmVyc2lvbiI6IjIifQ==",
          "dependencies": [
            "module.eks_az_c.module.eks_az_a.aws_security_group.cluster",
            "module.eks_az_c.module.eks_az_a.aws_security_group.node",
            "module.vpc.module.vpc.aws_vpc.this"
          ],
          "create_before_destroy": true
        }
      ]
    },
    {
      "module": "module.eks_az_c.module.eks_az_a",
      "mode": "managed",
      "type": "aws_security_group_rule",
      "name": "node",
      "provider": "provider[\"registry.terraform.io/hashicorp/aws\"]",
      "instances": [
        {
          "index_key": "egress_all",
          "schema_version": 2,
          "attributes": {
            "cidr_blocks": [
              "0.0.0.0/0"
            ],
            "description": "Allow all egress",
            "from_port": 0,
            "id": "sgrule-3670187826",
            "ipv6_cidr_blocks": null,
            "prefix_list_ids": [],
            "protocol": "-1",
            "security_group_id": "sg-00b96196c81dd4c16",
            "security_group_rule_id": "sgr-018f1f9d9b3c04b34",
            "self": false,
            "source_security_group_id": null,
            "timeouts": null,
            "to_port": 0,
            "type": "egress"
          },
          "sensitive_attributes": [],
          "private": "eyJlMmJmYjczMC1lY2FhLTExZTYtOGY4OC0zNDM2M2JjN2M0YzAiOnsiY3JlYXRlIjozMDAwMDAwMDAwMDB9LCJzY2hlbWFfdmVyc2lvbiI6IjIifQ==",
          "dependencies": [
            "module.eks_az_c.module.eks_az_a.aws_security_group.cluster",
            "module.eks_az_c.module.eks_az_a.aws_security_group.node",
            "module.vpc.module.vpc.aws_vpc.this"
          ],
          "create_before_destroy": true
        },
        {
          "index_key": "ingress_cluster_443",
          "schema_version": 2,
          "attributes": {
            "cidr_blocks": null,
            "description": "Cluster API to node groups",
            "from_port": 443,
            "id": "sgrule-2537532778",
            "ipv6_cidr_blocks": null,
            "prefix_list_ids": [],
            "protocol": "tcp",
            "security_group_id": "sg-00b96196c81dd4c16",
            "security_group_rule_id": "sgr-0dd2b9bc60b24af20",
            "self": false,
            "source_security_group_id": "sg-0d81dc62e807c2a0f",
            "timeouts": null,
            "to_port": 443,
            "type": "ingress"
          },
          "sensitive_attributes": [],
          "private": "eyJlMmJmYjczMC1lY2FhLTExZTYtOGY4OC0zNDM2M2JjN2M0YzAiOnsiY3JlYXRlIjozMDAwMDAwMDAwMDB9LCJzY2hlbWFfdmVyc2lvbiI6IjIifQ==",
          "dependencies": [
            "module.eks_az_c.module.eks_az_a.aws_security_group.cluster",
            "module.eks_az_c.module.eks_az_a.aws_security_group.node",
            "module.vpc.module.vpc.aws_vpc.this"
          ],
          "create_before_destroy": true
        },
        {
          "index_key": "ingress_cluster_4443_webhook",
          "schema_version": 2,
          "attributes": {
            "cidr_blocks": null,
            "description": "Cluster API to node 4443/tcp webhook",
            "from_port": 4443,
            "id": "sgrule-152532441",
            "ipv6_cidr_blocks": null,
            "prefix_list_ids": [],
            "protocol": "tcp",
            "security_group_id": "sg-00b96196c81dd4c16",
            "security_group_rule_id": "sgr-0a2e6cbdf48140010",
            "self": false,
            "source_security_group_id": "sg-0d81dc62e807c2a0f",
            "timeouts": null,
            "to_port": 4443,
            "type": "ingress"
          },
          "sensitive_attributes": [],
          "private": "eyJlMmJmYjczMC1lY2FhLTExZTYtOGY4OC0zNDM2M2JjN2M0YzAiOnsiY3JlYXRlIjozMDAwMDAwMDAwMDB9LCJzY2hlbWFfdmVyc2lvbiI6IjIifQ==",
          "dependencies": [
            "module.eks_az_c.module.eks_az_a.aws_security_group.cluster",
            "module.eks_az_c.module.eks_az_a.aws_security_group.node",
            "module.vpc.module.vpc.aws_vpc.this"
          ],
          "create_before_destroy": true
        },
        {
          "index_key": "ingress_cluster_6443_webhook",
          "schema_version": 2,
          "attributes": {
            "cidr_blocks": null,
            "description": "Cluster API to node 6443/tcp webhook",
            "from_port": 6443,
            "id": "sgrule-3226800719",
            "ipv6_cidr_blocks": null,
            "prefix_list_ids": [],
            "protocol": "tcp",
            "security_group_id": "sg-00b96196c81dd4c16",
            "security_group_rule_id": "sgr-04cf9acdf16964463",
            "self": false,
            "source_security_group_id": "sg-0d81dc62e807c2a0f",
            "timeouts": null,
            "to_port": 6443,
            "type": "ingress"
          },
          "sensitive_attributes": [],
          "private": "eyJlMmJmYjczMC1lY2FhLTExZTYtOGY4OC0zNDM2M2JjN2M0YzAiOnsiY3JlYXRlIjozMDAwMDAwMDAwMDB9LCJzY2hlbWFfdmVyc2lvbiI6IjIifQ==",
          "dependencies": [
            "module.eks_az_c.module.eks_az_a.aws_security_group.cluster",
            "module.eks_az_c.module.eks_az_a.aws_security_group.node",
            "module.vpc.module.vpc.aws_vpc.this"
          ],
          "create_before_destroy": true
        },
        {
          "index_key": "ingress_cluster_8443_webhook",
          "schema_version": 2,
          "attributes": {
            "cidr_blocks": null,
            "description": "Cluster API to node 8443/tcp webhook",
            "from_port": 8443,
            "id": "sgrule-3540594286",
            "ipv6_cidr_blocks": null,
            "prefix_list_ids": [],
            "protocol": "tcp",
            "security_group_id": "sg-00b96196c81dd4c16",
            "security_group_rule_id": "sgr-02f47eb92090e58dd",
            "self": false,
            "source_security_group_id": "sg-0d81dc62e807c2a0f",
            "timeouts": null,
            "to_port": 8443,
            "type": "ingress"
          },
          "sensitive_attributes": [],
          "private": "eyJlMmJmYjczMC1lY2FhLTExZTYtOGY4OC0zNDM2M2JjN2M0YzAiOnsiY3JlYXRlIjozMDAwMDAwMDAwMDB9LCJzY2hlbWFfdmVyc2lvbiI6IjIifQ==",
          "dependencies": [
            "module.eks_az_c.module.eks_az_a.aws_security_group.cluster",
            "module.eks_az_c.module.eks_az_a.aws_security_group.node",
            "module.vpc.module.vpc.aws_vpc.this"
          ],
          "create_before_destroy": true
        },
        {
          "index_key": "ingress_cluster_9443_webhook",
          "schema_version": 2,
          "attributes": {
            "cidr_blocks": null,
            "description": "Cluster API to node 9443/tcp webhook",
            "from_port": 9443,
            "id": "sgrule-3081248165",
            "ipv6_cidr_blocks": null,
            "prefix_list_ids": [],
            "protocol": "tcp",
            "security_group_id": "sg-00b96196c81dd4c16",
            "security_group_rule_id": "sgr-00459db09e79ef2c1",
            "self": false,
            "source_security_group_id": "sg-0d81dc62e807c2a0f",
            "timeouts": null,
            "to_port": 9443,
            "type": "ingress"
          },
          "sensitive_attributes": [],
          "private": "eyJlMmJmYjczMC1lY2FhLTExZTYtOGY4OC0zNDM2M2JjN2M0YzAiOnsiY3JlYXRlIjozMDAwMDAwMDAwMDB9LCJzY2hlbWFfdmVyc2lvbiI6IjIifQ==",
          "dependencies": [
            "module.eks_az_c.module.eks_az_a.aws_security_group.cluster",
            "module.eks_az_c.module.eks_az_a.aws_security_group.node",
            "module.vpc.module.vpc.aws_vpc.this"
          ],
          "create_before_destroy": true
        },
        {
          "index_key": "ingress_cluster_kubelet",
          "schema_version": 2,
          "attributes": {
            "cidr_blocks": null,
            "description": "Cluster API to node kubelets",
            "from_port": 10250,
            "id": "sgrule-4119960546",
            "ipv6_cidr_blocks": null,
            "prefix_list_ids": [],
            "protocol": "tcp",
            "security_group_id": "sg-00b96196c81dd4c16",
            "security_group_rule_id": "sgr-0fa28684074b21fdf",
            "self": false,
            "source_security_group_id": "sg-0d81dc62e807c2a0f",
            "timeouts": null,
            "to_port": 10250,
            "type": "ingress"
          },
          "sensitive_attributes": [],
          "private": "eyJlMmJmYjczMC1lY2FhLTExZTYtOGY4OC0zNDM2M2JjN2M0YzAiOnsiY3JlYXRlIjozMDAwMDAwMDAwMDB9LCJzY2hlbWFfdmVyc2lvbiI6IjIifQ==",
          "dependencies": [
            "module.eks_az_c.module.eks_az_a.aws_security_group.cluster",
            "module.eks_az_c.module.eks_az_a.aws_security_group.node",
            "module.vpc.module.vpc.aws_vpc.this"
          ],
          "create_before_destroy": true
        },
        {
          "index_key": "ingress_nodes_ephemeral",
          "schema_version": 2,
          "attributes": {
            "cidr_blocks": null,
            "description": "Node to node ingress on ephemeral ports",
            "from_port": 1025,
            "id": "sgrule-2258181150",
            "ipv6_cidr_blocks": null,
            "prefix_list_ids": [],
            "protocol": "tcp",
            "security_group_id": "sg-00b96196c81dd4c16",
            "security_group_rule_id": "sgr-0a8999c6b372fe12e",
            "self": true,
            "source_security_group_id": null,
            "timeouts": null,
            "to_port": 65535,
            "type": "ingress"
          },
          "sensitive_attributes": [],
          "private": "eyJlMmJmYjczMC1lY2FhLTExZTYtOGY4OC0zNDM2M2JjN2M0YzAiOnsiY3JlYXRlIjozMDAwMDAwMDAwMDB9LCJzY2hlbWFfdmVyc2lvbiI6IjIifQ==",
          "dependencies": [
            "module.eks_az_c.module.eks_az_a.aws_security_group.cluster",
            "module.eks_az_c.module.eks_az_a.aws_security_group.node",
            "module.vpc.module.vpc.aws_vpc.this"
          ],
          "create_before_destroy": true
        },
        {
          "index_key": "ingress_self_coredns_tcp",
          "schema_version": 2,
          "attributes": {
            "cidr_blocks": null,
            "description": "Node to node CoreDNS",
            "from_port": 53,
            "id": "sgrule-3818615995",
            "ipv6_cidr_blocks": null,
            "prefix_list_ids": [],
            "protocol": "tcp",
            "security_group_id": "sg-00b96196c81dd4c16",
            "security_group_rule_id": "sgr-0fd6809c99f53fc81",
            "self": true,
            "source_security_group_id": null,
            "timeouts": null,
            "to_port": 53,
            "type": "ingress"
          },
          "sensitive_attributes": [],
          "private": "eyJlMmJmYjczMC1lY2FhLTExZTYtOGY4OC0zNDM2M2JjN2M0YzAiOnsiY3JlYXRlIjozMDAwMDAwMDAwMDB9LCJzY2hlbWFfdmVyc2lvbiI6IjIifQ==",
          "dependencies": [
            "module.eks_az_c.module.eks_az_a.aws_security_group.cluster",
            "module.eks_az_c.module.eks_az_a.aws_security_group.node",
            "module.vpc.module.vpc.aws_vpc.this"
          ],
          "create_before_destroy": true
        },
        {
          "index_key": "ingress_self_coredns_udp",
          "schema_version": 2,
          "attributes": {
            "cidr_blocks": null,
            "description": "Node to node CoreDNS UDP",
            "from_port": 53,
            "id": "sgrule-1204082516",
            "ipv6_cidr_blocks": null,
            "prefix_list_ids": [],
            "protocol": "udp",
            "security_group_id": "sg-00b96196c81dd4c16",
            "security_group_rule_id": "sgr-0ad1cae83f9aed2fb",
            "self": true,
            "source_security_group_id": null,
            "timeouts": null,
            "to_port": 53,
            "type": "ingress"
          },
          "sensitive_attributes": [],
          "private": "eyJlMmJmYjczMC1lY2FhLTExZTYtOGY4OC0zNDM2M2JjN2M0YzAiOnsiY3JlYXRlIjozMDAwMDAwMDAwMDB9LCJzY2hlbWFfdmVyc2lvbiI6IjIifQ==",
          "dependencies": [
            "module.eks_az_c.module.eks_az_a.aws_security_group.cluster",
            "module.eks_az_c.module.eks_az_a.aws_security_group.node",
            "module.vpc.module.vpc.aws_vpc.this"
          ],
          "create_before_destroy": true
        }
      ]
    },
    {
      "module": "module.eks_az_c.module.eks_az_a.module.kms",
      "mode": "data",
      "type": "aws_caller_identity",
      "name": "current",
      "provider": "provider[\"registry.terraform.io/hashicorp/aws\"]",
      "instances": [
        {
          "index_key": 0,
          "schema_version": 0,
          "attributes": {
            "account_id": "277707137172",
            "arn": "arn:aws:iam::277707137172:user/user5",
            "id": "277707137172",
            "user_id": "AIDAUBKFCUCKJRC6C4LFH"
          },
          "sensitive_attributes": []
        }
      ]
    },
    {
      "module": "module.eks_az_c.module.eks_az_a.module.kms",
      "mode": "data",
      "type": "aws_iam_policy_document",
      "name": "this",
      "provider": "provider[\"registry.terraform.io/hashicorp/aws\"]",
      "instances": [
        {
          "index_key": 0,
          "schema_version": 0,
          "attributes": {
            "id": "1445318895",
            "json": "{\n  \"Version\": \"2012-10-17\",\n  \"Statement\": [\n    {\n      \"Sid\": \"Default\",\n      \"Effect\": \"Allow\",\n      \"Action\": \"kms:*\",\n      \"Resource\": \"*\",\n      \"Principal\": {\n        \"AWS\": \"arn:aws:iam::277707137172:root\"\n      }\n    },\n    {\n      \"Sid\": \"KeyAdministration\",\n      \"Effect\": \"Allow\",\n      \"Action\": [\n        \"kms:Update*\",\n        \"kms:UntagResource\",\n        \"kms:TagResource\",\n        \"kms:ScheduleKeyDeletion\",\n        \"kms:Revoke*\",\n        \"kms:ReplicateKey\",\n        \"kms:Put*\",\n        \"kms:List*\",\n        \"kms:ImportKeyMaterial\",\n        \"kms:Get*\",\n        \"kms:Enable*\",\n        \"kms:Disable*\",\n        \"kms:Describe*\",\n        \"kms:Delete*\",\n        \"kms:Create*\",\n        \"kms:CancelKeyDeletion\"\n      ],\n      \"Resource\": \"*\",\n      \"Principal\": {\n        \"AWS\": \"arn:aws:iam::277707137172:user/user5\"\n      }\n    },\n    {\n      \"Sid\": \"KeyUsage\",\n      \"Effect\": \"Allow\",\n      \"Action\": [\n        \"kms:ReEncrypt*\",\n        \"kms:GenerateDataKey*\",\n        \"kms:Encrypt\",\n        \"kms:DescribeKey\",\n        \"kms:Decrypt\"\n      ],\n      \"Resource\": \"*\",\n      \"Principal\": {\n        \"AWS\": \"arn:aws:iam::277707137172:role/stage-eks-az-a-cluster-20250212080316147700000005\"\n      }\n    }\n  ]\n}",
            "minified_json": "{\"Version\":\"2012-10-17\",\"Statement\":[{\"Sid\":\"Default\",\"Effect\":\"Allow\",\"Action\":\"kms:*\",\"Resource\":\"*\",\"Principal\":{\"AWS\":\"arn:aws:iam::277707137172:root\"}},{\"Sid\":\"KeyAdministration\",\"Effect\":\"Allow\",\"Action\":[\"kms:Update*\",\"kms:UntagResource\",\"kms:TagResource\",\"kms:ScheduleKeyDeletion\",\"kms:Revoke*\",\"kms:ReplicateKey\",\"kms:Put*\",\"kms:List*\",\"kms:ImportKeyMaterial\",\"kms:Get*\",\"kms:Enable*\",\"kms:Disable*\",\"kms:Describe*\",\"kms:Delete*\",\"kms:Create*\",\"kms:CancelKeyDeletion\"],\"Resource\":\"*\",\"Principal\":{\"AWS\":\"arn:aws:iam::277707137172:user/user5\"}},{\"Sid\":\"KeyUsage\",\"Effect\":\"Allow\",\"Action\":[\"kms:ReEncrypt*\",\"kms:GenerateDataKey*\",\"kms:Encrypt\",\"kms:DescribeKey\",\"kms:Decrypt\"],\"Resource\":\"*\",\"Principal\":{\"AWS\":\"arn:aws:iam::277707137172:role/stage-eks-az-a-cluster-20250212080316147700000005\"}}]}",
            "override_json": null,
            "override_policy_documents": null,
            "policy_id": null,
            "source_json": null,
            "source_policy_documents": null,
            "statement": [
              {
                "actions": [
                  "kms:*"
                ],
                "condition": [],
                "effect": "Allow",
                "not_actions": [],
                "not_principals": [],
                "not_resources": [],
                "principals": [
                  {
                    "identifiers": [
                      "arn:aws:iam::277707137172:root"
                    ],
                    "type": "AWS"
                  }
                ],
                "resources": [
                  "*"
                ],
                "sid": "Default"
              },
              {
                "actions": [
                  "kms:CancelKeyDeletion",
                  "kms:Create*",
                  "kms:Delete*",
                  "kms:Describe*",
                  "kms:Disable*",
                  "kms:Enable*",
                  "kms:Get*",
                  "kms:ImportKeyMaterial",
                  "kms:List*",
                  "kms:Put*",
                  "kms:ReplicateKey",
                  "kms:Revoke*",
                  "kms:ScheduleKeyDeletion",
                  "kms:TagResource",
                  "kms:UntagResource",
                  "kms:Update*"
                ],
                "condition": [],
                "effect": "Allow",
                "not_actions": [],
                "not_principals": [],
                "not_resources": [],
                "principals": [
                  {
                    "identifiers": [
                      "arn:aws:iam::277707137172:user/user5"
                    ],
                    "type": "AWS"
                  }
                ],
                "resources": [
                  "*"
                ],
                "sid": "KeyAdministration"
              },
              {
                "actions": [
                  "kms:Decrypt",
                  "kms:DescribeKey",
                  "kms:Encrypt",
                  "kms:GenerateDataKey*",
                  "kms:ReEncrypt*"
                ],
                "condition": [],
                "effect": "Allow",
                "not_actions": [],
                "not_principals": [],
                "not_resources": [],
                "principals": [
                  {
                    "identifiers": [
                      "arn:aws:iam::277707137172:role/stage-eks-az-a-cluster-20250212080316147700000005"
                    ],
                    "type": "AWS"
                  }
                ],
                "resources": [
                  "*"
                ],
                "sid": "KeyUsage"
              }
            ],
            "version": "2012-10-17"
          },
          "sensitive_attributes": []
        }
      ]
    },
    {
      "module": "module.eks_az_c.module.eks_az_a.module.kms",
      "mode": "data",
      "type": "aws_partition",
      "name": "current",
      "provider": "provider[\"registry.terraform.io/hashicorp/aws\"]",
      "instances": [
        {
          "index_key": 0,
          "schema_version": 0,
          "attributes": {
            "dns_suffix": "amazonaws.com",
            "id": "aws",
            "partition": "aws",
            "reverse_dns_prefix": "com.amazonaws"
          },
          "sensitive_attributes": []
        }
      ]
    },
    {
      "module": "module.eks_az_c.module.eks_az_a.module.kms",
      "mode": "managed",
      "type": "aws_kms_alias",
      "name": "this",
      "provider": "provider[\"registry.terraform.io/hashicorp/aws\"]",
      "instances": [
        {
          "index_key": "cluster",
          "schema_version": 0,
          "attributes": {
            "arn": "arn:aws:kms:ap-northeast-2:277707137172:alias/eks/stage-eks-az-a",
            "id": "alias/eks/stage-eks-az-a",
            "name": "alias/eks/stage-eks-az-a",
            "name_prefix": "",
            "target_key_arn": "arn:aws:kms:ap-northeast-2:277707137172:key/d835f72d-0885-4091-96f8-21afc183d647",
            "target_key_id": "d835f72d-0885-4091-96f8-21afc183d647"
          },
          "sensitive_attributes": [],
          "private": "bnVsbA==",
          "dependencies": [
            "module.eks_az_c.module.eks_az_a.aws_iam_role.this",
            "module.eks_az_c.module.eks_az_a.data.aws_caller_identity.current",
            "module.eks_az_c.module.eks_az_a.data.aws_iam_policy_document.assume_role_policy",
            "module.eks_az_c.module.eks_az_a.data.aws_iam_session_context.current",
            "module.eks_az_c.module.eks_az_a.module.kms.aws_kms_external_key.this",
            "module.eks_az_c.module.eks_az_a.module.kms.aws_kms_key.this",
            "module.eks_az_c.module.eks_az_a.module.kms.aws_kms_replica_external_key.this",
            "module.eks_az_c.module.eks_az_a.module.kms.aws_kms_replica_key.this",
            "module.eks_az_c.module.eks_az_a.module.kms.data.aws_caller_identity.current",
            "module.eks_az_c.module.eks_az_a.module.kms.data.aws_iam_policy_document.this",
            "module.eks_az_c.module.eks_az_a.module.kms.data.aws_partition.current"
          ]
        }
      ]
    },
    {
      "module": "module.eks_az_c.module.eks_az_a.module.kms",
      "mode": "managed",
      "type": "aws_kms_external_key",
      "name": "this",
      "provider": "provider[\"registry.terraform.io/hashicorp/aws\"]",
      "instances": []
    },
    {
      "module": "module.eks_az_c.module.eks_az_a.module.kms",
      "mode": "managed",
      "type": "aws_kms_grant",
      "name": "this",
      "provider": "provider[\"registry.terraform.io/hashicorp/aws\"]",
      "instances": []
    },
    {
      "module": "module.eks_az_c.module.eks_az_a.module.kms",
      "mode": "managed",
      "type": "aws_kms_key",
      "name": "this",
      "provider": "provider[\"registry.terraform.io/hashicorp/aws\"]",
      "instances": [
        {
          "index_key": 0,
          "schema_version": 0,
          "attributes": {
            "arn": "arn:aws:kms:ap-northeast-2:277707137172:key/d835f72d-0885-4091-96f8-21afc183d647",
            "bypass_policy_lockout_safety_check": false,
            "custom_key_store_id": "",
            "customer_master_key_spec": "SYMMETRIC_DEFAULT",
            "deletion_window_in_days": null,
            "description": "stage-eks-az-a cluster encryption key",
            "enable_key_rotation": true,
            "id": "d835f72d-0885-4091-96f8-21afc183d647",
            "is_enabled": true,
            "key_id": "d835f72d-0885-4091-96f8-21afc183d647",
            "key_usage": "ENCRYPT_DECRYPT",
            "multi_region": false,
            "policy": "{\"Statement\":[{\"Action\":\"kms:*\",\"Effect\":\"Allow\",\"Principal\":{\"AWS\":\"arn:aws:iam::277707137172:root\"},\"Resource\":\"*\",\"Sid\":\"Default\"},{\"Action\":[\"kms:Update*\",\"kms:UntagResource\",\"kms:TagResource\",\"kms:ScheduleKeyDeletion\",\"kms:Revoke*\",\"kms:ReplicateKey\",\"kms:Put*\",\"kms:List*\",\"kms:ImportKeyMaterial\",\"kms:Get*\",\"kms:Enable*\",\"kms:Disable*\",\"kms:Describe*\",\"kms:Delete*\",\"kms:Create*\",\"kms:CancelKeyDeletion\"],\"Effect\":\"Allow\",\"Principal\":{\"AWS\":\"arn:aws:iam::277707137172:user/user5\"},\"Resource\":\"*\",\"Sid\":\"KeyAdministration\"},{\"Action\":[\"kms:ReEncrypt*\",\"kms:GenerateDataKey*\",\"kms:Encrypt\",\"kms:DescribeKey\",\"kms:Decrypt\"],\"Effect\":\"Allow\",\"Principal\":{\"AWS\":\"arn:aws:iam::277707137172:role/stage-eks-az-a-cluster-20250212080316147700000005\"},\"Resource\":\"*\",\"Sid\":\"KeyUsage\"}],\"Version\":\"2012-10-17\"}",
            "rotation_period_in_days": 365,
            "tags": {
              "Environment": "dev",
              "Terraform": "true",
              "Zone": "az-a",
              "terraform-aws-modules": "eks"
            },
            "tags_all": {
              "Environment": "dev",
              "Terraform": "true",
              "Zone": "az-a",
              "terraform-aws-modules": "eks"
            },
            "timeouts": null,
            "xks_key_id": ""
          },
          "sensitive_attributes": [],
          "private": "eyJlMmJmYjczMC1lY2FhLTExZTYtOGY4OC0zNDM2M2JjN2M0YzAiOnsiY3JlYXRlIjoxMjAwMDAwMDAwMDB9fQ==",
          "dependencies": [
            "module.eks_az_c.module.eks_az_a.aws_iam_role.this",
            "module.eks_az_c.module.eks_az_a.data.aws_caller_identity.current",
            "module.eks_az_c.module.eks_az_a.data.aws_iam_policy_document.assume_role_policy",
            "module.eks_az_c.module.eks_az_a.data.aws_iam_session_context.current",
            "module.eks_az_c.module.eks_az_a.module.kms.data.aws_caller_identity.current",
            "module.eks_az_c.module.eks_az_a.module.kms.data.aws_iam_policy_document.this",
            "module.eks_az_c.module.eks_az_a.module.kms.data.aws_partition.current"
          ],
          "create_before_destroy": true
        }
      ]
    },
    {
      "module": "module.eks_az_c.module.eks_az_a.module.kms",
      "mode": "managed",
      "type": "aws_kms_replica_external_key",
      "name": "this",
      "provider": "provider[\"registry.terraform.io/hashicorp/aws\"]",
      "instances": []
    },
    {
      "module": "module.eks_az_c.module.eks_az_a.module.kms",
      "mode": "managed",
      "type": "aws_kms_replica_key",
      "name": "this",
      "provider": "provider[\"registry.terraform.io/hashicorp/aws\"]",
      "instances": []
    },
    {
      "module": "module.eks_az_c.module.eks_az_c",
      "mode": "data",
      "type": "aws_caller_identity",
      "name": "current",
      "provider": "provider[\"registry.terraform.io/hashicorp/aws\"]",
      "instances": [
        {
          "index_key": 0,
          "schema_version": 0,
          "attributes": {
            "account_id": "277707137172",
            "arn": "arn:aws:iam::277707137172:user/user5",
            "id": "277707137172",
            "user_id": "AIDAUBKFCUCKJRC6C4LFH"
          },
          "sensitive_attributes": []
        }
      ]
    },
    {
      "module": "module.eks_az_c.module.eks_az_c",
      "mode": "data",
      "type": "aws_iam_policy_document",
      "name": "assume_role_policy",
      "provider": "provider[\"registry.terraform.io/hashicorp/aws\"]",
      "instances": [
        {
          "index_key": 0,
          "schema_version": 0,
          "attributes": {
            "id": "2830595799",
            "json": "{\n  \"Version\": \"2012-10-17\",\n  \"Statement\": [\n    {\n      \"Sid\": \"EKSClusterAssumeRole\",\n      \"Effect\": \"Allow\",\n      \"Action\": [\n        \"sts:TagSession\",\n        \"sts:AssumeRole\"\n      ],\n      \"Principal\": {\n        \"Service\": \"eks.amazonaws.com\"\n      }\n    }\n  ]\n}",
            "minified_json": "{\"Version\":\"2012-10-17\",\"Statement\":[{\"Sid\":\"EKSClusterAssumeRole\",\"Effect\":\"Allow\",\"Action\":[\"sts:TagSession\",\"sts:AssumeRole\"],\"Principal\":{\"Service\":\"eks.amazonaws.com\"}}]}",
            "override_json": null,
            "override_policy_documents": null,
            "policy_id": null,
            "source_json": null,
            "source_policy_documents": null,
            "statement": [
              {
                "actions": [
                  "sts:AssumeRole",
                  "sts:TagSession"
                ],
                "condition": [],
                "effect": "Allow",
                "not_actions": [],
                "not_principals": [],
                "not_resources": [],
                "principals": [
                  {
                    "identifiers": [
                      "eks.amazonaws.com"
                    ],
                    "type": "Service"
                  }
                ],
                "resources": [],
                "sid": "EKSClusterAssumeRole"
              }
            ],
            "version": "2012-10-17"
          },
          "sensitive_attributes": []
        }
      ]
    },
    {
      "module": "module.eks_az_c.module.eks_az_c",
      "mode": "data",
      "type": "aws_iam_policy_document",
      "name": "cni_ipv6_policy",
      "provider": "provider[\"registry.terraform.io/hashicorp/aws\"]",
      "instances": []
    },
    {
      "module": "module.eks_az_c.module.eks_az_c",
      "mode": "data",
      "type": "aws_iam_policy_document",
      "name": "custom",
      "provider": "provider[\"registry.terraform.io/hashicorp/aws\"]",
      "instances": [
        {
          "index_key": 0,
          "schema_version": 0,
          "attributes": {
            "id": "513122117",
            "json": "{\n  \"Version\": \"2012-10-17\",\n  \"Statement\": [\n    {\n      \"Sid\": \"Compute\",\n      \"Effect\": \"Allow\",\n      \"Action\": [\n        \"ec2:RunInstances\",\n        \"ec2:CreateLaunchTemplate\",\n        \"ec2:CreateFleet\"\n      ],\n      \"Resource\": \"*\",\n      \"Condition\": {\n        \"StringEquals\": {\n          \"aws:RequestTag/eks:eks-cluster-name\": \"${aws:PrincipalTag/eks:eks-cluster-name}\"\n        },\n        \"StringLike\": {\n          \"aws:RequestTag/eks:kubernetes-node-class-name\": \"*\",\n          \"aws:RequestTag/eks:kubernetes-node-pool-name\": \"*\"\n        }\n      }\n    },\n    {\n      \"Sid\": \"Storage\",\n      \"Effect\": \"Allow\",\n      \"Action\": [\n        \"ec2:CreateVolume\",\n        \"ec2:CreateSnapshot\"\n      ],\n      \"Resource\": [\n        \"arn:aws:ec2:*:*:volume/*\",\n        \"arn:aws:ec2:*:*:snapshot/*\"\n      ],\n      \"Condition\": {\n        \"StringEquals\": {\n          \"aws:RequestTag/eks:eks-cluster-name\": \"${aws:PrincipalTag/eks:eks-cluster-name}\"\n        }\n      }\n    },\n    {\n      \"Sid\": \"Networking\",\n      \"Effect\": \"Allow\",\n      \"Action\": \"ec2:CreateNetworkInterface\",\n      \"Resource\": \"*\",\n      \"Condition\": {\n        \"StringEquals\": {\n          \"aws:RequestTag/eks:eks-cluster-name\": \"${aws:PrincipalTag/eks:eks-cluster-name}\",\n          \"aws:RequestTag/eks:kubernetes-cni-node-name\": \"*\"\n        }\n      }\n    },\n    {\n      \"Sid\": \"LoadBalancer\",\n      \"Effect\": \"Allow\",\n      \"Action\": [\n        \"elasticloadbalancing:CreateTargetGroup\",\n        \"elasticloadbalancing:CreateRule\",\n        \"elasticloadbalancing:CreateLoadBalancer\",\n        \"elasticloadbalancing:CreateListener\",\n        \"ec2:CreateSecurityGroup\"\n      ],\n      \"Resource\": \"*\",\n      \"Condition\": {\n        \"StringEquals\": {\n          \"aws:RequestTag/eks:eks-cluster-name\": \"${aws:PrincipalTag/eks:eks-cluster-name}\"\n        }\n      }\n    },\n    {\n      \"Sid\": \"ShieldProtection\",\n      \"Effect\": \"Allow\",\n      \"Action\": \"shield:CreateProtection\",\n      \"Resource\": \"*\",\n      \"Condition\": {\n        \"StringEquals\": {\n          \"aws:RequestTag/eks:eks-cluster-name\": \"${aws:PrincipalTag/eks:eks-cluster-name}\"\n        }\n      }\n    },\n    {\n      \"Sid\": \"ShieldTagResource\",\n      \"Effect\": \"Allow\",\n      \"Action\": \"shield:TagResource\",\n      \"Resource\": \"arn:aws:shield::*:protection/*\",\n      \"Condition\": {\n        \"StringEquals\": {\n          \"aws:RequestTag/eks:eks-cluster-name\": \"${aws:PrincipalTag/eks:eks-cluster-name}\"\n        }\n      }\n    }\n  ]\n}",
            "minified_json": "{\"Version\":\"2012-10-17\",\"Statement\":[{\"Sid\":\"Compute\",\"Effect\":\"Allow\",\"Action\":[\"ec2:RunInstances\",\"ec2:CreateLaunchTemplate\",\"ec2:CreateFleet\"],\"Resource\":\"*\",\"Condition\":{\"StringEquals\":{\"aws:RequestTag/eks:eks-cluster-name\":\"${aws:PrincipalTag/eks:eks-cluster-name}\"},\"StringLike\":{\"aws:RequestTag/eks:kubernetes-node-class-name\":\"*\",\"aws:RequestTag/eks:kubernetes-node-pool-name\":\"*\"}}},{\"Sid\":\"Storage\",\"Effect\":\"Allow\",\"Action\":[\"ec2:CreateVolume\",\"ec2:CreateSnapshot\"],\"Resource\":[\"arn:aws:ec2:*:*:volume/*\",\"arn:aws:ec2:*:*:snapshot/*\"],\"Condition\":{\"StringEquals\":{\"aws:RequestTag/eks:eks-cluster-name\":\"${aws:PrincipalTag/eks:eks-cluster-name}\"}}},{\"Sid\":\"Networking\",\"Effect\":\"Allow\",\"Action\":\"ec2:CreateNetworkInterface\",\"Resource\":\"*\",\"Condition\":{\"StringEquals\":{\"aws:RequestTag/eks:eks-cluster-name\":\"${aws:PrincipalTag/eks:eks-cluster-name}\",\"aws:RequestTag/eks:kubernetes-cni-node-name\":\"*\"}}},{\"Sid\":\"LoadBalancer\",\"Effect\":\"Allow\",\"Action\":[\"elasticloadbalancing:CreateTargetGroup\",\"elasticloadbalancing:CreateRule\",\"elasticloadbalancing:CreateLoadBalancer\",\"elasticloadbalancing:CreateListener\",\"ec2:CreateSecurityGroup\"],\"Resource\":\"*\",\"Condition\":{\"StringEquals\":{\"aws:RequestTag/eks:eks-cluster-name\":\"${aws:PrincipalTag/eks:eks-cluster-name}\"}}},{\"Sid\":\"ShieldProtection\",\"Effect\":\"Allow\",\"Action\":\"shield:CreateProtection\",\"Resource\":\"*\",\"Condition\":{\"StringEquals\":{\"aws:RequestTag/eks:eks-cluster-name\":\"${aws:PrincipalTag/eks:eks-cluster-name}\"}}},{\"Sid\":\"ShieldTagResource\",\"Effect\":\"Allow\",\"Action\":\"shield:TagResource\",\"Resource\":\"arn:aws:shield::*:protection/*\",\"Condition\":{\"StringEquals\":{\"aws:RequestTag/eks:eks-cluster-name\":\"${aws:PrincipalTag/eks:eks-cluster-name}\"}}}]}",
            "override_json": null,
            "override_policy_documents": null,
            "policy_id": null,
            "source_json": null,
            "source_policy_documents": null,
            "statement": [
              {
                "actions": [
                  "ec2:CreateFleet",
                  "ec2:CreateLaunchTemplate",
                  "ec2:RunInstances"
                ],
                "condition": [
                  {
                    "test": "StringEquals",
                    "values": [
                      "${aws:PrincipalTag/eks:eks-cluster-name}"
                    ],
                    "variable": "aws:RequestTag/eks:eks-cluster-name"
                  },
                  {
                    "test": "StringLike",
                    "values": [
                      "*"
                    ],
                    "variable": "aws:RequestTag/eks:kubernetes-node-class-name"
                  },
                  {
                    "test": "StringLike",
                    "values": [
                      "*"
                    ],
                    "variable": "aws:RequestTag/eks:kubernetes-node-pool-name"
                  }
                ],
                "effect": "Allow",
                "not_actions": [],
                "not_principals": [],
                "not_resources": [],
                "principals": [],
                "resources": [
                  "*"
                ],
                "sid": "Compute"
              },
              {
                "actions": [
                  "ec2:CreateSnapshot",
                  "ec2:CreateVolume"
                ],
                "condition": [
                  {
                    "test": "StringEquals",
                    "values": [
                      "${aws:PrincipalTag/eks:eks-cluster-name}"
                    ],
                    "variable": "aws:RequestTag/eks:eks-cluster-name"
                  }
                ],
                "effect": "Allow",
                "not_actions": [],
                "not_principals": [],
                "not_resources": [],
                "principals": [],
                "resources": [
                  "arn:aws:ec2:*:*:snapshot/*",
                  "arn:aws:ec2:*:*:volume/*"
                ],
                "sid": "Storage"
              },
              {
                "actions": [
                  "ec2:CreateNetworkInterface"
                ],
                "condition": [
                  {
                    "test": "StringEquals",
                    "values": [
                      "${aws:PrincipalTag/eks:eks-cluster-name}"
                    ],
                    "variable": "aws:RequestTag/eks:eks-cluster-name"
                  },
                  {
                    "test": "StringEquals",
                    "values": [
                      "*"
                    ],
                    "variable": "aws:RequestTag/eks:kubernetes-cni-node-name"
                  }
                ],
                "effect": "Allow",
                "not_actions": [],
                "not_principals": [],
                "not_resources": [],
                "principals": [],
                "resources": [
                  "*"
                ],
                "sid": "Networking"
              },
              {
                "actions": [
                  "ec2:CreateSecurityGroup",
                  "elasticloadbalancing:CreateListener",
                  "elasticloadbalancing:CreateLoadBalancer",
                  "elasticloadbalancing:CreateRule",
                  "elasticloadbalancing:CreateTargetGroup"
                ],
                "condition": [
                  {
                    "test": "StringEquals",
                    "values": [
                      "${aws:PrincipalTag/eks:eks-cluster-name}"
                    ],
                    "variable": "aws:RequestTag/eks:eks-cluster-name"
                  }
                ],
                "effect": "Allow",
                "not_actions": [],
                "not_principals": [],
                "not_resources": [],
                "principals": [],
                "resources": [
                  "*"
                ],
                "sid": "LoadBalancer"
              },
              {
                "actions": [
                  "shield:CreateProtection"
                ],
                "condition": [
                  {
                    "test": "StringEquals",
                    "values": [
                      "${aws:PrincipalTag/eks:eks-cluster-name}"
                    ],
                    "variable": "aws:RequestTag/eks:eks-cluster-name"
                  }
                ],
                "effect": "Allow",
                "not_actions": [],
                "not_principals": [],
                "not_resources": [],
                "principals": [],
                "resources": [
                  "*"
                ],
                "sid": "ShieldProtection"
              },
              {
                "actions": [
                  "shield:TagResource"
                ],
                "condition": [
                  {
                    "test": "StringEquals",
                    "values": [
                      "${aws:PrincipalTag/eks:eks-cluster-name}"
                    ],
                    "variable": "aws:RequestTag/eks:eks-cluster-name"
                  }
                ],
                "effect": "Allow",
                "not_actions": [],
                "not_principals": [],
                "not_resources": [],
                "principals": [],
                "resources": [
                  "arn:aws:shield::*:protection/*"
                ],
                "sid": "ShieldTagResource"
              }
            ],
            "version": "2012-10-17"
          },
          "sensitive_attributes": []
        }
      ]
    },
    {
      "module": "module.eks_az_c.module.eks_az_c",
      "mode": "data",
      "type": "aws_iam_policy_document",
      "name": "node_assume_role_policy",
      "provider": "provider[\"registry.terraform.io/hashicorp/aws\"]",
      "instances": [
        {
          "index_key": 0,
          "schema_version": 0,
          "attributes": {
            "id": "3518401652",
            "json": "{\n  \"Version\": \"2012-10-17\",\n  \"Statement\": [\n    {\n      \"Sid\": \"EKSAutoNodeAssumeRole\",\n      \"Effect\": \"Allow\",\n      \"Action\": [\n        \"sts:TagSession\",\n        \"sts:AssumeRole\"\n      ],\n      \"Principal\": {\n        \"Service\": \"ec2.amazonaws.com\"\n      }\n    }\n  ]\n}",
            "minified_json": "{\"Version\":\"2012-10-17\",\"Statement\":[{\"Sid\":\"EKSAutoNodeAssumeRole\",\"Effect\":\"Allow\",\"Action\":[\"sts:TagSession\",\"sts:AssumeRole\"],\"Principal\":{\"Service\":\"ec2.amazonaws.com\"}}]}",
            "override_json": null,
            "override_policy_documents": null,
            "policy_id": null,
            "source_json": null,
            "source_policy_documents": null,
            "statement": [
              {
                "actions": [
                  "sts:AssumeRole",
                  "sts:TagSession"
                ],
                "condition": [],
                "effect": "Allow",
                "not_actions": [],
                "not_principals": [],
                "not_resources": [],
                "principals": [
                  {
                    "identifiers": [
                      "ec2.amazonaws.com"
                    ],
                    "type": "Service"
                  }
                ],
                "resources": [],
                "sid": "EKSAutoNodeAssumeRole"
              }
            ],
            "version": "2012-10-17"
          },
          "sensitive_attributes": []
        }
      ]
    },
    {
      "module": "module.eks_az_c.module.eks_az_c",
      "mode": "data",
      "type": "aws_iam_session_context",
      "name": "current",
      "provider": "provider[\"registry.terraform.io/hashicorp/aws\"]",
      "instances": [
        {
          "index_key": 0,
          "schema_version": 0,
          "attributes": {
            "arn": "arn:aws:iam::277707137172:user/user5",
            "id": "arn:aws:iam::277707137172:user/user5",
            "issuer_arn": "arn:aws:iam::277707137172:user/user5",
            "issuer_id": "",
            "issuer_name": "",
            "session_name": ""
          },
          "sensitive_attributes": []
        }
      ]
    },
    {
      "module": "module.eks_az_c.module.eks_az_c",
      "mode": "data",
      "type": "aws_partition",
      "name": "current",
      "provider": "provider[\"registry.terraform.io/hashicorp/aws\"]",
      "instances": [
        {
          "index_key": 0,
          "schema_version": 0,
          "attributes": {
            "dns_suffix": "amazonaws.com",
            "id": "aws",
            "partition": "aws",
            "reverse_dns_prefix": "com.amazonaws"
          },
          "sensitive_attributes": []
        }
      ]
    },
    {
      "module": "module.eks_az_c.module.eks_az_c",
      "mode": "managed",
      "type": "aws_iam_policy",
      "name": "cluster_encryption",
      "provider": "provider[\"registry.terraform.io/hashicorp/aws\"]",
      "instances": [
        {
          "index_key": 0,
          "schema_version": 0,
          "attributes": {
            "arn": "arn:aws:iam::277707137172:policy/stage-eks-az-c-cluster-ClusterEncryption20250212080337070900000036",
            "attachment_count": 0,
            "description": "Cluster encryption policy to allow cluster role to utilize CMK provided",
            "id": "arn:aws:iam::277707137172:policy/stage-eks-az-c-cluster-ClusterEncryption20250212080337070900000036",
            "name": "stage-eks-az-c-cluster-ClusterEncryption20250212080337070900000036",
            "name_prefix": "stage-eks-az-c-cluster-ClusterEncryption",
            "path": "/",
            "policy": "{\"Statement\":[{\"Action\":[\"kms:Encrypt\",\"kms:Decrypt\",\"kms:ListGrants\",\"kms:DescribeKey\"],\"Effect\":\"Allow\",\"Resource\":\"arn:aws:kms:ap-northeast-2:277707137172:key/d0626892-d75d-4a25-a603-8be0121ecd98\"}],\"Version\":\"2012-10-17\"}",
            "policy_id": "ANPAUBKFCUCKJAV6DEVKW",
            "tags": {
              "Environment": "dev",
              "Terraform": "true",
              "Zone": "az-c"
            },
            "tags_all": {
              "Environment": "dev",
              "Terraform": "true",
              "Zone": "az-c"
            }
          },
          "sensitive_attributes": [],
          "private": "bnVsbA==",
          "dependencies": [
            "module.eks_az_c.module.eks_az_c.aws_iam_role.this",
            "module.eks_az_c.module.eks_az_c.data.aws_caller_identity.current",
            "module.eks_az_c.module.eks_az_c.data.aws_iam_policy_document.assume_role_policy",
            "module.eks_az_c.module.eks_az_c.data.aws_iam_session_context.current",
            "module.eks_az_c.module.eks_az_c.module.kms.aws_kms_external_key.this",
            "module.eks_az_c.module.eks_az_c.module.kms.aws_kms_key.this",
            "module.eks_az_c.module.eks_az_c.module.kms.aws_kms_replica_external_key.this",
            "module.eks_az_c.module.eks_az_c.module.kms.aws_kms_replica_key.this",
            "module.eks_az_c.module.eks_az_c.module.kms.data.aws_caller_identity.current",
            "module.eks_az_c.module.eks_az_c.module.kms.data.aws_iam_policy_document.this",
            "module.eks_az_c.module.eks_az_c.module.kms.data.aws_partition.current"
          ]
        }
      ]
    },
    {
      "module": "module.eks_az_c.module.eks_az_c",
      "mode": "managed",
      "type": "aws_iam_policy",
      "name": "cni_ipv6_policy",
      "provider": "provider[\"registry.terraform.io/hashicorp/aws\"]",
      "instances": []
    },
    {
      "module": "module.eks_az_c.module.eks_az_c",
      "mode": "managed",
      "type": "aws_iam_policy",
      "name": "custom",
      "provider": "provider[\"registry.terraform.io/hashicorp/aws\"]",
      "instances": [
        {
          "index_key": 0,
          "schema_version": 0,
          "attributes": {
            "arn": "arn:aws:iam::277707137172:policy/stage-eks-az-c-cluster-20250212080316084700000001",
            "attachment_count": 0,
            "description": "",
            "id": "arn:aws:iam::277707137172:policy/stage-eks-az-c-cluster-20250212080316084700000001",
            "name": "stage-eks-az-c-cluster-20250212080316084700000001",
            "name_prefix": "stage-eks-az-c-cluster-",
            "path": "/",
            "policy": "{\"Statement\":[{\"Action\":[\"ec2:RunInstances\",\"ec2:CreateLaunchTemplate\",\"ec2:CreateFleet\"],\"Condition\":{\"StringEquals\":{\"aws:RequestTag/eks:eks-cluster-name\":\"${aws:PrincipalTag/eks:eks-cluster-name}\"},\"StringLike\":{\"aws:RequestTag/eks:kubernetes-node-class-name\":\"*\",\"aws:RequestTag/eks:kubernetes-node-pool-name\":\"*\"}},\"Effect\":\"Allow\",\"Resource\":\"*\",\"Sid\":\"Compute\"},{\"Action\":[\"ec2:CreateVolume\",\"ec2:CreateSnapshot\"],\"Condition\":{\"StringEquals\":{\"aws:RequestTag/eks:eks-cluster-name\":\"${aws:PrincipalTag/eks:eks-cluster-name}\"}},\"Effect\":\"Allow\",\"Resource\":[\"arn:aws:ec2:*:*:volume/*\",\"arn:aws:ec2:*:*:snapshot/*\"],\"Sid\":\"Storage\"},{\"Action\":\"ec2:CreateNetworkInterface\",\"Condition\":{\"StringEquals\":{\"aws:RequestTag/eks:eks-cluster-name\":\"${aws:PrincipalTag/eks:eks-cluster-name}\",\"aws:RequestTag/eks:kubernetes-cni-node-name\":\"*\"}},\"Effect\":\"Allow\",\"Resource\":\"*\",\"Sid\":\"Networking\"},{\"Action\":[\"elasticloadbalancing:CreateTargetGroup\",\"elasticloadbalancing:CreateRule\",\"elasticloadbalancing:CreateLoadBalancer\",\"elasticloadbalancing:CreateListener\",\"ec2:CreateSecurityGroup\"],\"Condition\":{\"StringEquals\":{\"aws:RequestTag/eks:eks-cluster-name\":\"${aws:PrincipalTag/eks:eks-cluster-name}\"}},\"Effect\":\"Allow\",\"Resource\":\"*\",\"Sid\":\"LoadBalancer\"},{\"Action\":\"shield:CreateProtection\",\"Condition\":{\"StringEquals\":{\"aws:RequestTag/eks:eks-cluster-name\":\"${aws:PrincipalTag/eks:eks-cluster-name}\"}},\"Effect\":\"Allow\",\"Resource\":\"*\",\"Sid\":\"ShieldProtection\"},{\"Action\":\"shield:TagResource\",\"Condition\":{\"StringEquals\":{\"aws:RequestTag/eks:eks-cluster-name\":\"${aws:PrincipalTag/eks:eks-cluster-name}\"}},\"Effect\":\"Allow\",\"Resource\":\"arn:aws:shield::*:protection/*\",\"Sid\":\"ShieldTagResource\"}],\"Version\":\"2012-10-17\"}",
            "policy_id": "ANPAUBKFCUCKOMCEVMDO4",
            "tags": {
              "Environment": "dev",
              "Terraform": "true",
              "Zone": "az-c"
            },
            "tags_all": {
              "Environment": "dev",
              "Terraform": "true",
              "Zone": "az-c"
            }
          },
          "sensitive_attributes": [],
          "private": "bnVsbA==",
          "dependencies": [
            "module.eks_az_c.module.eks_az_c.data.aws_iam_policy_document.custom",
            "module.eks_az_c.module.eks_az_c.data.aws_partition.current"
          ]
        }
      ]
    },
    {
      "module": "module.eks_az_c.module.eks_az_c",
      "mode": "managed",
      "type": "aws_iam_role",
      "name": "eks_auto",
      "provider": "provider[\"registry.terraform.io/hashicorp/aws\"]",
      "instances": [
        {
          "index_key": 0,
          "schema_version": 0,
          "attributes": {
            "arn": "arn:aws:iam::277707137172:role/stage-eks-az-c-eks-auto-20250212080316649000000006",
            "assume_role_policy": "{\"Statement\":[{\"Action\":[\"sts:TagSession\",\"sts:AssumeRole\"],\"Effect\":\"Allow\",\"Principal\":{\"Service\":\"ec2.amazonaws.com\"},\"Sid\":\"EKSAutoNodeAssumeRole\"}],\"Version\":\"2012-10-17\"}",
            "create_date": "2025-02-12T08:03:17Z",
            "description": "",
            "force_detach_policies": true,
            "id": "stage-eks-az-c-eks-auto-20250212080316649000000006",
            "inline_policy": [],
            "managed_policy_arns": [],
            "max_session_duration": 3600,
            "name": "stage-eks-az-c-eks-auto-20250212080316649000000006",
            "name_prefix": "stage-eks-az-c-eks-auto-",
            "path": "/",
            "permissions_boundary": "",
            "tags": {
              "Environment": "dev",
              "Terraform": "true",
              "Zone": "az-c"
            },
            "tags_all": {
              "Environment": "dev",
              "Terraform": "true",
              "Zone": "az-c"
            },
            "unique_id": "AROAUBKFCUCKJLPQOAG2B"
          },
          "sensitive_attributes": [],
          "private": "bnVsbA==",
          "dependencies": [
            "module.eks_az_c.module.eks_az_c.data.aws_iam_policy_document.node_assume_role_policy"
          ],
          "create_before_destroy": true
        }
      ]
    },
    {
      "module": "module.eks_az_c.module.eks_az_c",
      "mode": "managed",
      "type": "aws_iam_role",
      "name": "this",
      "provider": "provider[\"registry.terraform.io/hashicorp/aws\"]",
      "instances": [
        {
          "index_key": 0,
          "schema_version": 0,
          "attributes": {
            "arn": "arn:aws:iam::277707137172:role/stage-eks-az-c-cluster-20250212080316761300000009",
            "assume_role_policy": "{\"Statement\":[{\"Action\":[\"sts:TagSession\",\"sts:AssumeRole\"],\"Effect\":\"Allow\",\"Principal\":{\"Service\":\"eks.amazonaws.com\"},\"Sid\":\"EKSClusterAssumeRole\"}],\"Version\":\"2012-10-17\"}",
            "create_date": "2025-02-12T08:03:17Z",
            "description": "",
            "force_detach_policies": true,
            "id": "stage-eks-az-c-cluster-20250212080316761300000009",
            "inline_policy": [],
            "managed_policy_arns": [],
            "max_session_duration": 3600,
            "name": "stage-eks-az-c-cluster-20250212080316761300000009",
            "name_prefix": "stage-eks-az-c-cluster-",
            "path": "/",
            "permissions_boundary": "",
            "tags": {
              "Environment": "dev",
              "Terraform": "true",
              "Zone": "az-c"
            },
            "tags_all": {
              "Environment": "dev",
              "Terraform": "true",
              "Zone": "az-c"
            },
            "unique_id": "AROAUBKFCUCKM3R4A4FK5"
          },
          "sensitive_attributes": [],
          "private": "bnVsbA==",
          "dependencies": [
            "module.eks_az_c.module.eks_az_c.data.aws_iam_policy_document.assume_role_policy"
          ],
          "create_before_destroy": true
        }
      ]
    },
    {
      "module": "module.eks_az_c.module.eks_az_c",
      "mode": "managed",
      "type": "aws_iam_role_policy_attachment",
      "name": "additional",
      "provider": "provider[\"registry.terraform.io/hashicorp/aws\"]",
      "instances": []
    },
    {
      "module": "module.eks_az_c.module.eks_az_c",
      "mode": "managed",
      "type": "aws_iam_role_policy_attachment",
      "name": "cluster_encryption",
      "provider": "provider[\"registry.terraform.io/hashicorp/aws\"]",
      "instances": [
        {
          "index_key": 0,
          "schema_version": 0,
          "attributes": {
            "id": "stage-eks-az-c-cluster-20250212080316761300000009-20250212080338629700000039",
            "policy_arn": "arn:aws:iam::277707137172:policy/stage-eks-az-c-cluster-ClusterEncryption20250212080337070900000036",
            "role": "stage-eks-az-c-cluster-20250212080316761300000009"
          },
          "sensitive_attributes": [],
          "private": "bnVsbA==",
          "dependencies": [
            "module.eks_az_c.module.eks_az_c.aws_iam_policy.cluster_encryption",
            "module.eks_az_c.module.eks_az_c.aws_iam_role.this",
            "module.eks_az_c.module.eks_az_c.data.aws_caller_identity.current",
            "module.eks_az_c.module.eks_az_c.data.aws_iam_policy_document.assume_role_policy",
            "module.eks_az_c.module.eks_az_c.data.aws_iam_session_context.current",
            "module.eks_az_c.module.eks_az_c.module.kms.aws_kms_external_key.this",
            "module.eks_az_c.module.eks_az_c.module.kms.aws_kms_key.this",
            "module.eks_az_c.module.eks_az_c.module.kms.aws_kms_replica_external_key.this",
            "module.eks_az_c.module.eks_az_c.module.kms.aws_kms_replica_key.this",
            "module.eks_az_c.module.eks_az_c.module.kms.data.aws_caller_identity.current",
            "module.eks_az_c.module.eks_az_c.module.kms.data.aws_iam_policy_document.this",
            "module.eks_az_c.module.eks_az_c.module.kms.data.aws_partition.current"
          ]
        }
      ]
    },
    {
      "module": "module.eks_az_c.module.eks_az_c",
      "mode": "managed",
      "type": "aws_iam_role_policy_attachment",
      "name": "custom",
      "provider": "provider[\"registry.terraform.io/hashicorp/aws\"]",
      "instances": [
        {
          "index_key": 0,
          "schema_version": 0,
          "attributes": {
            "id": "stage-eks-az-c-cluster-20250212080316761300000009-2025021208032342730000002f",
            "policy_arn": "arn:aws:iam::277707137172:policy/stage-eks-az-c-cluster-20250212080316084700000001",
            "role": "stage-eks-az-c-cluster-20250212080316761300000009"
          },
          "sensitive_attributes": [],
          "private": "bnVsbA==",
          "dependencies": [
            "module.eks_az_c.module.eks_az_c.aws_iam_policy.custom",
            "module.eks_az_c.module.eks_az_c.aws_iam_role.this",
            "module.eks_az_c.module.eks_az_c.data.aws_iam_policy_document.assume_role_policy",
            "module.eks_az_c.module.eks_az_c.data.aws_iam_policy_document.custom",
            "module.eks_az_c.module.eks_az_c.data.aws_partition.current"
          ]
        }
      ]
    },
    {
      "module": "module.eks_az_c.module.eks_az_c",
      "mode": "managed",
      "type": "aws_iam_role_policy_attachment",
      "name": "eks_auto",
      "provider": "provider[\"registry.terraform.io/hashicorp/aws\"]",
      "instances": [
        {
          "index_key": "AmazonEC2ContainerRegistryPullOnly",
          "schema_version": 0,
          "attributes": {
            "id": "stage-eks-az-c-eks-auto-20250212080316649000000006-20250212080323486000000032",
            "policy_arn": "arn:aws:iam::aws:policy/AmazonEC2ContainerRegistryPullOnly",
            "role": "stage-eks-az-c-eks-auto-20250212080316649000000006"
          },
          "sensitive_attributes": [],
          "private": "bnVsbA==",
          "dependencies": [
            "module.eks_az_c.module.eks_az_c.aws_iam_role.eks_auto",
            "module.eks_az_c.module.eks_az_c.data.aws_iam_policy_document.node_assume_role_policy",
            "module.eks_az_c.module.eks_az_c.data.aws_partition.current"
          ]
        },
        {
          "index_key": "AmazonEKSWorkerNodeMinimalPolicy",
          "schema_version": 0,
          "attributes": {
            "id": "stage-eks-az-c-eks-auto-20250212080316649000000006-20250212080319305800000011",
            "policy_arn": "arn:aws:iam::aws:policy/AmazonEKSWorkerNodeMinimalPolicy",
            "role": "stage-eks-az-c-eks-auto-20250212080316649000000006"
          },
          "sensitive_attributes": [],
          "private": "bnVsbA==",
          "dependencies": [
            "module.eks_az_c.module.eks_az_c.aws_iam_role.eks_auto",
            "module.eks_az_c.module.eks_az_c.data.aws_iam_policy_document.node_assume_role_policy",
            "module.eks_az_c.module.eks_az_c.data.aws_partition.current"
          ]
        }
      ]
    },
    {
      "module": "module.eks_az_c.module.eks_az_c",
      "mode": "managed",
      "type": "aws_iam_role_policy_attachment",
      "name": "eks_auto_additional",
      "provider": "provider[\"registry.terraform.io/hashicorp/aws\"]",
      "instances": []
    },
    {
      "module": "module.eks_az_c.module.eks_az_c",
      "mode": "managed",
      "type": "aws_iam_role_policy_attachment",
      "name": "this",
      "provider": "provider[\"registry.terraform.io/hashicorp/aws\"]",
      "instances": [
        {
          "index_key": "AmazonEKSBlockStoragePolicy",
          "schema_version": 0,
          "attributes": {
            "id": "stage-eks-az-c-cluster-20250212080316761300000009-2025021208032314190000002d",
            "policy_arn": "arn:aws:iam::aws:policy/AmazonEKSBlockStoragePolicy",
            "role": "stage-eks-az-c-cluster-20250212080316761300000009"
          },
          "sensitive_attributes": [],
          "private": "bnVsbA==",
          "dependencies": [
            "module.eks_az_c.module.eks_az_c.aws_iam_role.this",
            "module.eks_az_c.module.eks_az_c.data.aws_iam_policy_document.assume_role_policy",
            "module.eks_az_c.module.eks_az_c.data.aws_partition.current"
          ],
          "create_before_destroy": true
        },
        {
          "index_key": "AmazonEKSClusterPolicy",
          "schema_version": 0,
          "attributes": {
            "id": "stage-eks-az-c-cluster-20250212080316761300000009-20250212080319407400000014",
            "policy_arn": "arn:aws:iam::aws:policy/AmazonEKSClusterPolicy",
            "role": "stage-eks-az-c-cluster-20250212080316761300000009"
          },
          "sensitive_attributes": [],
          "private": "bnVsbA==",
          "dependencies": [
            "module.eks_az_c.module.eks_az_c.aws_iam_role.this",
            "module.eks_az_c.module.eks_az_c.data.aws_iam_policy_document.assume_role_policy",
            "module.eks_az_c.module.eks_az_c.data.aws_partition.current"
          ],
          "create_before_destroy": true
        },
        {
          "index_key": "AmazonEKSComputePolicy",
          "schema_version": 0,
          "attributes": {
            "id": "stage-eks-az-c-cluster-20250212080316761300000009-20250212080321847300000024",
            "policy_arn": "arn:aws:iam::aws:policy/AmazonEKSComputePolicy",
            "role": "stage-eks-az-c-cluster-20250212080316761300000009"
          },
          "sensitive_attributes": [],
          "private": "bnVsbA==",
          "dependencies": [
            "module.eks_az_c.module.eks_az_c.aws_iam_role.this",
            "module.eks_az_c.module.eks_az_c.data.aws_iam_policy_document.assume_role_policy",
            "module.eks_az_c.module.eks_az_c.data.aws_partition.current"
          ],
          "create_before_destroy": true
        },
        {
          "index_key": "AmazonEKSLoadBalancingPolicy",
          "schema_version": 0,
          "attributes": {
            "id": "stage-eks-az-c-cluster-20250212080316761300000009-2025021208032300340000002a",
            "policy_arn": "arn:aws:iam::aws:policy/AmazonEKSLoadBalancingPolicy",
            "role": "stage-eks-az-c-cluster-20250212080316761300000009"
          },
          "sensitive_attributes": [],
          "private": "bnVsbA==",
          "dependencies": [
            "module.eks_az_c.module.eks_az_c.aws_iam_role.this",
            "module.eks_az_c.module.eks_az_c.data.aws_iam_policy_document.assume_role_policy",
            "module.eks_az_c.module.eks_az_c.data.aws_partition.current"
          ],
          "create_before_destroy": true
        },
        {
          "index_key": "AmazonEKSNetworkingPolicy",
          "schema_version": 0,
          "attributes": {
            "id": "stage-eks-az-c-cluster-20250212080316761300000009-2025021208032070750000001c",
            "policy_arn": "arn:aws:iam::aws:policy/AmazonEKSNetworkingPolicy",
            "role": "stage-eks-az-c-cluster-20250212080316761300000009"
          },
          "sensitive_attributes": [],
          "private": "bnVsbA==",
          "dependencies": [
            "module.eks_az_c.module.eks_az_c.aws_iam_role.this",
            "module.eks_az_c.module.eks_az_c.data.aws_iam_policy_document.assume_role_policy",
            "module.eks_az_c.module.eks_az_c.data.aws_partition.current"
          ],
          "create_before_destroy": true
        }
      ]
    },
    {
      "module": "module.eks_az_c.module.eks_az_c",
      "mode": "managed",
      "type": "aws_security_group",
      "name": "cluster",
      "provider": "provider[\"registry.terraform.io/hashicorp/aws\"]",
      "instances": [
        {
          "index_key": 0,
          "schema_version": 1,
          "attributes": {
            "arn": "arn:aws:ec2:ap-northeast-2:277707137172:security-group/sg-0bab0f882d0b0b62f",
            "description": "EKS cluster security group",
            "egress": [],
            "id": "sg-0bab0f882d0b0b62f",
            "ingress": [],
            "name": "stage-eks-az-c-cluster-20250212080321129400000020",
            "name_prefix": "stage-eks-az-c-cluster-",
            "owner_id": "277707137172",
            "revoke_rules_on_delete": false,
            "tags": {
              "Environment": "dev",
              "Name": "stage-eks-az-c-cluster",
              "Terraform": "true",
              "Zone": "az-c"
            },
            "tags_all": {
              "Environment": "dev",
              "Name": "stage-eks-az-c-cluster",
              "Terraform": "true",
              "Zone": "az-c"
            },
            "timeouts": null,
            "vpc_id": "vpc-0aea249fb189ca256"
          },
          "sensitive_attributes": [],
          "private": "eyJlMmJmYjczMC1lY2FhLTExZTYtOGY4OC0zNDM2M2JjN2M0YzAiOnsiY3JlYXRlIjo2MDAwMDAwMDAwMDAsImRlbGV0ZSI6OTAwMDAwMDAwMDAwfSwic2NoZW1hX3ZlcnNpb24iOiIxIn0=",
          "dependencies": [
            "module.vpc.module.vpc.aws_vpc.this"
          ],
          "create_before_destroy": true
        }
      ]
    },
    {
      "module": "module.eks_az_c.module.eks_az_c",
      "mode": "managed",
      "type": "aws_security_group",
      "name": "node",
      "provider": "provider[\"registry.terraform.io/hashicorp/aws\"]",
      "instances": [
        {
          "index_key": 0,
          "schema_version": 1,
          "attributes": {
            "arn": "arn:aws:ec2:ap-northeast-2:277707137172:security-group/sg-0082b29d909aeeb89",
            "description": "EKS node shared security group",
            "egress": [],
            "id": "sg-0082b29d909aeeb89",
            "ingress": [],
            "name": "stage-eks-az-c-node-2025021208032083380000001d",
            "name_prefix": "stage-eks-az-c-node-",
            "owner_id": "277707137172",
            "revoke_rules_on_delete": false,
            "tags": {
              "Environment": "dev",
              "Name": "stage-eks-az-c-node",
              "Terraform": "true",
              "Zone": "az-c",
              "kubernetes.io/cluster/stage-eks-az-c": "owned"
            },
            "tags_all": {
              "Environment": "dev",
              "Name": "stage-eks-az-c-node",
              "Terraform": "true",
              "Zone": "az-c",
              "kubernetes.io/cluster/stage-eks-az-c": "owned"
            },
            "timeouts": null,
            "vpc_id": "vpc-0aea249fb189ca256"
          },
          "sensitive_attributes": [],
          "private": "eyJlMmJmYjczMC1lY2FhLTExZTYtOGY4OC0zNDM2M2JjN2M0YzAiOnsiY3JlYXRlIjo2MDAwMDAwMDAwMDAsImRlbGV0ZSI6OTAwMDAwMDAwMDAwfSwic2NoZW1hX3ZlcnNpb24iOiIxIn0=",
          "dependencies": [
            "module.vpc.module.vpc.aws_vpc.this"
          ],
          "create_before_destroy": true
        }
      ]
    },
    {
      "module": "module.eks_az_c.module.eks_az_c",
      "mode": "managed",
      "type": "aws_security_group_rule",
      "name": "cluster",
      "provider": "provider[\"registry.terraform.io/hashicorp/aws\"]",
      "instances": [
        {
          "index_key": "ingress_nodes_443",
          "schema_version": 2,
          "attributes": {
            "cidr_blocks": null,
            "description": "Node groups to cluster API",
            "from_port": 443,
            "id": "sgrule-985055664",
            "ipv6_cidr_blocks": null,
            "prefix_list_ids": null,
            "protocol": "tcp",
            "security_group_id": "sg-0bab0f882d0b0b62f",
            "security_group_rule_id": "sgr-0e3c077ce007bf11b",
            "self": false,
            "source_security_group_id": "sg-0082b29d909aeeb89",
            "timeouts": null,
            "to_port": 443,
            "type": "ingress"
          },
          "sensitive_attributes": [],
          "private": "eyJlMmJmYjczMC1lY2FhLTExZTYtOGY4OC0zNDM2M2JjN2M0YzAiOnsiY3JlYXRlIjozMDAwMDAwMDAwMDB9LCJzY2hlbWFfdmVyc2lvbiI6IjIifQ==",
          "dependencies": [
            "module.eks_az_c.module.eks_az_c.aws_security_group.cluster",
            "module.eks_az_c.module.eks_az_c.aws_security_group.node",
            "module.vpc.module.vpc.aws_vpc.this"
          ],
          "create_before_destroy": true
        }
      ]
    },
    {
      "module": "module.eks_az_c.module.eks_az_c",
      "mode": "managed",
      "type": "aws_security_group_rule",
      "name": "node",
      "provider": "provider[\"registry.terraform.io/hashicorp/aws\"]",
      "instances": [
        {
          "index_key": "egress_all",
          "schema_version": 2,
          "attributes": {
            "cidr_blocks": [
              "0.0.0.0/0"
            ],
            "description": "Allow all egress",
            "from_port": 0,
            "id": "sgrule-2917533400",
            "ipv6_cidr_blocks": null,
            "prefix_list_ids": [],
            "protocol": "-1",
            "security_group_id": "sg-0082b29d909aeeb89",
            "security_group_rule_id": "sgr-02ba9850aa025e068",
            "self": false,
            "source_security_group_id": null,
            "timeouts": null,
            "to_port": 0,
            "type": "egress"
          },
          "sensitive_attributes": [],
          "private": "eyJlMmJmYjczMC1lY2FhLTExZTYtOGY4OC0zNDM2M2JjN2M0YzAiOnsiY3JlYXRlIjozMDAwMDAwMDAwMDB9LCJzY2hlbWFfdmVyc2lvbiI6IjIifQ==",
          "dependencies": [
            "module.eks_az_c.module.eks_az_c.aws_security_group.cluster",
            "module.eks_az_c.module.eks_az_c.aws_security_group.node",
            "module.vpc.module.vpc.aws_vpc.this"
          ],
          "create_before_destroy": true
        },
        {
          "index_key": "ingress_cluster_443",
          "schema_version": 2,
          "attributes": {
            "cidr_blocks": null,
            "description": "Cluster API to node groups",
            "from_port": 443,
            "id": "sgrule-767026765",
            "ipv6_cidr_blocks": null,
            "prefix_list_ids": [],
            "protocol": "tcp",
            "security_group_id": "sg-0082b29d909aeeb89",
            "security_group_rule_id": "sgr-03cd5d08488c02268",
            "self": false,
            "source_security_group_id": "sg-0bab0f882d0b0b62f",
            "timeouts": null,
            "to_port": 443,
            "type": "ingress"
          },
          "sensitive_attributes": [],
          "private": "eyJlMmJmYjczMC1lY2FhLTExZTYtOGY4OC0zNDM2M2JjN2M0YzAiOnsiY3JlYXRlIjozMDAwMDAwMDAwMDB9LCJzY2hlbWFfdmVyc2lvbiI6IjIifQ==",
          "dependencies": [
            "module.eks_az_c.module.eks_az_c.aws_security_group.cluster",
            "module.eks_az_c.module.eks_az_c.aws_security_group.node",
            "module.vpc.module.vpc.aws_vpc.this"
          ],
          "create_before_destroy": true
        },
        {
          "index_key": "ingress_cluster_4443_webhook",
          "schema_version": 2,
          "attributes": {
            "cidr_blocks": null,
            "description": "Cluster API to node 4443/tcp webhook",
            "from_port": 4443,
            "id": "sgrule-378754217",
            "ipv6_cidr_blocks": null,
            "prefix_list_ids": [],
            "protocol": "tcp",
            "security_group_id": "sg-0082b29d909aeeb89",
            "security_group_rule_id": "sgr-086b30996b4f6125d",
            "self": false,
            "source_security_group_id": "sg-0bab0f882d0b0b62f",
            "timeouts": null,
            "to_port": 4443,
            "type": "ingress"
          },
          "sensitive_attributes": [],
          "private": "eyJlMmJmYjczMC1lY2FhLTExZTYtOGY4OC0zNDM2M2JjN2M0YzAiOnsiY3JlYXRlIjozMDAwMDAwMDAwMDB9LCJzY2hlbWFfdmVyc2lvbiI6IjIifQ==",
          "dependencies": [
            "module.eks_az_c.module.eks_az_c.aws_security_group.cluster",
            "module.eks_az_c.module.eks_az_c.aws_security_group.node",
            "module.vpc.module.vpc.aws_vpc.this"
          ],
          "create_before_destroy": true
        },
        {
          "index_key": "ingress_cluster_6443_webhook",
          "schema_version": 2,
          "attributes": {
            "cidr_blocks": null,
            "description": "Cluster API to node 6443/tcp webhook",
            "from_port": 6443,
            "id": "sgrule-3755029311",
            "ipv6_cidr_blocks": null,
            "prefix_list_ids": [],
            "protocol": "tcp",
            "security_group_id": "sg-0082b29d909aeeb89",
            "security_group_rule_id": "sgr-04178b5ba50d7e4c9",
            "self": false,
            "source_security_group_id": "sg-0bab0f882d0b0b62f",
            "timeouts": null,
            "to_port": 6443,
            "type": "ingress"
          },
          "sensitive_attributes": [],
          "private": "eyJlMmJmYjczMC1lY2FhLTExZTYtOGY4OC0zNDM2M2JjN2M0YzAiOnsiY3JlYXRlIjozMDAwMDAwMDAwMDB9LCJzY2hlbWFfdmVyc2lvbiI6IjIifQ==",
          "dependencies": [
            "module.eks_az_c.module.eks_az_c.aws_security_group.cluster",
            "module.eks_az_c.module.eks_az_c.aws_security_group.node",
            "module.vpc.module.vpc.aws_vpc.this"
          ],
          "create_before_destroy": true
        },
        {
          "index_key": "ingress_cluster_8443_webhook",
          "schema_version": 2,
          "attributes": {
            "cidr_blocks": null,
            "description": "Cluster API to node 8443/tcp webhook",
            "from_port": 8443,
            "id": "sgrule-3431796510",
            "ipv6_cidr_blocks": null,
            "prefix_list_ids": [],
            "protocol": "tcp",
            "security_group_id": "sg-0082b29d909aeeb89",
            "security_group_rule_id": "sgr-06754ce356f664b97",
            "self": false,
            "source_security_group_id": "sg-0bab0f882d0b0b62f",
            "timeouts": null,
            "to_port": 8443,
            "type": "ingress"
          },
          "sensitive_attributes": [],
          "private": "eyJlMmJmYjczMC1lY2FhLTExZTYtOGY4OC0zNDM2M2JjN2M0YzAiOnsiY3JlYXRlIjozMDAwMDAwMDAwMDB9LCJzY2hlbWFfdmVyc2lvbiI6IjIifQ==",
          "dependencies": [
            "module.eks_az_c.module.eks_az_c.aws_security_group.cluster",
            "module.eks_az_c.module.eks_az_c.aws_security_group.node",
            "module.vpc.module.vpc.aws_vpc.this"
          ],
          "create_before_destroy": true
        },
        {
          "index_key": "ingress_cluster_9443_webhook",
          "schema_version": 2,
          "attributes": {
            "cidr_blocks": null,
            "description": "Cluster API to node 9443/tcp webhook",
            "from_port": 9443,
            "id": "sgrule-2821471445",
            "ipv6_cidr_blocks": null,
            "prefix_list_ids": [],
            "protocol": "tcp",
            "security_group_id": "sg-0082b29d909aeeb89",
            "security_group_rule_id": "sgr-0087e23f4c1046ab1",
            "self": false,
            "source_security_group_id": "sg-0bab0f882d0b0b62f",
            "timeouts": null,
            "to_port": 9443,
            "type": "ingress"
          },
          "sensitive_attributes": [],
          "private": "eyJlMmJmYjczMC1lY2FhLTExZTYtOGY4OC0zNDM2M2JjN2M0YzAiOnsiY3JlYXRlIjozMDAwMDAwMDAwMDB9LCJzY2hlbWFfdmVyc2lvbiI6IjIifQ==",
          "dependencies": [
            "module.eks_az_c.module.eks_az_c.aws_security_group.cluster",
            "module.eks_az_c.module.eks_az_c.aws_security_group.node",
            "module.vpc.module.vpc.aws_vpc.this"
          ],
          "create_before_destroy": true
        },
        {
          "index_key": "ingress_cluster_kubelet",
          "schema_version": 2,
          "attributes": {
            "cidr_blocks": null,
            "description": "Cluster API to node kubelets",
            "from_port": 10250,
            "id": "sgrule-2995280971",
            "ipv6_cidr_blocks": null,
            "prefix_list_ids": [],
            "protocol": "tcp",
            "security_group_id": "sg-0082b29d909aeeb89",
            "security_group_rule_id": "sgr-0b55ab9ea5a02fb7b",
            "self": false,
            "source_security_group_id": "sg-0bab0f882d0b0b62f",
            "timeouts": null,
            "to_port": 10250,
            "type": "ingress"
          },
          "sensitive_attributes": [],
          "private": "eyJlMmJmYjczMC1lY2FhLTExZTYtOGY4OC0zNDM2M2JjN2M0YzAiOnsiY3JlYXRlIjozMDAwMDAwMDAwMDB9LCJzY2hlbWFfdmVyc2lvbiI6IjIifQ==",
          "dependencies": [
            "module.eks_az_c.module.eks_az_c.aws_security_group.cluster",
            "module.eks_az_c.module.eks_az_c.aws_security_group.node",
            "module.vpc.module.vpc.aws_vpc.this"
          ],
          "create_before_destroy": true
        },
        {
          "index_key": "ingress_nodes_ephemeral",
          "schema_version": 2,
          "attributes": {
            "cidr_blocks": null,
            "description": "Node to node ingress on ephemeral ports",
            "from_port": 1025,
            "id": "sgrule-2871658015",
            "ipv6_cidr_blocks": null,
            "prefix_list_ids": [],
            "protocol": "tcp",
            "security_group_id": "sg-0082b29d909aeeb89",
            "security_group_rule_id": "sgr-0930f114ab6fb1516",
            "self": true,
            "source_security_group_id": null,
            "timeouts": null,
            "to_port": 65535,
            "type": "ingress"
          },
          "sensitive_attributes": [],
          "private": "eyJlMmJmYjczMC1lY2FhLTExZTYtOGY4OC0zNDM2M2JjN2M0YzAiOnsiY3JlYXRlIjozMDAwMDAwMDAwMDB9LCJzY2hlbWFfdmVyc2lvbiI6IjIifQ==",
          "dependencies": [
            "module.eks_az_c.module.eks_az_c.aws_security_group.cluster",
            "module.eks_az_c.module.eks_az_c.aws_security_group.node",
            "module.vpc.module.vpc.aws_vpc.this"
          ],
          "create_before_destroy": true
        },
        {
          "index_key": "ingress_self_coredns_tcp",
          "schema_version": 2,
          "attributes": {
            "cidr_blocks": null,
            "description": "Node to node CoreDNS",
            "from_port": 53,
            "id": "sgrule-1877489536",
            "ipv6_cidr_blocks": null,
            "prefix_list_ids": [],
            "protocol": "tcp",
            "security_group_id": "sg-0082b29d909aeeb89",
            "security_group_rule_id": "sgr-0065f7059be89deb0",
            "self": true,
            "source_security_group_id": null,
            "timeouts": null,
            "to_port": 53,
            "type": "ingress"
          },
          "sensitive_attributes": [],
          "private": "eyJlMmJmYjczMC1lY2FhLTExZTYtOGY4OC0zNDM2M2JjN2M0YzAiOnsiY3JlYXRlIjozMDAwMDAwMDAwMDB9LCJzY2hlbWFfdmVyc2lvbiI6IjIifQ==",
          "dependencies": [
            "module.eks_az_c.module.eks_az_c.aws_security_group.cluster",
            "module.eks_az_c.module.eks_az_c.aws_security_group.node",
            "module.vpc.module.vpc.aws_vpc.this"
          ],
          "create_before_destroy": true
        },
        {
          "index_key": "ingress_self_coredns_udp",
          "schema_version": 2,
          "attributes": {
            "cidr_blocks": null,
            "description": "Node to node CoreDNS UDP",
            "from_port": 53,
            "id": "sgrule-3417805935",
            "ipv6_cidr_blocks": null,
            "prefix_list_ids": [],
            "protocol": "udp",
            "security_group_id": "sg-0082b29d909aeeb89",
            "security_group_rule_id": "sgr-082ac5488ea326421",
            "self": true,
            "source_security_group_id": null,
            "timeouts": null,
            "to_port": 53,
            "type": "ingress"
          },
          "sensitive_attributes": [],
          "private": "eyJlMmJmYjczMC1lY2FhLTExZTYtOGY4OC0zNDM2M2JjN2M0YzAiOnsiY3JlYXRlIjozMDAwMDAwMDAwMDB9LCJzY2hlbWFfdmVyc2lvbiI6IjIifQ==",
          "dependencies": [
            "module.eks_az_c.module.eks_az_c.aws_security_group.cluster",
            "module.eks_az_c.module.eks_az_c.aws_security_group.node",
            "module.vpc.module.vpc.aws_vpc.this"
          ],
          "create_before_destroy": true
        }
      ]
    },
    {
      "module": "module.eks_az_c.module.eks_az_c.module.kms",
      "mode": "data",
      "type": "aws_caller_identity",
      "name": "current",
      "provider": "provider[\"registry.terraform.io/hashicorp/aws\"]",
      "instances": [
        {
          "index_key": 0,
          "schema_version": 0,
          "attributes": {
            "account_id": "277707137172",
            "arn": "arn:aws:iam::277707137172:user/user5",
            "id": "277707137172",
            "user_id": "AIDAUBKFCUCKJRC6C4LFH"
          },
          "sensitive_attributes": []
        }
      ]
    },
    {
      "module": "module.eks_az_c.module.eks_az_c.module.kms",
      "mode": "data",
      "type": "aws_iam_policy_document",
      "name": "this",
      "provider": "provider[\"registry.terraform.io/hashicorp/aws\"]",
      "instances": [
        {
          "index_key": 0,
          "schema_version": 0,
          "attributes": {
            "id": "3685437662",
            "json": "{\n  \"Version\": \"2012-10-17\",\n  \"Statement\": [\n    {\n      \"Sid\": \"Default\",\n      \"Effect\": \"Allow\",\n      \"Action\": \"kms:*\",\n      \"Resource\": \"*\",\n      \"Principal\": {\n        \"AWS\": \"arn:aws:iam::277707137172:root\"\n      }\n    },\n    {\n      \"Sid\": \"KeyAdministration\",\n      \"Effect\": \"Allow\",\n      \"Action\": [\n        \"kms:Update*\",\n        \"kms:UntagResource\",\n        \"kms:TagResource\",\n        \"kms:ScheduleKeyDeletion\",\n        \"kms:Revoke*\",\n        \"kms:ReplicateKey\",\n        \"kms:Put*\",\n        \"kms:List*\",\n        \"kms:ImportKeyMaterial\",\n        \"kms:Get*\",\n        \"kms:Enable*\",\n        \"kms:Disable*\",\n        \"kms:Describe*\",\n        \"kms:Delete*\",\n        \"kms:Create*\",\n        \"kms:CancelKeyDeletion\"\n      ],\n      \"Resource\": \"*\",\n      \"Principal\": {\n        \"AWS\": \"arn:aws:iam::277707137172:user/user5\"\n      }\n    },\n    {\n      \"Sid\": \"KeyUsage\",\n      \"Effect\": \"Allow\",\n      \"Action\": [\n        \"kms:ReEncrypt*\",\n        \"kms:GenerateDataKey*\",\n        \"kms:Encrypt\",\n        \"kms:DescribeKey\",\n        \"kms:Decrypt\"\n      ],\n      \"Resource\": \"*\",\n      \"Principal\": {\n        \"AWS\": \"arn:aws:iam::277707137172:role/stage-eks-az-c-cluster-20250212080316761300000009\"\n      }\n    }\n  ]\n}",
            "minified_json": "{\"Version\":\"2012-10-17\",\"Statement\":[{\"Sid\":\"Default\",\"Effect\":\"Allow\",\"Action\":\"kms:*\",\"Resource\":\"*\",\"Principal\":{\"AWS\":\"arn:aws:iam::277707137172:root\"}},{\"Sid\":\"KeyAdministration\",\"Effect\":\"Allow\",\"Action\":[\"kms:Update*\",\"kms:UntagResource\",\"kms:TagResource\",\"kms:ScheduleKeyDeletion\",\"kms:Revoke*\",\"kms:ReplicateKey\",\"kms:Put*\",\"kms:List*\",\"kms:ImportKeyMaterial\",\"kms:Get*\",\"kms:Enable*\",\"kms:Disable*\",\"kms:Describe*\",\"kms:Delete*\",\"kms:Create*\",\"kms:CancelKeyDeletion\"],\"Resource\":\"*\",\"Principal\":{\"AWS\":\"arn:aws:iam::277707137172:user/user5\"}},{\"Sid\":\"KeyUsage\",\"Effect\":\"Allow\",\"Action\":[\"kms:ReEncrypt*\",\"kms:GenerateDataKey*\",\"kms:Encrypt\",\"kms:DescribeKey\",\"kms:Decrypt\"],\"Resource\":\"*\",\"Principal\":{\"AWS\":\"arn:aws:iam::277707137172:role/stage-eks-az-c-cluster-20250212080316761300000009\"}}]}",
            "override_json": null,
            "override_policy_documents": null,
            "policy_id": null,
            "source_json": null,
            "source_policy_documents": null,
            "statement": [
              {
                "actions": [
                  "kms:*"
                ],
                "condition": [],
                "effect": "Allow",
                "not_actions": [],
                "not_principals": [],
                "not_resources": [],
                "principals": [
                  {
                    "identifiers": [
                      "arn:aws:iam::277707137172:root"
                    ],
                    "type": "AWS"
                  }
                ],
                "resources": [
                  "*"
                ],
                "sid": "Default"
              },
              {
                "actions": [
                  "kms:CancelKeyDeletion",
                  "kms:Create*",
                  "kms:Delete*",
                  "kms:Describe*",
                  "kms:Disable*",
                  "kms:Enable*",
                  "kms:Get*",
                  "kms:ImportKeyMaterial",
                  "kms:List*",
                  "kms:Put*",
                  "kms:ReplicateKey",
                  "kms:Revoke*",
                  "kms:ScheduleKeyDeletion",
                  "kms:TagResource",
                  "kms:UntagResource",
                  "kms:Update*"
                ],
                "condition": [],
                "effect": "Allow",
                "not_actions": [],
                "not_principals": [],
                "not_resources": [],
                "principals": [
                  {
                    "identifiers": [
                      "arn:aws:iam::277707137172:user/user5"
                    ],
                    "type": "AWS"
                  }
                ],
                "resources": [
                  "*"
                ],
                "sid": "KeyAdministration"
              },
              {
                "actions": [
                  "kms:Decrypt",
                  "kms:DescribeKey",
                  "kms:Encrypt",
                  "kms:GenerateDataKey*",
                  "kms:ReEncrypt*"
                ],
                "condition": [],
                "effect": "Allow",
                "not_actions": [],
                "not_principals": [],
                "not_resources": [],
                "principals": [
                  {
                    "identifiers": [
                      "arn:aws:iam::277707137172:role/stage-eks-az-c-cluster-20250212080316761300000009"
                    ],
                    "type": "AWS"
                  }
                ],
                "resources": [
                  "*"
                ],
                "sid": "KeyUsage"
              }
            ],
            "version": "2012-10-17"
          },
          "sensitive_attributes": []
        }
      ]
    },
    {
      "module": "module.eks_az_c.module.eks_az_c.module.kms",
      "mode": "data",
      "type": "aws_partition",
      "name": "current",
      "provider": "provider[\"registry.terraform.io/hashicorp/aws\"]",
      "instances": [
        {
          "index_key": 0,
          "schema_version": 0,
          "attributes": {
            "dns_suffix": "amazonaws.com",
            "id": "aws",
            "partition": "aws",
            "reverse_dns_prefix": "com.amazonaws"
          },
          "sensitive_attributes": []
        }
      ]
    },
    {
      "module": "module.eks_az_c.module.eks_az_c.module.kms",
      "mode": "managed",
      "type": "aws_kms_external_key",
      "name": "this",
      "provider": "provider[\"registry.terraform.io/hashicorp/aws\"]",
      "instances": []
    },
    {
      "module": "module.eks_az_c.module.eks_az_c.module.kms",
      "mode": "managed",
      "type": "aws_kms_grant",
      "name": "this",
      "provider": "provider[\"registry.terraform.io/hashicorp/aws\"]",
      "instances": []
    },
    {
      "module": "module.eks_az_c.module.eks_az_c.module.kms",
      "mode": "managed",
      "type": "aws_kms_key",
      "name": "this",
      "provider": "provider[\"registry.terraform.io/hashicorp/aws\"]",
      "instances": [
        {
          "index_key": 0,
          "schema_version": 0,
          "attributes": {
            "arn": "arn:aws:kms:ap-northeast-2:277707137172:key/d0626892-d75d-4a25-a603-8be0121ecd98",
            "bypass_policy_lockout_safety_check": false,
            "custom_key_store_id": "",
            "customer_master_key_spec": "SYMMETRIC_DEFAULT",
            "deletion_window_in_days": null,
            "description": "stage-eks-az-c cluster encryption key",
            "enable_key_rotation": true,
            "id": "d0626892-d75d-4a25-a603-8be0121ecd98",
            "is_enabled": true,
            "key_id": "d0626892-d75d-4a25-a603-8be0121ecd98",
            "key_usage": "ENCRYPT_DECRYPT",
            "multi_region": false,
            "policy": "{\"Statement\":[{\"Action\":\"kms:*\",\"Effect\":\"Allow\",\"Principal\":{\"AWS\":\"arn:aws:iam::277707137172:root\"},\"Resource\":\"*\",\"Sid\":\"Default\"},{\"Action\":[\"kms:Update*\",\"kms:UntagResource\",\"kms:TagResource\",\"kms:ScheduleKeyDeletion\",\"kms:Revoke*\",\"kms:ReplicateKey\",\"kms:Put*\",\"kms:List*\",\"kms:ImportKeyMaterial\",\"kms:Get*\",\"kms:Enable*\",\"kms:Disable*\",\"kms:Describe*\",\"kms:Delete*\",\"kms:Create*\",\"kms:CancelKeyDeletion\"],\"Effect\":\"Allow\",\"Principal\":{\"AWS\":\"arn:aws:iam::277707137172:user/user5\"},\"Resource\":\"*\",\"Sid\":\"KeyAdministration\"},{\"Action\":[\"kms:ReEncrypt*\",\"kms:GenerateDataKey*\",\"kms:Encrypt\",\"kms:DescribeKey\",\"kms:Decrypt\"],\"Effect\":\"Allow\",\"Principal\":{\"AWS\":\"arn:aws:iam::277707137172:role/stage-eks-az-c-cluster-20250212080316761300000009\"},\"Resource\":\"*\",\"Sid\":\"KeyUsage\"}],\"Version\":\"2012-10-17\"}",
            "rotation_period_in_days": 365,
            "tags": {
              "Environment": "dev",
              "Terraform": "true",
              "Zone": "az-c",
              "terraform-aws-modules": "eks"
            },
            "tags_all": {
              "Environment": "dev",
              "Terraform": "true",
              "Zone": "az-c",
              "terraform-aws-modules": "eks"
            },
            "timeouts": null,
            "xks_key_id": ""
          },
          "sensitive_attributes": [],
          "private": "eyJlMmJmYjczMC1lY2FhLTExZTYtOGY4OC0zNDM2M2JjN2M0YzAiOnsiY3JlYXRlIjoxMjAwMDAwMDAwMDB9fQ==",
          "dependencies": [
            "module.eks_az_c.module.eks_az_c.aws_iam_role.this",
            "module.eks_az_c.module.eks_az_c.data.aws_caller_identity.current",
            "module.eks_az_c.module.eks_az_c.data.aws_iam_policy_document.assume_role_policy",
            "module.eks_az_c.module.eks_az_c.data.aws_iam_session_context.current",
            "module.eks_az_c.module.eks_az_c.module.kms.data.aws_caller_identity.current",
            "module.eks_az_c.module.eks_az_c.module.kms.data.aws_iam_policy_document.this",
            "module.eks_az_c.module.eks_az_c.module.kms.data.aws_partition.current"
          ],
          "create_before_destroy": true
        }
      ]
    },
    {
      "module": "module.eks_az_c.module.eks_az_c.module.kms",
      "mode": "managed",
      "type": "aws_kms_replica_external_key",
      "name": "this",
      "provider": "provider[\"registry.terraform.io/hashicorp/aws\"]",
      "instances": []
    },
    {
      "module": "module.eks_az_c.module.eks_az_c.module.kms",
      "mode": "managed",
      "type": "aws_kms_replica_key",
      "name": "this",
      "provider": "provider[\"registry.terraform.io/hashicorp/aws\"]",
      "instances": []
    },
    {
      "module": "module.rds",
      "mode": "managed",
      "type": "aws_db_subnet_group",
      "name": "az_a",
      "provider": "provider[\"registry.terraform.io/hashicorp/aws\"]",
      "instances": [
        {
          "schema_version": 0,
          "attributes": {
            "arn": "arn:aws:rds:ap-northeast-2:277707137172:subgrp:stagedb-subnet-group-az-a",
            "description": "Managed by Terraform",
            "id": "stagedb-subnet-group-az-a",
            "name": "stagedb-subnet-group-az-a",
            "name_prefix": "",
            "subnet_ids": [
              "subnet-07353d6020e365d45",
              "subnet-07571ad452fe3c868",
              "subnet-0a7ec893fde1bb5b2"
            ],
            "supported_network_types": [
              "IPV4"
            ],
            "tags": {
              "Name": "stagedb-subnet-group-az-a"
            },
            "tags_all": {
              "Name": "stagedb-subnet-group-az-a"
            },
            "vpc_id": "vpc-0aea249fb189ca256"
          },
          "sensitive_attributes": [
            [
              {
                "type": "get_attr",
                "value": "tags"
              },
              {
                "type": "index",
                "value": {
                  "value": "Name",
                  "type": "string"
                }
              }
            ],
            [
              {
                "type": "get_attr",
                "value": "name"
              }
            ]
          ],
          "private": "bnVsbA==",
          "dependencies": [
            "module.vpc.module.vpc.aws_subnet.private",
            "module.vpc.module.vpc.aws_vpc.this",
            "module.vpc.module.vpc.aws_vpc_ipv4_cidr_block_association.this"
          ]
        }
      ]
    },
    {
      "module": "module.rds",
      "mode": "managed",
      "type": "aws_db_subnet_group",
      "name": "az_c",
      "provider": "provider[\"registry.terraform.io/hashicorp/aws\"]",
      "instances": [
        {
          "schema_version": 0,
          "attributes": {
            "arn": "arn:aws:rds:ap-northeast-2:277707137172:subgrp:stagedb-subnet-group-az-c",
            "description": "Managed by Terraform",
            "id": "stagedb-subnet-group-az-c",
            "name": "stagedb-subnet-group-az-c",
            "name_prefix": "",
            "subnet_ids": [
              "subnet-069699589e1a1a0fb",
              "subnet-0b2348acfc360a74f",
              "subnet-0fa542ece4895af4a"
            ],
            "supported_network_types": [
              "IPV4"
            ],
            "tags": {
              "Name": "stagedb-subnet-group-az-c"
            },
            "tags_all": {
              "Name": "stagedb-subnet-group-az-c"
            },
            "vpc_id": "vpc-0aea249fb189ca256"
          },
          "sensitive_attributes": [
            [
              {
                "type": "get_attr",
                "value": "tags"
              },
              {
                "type": "index",
                "value": {
                  "value": "Name",
                  "type": "string"
                }
              }
            ],
            [
              {
                "type": "get_attr",
                "value": "name"
              }
            ]
          ],
          "private": "bnVsbA==",
          "dependencies": [
            "module.vpc.module.vpc.aws_subnet.private",
            "module.vpc.module.vpc.aws_vpc.this",
            "module.vpc.module.vpc.aws_vpc_ipv4_cidr_block_association.this"
          ]
        }
      ]
    },
    {
      "module": "module.rds.module.aws_rds_reader_az_a.module.db_instance",
      "mode": "data",
      "type": "aws_iam_policy_document",
      "name": "enhanced_monitoring",
      "provider": "provider[\"registry.terraform.io/hashicorp/aws\"]",
      "instances": [
        {
          "schema_version": 0,
          "attributes": {
            "id": "76086537",
            "json": "{\n  \"Version\": \"2012-10-17\",\n  \"Statement\": [\n    {\n      \"Effect\": \"Allow\",\n      \"Action\": \"sts:AssumeRole\",\n      \"Principal\": {\n        \"Service\": \"monitoring.rds.amazonaws.com\"\n      }\n    }\n  ]\n}",
            "minified_json": "{\"Version\":\"2012-10-17\",\"Statement\":[{\"Effect\":\"Allow\",\"Action\":\"sts:AssumeRole\",\"Principal\":{\"Service\":\"monitoring.rds.amazonaws.com\"}}]}",
            "override_json": null,
            "override_policy_documents": null,
            "policy_id": null,
            "source_json": null,
            "source_policy_documents": null,
            "statement": [
              {
                "actions": [
                  "sts:AssumeRole"
                ],
                "condition": [],
                "effect": "Allow",
                "not_actions": [],
                "not_principals": [],
                "not_resources": [],
                "principals": [
                  {
                    "identifiers": [
                      "monitoring.rds.amazonaws.com"
                    ],
                    "type": "Service"
                  }
                ],
                "resources": [],
                "sid": ""
              }
            ],
            "version": "2012-10-17"
          },
          "sensitive_attributes": []
        }
      ]
    },
    {
      "module": "module.rds.module.aws_rds_reader_az_a.module.db_instance",
      "mode": "data",
      "type": "aws_partition",
      "name": "current",
      "provider": "provider[\"registry.terraform.io/hashicorp/aws\"]",
      "instances": [
        {
          "schema_version": 0,
          "attributes": {
            "dns_suffix": "amazonaws.com",
            "id": "aws",
            "partition": "aws",
            "reverse_dns_prefix": "com.amazonaws"
          },
          "sensitive_attributes": []
        }
      ]
    },
    {
      "module": "module.rds.module.aws_rds_reader_az_a.module.db_instance",
      "mode": "managed",
      "type": "aws_cloudwatch_log_group",
      "name": "this",
      "provider": "provider[\"registry.terraform.io/hashicorp/aws\"]",
      "instances": []
    },
    {
      "module": "module.rds.module.aws_rds_reader_az_a.module.db_instance",
      "mode": "managed",
      "type": "aws_db_instance",
      "name": "this",
      "provider": "provider[\"registry.terraform.io/hashicorp/aws\"]",
      "instances": [
        {
          "index_key": 0,
          "schema_version": 2,
          "attributes": {
            "address": "stagedb-read-az-a.c1eym0ccq75k.ap-northeast-2.rds.amazonaws.com",
            "allocated_storage": 20,
            "allow_major_version_upgrade": false,
            "apply_immediately": false,
            "arn": "arn:aws:rds:ap-northeast-2:277707137172:db:stagedb-read-az-a",
            "auto_minor_version_upgrade": true,
            "availability_zone": "ap-northeast-2a",
            "backup_retention_period": 0,
            "backup_target": "region",
            "backup_window": "15:34-16:04",
            "blue_green_update": [],
            "ca_cert_identifier": "rds-ca-rsa2048-g1",
            "character_set_name": "",
            "copy_tags_to_snapshot": false,
            "custom_iam_instance_profile": "",
            "customer_owned_ip_enabled": false,
            "db_name": "stagedb",
            "db_subnet_group_name": "stagedb-subnet-group-az-a",
            "dedicated_log_volume": false,
            "delete_automated_backups": true,
            "deletion_protection": false,
            "domain": "",
            "domain_auth_secret_arn": "",
            "domain_dns_ips": [],
            "domain_fqdn": "",
            "domain_iam_role_name": "",
            "domain_ou": "",
            "enabled_cloudwatch_logs_exports": [],
            "endpoint": "stagedb-read-az-a.c1eym0ccq75k.ap-northeast-2.rds.amazonaws.com:3306",
            "engine": "mysql",
            "engine_lifecycle_support": "open-source-rds-extended-support",
            "engine_version": "8.0",
            "engine_version_actual": "8.0.40",
            "final_snapshot_identifier": "final-stagedb-read-az-a-e857ac6c",
            "hosted_zone_id": "ZLA2NUCOLGUUR",
            "iam_database_authentication_enabled": false,
            "id": "db-RPUALRGSZ7GKJY4S5KMBJXESC4",
            "identifier": "stagedb-read-az-a",
            "identifier_prefix": "",
            "instance_class": "db.t3.micro",
            "iops": 0,
            "kms_key_id": "arn:aws:kms:ap-northeast-2:277707137172:key/03548950-c7d9-40cb-8b62-4d0a1c84dbd1",
            "latest_restorable_time": "",
            "license_model": "general-public-license",
            "listener_endpoint": [],
            "maintenance_window": "tue:19:39-tue:20:09",
            "manage_master_user_password": null,
            "master_user_secret": [],
            "master_user_secret_kms_key_id": null,
            "max_allocated_storage": 0,
            "monitoring_interval": 0,
            "monitoring_role_arn": "",
            "multi_az": false,
            "nchar_character_set_name": "",
            "network_type": "IPV4",
            "option_group_name": "stagedb-opt-read-a",
            "parameter_group_name": "stagedb-param-read-a",
            "password": null,
            "performance_insights_enabled": false,
            "performance_insights_kms_key_id": "",
            "performance_insights_retention_period": 0,
            "port": 3306,
            "publicly_accessible": false,
            "replica_mode": "",
            "replicas": [],
            "replicate_source_db": "stagedb-write-az-a",
            "resource_id": "db-RPUALRGSZ7GKJY4S5KMBJXESC4",
            "restore_to_point_in_time": [],
            "s3_import": [],
            "skip_final_snapshot": false,
            "snapshot_identifier": null,
            "status": "available",
            "storage_encrypted": true,
            "storage_throughput": 0,
            "storage_type": "gp2",
            "tags": {
              "Environment": "dev",
              "Owner": "user",
              "Role": "reader-az-a"
            },
            "tags_all": {
              "Environment": "dev",
              "Owner": "user",
              "Role": "reader-az-a"
            },
            "timeouts": {
              "create": null,
              "delete": null,
              "update": null
            },
            "timezone": "",
            "upgrade_storage_config": null,
            "username": "root",
            "vpc_security_group_ids": []
          },
          "sensitive_attributes": [
            [
              {
                "type": "get_attr",
                "value": "manage_master_user_password"
              }
            ],
            [
              {
                "type": "get_attr",
                "value": "identifier_prefix"
              }
            ],
            [
              {
                "type": "get_attr",
                "value": "port"
              }
            ],
            [
              {
                "type": "get_attr",
                "value": "password"
              }
            ],
            [
              {
                "type": "get_attr",
                "value": "final_snapshot_identifier"
              }
            ],
            [
              {
                "type": "get_attr",
                "value": "username"
              }
            ],
            [
              {
                "type": "get_attr",
                "value": "engine"
              }
            ],
            [
              {
                "type": "get_attr",
                "value": "master_user_secret_kms_key_id"
              }
            ],
            [
              {
                "type": "get_attr",
                "value": "parameter_group_name"
              }
            ],
            [
              {
                "type": "get_attr",
                "value": "option_group_name"
              }
            ],
            [
              {
                "type": "get_attr",
                "value": "replicate_source_db"
              }
            ],
            [
              {
                "type": "get_attr",
                "value": "identifier"
              }
            ]
          ],
          "private": "eyJlMmJmYjczMC1lY2FhLTExZTYtOGY4OC0zNDM2M2JjN2M0YzAiOnsiY3JlYXRlIjozMDAwMDAwMDAwMDAwLCJkZWxldGUiOjM2MDAwMDAwMDAwMDAsInVwZGF0ZSI6NDgwMDAwMDAwMDAwMH0sInNjaGVtYV92ZXJzaW9uIjoiMiJ9",
          "dependencies": [
            "module.rds.aws_db_subnet_group.az_a",
            "module.rds.module.aws_rds_reader_az_a.module.db_instance.aws_cloudwatch_log_group.this",
            "module.rds.module.aws_rds_reader_az_a.module.db_instance.aws_iam_role.enhanced_monitoring",
            "module.rds.module.aws_rds_reader_az_a.module.db_instance.data.aws_iam_policy_document.enhanced_monitoring",
            "module.rds.module.aws_rds_reader_az_a.module.db_instance.random_id.snapshot_identifier",
            "module.rds.module.aws_rds_reader_az_a.module.db_option_group.aws_db_option_group.this",
            "module.rds.module.aws_rds_reader_az_a.module.db_parameter_group.aws_db_parameter_group.this",
            "module.rds.module.aws_rds_reader_az_a.module.db_subnet_group.aws_db_subnet_group.this",
            "module.rds.module.aws_rds_writer_az_a.module.db_instance.aws_cloudwatch_log_group.this",
            "module.rds.module.aws_rds_writer_az_a.module.db_instance.aws_db_instance.this",
            "module.rds.module.aws_rds_writer_az_a.module.db_instance.aws_iam_role.enhanced_monitoring",
            "module.rds.module.aws_rds_writer_az_a.module.db_instance.data.aws_iam_policy_document.enhanced_monitoring",
            "module.rds.module.aws_rds_writer_az_a.module.db_instance.random_id.snapshot_identifier",
            "module.rds.module.aws_rds_writer_az_a.module.db_option_group.aws_db_option_group.this",
            "module.rds.module.aws_rds_writer_az_a.module.db_parameter_group.aws_db_parameter_group.this",
            "module.rds.module.aws_rds_writer_az_a.module.db_subnet_group.aws_db_subnet_group.this",
            "module.vpc.module.vpc.aws_subnet.private",
            "module.vpc.module.vpc.aws_vpc.this",
            "module.vpc.module.vpc.aws_vpc_ipv4_cidr_block_association.this"
          ]
        }
      ]
    },
    {
      "module": "module.rds.module.aws_rds_reader_az_a.module.db_instance",
      "mode": "managed",
      "type": "aws_iam_role",
      "name": "enhanced_monitoring",
      "provider": "provider[\"registry.terraform.io/hashicorp/aws\"]",
      "instances": []
    },
    {
      "module": "module.rds.module.aws_rds_reader_az_a.module.db_instance",
      "mode": "managed",
      "type": "aws_iam_role_policy_attachment",
      "name": "enhanced_monitoring",
      "provider": "provider[\"registry.terraform.io/hashicorp/aws\"]",
      "instances": []
    },
    {
      "module": "module.rds.module.aws_rds_reader_az_a.module.db_instance",
      "mode": "managed",
      "type": "aws_secretsmanager_secret_rotation",
      "name": "this",
      "provider": "provider[\"registry.terraform.io/hashicorp/aws\"]",
      "instances": []
    },
    {
      "module": "module.rds.module.aws_rds_reader_az_a.module.db_instance",
      "mode": "managed",
      "type": "random_id",
      "name": "snapshot_identifier",
      "provider": "provider[\"registry.terraform.io/hashicorp/random\"]",
      "instances": [
        {
          "index_key": 0,
          "schema_version": 0,
          "attributes": {
            "b64_std": "6FesbA==",
            "b64_url": "6FesbA",
            "byte_length": 4,
            "dec": "3898059884",
            "hex": "e857ac6c",
            "id": "6FesbA",
            "keepers": {
              "id": "stagedb-read-az-a"
            },
            "prefix": null
          },
          "sensitive_attributes": [
            [
              {
                "type": "get_attr",
                "value": "keepers"
              },
              {
                "type": "index",
                "value": {
                  "value": "id",
                  "type": "string"
                }
              }
            ]
          ]
        }
      ]
    },
    {
      "module": "module.rds.module.aws_rds_reader_az_a.module.db_option_group",
      "mode": "managed",
      "type": "aws_db_option_group",
      "name": "this",
      "provider": "provider[\"registry.terraform.io/hashicorp/aws\"]",
      "instances": [
        {
          "index_key": 0,
          "schema_version": 0,
          "attributes": {
            "arn": "arn:aws:rds:ap-northeast-2:277707137172:og:stagedb-opt-read-a",
            "engine_name": "mysql",
            "id": "stagedb-opt-read-a",
            "major_engine_version": "8.0",
            "name": "stagedb-opt-read-a",
            "name_prefix": "",
            "option": [],
            "option_group_description": "stagedb-opt-read-a option group",
            "skip_destroy": false,
            "tags": {
              "Environment": "dev",
              "Name": "stagedb-opt-read-a",
              "Owner": "user",
              "Role": "reader-az-a"
            },
            "tags_all": {
              "Environment": "dev",
              "Name": "stagedb-opt-read-a",
              "Owner": "user",
              "Role": "reader-az-a"
            },
            "timeouts": {
              "delete": null
            }
          },
          "sensitive_attributes": [
            [
              {
                "type": "get_attr",
                "value": "tags"
              },
              {
                "type": "index",
                "value": {
                  "value": "Name",
                  "type": "string"
                }
              }
            ],
            [
              {
                "type": "get_attr",
                "value": "name_prefix"
              }
            ],
            [
              {
                "type": "get_attr",
                "value": "option_group_description"
              }
            ],
            [
              {
                "type": "get_attr",
                "value": "name"
              }
            ]
          ],
          "private": "eyJlMmJmYjczMC1lY2FhLTExZTYtOGY4OC0zNDM2M2JjN2M0YzAiOnsiZGVsZXRlIjo5MDAwMDAwMDAwMDB9fQ==",
          "create_before_destroy": true
        }
      ]
    },
    {
      "module": "module.rds.module.aws_rds_reader_az_a.module.db_parameter_group",
      "mode": "managed",
      "type": "aws_db_parameter_group",
      "name": "this",
      "provider": "provider[\"registry.terraform.io/hashicorp/aws\"]",
      "instances": [
        {
          "index_key": 0,
          "schema_version": 0,
          "attributes": {
            "arn": "arn:aws:rds:ap-northeast-2:277707137172:pg:stagedb-param-read-a",
            "description": "stagedb-param-read-a parameter group",
            "family": "mysql8.0",
            "id": "stagedb-param-read-a",
            "name": "stagedb-param-read-a",
            "name_prefix": "",
            "parameter": [],
            "skip_destroy": false,
            "tags": {
              "Environment": "dev",
              "Name": "stagedb-param-read-a",
              "Owner": "user",
              "Role": "reader-az-a"
            },
            "tags_all": {
              "Environment": "dev",
              "Name": "stagedb-param-read-a",
              "Owner": "user",
              "Role": "reader-az-a"
            }
          },
          "sensitive_attributes": [
            [
              {
                "type": "get_attr",
                "value": "tags"
              },
              {
                "type": "index",
                "value": {
                  "value": "Name",
                  "type": "string"
                }
              }
            ],
            [
              {
                "type": "get_attr",
                "value": "name_prefix"
              }
            ],
            [
              {
                "type": "get_attr",
                "value": "name"
              }
            ],
            [
              {
                "type": "get_attr",
                "value": "description"
              }
            ]
          ],
          "private": "bnVsbA==",
          "create_before_destroy": true
        }
      ]
    },
    {
      "module": "module.rds.module.aws_rds_reader_az_a.module.db_subnet_group",
      "mode": "managed",
      "type": "aws_db_subnet_group",
      "name": "this",
      "provider": "provider[\"registry.terraform.io/hashicorp/aws\"]",
      "instances": []
    },
    {
      "module": "module.rds.module.aws_rds_reader_az_c.module.db_instance",
      "mode": "data",
      "type": "aws_iam_policy_document",
      "name": "enhanced_monitoring",
      "provider": "provider[\"registry.terraform.io/hashicorp/aws\"]",
      "instances": [
        {
          "schema_version": 0,
          "attributes": {
            "id": "76086537",
            "json": "{\n  \"Version\": \"2012-10-17\",\n  \"Statement\": [\n    {\n      \"Effect\": \"Allow\",\n      \"Action\": \"sts:AssumeRole\",\n      \"Principal\": {\n        \"Service\": \"monitoring.rds.amazonaws.com\"\n      }\n    }\n  ]\n}",
            "minified_json": "{\"Version\":\"2012-10-17\",\"Statement\":[{\"Effect\":\"Allow\",\"Action\":\"sts:AssumeRole\",\"Principal\":{\"Service\":\"monitoring.rds.amazonaws.com\"}}]}",
            "override_json": null,
            "override_policy_documents": null,
            "policy_id": null,
            "source_json": null,
            "source_policy_documents": null,
            "statement": [
              {
                "actions": [
                  "sts:AssumeRole"
                ],
                "condition": [],
                "effect": "Allow",
                "not_actions": [],
                "not_principals": [],
                "not_resources": [],
                "principals": [
                  {
                    "identifiers": [
                      "monitoring.rds.amazonaws.com"
                    ],
                    "type": "Service"
                  }
                ],
                "resources": [],
                "sid": ""
              }
            ],
            "version": "2012-10-17"
          },
          "sensitive_attributes": []
        }
      ]
    },
    {
      "module": "module.rds.module.aws_rds_reader_az_c.module.db_instance",
      "mode": "data",
      "type": "aws_partition",
      "name": "current",
      "provider": "provider[\"registry.terraform.io/hashicorp/aws\"]",
      "instances": [
        {
          "schema_version": 0,
          "attributes": {
            "dns_suffix": "amazonaws.com",
            "id": "aws",
            "partition": "aws",
            "reverse_dns_prefix": "com.amazonaws"
          },
          "sensitive_attributes": []
        }
      ]
    },
    {
      "module": "module.rds.module.aws_rds_reader_az_c.module.db_instance",
      "mode": "managed",
      "type": "aws_cloudwatch_log_group",
      "name": "this",
      "provider": "provider[\"registry.terraform.io/hashicorp/aws\"]",
      "instances": []
    },
    {
      "module": "module.rds.module.aws_rds_reader_az_c.module.db_instance",
      "mode": "managed",
      "type": "aws_db_instance",
      "name": "this",
      "provider": "provider[\"registry.terraform.io/hashicorp/aws\"]",
      "instances": [
        {
          "index_key": 0,
          "schema_version": 2,
          "attributes": {
            "address": "stagedb-read-az-c.c1eym0ccq75k.ap-northeast-2.rds.amazonaws.com",
            "allocated_storage": 20,
            "allow_major_version_upgrade": false,
            "apply_immediately": false,
            "arn": "arn:aws:rds:ap-northeast-2:277707137172:db:stagedb-read-az-c",
            "auto_minor_version_upgrade": true,
            "availability_zone": "ap-northeast-2c",
            "backup_retention_period": 0,
            "backup_target": "region",
            "backup_window": "13:42-14:12",
            "blue_green_update": [],
            "ca_cert_identifier": "rds-ca-rsa2048-g1",
            "character_set_name": "",
            "copy_tags_to_snapshot": false,
            "custom_iam_instance_profile": "",
            "customer_owned_ip_enabled": false,
            "db_name": "stagedb",
            "db_subnet_group_name": "stagedb-subnet-group-az-c",
            "dedicated_log_volume": false,
            "delete_automated_backups": true,
            "deletion_protection": false,
            "domain": "",
            "domain_auth_secret_arn": "",
            "domain_dns_ips": [],
            "domain_fqdn": "",
            "domain_iam_role_name": "",
            "domain_ou": "",
            "enabled_cloudwatch_logs_exports": [],
            "endpoint": "stagedb-read-az-c.c1eym0ccq75k.ap-northeast-2.rds.amazonaws.com:3306",
            "engine": "mysql",
            "engine_lifecycle_support": "open-source-rds-extended-support",
            "engine_version": "8.0",
            "engine_version_actual": "8.0.40",
            "final_snapshot_identifier": "final-stagedb-read-az-c-5287c6bb",
            "hosted_zone_id": "ZLA2NUCOLGUUR",
            "iam_database_authentication_enabled": false,
            "id": "db-IIJTROJADIZ5X6PV3CWVK7CL6I",
            "identifier": "stagedb-read-az-c",
            "identifier_prefix": "",
            "instance_class": "db.t3.micro",
            "iops": 0,
            "kms_key_id": "arn:aws:kms:ap-northeast-2:277707137172:key/03548950-c7d9-40cb-8b62-4d0a1c84dbd1",
            "latest_restorable_time": "",
            "license_model": "general-public-license",
            "listener_endpoint": [],
            "maintenance_window": "thu:18:22-thu:18:52",
            "manage_master_user_password": null,
            "master_user_secret": [],
            "master_user_secret_kms_key_id": null,
            "max_allocated_storage": 0,
            "monitoring_interval": 0,
            "monitoring_role_arn": "",
            "multi_az": false,
            "nchar_character_set_name": "",
            "network_type": "IPV4",
            "option_group_name": "stagedb-opt-read-c",
            "parameter_group_name": "stagedb-param-read-c",
            "password": null,
            "performance_insights_enabled": false,
            "performance_insights_kms_key_id": "",
            "performance_insights_retention_period": 0,
            "port": 3306,
            "publicly_accessible": false,
            "replica_mode": "",
            "replicas": [],
            "replicate_source_db": "stagedb-write-az-c",
            "resource_id": "db-IIJTROJADIZ5X6PV3CWVK7CL6I",
            "restore_to_point_in_time": [],
            "s3_import": [],
            "skip_final_snapshot": false,
            "snapshot_identifier": null,
            "status": "available",
            "storage_encrypted": true,
            "storage_throughput": 0,
            "storage_type": "gp2",
            "tags": {
              "Environment": "dev",
              "Owner": "user",
              "Role": "reader-az-c"
            },
            "tags_all": {
              "Environment": "dev",
              "Owner": "user",
              "Role": "reader-az-c"
            },
            "timeouts": {
              "create": null,
              "delete": null,
              "update": null
            },
            "timezone": "",
            "upgrade_storage_config": null,
            "username": "root",
            "vpc_security_group_ids": []
          },
          "sensitive_attributes": [
            [
              {
                "type": "get_attr",
                "value": "manage_master_user_password"
              }
            ],
            [
              {
                "type": "get_attr",
                "value": "option_group_name"
              }
            ],
            [
              {
                "type": "get_attr",
                "value": "port"
              }
            ],
            [
              {
                "type": "get_attr",
                "value": "identifier"
              }
            ],
            [
              {
                "type": "get_attr",
                "value": "master_user_secret_kms_key_id"
              }
            ],
            [
              {
                "type": "get_attr",
                "value": "final_snapshot_identifier"
              }
            ],
            [
              {
                "type": "get_attr",
                "value": "replicate_source_db"
              }
            ],
            [
              {
                "type": "get_attr",
                "value": "engine"
              }
            ],
            [
              {
                "type": "get_attr",
                "value": "username"
              }
            ],
            [
              {
                "type": "get_attr",
                "value": "password"
              }
            ],
            [
              {
                "type": "get_attr",
                "value": "identifier_prefix"
              }
            ],
            [
              {
                "type": "get_attr",
                "value": "parameter_group_name"
              }
            ]
          ],
          "private": "eyJlMmJmYjczMC1lY2FhLTExZTYtOGY4OC0zNDM2M2JjN2M0YzAiOnsiY3JlYXRlIjozMDAwMDAwMDAwMDAwLCJkZWxldGUiOjM2MDAwMDAwMDAwMDAsInVwZGF0ZSI6NDgwMDAwMDAwMDAwMH0sInNjaGVtYV92ZXJzaW9uIjoiMiJ9",
          "dependencies": [
            "module.rds.aws_db_subnet_group.az_c",
            "module.rds.module.aws_rds_reader_az_c.module.db_instance.aws_cloudwatch_log_group.this",
            "module.rds.module.aws_rds_reader_az_c.module.db_instance.aws_iam_role.enhanced_monitoring",
            "module.rds.module.aws_rds_reader_az_c.module.db_instance.data.aws_iam_policy_document.enhanced_monitoring",
            "module.rds.module.aws_rds_reader_az_c.module.db_instance.random_id.snapshot_identifier",
            "module.rds.module.aws_rds_reader_az_c.module.db_option_group.aws_db_option_group.this",
            "module.rds.module.aws_rds_reader_az_c.module.db_parameter_group.aws_db_parameter_group.this",
            "module.rds.module.aws_rds_reader_az_c.module.db_subnet_group.aws_db_subnet_group.this",
            "module.rds.module.aws_rds_writer_az_c.module.db_instance.aws_cloudwatch_log_group.this",
            "module.rds.module.aws_rds_writer_az_c.module.db_instance.aws_db_instance.this",
            "module.rds.module.aws_rds_writer_az_c.module.db_instance.aws_iam_role.enhanced_monitoring",
            "module.rds.module.aws_rds_writer_az_c.module.db_instance.data.aws_iam_policy_document.enhanced_monitoring",
            "module.rds.module.aws_rds_writer_az_c.module.db_instance.random_id.snapshot_identifier",
            "module.rds.module.aws_rds_writer_az_c.module.db_option_group.aws_db_option_group.this",
            "module.rds.module.aws_rds_writer_az_c.module.db_parameter_group.aws_db_parameter_group.this",
            "module.rds.module.aws_rds_writer_az_c.module.db_subnet_group.aws_db_subnet_group.this",
            "module.vpc.module.vpc.aws_subnet.private",
            "module.vpc.module.vpc.aws_vpc.this",
            "module.vpc.module.vpc.aws_vpc_ipv4_cidr_block_association.this"
          ]
        }
      ]
    },
    {
      "module": "module.rds.module.aws_rds_reader_az_c.module.db_instance",
      "mode": "managed",
      "type": "aws_iam_role",
      "name": "enhanced_monitoring",
      "provider": "provider[\"registry.terraform.io/hashicorp/aws\"]",
      "instances": []
    },
    {
      "module": "module.rds.module.aws_rds_reader_az_c.module.db_instance",
      "mode": "managed",
      "type": "aws_iam_role_policy_attachment",
      "name": "enhanced_monitoring",
      "provider": "provider[\"registry.terraform.io/hashicorp/aws\"]",
      "instances": []
    },
    {
      "module": "module.rds.module.aws_rds_reader_az_c.module.db_instance",
      "mode": "managed",
      "type": "aws_secretsmanager_secret_rotation",
      "name": "this",
      "provider": "provider[\"registry.terraform.io/hashicorp/aws\"]",
      "instances": []
    },
    {
      "module": "module.rds.module.aws_rds_reader_az_c.module.db_instance",
      "mode": "managed",
      "type": "random_id",
      "name": "snapshot_identifier",
      "provider": "provider[\"registry.terraform.io/hashicorp/random\"]",
      "instances": [
        {
          "index_key": 0,
          "schema_version": 0,
          "attributes": {
            "b64_std": "UofGuw==",
            "b64_url": "UofGuw",
            "byte_length": 4,
            "dec": "1384629947",
            "hex": "5287c6bb",
            "id": "UofGuw",
            "keepers": {
              "id": "stagedb-read-az-c"
            },
            "prefix": null
          },
          "sensitive_attributes": [
            [
              {
                "type": "get_attr",
                "value": "keepers"
              },
              {
                "type": "index",
                "value": {
                  "value": "id",
                  "type": "string"
                }
              }
            ]
          ]
        }
      ]
    },
    {
      "module": "module.rds.module.aws_rds_reader_az_c.module.db_option_group",
      "mode": "managed",
      "type": "aws_db_option_group",
      "name": "this",
      "provider": "provider[\"registry.terraform.io/hashicorp/aws\"]",
      "instances": [
        {
          "index_key": 0,
          "schema_version": 0,
          "attributes": {
            "arn": "arn:aws:rds:ap-northeast-2:277707137172:og:stagedb-opt-read-c",
            "engine_name": "mysql",
            "id": "stagedb-opt-read-c",
            "major_engine_version": "8.0",
            "name": "stagedb-opt-read-c",
            "name_prefix": "",
            "option": [],
            "option_group_description": "stagedb-opt-read-c option group",
            "skip_destroy": false,
            "tags": {
              "Environment": "dev",
              "Name": "stagedb-opt-read-c",
              "Owner": "user",
              "Role": "reader-az-c"
            },
            "tags_all": {
              "Environment": "dev",
              "Name": "stagedb-opt-read-c",
              "Owner": "user",
              "Role": "reader-az-c"
            },
            "timeouts": {
              "delete": null
            }
          },
          "sensitive_attributes": [
            [
              {
                "type": "get_attr",
                "value": "name"
              }
            ],
            [
              {
                "type": "get_attr",
                "value": "option_group_description"
              }
            ],
            [
              {
                "type": "get_attr",
                "value": "name_prefix"
              }
            ],
            [
              {
                "type": "get_attr",
                "value": "tags"
              },
              {
                "type": "index",
                "value": {
                  "value": "Name",
                  "type": "string"
                }
              }
            ]
          ],
          "private": "eyJlMmJmYjczMC1lY2FhLTExZTYtOGY4OC0zNDM2M2JjN2M0YzAiOnsiZGVsZXRlIjo5MDAwMDAwMDAwMDB9fQ==",
          "create_before_destroy": true
        }
      ]
    },
    {
      "module": "module.rds.module.aws_rds_reader_az_c.module.db_parameter_group",
      "mode": "managed",
      "type": "aws_db_parameter_group",
      "name": "this",
      "provider": "provider[\"registry.terraform.io/hashicorp/aws\"]",
      "instances": [
        {
          "index_key": 0,
          "schema_version": 0,
          "attributes": {
            "arn": "arn:aws:rds:ap-northeast-2:277707137172:pg:stagedb-param-read-c",
            "description": "stagedb-param-read-c parameter group",
            "family": "mysql8.0",
            "id": "stagedb-param-read-c",
            "name": "stagedb-param-read-c",
            "name_prefix": "",
            "parameter": [],
            "skip_destroy": false,
            "tags": {
              "Environment": "dev",
              "Name": "stagedb-param-read-c",
              "Owner": "user",
              "Role": "reader-az-c"
            },
            "tags_all": {
              "Environment": "dev",
              "Name": "stagedb-param-read-c",
              "Owner": "user",
              "Role": "reader-az-c"
            }
          },
          "sensitive_attributes": [
            [
              {
                "type": "get_attr",
                "value": "description"
              }
            ],
            [
              {
                "type": "get_attr",
                "value": "name_prefix"
              }
            ],
            [
              {
                "type": "get_attr",
                "value": "tags"
              },
              {
                "type": "index",
                "value": {
                  "value": "Name",
                  "type": "string"
                }
              }
            ],
            [
              {
                "type": "get_attr",
                "value": "name"
              }
            ]
          ],
          "private": "bnVsbA==",
          "create_before_destroy": true
        }
      ]
    },
    {
      "module": "module.rds.module.aws_rds_reader_az_c.module.db_subnet_group",
      "mode": "managed",
      "type": "aws_db_subnet_group",
      "name": "this",
      "provider": "provider[\"registry.terraform.io/hashicorp/aws\"]",
      "instances": []
    },
    {
      "module": "module.rds.module.aws_rds_writer_az_a.module.db_instance",
      "mode": "data",
      "type": "aws_iam_policy_document",
      "name": "enhanced_monitoring",
      "provider": "provider[\"registry.terraform.io/hashicorp/aws\"]",
      "instances": [
        {
          "schema_version": 0,
          "attributes": {
            "id": "76086537",
            "json": "{\n  \"Version\": \"2012-10-17\",\n  \"Statement\": [\n    {\n      \"Effect\": \"Allow\",\n      \"Action\": \"sts:AssumeRole\",\n      \"Principal\": {\n        \"Service\": \"monitoring.rds.amazonaws.com\"\n      }\n    }\n  ]\n}",
            "minified_json": "{\"Version\":\"2012-10-17\",\"Statement\":[{\"Effect\":\"Allow\",\"Action\":\"sts:AssumeRole\",\"Principal\":{\"Service\":\"monitoring.rds.amazonaws.com\"}}]}",
            "override_json": null,
            "override_policy_documents": null,
            "policy_id": null,
            "source_json": null,
            "source_policy_documents": null,
            "statement": [
              {
                "actions": [
                  "sts:AssumeRole"
                ],
                "condition": [],
                "effect": "Allow",
                "not_actions": [],
                "not_principals": [],
                "not_resources": [],
                "principals": [
                  {
                    "identifiers": [
                      "monitoring.rds.amazonaws.com"
                    ],
                    "type": "Service"
                  }
                ],
                "resources": [],
                "sid": ""
              }
            ],
            "version": "2012-10-17"
          },
          "sensitive_attributes": []
        }
      ]
    },
    {
      "module": "module.rds.module.aws_rds_writer_az_a.module.db_instance",
      "mode": "data",
      "type": "aws_partition",
      "name": "current",
      "provider": "provider[\"registry.terraform.io/hashicorp/aws\"]",
      "instances": [
        {
          "schema_version": 0,
          "attributes": {
            "dns_suffix": "amazonaws.com",
            "id": "aws",
            "partition": "aws",
            "reverse_dns_prefix": "com.amazonaws"
          },
          "sensitive_attributes": []
        }
      ]
    },
    {
      "module": "module.rds.module.aws_rds_writer_az_a.module.db_instance",
      "mode": "managed",
      "type": "aws_cloudwatch_log_group",
      "name": "this",
      "provider": "provider[\"registry.terraform.io/hashicorp/aws\"]",
      "instances": []
    },
    {
      "module": "module.rds.module.aws_rds_writer_az_a.module.db_instance",
      "mode": "managed",
      "type": "aws_db_instance",
      "name": "this",
      "provider": "provider[\"registry.terraform.io/hashicorp/aws\"]",
      "instances": [
        {
          "index_key": 0,
          "schema_version": 2,
          "attributes": {
            "address": "stagedb-write-az-a.c1eym0ccq75k.ap-northeast-2.rds.amazonaws.com",
            "allocated_storage": 20,
            "allow_major_version_upgrade": false,
            "apply_immediately": false,
            "arn": "arn:aws:rds:ap-northeast-2:277707137172:db:stagedb-write-az-a",
            "auto_minor_version_upgrade": true,
            "availability_zone": "ap-northeast-2a",
            "backup_retention_period": 7,
            "backup_target": "region",
            "backup_window": "15:34-16:04",
            "blue_green_update": [],
            "ca_cert_identifier": "rds-ca-rsa2048-g1",
            "character_set_name": "",
            "copy_tags_to_snapshot": false,
            "custom_iam_instance_profile": "",
            "customer_owned_ip_enabled": false,
            "db_name": "stagedb",
            "db_subnet_group_name": "stagedb-subnet-group-az-a",
            "dedicated_log_volume": false,
            "delete_automated_backups": true,
            "deletion_protection": false,
            "domain": "",
            "domain_auth_secret_arn": "",
            "domain_dns_ips": [],
            "domain_fqdn": "",
            "domain_iam_role_name": "",
            "domain_ou": "",
            "enabled_cloudwatch_logs_exports": [],
            "endpoint": "stagedb-write-az-a.c1eym0ccq75k.ap-northeast-2.rds.amazonaws.com:3306",
            "engine": "mysql",
            "engine_lifecycle_support": "open-source-rds-extended-support",
            "engine_version": "8.0",
            "engine_version_actual": "8.0.40",
            "final_snapshot_identifier": null,
            "hosted_zone_id": "ZLA2NUCOLGUUR",
            "iam_database_authentication_enabled": false,
            "id": "db-OWBRXHWTVJ7746CYWZ267I5LOA",
            "identifier": "stagedb-write-az-a",
            "identifier_prefix": "",
            "instance_class": "db.t3.micro",
            "iops": 0,
            "kms_key_id": "arn:aws:kms:ap-northeast-2:277707137172:key/03548950-c7d9-40cb-8b62-4d0a1c84dbd1",
            "latest_restorable_time": "2025-02-12T08:00:03Z",
            "license_model": "general-public-license",
            "listener_endpoint": [],
            "maintenance_window": "tue:19:39-tue:20:09",
            "manage_master_user_password": null,
            "master_user_secret": [],
            "master_user_secret_kms_key_id": null,
            "max_allocated_storage": 0,
            "monitoring_interval": 0,
            "monitoring_role_arn": "",
            "multi_az": false,
            "nchar_character_set_name": "",
            "network_type": "IPV4",
            "option_group_name": "stagedb-opt-write-a",
            "parameter_group_name": "stagedb-param-write-a",
            "password": "stageDBpassword",
            "performance_insights_enabled": false,
            "performance_insights_kms_key_id": "",
            "performance_insights_retention_period": 0,
            "port": 3306,
            "publicly_accessible": false,
            "replica_mode": "",
            "replicas": [
              "stagedb-read-az-a"
            ],
            "replicate_source_db": "",
            "resource_id": "db-OWBRXHWTVJ7746CYWZ267I5LOA",
            "restore_to_point_in_time": [],
            "s3_import": [],
            "skip_final_snapshot": true,
            "snapshot_identifier": null,
            "status": "available",
            "storage_encrypted": true,
            "storage_throughput": 0,
            "storage_type": "gp2",
            "tags": {
              "Environment": "dev",
              "Owner": "user",
              "Role": "writer-az-a"
            },
            "tags_all": {
              "Environment": "dev",
              "Owner": "user",
              "Role": "writer-az-a"
            },
            "timeouts": {
              "create": null,
              "delete": null,
              "update": null
            },
            "timezone": "",
            "upgrade_storage_config": null,
            "username": "root",
            "vpc_security_group_ids": []
          },
          "sensitive_attributes": [
            [
              {
                "type": "get_attr",
                "value": "password"
              }
            ],
            [
              {
                "type": "get_attr",
                "value": "username"
              }
            ],
            [
              {
                "type": "get_attr",
                "value": "identifier"
              }
            ],
            [
              {
                "type": "get_attr",
                "value": "db_name"
              }
            ],
            [
              {
                "type": "get_attr",
                "value": "option_group_name"
              }
            ],
            [
              {
                "type": "get_attr",
                "value": "db_subnet_group_name"
              }
            ],
            [
              {
                "type": "get_attr",
                "value": "identifier_prefix"
              }
            ],
            [
              {
                "type": "get_attr",
                "value": "port"
              }
            ],
            [
              {
                "type": "get_attr",
                "value": "final_snapshot_identifier"
              }
            ],
            [
              {
                "type": "get_attr",
                "value": "parameter_group_name"
              }
            ]
          ],
          "private": "eyJlMmJmYjczMC1lY2FhLTExZTYtOGY4OC0zNDM2M2JjN2M0YzAiOnsiY3JlYXRlIjozMDAwMDAwMDAwMDAwLCJkZWxldGUiOjM2MDAwMDAwMDAwMDAsInVwZGF0ZSI6NDgwMDAwMDAwMDAwMH0sInNjaGVtYV92ZXJzaW9uIjoiMiJ9",
          "dependencies": [
            "module.rds.aws_db_subnet_group.az_a",
            "module.rds.module.aws_rds_writer_az_a.module.db_instance.aws_cloudwatch_log_group.this",
            "module.rds.module.aws_rds_writer_az_a.module.db_instance.aws_iam_role.enhanced_monitoring",
            "module.rds.module.aws_rds_writer_az_a.module.db_instance.data.aws_iam_policy_document.enhanced_monitoring",
            "module.rds.module.aws_rds_writer_az_a.module.db_instance.random_id.snapshot_identifier",
            "module.rds.module.aws_rds_writer_az_a.module.db_option_group.aws_db_option_group.this",
            "module.rds.module.aws_rds_writer_az_a.module.db_parameter_group.aws_db_parameter_group.this",
            "module.rds.module.aws_rds_writer_az_a.module.db_subnet_group.aws_db_subnet_group.this",
            "module.vpc.module.vpc.aws_subnet.private",
            "module.vpc.module.vpc.aws_vpc.this",
            "module.vpc.module.vpc.aws_vpc_ipv4_cidr_block_association.this"
          ]
        }
      ]
    },
    {
      "module": "module.rds.module.aws_rds_writer_az_a.module.db_instance",
      "mode": "managed",
      "type": "aws_iam_role",
      "name": "enhanced_monitoring",
      "provider": "provider[\"registry.terraform.io/hashicorp/aws\"]",
      "instances": []
    },
    {
      "module": "module.rds.module.aws_rds_writer_az_a.module.db_instance",
      "mode": "managed",
      "type": "aws_iam_role_policy_attachment",
      "name": "enhanced_monitoring",
      "provider": "provider[\"registry.terraform.io/hashicorp/aws\"]",
      "instances": []
    },
    {
      "module": "module.rds.module.aws_rds_writer_az_a.module.db_instance",
      "mode": "managed",
      "type": "aws_secretsmanager_secret_rotation",
      "name": "this",
      "provider": "provider[\"registry.terraform.io/hashicorp/aws\"]",
      "instances": []
    },
    {
      "module": "module.rds.module.aws_rds_writer_az_a.module.db_instance",
      "mode": "managed",
      "type": "random_id",
      "name": "snapshot_identifier",
      "provider": "provider[\"registry.terraform.io/hashicorp/random\"]",
      "instances": []
    },
    {
      "module": "module.rds.module.aws_rds_writer_az_a.module.db_option_group",
      "mode": "managed",
      "type": "aws_db_option_group",
      "name": "this",
      "provider": "provider[\"registry.terraform.io/hashicorp/aws\"]",
      "instances": [
        {
          "index_key": 0,
          "schema_version": 0,
          "attributes": {
            "arn": "arn:aws:rds:ap-northeast-2:277707137172:og:stagedb-opt-write-a",
            "engine_name": "mysql",
            "id": "stagedb-opt-write-a",
            "major_engine_version": "8.0",
            "name": "stagedb-opt-write-a",
            "name_prefix": "",
            "option": [],
            "option_group_description": "stagedb-opt-write-a option group",
            "skip_destroy": false,
            "tags": {
              "Environment": "dev",
              "Name": "stagedb-opt-write-a",
              "Owner": "user",
              "Role": "writer-az-a"
            },
            "tags_all": {
              "Environment": "dev",
              "Name": "stagedb-opt-write-a",
              "Owner": "user",
              "Role": "writer-az-a"
            },
            "timeouts": {
              "delete": null
            }
          },
          "sensitive_attributes": [
            [
              {
                "type": "get_attr",
                "value": "tags"
              },
              {
                "type": "index",
                "value": {
                  "value": "Name",
                  "type": "string"
                }
              }
            ],
            [
              {
                "type": "get_attr",
                "value": "option_group_description"
              }
            ],
            [
              {
                "type": "get_attr",
                "value": "name"
              }
            ],
            [
              {
                "type": "get_attr",
                "value": "name_prefix"
              }
            ]
          ],
          "private": "eyJlMmJmYjczMC1lY2FhLTExZTYtOGY4OC0zNDM2M2JjN2M0YzAiOnsiZGVsZXRlIjo5MDAwMDAwMDAwMDB9fQ==",
          "create_before_destroy": true
        }
      ]
    },
    {
      "module": "module.rds.module.aws_rds_writer_az_a.module.db_parameter_group",
      "mode": "managed",
      "type": "aws_db_parameter_group",
      "name": "this",
      "provider": "provider[\"registry.terraform.io/hashicorp/aws\"]",
      "instances": [
        {
          "index_key": 0,
          "schema_version": 0,
          "attributes": {
            "arn": "arn:aws:rds:ap-northeast-2:277707137172:pg:stagedb-param-write-a",
            "description": "stagedb-param-write-a parameter group",
            "family": "mysql8.0",
            "id": "stagedb-param-write-a",
            "name": "stagedb-param-write-a",
            "name_prefix": "",
            "parameter": [],
            "skip_destroy": false,
            "tags": {
              "Environment": "dev",
              "Name": "stagedb-param-write-a",
              "Owner": "user",
              "Role": "writer-az-a"
            },
            "tags_all": {
              "Environment": "dev",
              "Name": "stagedb-param-write-a",
              "Owner": "user",
              "Role": "writer-az-a"
            }
          },
          "sensitive_attributes": [
            [
              {
                "type": "get_attr",
                "value": "name_prefix"
              }
            ],
            [
              {
                "type": "get_attr",
                "value": "name"
              }
            ],
            [
              {
                "type": "get_attr",
                "value": "tags"
              },
              {
                "type": "index",
                "value": {
                  "value": "Name",
                  "type": "string"
                }
              }
            ],
            [
              {
                "type": "get_attr",
                "value": "description"
              }
            ]
          ],
          "private": "bnVsbA==",
          "create_before_destroy": true
        }
      ]
    },
    {
      "module": "module.rds.module.aws_rds_writer_az_a.module.db_subnet_group",
      "mode": "managed",
      "type": "aws_db_subnet_group",
      "name": "this",
      "provider": "provider[\"registry.terraform.io/hashicorp/aws\"]",
      "instances": []
    },
    {
      "module": "module.rds.module.aws_rds_writer_az_c.module.db_instance",
      "mode": "data",
      "type": "aws_iam_policy_document",
      "name": "enhanced_monitoring",
      "provider": "provider[\"registry.terraform.io/hashicorp/aws\"]",
      "instances": [
        {
          "schema_version": 0,
          "attributes": {
            "id": "76086537",
            "json": "{\n  \"Version\": \"2012-10-17\",\n  \"Statement\": [\n    {\n      \"Effect\": \"Allow\",\n      \"Action\": \"sts:AssumeRole\",\n      \"Principal\": {\n        \"Service\": \"monitoring.rds.amazonaws.com\"\n      }\n    }\n  ]\n}",
            "minified_json": "{\"Version\":\"2012-10-17\",\"Statement\":[{\"Effect\":\"Allow\",\"Action\":\"sts:AssumeRole\",\"Principal\":{\"Service\":\"monitoring.rds.amazonaws.com\"}}]}",
            "override_json": null,
            "override_policy_documents": null,
            "policy_id": null,
            "source_json": null,
            "source_policy_documents": null,
            "statement": [
              {
                "actions": [
                  "sts:AssumeRole"
                ],
                "condition": [],
                "effect": "Allow",
                "not_actions": [],
                "not_principals": [],
                "not_resources": [],
                "principals": [
                  {
                    "identifiers": [
                      "monitoring.rds.amazonaws.com"
                    ],
                    "type": "Service"
                  }
                ],
                "resources": [],
                "sid": ""
              }
            ],
            "version": "2012-10-17"
          },
          "sensitive_attributes": []
        }
      ]
    },
    {
      "module": "module.rds.module.aws_rds_writer_az_c.module.db_instance",
      "mode": "data",
      "type": "aws_partition",
      "name": "current",
      "provider": "provider[\"registry.terraform.io/hashicorp/aws\"]",
      "instances": [
        {
          "schema_version": 0,
          "attributes": {
            "dns_suffix": "amazonaws.com",
            "id": "aws",
            "partition": "aws",
            "reverse_dns_prefix": "com.amazonaws"
          },
          "sensitive_attributes": []
        }
      ]
    },
    {
      "module": "module.rds.module.aws_rds_writer_az_c.module.db_instance",
      "mode": "managed",
      "type": "aws_cloudwatch_log_group",
      "name": "this",
      "provider": "provider[\"registry.terraform.io/hashicorp/aws\"]",
      "instances": []
    },
    {
      "module": "module.rds.module.aws_rds_writer_az_c.module.db_instance",
      "mode": "managed",
      "type": "aws_db_instance",
      "name": "this",
      "provider": "provider[\"registry.terraform.io/hashicorp/aws\"]",
      "instances": [
        {
          "index_key": 0,
          "schema_version": 2,
          "attributes": {
            "address": "stagedb-write-az-c.c1eym0ccq75k.ap-northeast-2.rds.amazonaws.com",
            "allocated_storage": 20,
            "allow_major_version_upgrade": false,
            "apply_immediately": false,
            "arn": "arn:aws:rds:ap-northeast-2:277707137172:db:stagedb-write-az-c",
            "auto_minor_version_upgrade": true,
            "availability_zone": "ap-northeast-2c",
            "backup_retention_period": 7,
            "backup_target": "region",
            "backup_window": "13:42-14:12",
            "blue_green_update": [],
            "ca_cert_identifier": "rds-ca-rsa2048-g1",
            "character_set_name": "",
            "copy_tags_to_snapshot": false,
            "custom_iam_instance_profile": "",
            "customer_owned_ip_enabled": false,
            "db_name": "stagedb",
            "db_subnet_group_name": "stagedb-subnet-group-az-c",
            "dedicated_log_volume": false,
            "delete_automated_backups": true,
            "deletion_protection": false,
            "domain": "",
            "domain_auth_secret_arn": "",
            "domain_dns_ips": [],
            "domain_fqdn": "",
            "domain_iam_role_name": "",
            "domain_ou": "",
            "enabled_cloudwatch_logs_exports": [],
            "endpoint": "stagedb-write-az-c.c1eym0ccq75k.ap-northeast-2.rds.amazonaws.com:3306",
            "engine": "mysql",
            "engine_lifecycle_support": "open-source-rds-extended-support",
            "engine_version": "8.0",
            "engine_version_actual": "8.0.40",
            "final_snapshot_identifier": null,
            "hosted_zone_id": "ZLA2NUCOLGUUR",
            "iam_database_authentication_enabled": false,
            "id": "db-CPL2HF67BGD2ASJTWTVKQF5MXY",
            "identifier": "stagedb-write-az-c",
            "identifier_prefix": "",
            "instance_class": "db.t3.micro",
            "iops": 0,
            "kms_key_id": "arn:aws:kms:ap-northeast-2:277707137172:key/03548950-c7d9-40cb-8b62-4d0a1c84dbd1",
            "latest_restorable_time": "2025-02-12T08:00:01Z",
            "license_model": "general-public-license",
            "listener_endpoint": [],
            "maintenance_window": "thu:18:22-thu:18:52",
            "manage_master_user_password": null,
            "master_user_secret": [],
            "master_user_secret_kms_key_id": null,
            "max_allocated_storage": 0,
            "monitoring_interval": 0,
            "monitoring_role_arn": "",
            "multi_az": false,
            "nchar_character_set_name": "",
            "network_type": "IPV4",
            "option_group_name": "stagedb-opt-write-c",
            "parameter_group_name": "stagedb-param-write-c",
            "password": "stageDBpassword",
            "performance_insights_enabled": false,
            "performance_insights_kms_key_id": "",
            "performance_insights_retention_period": 0,
            "port": 3306,
            "publicly_accessible": false,
            "replica_mode": "",
            "replicas": [
              "stagedb-read-az-c"
            ],
            "replicate_source_db": "",
            "resource_id": "db-CPL2HF67BGD2ASJTWTVKQF5MXY",
            "restore_to_point_in_time": [],
            "s3_import": [],
            "skip_final_snapshot": true,
            "snapshot_identifier": null,
            "status": "available",
            "storage_encrypted": true,
            "storage_throughput": 0,
            "storage_type": "gp2",
            "tags": {
              "Environment": "dev",
              "Owner": "user",
              "Role": "writer-az-c"
            },
            "tags_all": {
              "Environment": "dev",
              "Owner": "user",
              "Role": "writer-az-c"
            },
            "timeouts": {
              "create": null,
              "delete": null,
              "update": null
            },
            "timezone": "",
            "upgrade_storage_config": null,
            "username": "root",
            "vpc_security_group_ids": []
          },
          "sensitive_attributes": [
            [
              {
                "type": "get_attr",
                "value": "password"
              }
            ],
            [
              {
                "type": "get_attr",
                "value": "final_snapshot_identifier"
              }
            ],
            [
              {
                "type": "get_attr",
                "value": "db_name"
              }
            ],
            [
              {
                "type": "get_attr",
                "value": "port"
              }
            ],
            [
              {
                "type": "get_attr",
                "value": "parameter_group_name"
              }
            ],
            [
              {
                "type": "get_attr",
                "value": "identifier"
              }
            ],
            [
              {
                "type": "get_attr",
                "value": "db_subnet_group_name"
              }
            ],
            [
              {
                "type": "get_attr",
                "value": "option_group_name"
              }
            ],
            [
              {
                "type": "get_attr",
                "value": "identifier_prefix"
              }
            ],
            [
              {
                "type": "get_attr",
                "value": "username"
              }
            ]
          ],
          "private": "eyJlMmJmYjczMC1lY2FhLTExZTYtOGY4OC0zNDM2M2JjN2M0YzAiOnsiY3JlYXRlIjozMDAwMDAwMDAwMDAwLCJkZWxldGUiOjM2MDAwMDAwMDAwMDAsInVwZGF0ZSI6NDgwMDAwMDAwMDAwMH0sInNjaGVtYV92ZXJzaW9uIjoiMiJ9",
          "dependencies": [
            "module.rds.aws_db_subnet_group.az_c",
            "module.rds.module.aws_rds_writer_az_c.module.db_instance.aws_cloudwatch_log_group.this",
            "module.rds.module.aws_rds_writer_az_c.module.db_instance.aws_iam_role.enhanced_monitoring",
            "module.rds.module.aws_rds_writer_az_c.module.db_instance.data.aws_iam_policy_document.enhanced_monitoring",
            "module.rds.module.aws_rds_writer_az_c.module.db_instance.random_id.snapshot_identifier",
            "module.rds.module.aws_rds_writer_az_c.module.db_option_group.aws_db_option_group.this",
            "module.rds.module.aws_rds_writer_az_c.module.db_parameter_group.aws_db_parameter_group.this",
            "module.rds.module.aws_rds_writer_az_c.module.db_subnet_group.aws_db_subnet_group.this",
            "module.vpc.module.vpc.aws_subnet.private",
            "module.vpc.module.vpc.aws_vpc.this",
            "module.vpc.module.vpc.aws_vpc_ipv4_cidr_block_association.this"
          ]
        }
      ]
    },
    {
      "module": "module.rds.module.aws_rds_writer_az_c.module.db_instance",
      "mode": "managed",
      "type": "aws_iam_role",
      "name": "enhanced_monitoring",
      "provider": "provider[\"registry.terraform.io/hashicorp/aws\"]",
      "instances": []
    },
    {
      "module": "module.rds.module.aws_rds_writer_az_c.module.db_instance",
      "mode": "managed",
      "type": "aws_iam_role_policy_attachment",
      "name": "enhanced_monitoring",
      "provider": "provider[\"registry.terraform.io/hashicorp/aws\"]",
      "instances": []
    },
    {
      "module": "module.rds.module.aws_rds_writer_az_c.module.db_instance",
      "mode": "managed",
      "type": "aws_secretsmanager_secret_rotation",
      "name": "this",
      "provider": "provider[\"registry.terraform.io/hashicorp/aws\"]",
      "instances": []
    },
    {
      "module": "module.rds.module.aws_rds_writer_az_c.module.db_instance",
      "mode": "managed",
      "type": "random_id",
      "name": "snapshot_identifier",
      "provider": "provider[\"registry.terraform.io/hashicorp/random\"]",
      "instances": []
    },
    {
      "module": "module.rds.module.aws_rds_writer_az_c.module.db_option_group",
      "mode": "managed",
      "type": "aws_db_option_group",
      "name": "this",
      "provider": "provider[\"registry.terraform.io/hashicorp/aws\"]",
      "instances": [
        {
          "index_key": 0,
          "schema_version": 0,
          "attributes": {
            "arn": "arn:aws:rds:ap-northeast-2:277707137172:og:stagedb-opt-write-c",
            "engine_name": "mysql",
            "id": "stagedb-opt-write-c",
            "major_engine_version": "8.0",
            "name": "stagedb-opt-write-c",
            "name_prefix": "",
            "option": [],
            "option_group_description": "stagedb-opt-write-c option group",
            "skip_destroy": false,
            "tags": {
              "Environment": "dev",
              "Name": "stagedb-opt-write-c",
              "Owner": "user",
              "Role": "writer-az-c"
            },
            "tags_all": {
              "Environment": "dev",
              "Name": "stagedb-opt-write-c",
              "Owner": "user",
              "Role": "writer-az-c"
            },
            "timeouts": {
              "delete": null
            }
          },
          "sensitive_attributes": [
            [
              {
                "type": "get_attr",
                "value": "name_prefix"
              }
            ],
            [
              {
                "type": "get_attr",
                "value": "tags"
              },
              {
                "type": "index",
                "value": {
                  "value": "Name",
                  "type": "string"
                }
              }
            ],
            [
              {
                "type": "get_attr",
                "value": "name"
              }
            ],
            [
              {
                "type": "get_attr",
                "value": "option_group_description"
              }
            ]
          ],
          "private": "eyJlMmJmYjczMC1lY2FhLTExZTYtOGY4OC0zNDM2M2JjN2M0YzAiOnsiZGVsZXRlIjo5MDAwMDAwMDAwMDB9fQ==",
          "create_before_destroy": true
        }
      ]
    },
    {
      "module": "module.rds.module.aws_rds_writer_az_c.module.db_parameter_group",
      "mode": "managed",
      "type": "aws_db_parameter_group",
      "name": "this",
      "provider": "provider[\"registry.terraform.io/hashicorp/aws\"]",
      "instances": [
        {
          "index_key": 0,
          "schema_version": 0,
          "attributes": {
            "arn": "arn:aws:rds:ap-northeast-2:277707137172:pg:stagedb-param-write-c",
            "description": "stagedb-param-write-c parameter group",
            "family": "mysql8.0",
            "id": "stagedb-param-write-c",
            "name": "stagedb-param-write-c",
            "name_prefix": "",
            "parameter": [],
            "skip_destroy": false,
            "tags": {
              "Environment": "dev",
              "Name": "stagedb-param-write-c",
              "Owner": "user",
              "Role": "writer-az-c"
            },
            "tags_all": {
              "Environment": "dev",
              "Name": "stagedb-param-write-c",
              "Owner": "user",
              "Role": "writer-az-c"
            }
          },
          "sensitive_attributes": [
            [
              {
                "type": "get_attr",
                "value": "name_prefix"
              }
            ],
            [
              {
                "type": "get_attr",
                "value": "description"
              }
            ],
            [
              {
                "type": "get_attr",
                "value": "tags"
              },
              {
                "type": "index",
                "value": {
                  "value": "Name",
                  "type": "string"
                }
              }
            ],
            [
              {
                "type": "get_attr",
                "value": "name"
              }
            ]
          ],
          "private": "bnVsbA==",
          "create_before_destroy": true
        }
      ]
    },
    {
      "module": "module.rds.module.aws_rds_writer_az_c.module.db_subnet_group",
      "mode": "managed",
      "type": "aws_db_subnet_group",
      "name": "this",
      "provider": "provider[\"registry.terraform.io/hashicorp/aws\"]",
      "instances": []
    },
    {
      "module": "module.vpc.module.vpc",
      "mode": "data",
      "type": "aws_caller_identity",
      "name": "current",
      "provider": "module.vpc.provider[\"registry.terraform.io/hashicorp/aws\"]",
      "instances": []
    },
    {
      "module": "module.vpc.module.vpc",
      "mode": "data",
      "type": "aws_iam_policy_document",
      "name": "flow_log_cloudwatch_assume_role",
      "provider": "module.vpc.provider[\"registry.terraform.io/hashicorp/aws\"]",
      "instances": []
    },
    {
      "module": "module.vpc.module.vpc",
      "mode": "data",
      "type": "aws_iam_policy_document",
      "name": "vpc_flow_log_cloudwatch",
      "provider": "module.vpc.provider[\"registry.terraform.io/hashicorp/aws\"]",
      "instances": []
    },
    {
      "module": "module.vpc.module.vpc",
      "mode": "data",
      "type": "aws_partition",
      "name": "current",
      "provider": "module.vpc.provider[\"registry.terraform.io/hashicorp/aws\"]",
      "instances": []
    },
    {
      "module": "module.vpc.module.vpc",
      "mode": "data",
      "type": "aws_region",
      "name": "current",
      "provider": "module.vpc.provider[\"registry.terraform.io/hashicorp/aws\"]",
      "instances": []
    },
    {
      "module": "module.vpc.module.vpc",
      "mode": "managed",
      "type": "aws_cloudwatch_log_group",
      "name": "flow_log",
      "provider": "module.vpc.provider[\"registry.terraform.io/hashicorp/aws\"]",
      "instances": []
    },
    {
      "module": "module.vpc.module.vpc",
      "mode": "managed",
      "type": "aws_customer_gateway",
      "name": "this",
      "provider": "module.vpc.provider[\"registry.terraform.io/hashicorp/aws\"]",
      "instances": []
    },
    {
      "module": "module.vpc.module.vpc",
      "mode": "managed",
      "type": "aws_db_subnet_group",
      "name": "database",
      "provider": "module.vpc.provider[\"registry.terraform.io/hashicorp/aws\"]",
      "instances": []
    },
    {
      "module": "module.vpc.module.vpc",
      "mode": "managed",
      "type": "aws_default_network_acl",
      "name": "this",
      "provider": "module.vpc.provider[\"registry.terraform.io/hashicorp/aws\"]",
      "instances": [
        {
          "index_key": 0,
          "schema_version": 0,
          "attributes": {
            "arn": "arn:aws:ec2:ap-northeast-2:277707137172:network-acl/acl-0030134a507466cc3",
            "default_network_acl_id": "acl-0030134a507466cc3",
            "egress": [
              {
                "action": "allow",
                "cidr_block": "",
                "from_port": 0,
                "icmp_code": 0,
                "icmp_type": 0,
                "ipv6_cidr_block": "::/0",
                "protocol": "-1",
                "rule_no": 101,
                "to_port": 0
              },
              {
                "action": "allow",
                "cidr_block": "0.0.0.0/0",
                "from_port": 0,
                "icmp_code": 0,
                "icmp_type": 0,
                "ipv6_cidr_block": "",
                "protocol": "-1",
                "rule_no": 100,
                "to_port": 0
              }
            ],
            "id": "acl-0030134a507466cc3",
            "ingress": [
              {
                "action": "allow",
                "cidr_block": "",
                "from_port": 0,
                "icmp_code": 0,
                "icmp_type": 0,
                "ipv6_cidr_block": "::/0",
                "protocol": "-1",
                "rule_no": 101,
                "to_port": 0
              },
              {
                "action": "allow",
                "cidr_block": "0.0.0.0/0",
                "from_port": 0,
                "icmp_code": 0,
                "icmp_type": 0,
                "ipv6_cidr_block": "",
                "protocol": "-1",
                "rule_no": 100,
                "to_port": 0
              }
            ],
            "owner_id": "277707137172",
            "subnet_ids": [
              "subnet-0242ebd261be66902",
              "subnet-069699589e1a1a0fb",
              "subnet-06bce30024b93de2b",
              "subnet-07353d6020e365d45",
              "subnet-07571ad452fe3c868",
              "subnet-0a7ec893fde1bb5b2",
              "subnet-0b2348acfc360a74f",
              "subnet-0fa542ece4895af4a"
            ],
            "tags": {
              "Environment": "prod",
              "Name": "prod-vpc",
              "Terraform": "true"
            },
            "tags_all": {
              "Environment": "prod",
              "Name": "prod-vpc",
              "Terraform": "true"
            },
            "vpc_id": "vpc-0aea249fb189ca256"
          },
          "sensitive_attributes": [],
          "private": "bnVsbA==",
          "dependencies": [
            "module.vpc.module.vpc.aws_vpc.this"
          ]
        }
      ]
    },
    {
      "module": "module.vpc.module.vpc",
      "mode": "managed",
      "type": "aws_default_route_table",
      "name": "default",
      "provider": "module.vpc.provider[\"registry.terraform.io/hashicorp/aws\"]",
      "instances": [
        {
          "index_key": 0,
          "schema_version": 0,
          "attributes": {
            "arn": "arn:aws:ec2:ap-northeast-2:277707137172:route-table/rtb-03dd84ad6470c72d5",
            "default_route_table_id": "rtb-03dd84ad6470c72d5",
            "id": "rtb-03dd84ad6470c72d5",
            "owner_id": "277707137172",
            "propagating_vgws": [],
            "route": [],
            "tags": {
              "Environment": "prod",
              "Name": "prod-vpc",
              "Terraform": "true"
            },
            "tags_all": {
              "Environment": "prod",
              "Name": "prod-vpc",
              "Terraform": "true"
            },
            "timeouts": {
              "create": "5m",
              "update": "5m"
            },
            "vpc_id": "vpc-0aea249fb189ca256"
          },
          "sensitive_attributes": [],
          "private": "eyJlMmJmYjczMC1lY2FhLTExZTYtOGY4OC0zNDM2M2JjN2M0YzAiOnsiY3JlYXRlIjozMDAwMDAwMDAwMDAsInVwZGF0ZSI6MzAwMDAwMDAwMDAwfX0=",
          "dependencies": [
            "module.vpc.module.vpc.aws_vpc.this"
          ]
        }
      ]
    },
    {
      "module": "module.vpc.module.vpc",
      "mode": "managed",
      "type": "aws_default_security_group",
      "name": "this",
      "provider": "module.vpc.provider[\"registry.terraform.io/hashicorp/aws\"]",
      "instances": [
        {
          "index_key": 0,
          "schema_version": 1,
          "attributes": {
            "arn": "arn:aws:ec2:ap-northeast-2:277707137172:security-group/sg-037c2333e47ecc006",
            "description": "default VPC security group",
            "egress": [],
            "id": "sg-037c2333e47ecc006",
            "ingress": [],
            "name": "default",
            "name_prefix": "",
            "owner_id": "277707137172",
            "revoke_rules_on_delete": false,
            "tags": {
              "Environment": "prod",
              "Name": "prod-vpc",
              "Terraform": "true"
            },
            "tags_all": {
              "Environment": "prod",
              "Name": "prod-vpc",
              "Terraform": "true"
            },
            "vpc_id": "vpc-0aea249fb189ca256"
          },
          "sensitive_attributes": [],
          "private": "eyJzY2hlbWFfdmVyc2lvbiI6IjEifQ==",
          "dependencies": [
            "module.vpc.module.vpc.aws_vpc.this"
          ]
        }
      ]
    },
    {
      "module": "module.vpc.module.vpc",
      "mode": "managed",
      "type": "aws_default_vpc",
      "name": "this",
      "provider": "module.vpc.provider[\"registry.terraform.io/hashicorp/aws\"]",
      "instances": []
    },
    {
      "module": "module.vpc.module.vpc",
      "mode": "managed",
      "type": "aws_egress_only_internet_gateway",
      "name": "this",
      "provider": "module.vpc.provider[\"registry.terraform.io/hashicorp/aws\"]",
      "instances": []
    },
    {
      "module": "module.vpc.module.vpc",
      "mode": "managed",
      "type": "aws_eip",
      "name": "nat",
      "provider": "module.vpc.provider[\"registry.terraform.io/hashicorp/aws\"]",
      "instances": []
    },
    {
      "module": "module.vpc.module.vpc",
      "mode": "managed",
      "type": "aws_elasticache_subnet_group",
      "name": "elasticache",
      "provider": "module.vpc.provider[\"registry.terraform.io/hashicorp/aws\"]",
      "instances": []
    },
    {
      "module": "module.vpc.module.vpc",
      "mode": "managed",
      "type": "aws_flow_log",
      "name": "this",
      "provider": "module.vpc.provider[\"registry.terraform.io/hashicorp/aws\"]",
      "instances": []
    },
    {
      "module": "module.vpc.module.vpc",
      "mode": "managed",
      "type": "aws_iam_policy",
      "name": "vpc_flow_log_cloudwatch",
      "provider": "module.vpc.provider[\"registry.terraform.io/hashicorp/aws\"]",
      "instances": []
    },
    {
      "module": "module.vpc.module.vpc",
      "mode": "managed",
      "type": "aws_iam_role",
      "name": "vpc_flow_log_cloudwatch",
      "provider": "module.vpc.provider[\"registry.terraform.io/hashicorp/aws\"]",
      "instances": []
    },
    {
      "module": "module.vpc.module.vpc",
      "mode": "managed",
      "type": "aws_iam_role_policy_attachment",
      "name": "vpc_flow_log_cloudwatch",
      "provider": "module.vpc.provider[\"registry.terraform.io/hashicorp/aws\"]",
      "instances": []
    },
    {
      "module": "module.vpc.module.vpc",
      "mode": "managed",
      "type": "aws_internet_gateway",
      "name": "this",
      "provider": "module.vpc.provider[\"registry.terraform.io/hashicorp/aws\"]",
      "instances": [
        {
          "index_key": 0,
          "schema_version": 0,
          "attributes": {
            "arn": "arn:aws:ec2:ap-northeast-2:277707137172:internet-gateway/igw-010970e8466f6449a",
            "id": "igw-010970e8466f6449a",
            "owner_id": "277707137172",
            "tags": {
              "Environment": "prod",
              "Name": "prod-vpc",
              "Terraform": "true"
            },
            "tags_all": {
              "Environment": "prod",
              "Name": "prod-vpc",
              "Terraform": "true"
            },
            "timeouts": null,
            "vpc_id": "vpc-0aea249fb189ca256"
          },
          "sensitive_attributes": [],
          "private": "eyJlMmJmYjczMC1lY2FhLTExZTYtOGY4OC0zNDM2M2JjN2M0YzAiOnsiY3JlYXRlIjoxMjAwMDAwMDAwMDAwLCJkZWxldGUiOjEyMDAwMDAwMDAwMDAsInVwZGF0ZSI6MTIwMDAwMDAwMDAwMH19",
          "dependencies": [
            "module.vpc.module.vpc.aws_vpc.this",
            "module.vpc.module.vpc.aws_vpc_ipv4_cidr_block_association.this"
          ]
        }
      ]
    },
    {
      "module": "module.vpc.module.vpc",
      "mode": "managed",
      "type": "aws_nat_gateway",
      "name": "this",
      "provider": "module.vpc.provider[\"registry.terraform.io/hashicorp/aws\"]",
      "instances": []
    },
    {
      "module": "module.vpc.module.vpc",
      "mode": "managed",
      "type": "aws_network_acl",
      "name": "database",
      "provider": "module.vpc.provider[\"registry.terraform.io/hashicorp/aws\"]",
      "instances": []
    },
    {
      "module": "module.vpc.module.vpc",
      "mode": "managed",
      "type": "aws_network_acl",
      "name": "elasticache",
      "provider": "module.vpc.provider[\"registry.terraform.io/hashicorp/aws\"]",
      "instances": []
    },
    {
      "module": "module.vpc.module.vpc",
      "mode": "managed",
      "type": "aws_network_acl",
      "name": "intra",
      "provider": "module.vpc.provider[\"registry.terraform.io/hashicorp/aws\"]",
      "instances": []
    },
    {
      "module": "module.vpc.module.vpc",
      "mode": "managed",
      "type": "aws_network_acl",
      "name": "outpost",
      "provider": "module.vpc.provider[\"registry.terraform.io/hashicorp/aws\"]",
      "instances": []
    },
    {
      "module": "module.vpc.module.vpc",
      "mode": "managed",
      "type": "aws_network_acl",
      "name": "private",
      "provider": "module.vpc.provider[\"registry.terraform.io/hashicorp/aws\"]",
      "instances": []
    },
    {
      "module": "module.vpc.module.vpc",
      "mode": "managed",
      "type": "aws_network_acl",
      "name": "public",
      "provider": "module.vpc.provider[\"registry.terraform.io/hashicorp/aws\"]",
      "instances": []
    },
    {
      "module": "module.vpc.module.vpc",
      "mode": "managed",
      "type": "aws_network_acl",
      "name": "redshift",
      "provider": "module.vpc.provider[\"registry.terraform.io/hashicorp/aws\"]",
      "instances": []
    },
    {
      "module": "module.vpc.module.vpc",
      "mode": "managed",
      "type": "aws_network_acl_rule",
      "name": "database_inbound",
      "provider": "module.vpc.provider[\"registry.terraform.io/hashicorp/aws\"]",
      "instances": []
    },
    {
      "module": "module.vpc.module.vpc",
      "mode": "managed",
      "type": "aws_network_acl_rule",
      "name": "database_outbound",
      "provider": "module.vpc.provider[\"registry.terraform.io/hashicorp/aws\"]",
      "instances": []
    },
    {
      "module": "module.vpc.module.vpc",
      "mode": "managed",
      "type": "aws_network_acl_rule",
      "name": "elasticache_inbound",
      "provider": "module.vpc.provider[\"registry.terraform.io/hashicorp/aws\"]",
      "instances": []
    },
    {
      "module": "module.vpc.module.vpc",
      "mode": "managed",
      "type": "aws_network_acl_rule",
      "name": "elasticache_outbound",
      "provider": "module.vpc.provider[\"registry.terraform.io/hashicorp/aws\"]",
      "instances": []
    },
    {
      "module": "module.vpc.module.vpc",
      "mode": "managed",
      "type": "aws_network_acl_rule",
      "name": "intra_inbound",
      "provider": "module.vpc.provider[\"registry.terraform.io/hashicorp/aws\"]",
      "instances": []
    },
    {
      "module": "module.vpc.module.vpc",
      "mode": "managed",
      "type": "aws_network_acl_rule",
      "name": "intra_outbound",
      "provider": "module.vpc.provider[\"registry.terraform.io/hashicorp/aws\"]",
      "instances": []
    },
    {
      "module": "module.vpc.module.vpc",
      "mode": "managed",
      "type": "aws_network_acl_rule",
      "name": "outpost_inbound",
      "provider": "module.vpc.provider[\"registry.terraform.io/hashicorp/aws\"]",
      "instances": []
    },
    {
      "module": "module.vpc.module.vpc",
      "mode": "managed",
      "type": "aws_network_acl_rule",
      "name": "outpost_outbound",
      "provider": "module.vpc.provider[\"registry.terraform.io/hashicorp/aws\"]",
      "instances": []
    },
    {
      "module": "module.vpc.module.vpc",
      "mode": "managed",
      "type": "aws_network_acl_rule",
      "name": "private_inbound",
      "provider": "module.vpc.provider[\"registry.terraform.io/hashicorp/aws\"]",
      "instances": []
    },
    {
      "module": "module.vpc.module.vpc",
      "mode": "managed",
      "type": "aws_network_acl_rule",
      "name": "private_outbound",
      "provider": "module.vpc.provider[\"registry.terraform.io/hashicorp/aws\"]",
      "instances": []
    },
    {
      "module": "module.vpc.module.vpc",
      "mode": "managed",
      "type": "aws_network_acl_rule",
      "name": "public_inbound",
      "provider": "module.vpc.provider[\"registry.terraform.io/hashicorp/aws\"]",
      "instances": []
    },
    {
      "module": "module.vpc.module.vpc",
      "mode": "managed",
      "type": "aws_network_acl_rule",
      "name": "public_outbound",
      "provider": "module.vpc.provider[\"registry.terraform.io/hashicorp/aws\"]",
      "instances": []
    },
    {
      "module": "module.vpc.module.vpc",
      "mode": "managed",
      "type": "aws_network_acl_rule",
      "name": "redshift_inbound",
      "provider": "module.vpc.provider[\"registry.terraform.io/hashicorp/aws\"]",
      "instances": []
    },
    {
      "module": "module.vpc.module.vpc",
      "mode": "managed",
      "type": "aws_network_acl_rule",
      "name": "redshift_outbound",
      "provider": "module.vpc.provider[\"registry.terraform.io/hashicorp/aws\"]",
      "instances": []
    },
    {
      "module": "module.vpc.module.vpc",
      "mode": "managed",
      "type": "aws_redshift_subnet_group",
      "name": "redshift",
      "provider": "module.vpc.provider[\"registry.terraform.io/hashicorp/aws\"]",
      "instances": []
    },
    {
      "module": "module.vpc.module.vpc",
      "mode": "managed",
      "type": "aws_route",
      "name": "database_dns64_nat_gateway",
      "provider": "module.vpc.provider[\"registry.terraform.io/hashicorp/aws\"]",
      "instances": []
    },
    {
      "module": "module.vpc.module.vpc",
      "mode": "managed",
      "type": "aws_route",
      "name": "database_internet_gateway",
      "provider": "module.vpc.provider[\"registry.terraform.io/hashicorp/aws\"]",
      "instances": []
    },
    {
      "module": "module.vpc.module.vpc",
      "mode": "managed",
      "type": "aws_route",
      "name": "database_ipv6_egress",
      "provider": "module.vpc.provider[\"registry.terraform.io/hashicorp/aws\"]",
      "instances": []
    },
    {
      "module": "module.vpc.module.vpc",
      "mode": "managed",
      "type": "aws_route",
      "name": "database_nat_gateway",
      "provider": "module.vpc.provider[\"registry.terraform.io/hashicorp/aws\"]",
      "instances": []
    },
    {
      "module": "module.vpc.module.vpc",
      "mode": "managed",
      "type": "aws_route",
      "name": "private_dns64_nat_gateway",
      "provider": "module.vpc.provider[\"registry.terraform.io/hashicorp/aws\"]",
      "instances": []
    },
    {
      "module": "module.vpc.module.vpc",
      "mode": "managed",
      "type": "aws_route",
      "name": "private_ipv6_egress",
      "provider": "module.vpc.provider[\"registry.terraform.io/hashicorp/aws\"]",
      "instances": []
    },
    {
      "module": "module.vpc.module.vpc",
      "mode": "managed",
      "type": "aws_route",
      "name": "private_nat_gateway",
      "provider": "module.vpc.provider[\"registry.terraform.io/hashicorp/aws\"]",
      "instances": []
    },
    {
      "module": "module.vpc.module.vpc",
      "mode": "managed",
      "type": "aws_route",
      "name": "public_internet_gateway",
      "provider": "module.vpc.provider[\"registry.terraform.io/hashicorp/aws\"]",
      "instances": [
        {
          "index_key": 0,
          "schema_version": 0,
          "attributes": {
            "carrier_gateway_id": "",
            "core_network_arn": "",
            "destination_cidr_block": "0.0.0.0/0",
            "destination_ipv6_cidr_block": "",
            "destination_prefix_list_id": "",
            "egress_only_gateway_id": "",
            "gateway_id": "igw-010970e8466f6449a",
            "id": "r-rtb-0135b489ba024cad81080289494",
            "instance_id": "",
            "instance_owner_id": "",
            "local_gateway_id": "",
            "nat_gateway_id": "",
            "network_interface_id": "",
            "origin": "CreateRoute",
            "route_table_id": "rtb-0135b489ba024cad8",
            "state": "active",
            "timeouts": {
              "create": "5m",
              "delete": null,
              "update": null
            },
            "transit_gateway_id": "",
            "vpc_endpoint_id": "",
            "vpc_peering_connection_id": ""
          },
          "sensitive_attributes": [],
          "private": "eyJlMmJmYjczMC1lY2FhLTExZTYtOGY4OC0zNDM2M2JjN2M0YzAiOnsiY3JlYXRlIjozMDAwMDAwMDAwMDAsImRlbGV0ZSI6MzAwMDAwMDAwMDAwLCJ1cGRhdGUiOjEyMDAwMDAwMDAwMH19",
          "dependencies": [
            "module.vpc.module.vpc.aws_internet_gateway.this",
            "module.vpc.module.vpc.aws_route_table.public",
            "module.vpc.module.vpc.aws_vpc.this",
            "module.vpc.module.vpc.aws_vpc_ipv4_cidr_block_association.this"
          ]
        }
      ]
    },
    {
      "module": "module.vpc.module.vpc",
      "mode": "managed",
      "type": "aws_route",
      "name": "public_internet_gateway_ipv6",
      "provider": "module.vpc.provider[\"registry.terraform.io/hashicorp/aws\"]",
      "instances": []
    },
    {
      "module": "module.vpc.module.vpc",
      "mode": "managed",
      "type": "aws_route_table",
      "name": "database",
      "provider": "module.vpc.provider[\"registry.terraform.io/hashicorp/aws\"]",
      "instances": []
    },
    {
      "module": "module.vpc.module.vpc",
      "mode": "managed",
      "type": "aws_route_table",
      "name": "elasticache",
      "provider": "module.vpc.provider[\"registry.terraform.io/hashicorp/aws\"]",
      "instances": []
    },
    {
      "module": "module.vpc.module.vpc",
      "mode": "managed",
      "type": "aws_route_table",
      "name": "intra",
      "provider": "module.vpc.provider[\"registry.terraform.io/hashicorp/aws\"]",
      "instances": []
    },
    {
      "module": "module.vpc.module.vpc",
      "mode": "managed",
      "type": "aws_route_table",
      "name": "private",
      "provider": "module.vpc.provider[\"registry.terraform.io/hashicorp/aws\"]",
      "instances": [
        {
          "index_key": 0,
          "schema_version": 0,
          "attributes": {
            "arn": "arn:aws:ec2:ap-northeast-2:277707137172:route-table/rtb-0d88d71c57f19cf1b",
            "id": "rtb-0d88d71c57f19cf1b",
            "owner_id": "277707137172",
            "propagating_vgws": [],
            "route": [],
            "tags": {
              "Environment": "prod",
              "Name": "prod-vpc",
              "Terraform": "true"
            },
            "tags_all": {
              "Environment": "prod",
              "Name": "prod-vpc",
              "Terraform": "true"
            },
            "timeouts": null,
            "vpc_id": "vpc-0aea249fb189ca256"
          },
          "sensitive_attributes": [],
          "private": "eyJlMmJmYjczMC1lY2FhLTExZTYtOGY4OC0zNDM2M2JjN2M0YzAiOnsiY3JlYXRlIjozMDAwMDAwMDAwMDAsImRlbGV0ZSI6MzAwMDAwMDAwMDAwLCJ1cGRhdGUiOjEyMDAwMDAwMDAwMH19",
          "dependencies": [
            "module.vpc.module.vpc.aws_vpc.this",
            "module.vpc.module.vpc.aws_vpc_ipv4_cidr_block_association.this"
          ]
        },
        {
          "index_key": 1,
          "schema_version": 0,
          "attributes": {
            "arn": "arn:aws:ec2:ap-northeast-2:277707137172:route-table/rtb-0f8264e3c66960a7b",
            "id": "rtb-0f8264e3c66960a7b",
            "owner_id": "277707137172",
            "propagating_vgws": [],
            "route": [],
            "tags": {
              "Environment": "prod",
              "Name": "prod-vpc",
              "Terraform": "true"
            },
            "tags_all": {
              "Environment": "prod",
              "Name": "prod-vpc",
              "Terraform": "true"
            },
            "timeouts": null,
            "vpc_id": "vpc-0aea249fb189ca256"
          },
          "sensitive_attributes": [],
          "private": "eyJlMmJmYjczMC1lY2FhLTExZTYtOGY4OC0zNDM2M2JjN2M0YzAiOnsiY3JlYXRlIjozMDAwMDAwMDAwMDAsImRlbGV0ZSI6MzAwMDAwMDAwMDAwLCJ1cGRhdGUiOjEyMDAwMDAwMDAwMH19",
          "dependencies": [
            "module.vpc.module.vpc.aws_vpc.this",
            "module.vpc.module.vpc.aws_vpc_ipv4_cidr_block_association.this"
          ]
        },
        {
          "index_key": 2,
          "schema_version": 0,
          "attributes": {
            "arn": "arn:aws:ec2:ap-northeast-2:277707137172:route-table/rtb-0dd6c0fe32edc3b57",
            "id": "rtb-0dd6c0fe32edc3b57",
            "owner_id": "277707137172",
            "propagating_vgws": [],
            "route": [],
            "tags": {
              "Environment": "prod",
              "Name": "prod-vpc",
              "Terraform": "true"
            },
            "tags_all": {
              "Environment": "prod",
              "Name": "prod-vpc",
              "Terraform": "true"
            },
            "timeouts": null,
            "vpc_id": "vpc-0aea249fb189ca256"
          },
          "sensitive_attributes": [],
          "private": "eyJlMmJmYjczMC1lY2FhLTExZTYtOGY4OC0zNDM2M2JjN2M0YzAiOnsiY3JlYXRlIjozMDAwMDAwMDAwMDAsImRlbGV0ZSI6MzAwMDAwMDAwMDAwLCJ1cGRhdGUiOjEyMDAwMDAwMDAwMH19",
          "dependencies": [
            "module.vpc.module.vpc.aws_vpc.this",
            "module.vpc.module.vpc.aws_vpc_ipv4_cidr_block_association.this"
          ]
        },
        {
          "index_key": 3,
          "schema_version": 0,
          "attributes": {
            "arn": "arn:aws:ec2:ap-northeast-2:277707137172:route-table/rtb-0a1b74cbe04073563",
            "id": "rtb-0a1b74cbe04073563",
            "owner_id": "277707137172",
            "propagating_vgws": [],
            "route": [],
            "tags": {
              "Environment": "prod",
              "Name": "prod-vpc",
              "Terraform": "true"
            },
            "tags_all": {
              "Environment": "prod",
              "Name": "prod-vpc",
              "Terraform": "true"
            },
            "timeouts": null,
            "vpc_id": "vpc-0aea249fb189ca256"
          },
          "sensitive_attributes": [],
          "private": "eyJlMmJmYjczMC1lY2FhLTExZTYtOGY4OC0zNDM2M2JjN2M0YzAiOnsiY3JlYXRlIjozMDAwMDAwMDAwMDAsImRlbGV0ZSI6MzAwMDAwMDAwMDAwLCJ1cGRhdGUiOjEyMDAwMDAwMDAwMH19",
          "dependencies": [
            "module.vpc.module.vpc.aws_vpc.this",
            "module.vpc.module.vpc.aws_vpc_ipv4_cidr_block_association.this"
          ]
        },
        {
          "index_key": 4,
          "schema_version": 0,
          "attributes": {
            "arn": "arn:aws:ec2:ap-northeast-2:277707137172:route-table/rtb-0bec58795e0bcb614",
            "id": "rtb-0bec58795e0bcb614",
            "owner_id": "277707137172",
            "propagating_vgws": [],
            "route": [],
            "tags": {
              "Environment": "prod",
              "Name": "prod-vpc",
              "Terraform": "true"
            },
            "tags_all": {
              "Environment": "prod",
              "Name": "prod-vpc",
              "Terraform": "true"
            },
            "timeouts": null,
            "vpc_id": "vpc-0aea249fb189ca256"
          },
          "sensitive_attributes": [],
          "private": "eyJlMmJmYjczMC1lY2FhLTExZTYtOGY4OC0zNDM2M2JjN2M0YzAiOnsiY3JlYXRlIjozMDAwMDAwMDAwMDAsImRlbGV0ZSI6MzAwMDAwMDAwMDAwLCJ1cGRhdGUiOjEyMDAwMDAwMDAwMH19",
          "dependencies": [
            "module.vpc.module.vpc.aws_vpc.this",
            "module.vpc.module.vpc.aws_vpc_ipv4_cidr_block_association.this"
          ]
        },
        {
          "index_key": 5,
          "schema_version": 0,
          "attributes": {
            "arn": "arn:aws:ec2:ap-northeast-2:277707137172:route-table/rtb-0c3a8db2878e37bc6",
            "id": "rtb-0c3a8db2878e37bc6",
            "owner_id": "277707137172",
            "propagating_vgws": [],
            "route": [],
            "tags": {
              "Environment": "prod",
              "Name": "prod-vpc",
              "Terraform": "true"
            },
            "tags_all": {
              "Environment": "prod",
              "Name": "prod-vpc",
              "Terraform": "true"
            },
            "timeouts": null,
            "vpc_id": "vpc-0aea249fb189ca256"
          },
          "sensitive_attributes": [],
          "private": "eyJlMmJmYjczMC1lY2FhLTExZTYtOGY4OC0zNDM2M2JjN2M0YzAiOnsiY3JlYXRlIjozMDAwMDAwMDAwMDAsImRlbGV0ZSI6MzAwMDAwMDAwMDAwLCJ1cGRhdGUiOjEyMDAwMDAwMDAwMH19",
          "dependencies": [
            "module.vpc.module.vpc.aws_vpc.this",
            "module.vpc.module.vpc.aws_vpc_ipv4_cidr_block_association.this"
          ]
        }
      ]
    },
    {
      "module": "module.vpc.module.vpc",
      "mode": "managed",
      "type": "aws_route_table",
      "name": "public",
      "provider": "module.vpc.provider[\"registry.terraform.io/hashicorp/aws\"]",
      "instances": [
        {
          "index_key": 0,
          "schema_version": 0,
          "attributes": {
            "arn": "arn:aws:ec2:ap-northeast-2:277707137172:route-table/rtb-0135b489ba024cad8",
            "id": "rtb-0135b489ba024cad8",
            "owner_id": "277707137172",
            "propagating_vgws": [],
            "route": [
              {
                "carrier_gateway_id": "",
                "cidr_block": "0.0.0.0/0",
                "core_network_arn": "",
                "destination_prefix_list_id": "",
                "egress_only_gateway_id": "",
                "gateway_id": "igw-010970e8466f6449a",
                "ipv6_cidr_block": "",
                "local_gateway_id": "",
                "nat_gateway_id": "",
                "network_interface_id": "",
                "transit_gateway_id": "",
                "vpc_endpoint_id": "",
                "vpc_peering_connection_id": ""
              }
            ],
            "tags": {
              "Environment": "prod",
              "Name": "prod-vpc",
              "Terraform": "true"
            },
            "tags_all": {
              "Environment": "prod",
              "Name": "prod-vpc",
              "Terraform": "true"
            },
            "timeouts": null,
            "vpc_id": "vpc-0aea249fb189ca256"
          },
          "sensitive_attributes": [],
          "private": "eyJlMmJmYjczMC1lY2FhLTExZTYtOGY4OC0zNDM2M2JjN2M0YzAiOnsiY3JlYXRlIjozMDAwMDAwMDAwMDAsImRlbGV0ZSI6MzAwMDAwMDAwMDAwLCJ1cGRhdGUiOjEyMDAwMDAwMDAwMH19",
          "dependencies": [
            "module.vpc.module.vpc.aws_vpc.this",
            "module.vpc.module.vpc.aws_vpc_ipv4_cidr_block_association.this"
          ]
        }
      ]
    },
    {
      "module": "module.vpc.module.vpc",
      "mode": "managed",
      "type": "aws_route_table",
      "name": "redshift",
      "provider": "module.vpc.provider[\"registry.terraform.io/hashicorp/aws\"]",
      "instances": []
    },
    {
      "module": "module.vpc.module.vpc",
      "mode": "managed",
      "type": "aws_route_table_association",
      "name": "database",
      "provider": "module.vpc.provider[\"registry.terraform.io/hashicorp/aws\"]",
      "instances": []
    },
    {
      "module": "module.vpc.module.vpc",
      "mode": "managed",
      "type": "aws_route_table_association",
      "name": "elasticache",
      "provider": "module.vpc.provider[\"registry.terraform.io/hashicorp/aws\"]",
      "instances": []
    },
    {
      "module": "module.vpc.module.vpc",
      "mode": "managed",
      "type": "aws_route_table_association",
      "name": "intra",
      "provider": "module.vpc.provider[\"registry.terraform.io/hashicorp/aws\"]",
      "instances": []
    },
    {
      "module": "module.vpc.module.vpc",
      "mode": "managed",
      "type": "aws_route_table_association",
      "name": "outpost",
      "provider": "module.vpc.provider[\"registry.terraform.io/hashicorp/aws\"]",
      "instances": []
    },
    {
      "module": "module.vpc.module.vpc",
      "mode": "managed",
      "type": "aws_route_table_association",
      "name": "private",
      "provider": "module.vpc.provider[\"registry.terraform.io/hashicorp/aws\"]",
      "instances": [
        {
          "index_key": 0,
          "schema_version": 0,
          "attributes": {
            "gateway_id": "",
            "id": "rtbassoc-0a0dbddb1f0515232",
            "route_table_id": "rtb-0d88d71c57f19cf1b",
            "subnet_id": "subnet-07353d6020e365d45",
            "timeouts": null
          },
          "sensitive_attributes": [],
          "private": "eyJlMmJmYjczMC1lY2FhLTExZTYtOGY4OC0zNDM2M2JjN2M0YzAiOnsiY3JlYXRlIjozMDAwMDAwMDAwMDAsImRlbGV0ZSI6MzAwMDAwMDAwMDAwLCJ1cGRhdGUiOjEyMDAwMDAwMDAwMH19",
          "dependencies": [
            "module.vpc.module.vpc.aws_route_table.private",
            "module.vpc.module.vpc.aws_subnet.private",
            "module.vpc.module.vpc.aws_vpc.this",
            "module.vpc.module.vpc.aws_vpc_ipv4_cidr_block_association.this"
          ]
        },
        {
          "index_key": 1,
          "schema_version": 0,
          "attributes": {
            "gateway_id": "",
            "id": "rtbassoc-0471506120ec20528",
            "route_table_id": "rtb-0f8264e3c66960a7b",
            "subnet_id": "subnet-07571ad452fe3c868",
            "timeouts": null
          },
          "sensitive_attributes": [],
          "private": "eyJlMmJmYjczMC1lY2FhLTExZTYtOGY4OC0zNDM2M2JjN2M0YzAiOnsiY3JlYXRlIjozMDAwMDAwMDAwMDAsImRlbGV0ZSI6MzAwMDAwMDAwMDAwLCJ1cGRhdGUiOjEyMDAwMDAwMDAwMH19",
          "dependencies": [
            "module.vpc.module.vpc.aws_route_table.private",
            "module.vpc.module.vpc.aws_subnet.private",
            "module.vpc.module.vpc.aws_vpc.this",
            "module.vpc.module.vpc.aws_vpc_ipv4_cidr_block_association.this"
          ]
        },
        {
          "index_key": 2,
          "schema_version": 0,
          "attributes": {
            "gateway_id": "",
            "id": "rtbassoc-09ee0706baf502720",
            "route_table_id": "rtb-0dd6c0fe32edc3b57",
            "subnet_id": "subnet-0a7ec893fde1bb5b2",
            "timeouts": null
          },
          "sensitive_attributes": [],
          "private": "eyJlMmJmYjczMC1lY2FhLTExZTYtOGY4OC0zNDM2M2JjN2M0YzAiOnsiY3JlYXRlIjozMDAwMDAwMDAwMDAsImRlbGV0ZSI6MzAwMDAwMDAwMDAwLCJ1cGRhdGUiOjEyMDAwMDAwMDAwMH19",
          "dependencies": [
            "module.vpc.module.vpc.aws_route_table.private",
            "module.vpc.module.vpc.aws_subnet.private",
            "module.vpc.module.vpc.aws_vpc.this",
            "module.vpc.module.vpc.aws_vpc_ipv4_cidr_block_association.this"
          ]
        },
        {
          "index_key": 3,
          "schema_version": 0,
          "attributes": {
            "gateway_id": "",
            "id": "rtbassoc-0593b640559e84e22",
            "route_table_id": "rtb-0a1b74cbe04073563",
            "subnet_id": "subnet-069699589e1a1a0fb",
            "timeouts": null
          },
          "sensitive_attributes": [],
          "private": "eyJlMmJmYjczMC1lY2FhLTExZTYtOGY4OC0zNDM2M2JjN2M0YzAiOnsiY3JlYXRlIjozMDAwMDAwMDAwMDAsImRlbGV0ZSI6MzAwMDAwMDAwMDAwLCJ1cGRhdGUiOjEyMDAwMDAwMDAwMH19",
          "dependencies": [
            "module.vpc.module.vpc.aws_route_table.private",
            "module.vpc.module.vpc.aws_subnet.private",
            "module.vpc.module.vpc.aws_vpc.this",
            "module.vpc.module.vpc.aws_vpc_ipv4_cidr_block_association.this"
          ]
        },
        {
          "index_key": 4,
          "schema_version": 0,
          "attributes": {
            "gateway_id": "",
            "id": "rtbassoc-0188116c05e73e80f",
            "route_table_id": "rtb-0bec58795e0bcb614",
            "subnet_id": "subnet-0b2348acfc360a74f",
            "timeouts": null
          },
          "sensitive_attributes": [],
          "private": "eyJlMmJmYjczMC1lY2FhLTExZTYtOGY4OC0zNDM2M2JjN2M0YzAiOnsiY3JlYXRlIjozMDAwMDAwMDAwMDAsImRlbGV0ZSI6MzAwMDAwMDAwMDAwLCJ1cGRhdGUiOjEyMDAwMDAwMDAwMH19",
          "dependencies": [
            "module.vpc.module.vpc.aws_route_table.private",
            "module.vpc.module.vpc.aws_subnet.private",
            "module.vpc.module.vpc.aws_vpc.this",
            "module.vpc.module.vpc.aws_vpc_ipv4_cidr_block_association.this"
          ]
        },
        {
          "index_key": 5,
          "schema_version": 0,
          "attributes": {
            "gateway_id": "",
            "id": "rtbassoc-0e9a7ad257f669440",
            "route_table_id": "rtb-0c3a8db2878e37bc6",
            "subnet_id": "subnet-0fa542ece4895af4a",
            "timeouts": null
          },
          "sensitive_attributes": [],
          "private": "eyJlMmJmYjczMC1lY2FhLTExZTYtOGY4OC0zNDM2M2JjN2M0YzAiOnsiY3JlYXRlIjozMDAwMDAwMDAwMDAsImRlbGV0ZSI6MzAwMDAwMDAwMDAwLCJ1cGRhdGUiOjEyMDAwMDAwMDAwMH19",
          "dependencies": [
            "module.vpc.module.vpc.aws_route_table.private",
            "module.vpc.module.vpc.aws_subnet.private",
            "module.vpc.module.vpc.aws_vpc.this",
            "module.vpc.module.vpc.aws_vpc_ipv4_cidr_block_association.this"
          ]
        }
      ]
    },
    {
      "module": "module.vpc.module.vpc",
      "mode": "managed",
      "type": "aws_route_table_association",
      "name": "public",
      "provider": "module.vpc.provider[\"registry.terraform.io/hashicorp/aws\"]",
      "instances": [
        {
          "index_key": 0,
          "schema_version": 0,
          "attributes": {
            "gateway_id": "",
            "id": "rtbassoc-0c5a4ad4ccc02b804",
            "route_table_id": "rtb-0135b489ba024cad8",
            "subnet_id": "subnet-06bce30024b93de2b",
            "timeouts": null
          },
          "sensitive_attributes": [],
          "private": "eyJlMmJmYjczMC1lY2FhLTExZTYtOGY4OC0zNDM2M2JjN2M0YzAiOnsiY3JlYXRlIjozMDAwMDAwMDAwMDAsImRlbGV0ZSI6MzAwMDAwMDAwMDAwLCJ1cGRhdGUiOjEyMDAwMDAwMDAwMH19",
          "dependencies": [
            "module.vpc.module.vpc.aws_route_table.public",
            "module.vpc.module.vpc.aws_subnet.public",
            "module.vpc.module.vpc.aws_vpc.this",
            "module.vpc.module.vpc.aws_vpc_ipv4_cidr_block_association.this"
          ]
        },
        {
          "index_key": 1,
          "schema_version": 0,
          "attributes": {
            "gateway_id": "",
            "id": "rtbassoc-015973d892547dddb",
            "route_table_id": "rtb-0135b489ba024cad8",
            "subnet_id": "subnet-0242ebd261be66902",
            "timeouts": null
          },
          "sensitive_attributes": [],
          "private": "eyJlMmJmYjczMC1lY2FhLTExZTYtOGY4OC0zNDM2M2JjN2M0YzAiOnsiY3JlYXRlIjozMDAwMDAwMDAwMDAsImRlbGV0ZSI6MzAwMDAwMDAwMDAwLCJ1cGRhdGUiOjEyMDAwMDAwMDAwMH19",
          "dependencies": [
            "module.vpc.module.vpc.aws_route_table.public",
            "module.vpc.module.vpc.aws_subnet.public",
            "module.vpc.module.vpc.aws_vpc.this",
            "module.vpc.module.vpc.aws_vpc_ipv4_cidr_block_association.this"
          ]
        }
      ]
    },
    {
      "module": "module.vpc.module.vpc",
      "mode": "managed",
      "type": "aws_route_table_association",
      "name": "redshift",
      "provider": "module.vpc.provider[\"registry.terraform.io/hashicorp/aws\"]",
      "instances": []
    },
    {
      "module": "module.vpc.module.vpc",
      "mode": "managed",
      "type": "aws_route_table_association",
      "name": "redshift_public",
      "provider": "module.vpc.provider[\"registry.terraform.io/hashicorp/aws\"]",
      "instances": []
    },
    {
      "module": "module.vpc.module.vpc",
      "mode": "managed",
      "type": "aws_subnet",
      "name": "database",
      "provider": "module.vpc.provider[\"registry.terraform.io/hashicorp/aws\"]",
      "instances": []
    },
    {
      "module": "module.vpc.module.vpc",
      "mode": "managed",
      "type": "aws_subnet",
      "name": "elasticache",
      "provider": "module.vpc.provider[\"registry.terraform.io/hashicorp/aws\"]",
      "instances": []
    },
    {
      "module": "module.vpc.module.vpc",
      "mode": "managed",
      "type": "aws_subnet",
      "name": "intra",
      "provider": "module.vpc.provider[\"registry.terraform.io/hashicorp/aws\"]",
      "instances": []
    },
    {
      "module": "module.vpc.module.vpc",
      "mode": "managed",
      "type": "aws_subnet",
      "name": "outpost",
      "provider": "module.vpc.provider[\"registry.terraform.io/hashicorp/aws\"]",
      "instances": []
    },
    {
      "module": "module.vpc.module.vpc",
      "mode": "managed",
      "type": "aws_subnet",
      "name": "private",
      "provider": "module.vpc.provider[\"registry.terraform.io/hashicorp/aws\"]",
      "instances": [
        {
          "index_key": 0,
          "schema_version": 1,
          "attributes": {
            "arn": "arn:aws:ec2:ap-northeast-2:277707137172:subnet/subnet-07353d6020e365d45",
            "assign_ipv6_address_on_creation": false,
            "availability_zone": "ap-northeast-2a",
            "availability_zone_id": "apne2-az1",
            "cidr_block": "10.0.2.0/24",
            "customer_owned_ipv4_pool": "",
            "enable_dns64": false,
            "enable_lni_at_device_index": 0,
            "enable_resource_name_dns_a_record_on_launch": false,
            "enable_resource_name_dns_aaaa_record_on_launch": false,
            "id": "subnet-07353d6020e365d45",
            "ipv6_cidr_block": "",
            "ipv6_cidr_block_association_id": "",
            "ipv6_native": false,
            "map_customer_owned_ip_on_launch": false,
            "map_public_ip_on_launch": false,
            "outpost_arn": "",
            "owner_id": "277707137172",
            "private_dns_hostname_type_on_launch": "ip-name",
            "tags": {
              "Environment": "prod",
              "Name": "prod-vpc",
              "Terraform": "true"
            },
            "tags_all": {
              "Environment": "prod",
              "Name": "prod-vpc",
              "Terraform": "true"
            },
            "timeouts": null,
            "vpc_id": "vpc-0aea249fb189ca256"
          },
          "sensitive_attributes": [],
          "private": "eyJlMmJmYjczMC1lY2FhLTExZTYtOGY4OC0zNDM2M2JjN2M0YzAiOnsiY3JlYXRlIjo2MDAwMDAwMDAwMDAsImRlbGV0ZSI6MTIwMDAwMDAwMDAwMH0sInNjaGVtYV92ZXJzaW9uIjoiMSJ9",
          "dependencies": [
            "module.vpc.module.vpc.aws_vpc.this",
            "module.vpc.module.vpc.aws_vpc_ipv4_cidr_block_association.this"
          ],
          "create_before_destroy": true
        },
        {
          "index_key": 1,
          "schema_version": 1,
          "attributes": {
            "arn": "arn:aws:ec2:ap-northeast-2:277707137172:subnet/subnet-07571ad452fe3c868",
            "assign_ipv6_address_on_creation": false,
            "availability_zone": "ap-northeast-2c",
            "availability_zone_id": "apne2-az3",
            "cidr_block": "10.0.3.0/24",
            "customer_owned_ipv4_pool": "",
            "enable_dns64": false,
            "enable_lni_at_device_index": 0,
            "enable_resource_name_dns_a_record_on_launch": false,
            "enable_resource_name_dns_aaaa_record_on_launch": false,
            "id": "subnet-07571ad452fe3c868",
            "ipv6_cidr_block": "",
            "ipv6_cidr_block_association_id": "",
            "ipv6_native": false,
            "map_customer_owned_ip_on_launch": false,
            "map_public_ip_on_launch": false,
            "outpost_arn": "",
            "owner_id": "277707137172",
            "private_dns_hostname_type_on_launch": "ip-name",
            "tags": {
              "Environment": "prod",
              "Name": "prod-vpc",
              "Terraform": "true"
            },
            "tags_all": {
              "Environment": "prod",
              "Name": "prod-vpc",
              "Terraform": "true"
            },
            "timeouts": null,
            "vpc_id": "vpc-0aea249fb189ca256"
          },
          "sensitive_attributes": [],
          "private": "eyJlMmJmYjczMC1lY2FhLTExZTYtOGY4OC0zNDM2M2JjN2M0YzAiOnsiY3JlYXRlIjo2MDAwMDAwMDAwMDAsImRlbGV0ZSI6MTIwMDAwMDAwMDAwMH0sInNjaGVtYV92ZXJzaW9uIjoiMSJ9",
          "dependencies": [
            "module.vpc.module.vpc.aws_vpc.this",
            "module.vpc.module.vpc.aws_vpc_ipv4_cidr_block_association.this"
          ],
          "create_before_destroy": true
        },
        {
          "index_key": 2,
          "schema_version": 1,
          "attributes": {
            "arn": "arn:aws:ec2:ap-northeast-2:277707137172:subnet/subnet-0a7ec893fde1bb5b2",
            "assign_ipv6_address_on_creation": false,
            "availability_zone": "ap-northeast-2a",
            "availability_zone_id": "apne2-az1",
            "cidr_block": "10.0.4.0/24",
            "customer_owned_ipv4_pool": "",
            "enable_dns64": false,
            "enable_lni_at_device_index": 0,
            "enable_resource_name_dns_a_record_on_launch": false,
            "enable_resource_name_dns_aaaa_record_on_launch": false,
            "id": "subnet-0a7ec893fde1bb5b2",
            "ipv6_cidr_block": "",
            "ipv6_cidr_block_association_id": "",
            "ipv6_native": false,
            "map_customer_owned_ip_on_launch": false,
            "map_public_ip_on_launch": false,
            "outpost_arn": "",
            "owner_id": "277707137172",
            "private_dns_hostname_type_on_launch": "ip-name",
            "tags": {
              "Environment": "prod",
              "Name": "prod-vpc",
              "Terraform": "true"
            },
            "tags_all": {
              "Environment": "prod",
              "Name": "prod-vpc",
              "Terraform": "true"
            },
            "timeouts": null,
            "vpc_id": "vpc-0aea249fb189ca256"
          },
          "sensitive_attributes": [],
          "private": "eyJlMmJmYjczMC1lY2FhLTExZTYtOGY4OC0zNDM2M2JjN2M0YzAiOnsiY3JlYXRlIjo2MDAwMDAwMDAwMDAsImRlbGV0ZSI6MTIwMDAwMDAwMDAwMH0sInNjaGVtYV92ZXJzaW9uIjoiMSJ9",
          "dependencies": [
            "module.vpc.module.vpc.aws_vpc.this",
            "module.vpc.module.vpc.aws_vpc_ipv4_cidr_block_association.this"
          ],
          "create_before_destroy": true
        },
        {
          "index_key": 3,
          "schema_version": 1,
          "attributes": {
            "arn": "arn:aws:ec2:ap-northeast-2:277707137172:subnet/subnet-069699589e1a1a0fb",
            "assign_ipv6_address_on_creation": false,
            "availability_zone": "ap-northeast-2c",
            "availability_zone_id": "apne2-az3",
            "cidr_block": "10.0.6.0/24",
            "customer_owned_ipv4_pool": "",
            "enable_dns64": false,
            "enable_lni_at_device_index": 0,
            "enable_resource_name_dns_a_record_on_launch": false,
            "enable_resource_name_dns_aaaa_record_on_launch": false,
            "id": "subnet-069699589e1a1a0fb",
            "ipv6_cidr_block": "",
            "ipv6_cidr_block_association_id": "",
            "ipv6_native": false,
            "map_customer_owned_ip_on_launch": false,
            "map_public_ip_on_launch": false,
            "outpost_arn": "",
            "owner_id": "277707137172",
            "private_dns_hostname_type_on_launch": "ip-name",
            "tags": {
              "Environment": "prod",
              "Name": "prod-vpc",
              "Terraform": "true"
            },
            "tags_all": {
              "Environment": "prod",
              "Name": "prod-vpc",
              "Terraform": "true"
            },
            "timeouts": null,
            "vpc_id": "vpc-0aea249fb189ca256"
          },
          "sensitive_attributes": [],
          "private": "eyJlMmJmYjczMC1lY2FhLTExZTYtOGY4OC0zNDM2M2JjN2M0YzAiOnsiY3JlYXRlIjo2MDAwMDAwMDAwMDAsImRlbGV0ZSI6MTIwMDAwMDAwMDAwMH0sInNjaGVtYV92ZXJzaW9uIjoiMSJ9",
          "dependencies": [
            "module.vpc.module.vpc.aws_vpc.this",
            "module.vpc.module.vpc.aws_vpc_ipv4_cidr_block_association.this"
          ],
          "create_before_destroy": true
        },
        {
          "index_key": 4,
          "schema_version": 1,
          "attributes": {
            "arn": "arn:aws:ec2:ap-northeast-2:277707137172:subnet/subnet-0b2348acfc360a74f",
            "assign_ipv6_address_on_creation": false,
            "availability_zone": "ap-northeast-2a",
            "availability_zone_id": "apne2-az1",
            "cidr_block": "10.0.7.0/24",
            "customer_owned_ipv4_pool": "",
            "enable_dns64": false,
            "enable_lni_at_device_index": 0,
            "enable_resource_name_dns_a_record_on_launch": false,
            "enable_resource_name_dns_aaaa_record_on_launch": false,
            "id": "subnet-0b2348acfc360a74f",
            "ipv6_cidr_block": "",
            "ipv6_cidr_block_association_id": "",
            "ipv6_native": false,
            "map_customer_owned_ip_on_launch": false,
            "map_public_ip_on_launch": false,
            "outpost_arn": "",
            "owner_id": "277707137172",
            "private_dns_hostname_type_on_launch": "ip-name",
            "tags": {
              "Environment": "prod",
              "Name": "prod-vpc",
              "Terraform": "true"
            },
            "tags_all": {
              "Environment": "prod",
              "Name": "prod-vpc",
              "Terraform": "true"
            },
            "timeouts": null,
            "vpc_id": "vpc-0aea249fb189ca256"
          },
          "sensitive_attributes": [],
          "private": "eyJlMmJmYjczMC1lY2FhLTExZTYtOGY4OC0zNDM2M2JjN2M0YzAiOnsiY3JlYXRlIjo2MDAwMDAwMDAwMDAsImRlbGV0ZSI6MTIwMDAwMDAwMDAwMH0sInNjaGVtYV92ZXJzaW9uIjoiMSJ9",
          "dependencies": [
            "module.vpc.module.vpc.aws_vpc.this",
            "module.vpc.module.vpc.aws_vpc_ipv4_cidr_block_association.this"
          ],
          "create_before_destroy": true
        },
        {
          "index_key": 5,
          "schema_version": 1,
          "attributes": {
            "arn": "arn:aws:ec2:ap-northeast-2:277707137172:subnet/subnet-0fa542ece4895af4a",
            "assign_ipv6_address_on_creation": false,
            "availability_zone": "ap-northeast-2c",
            "availability_zone_id": "apne2-az3",
            "cidr_block": "10.0.8.0/24",
            "customer_owned_ipv4_pool": "",
            "enable_dns64": false,
            "enable_lni_at_device_index": 0,
            "enable_resource_name_dns_a_record_on_launch": false,
            "enable_resource_name_dns_aaaa_record_on_launch": false,
            "id": "subnet-0fa542ece4895af4a",
            "ipv6_cidr_block": "",
            "ipv6_cidr_block_association_id": "",
            "ipv6_native": false,
            "map_customer_owned_ip_on_launch": false,
            "map_public_ip_on_launch": false,
            "outpost_arn": "",
            "owner_id": "277707137172",
            "private_dns_hostname_type_on_launch": "ip-name",
            "tags": {
              "Environment": "prod",
              "Name": "prod-vpc",
              "Terraform": "true"
            },
            "tags_all": {
              "Environment": "prod",
              "Name": "prod-vpc",
              "Terraform": "true"
            },
            "timeouts": null,
            "vpc_id": "vpc-0aea249fb189ca256"
          },
          "sensitive_attributes": [],
          "private": "eyJlMmJmYjczMC1lY2FhLTExZTYtOGY4OC0zNDM2M2JjN2M0YzAiOnsiY3JlYXRlIjo2MDAwMDAwMDAwMDAsImRlbGV0ZSI6MTIwMDAwMDAwMDAwMH0sInNjaGVtYV92ZXJzaW9uIjoiMSJ9",
          "dependencies": [
            "module.vpc.module.vpc.aws_vpc.this",
            "module.vpc.module.vpc.aws_vpc_ipv4_cidr_block_association.this"
          ],
          "create_before_destroy": true
        }
      ]
    },
    {
      "module": "module.vpc.module.vpc",
      "mode": "managed",
      "type": "aws_subnet",
      "name": "public",
      "provider": "module.vpc.provider[\"registry.terraform.io/hashicorp/aws\"]",
      "instances": [
        {
          "index_key": 0,
          "schema_version": 1,
          "attributes": {
            "arn": "arn:aws:ec2:ap-northeast-2:277707137172:subnet/subnet-06bce30024b93de2b",
            "assign_ipv6_address_on_creation": false,
            "availability_zone": "ap-northeast-2a",
            "availability_zone_id": "apne2-az1",
            "cidr_block": "10.0.1.0/24",
            "customer_owned_ipv4_pool": "",
            "enable_dns64": false,
            "enable_lni_at_device_index": 0,
            "enable_resource_name_dns_a_record_on_launch": false,
            "enable_resource_name_dns_aaaa_record_on_launch": false,
            "id": "subnet-06bce30024b93de2b",
            "ipv6_cidr_block": "",
            "ipv6_cidr_block_association_id": "",
            "ipv6_native": false,
            "map_customer_owned_ip_on_launch": false,
            "map_public_ip_on_launch": false,
            "outpost_arn": "",
            "owner_id": "277707137172",
            "private_dns_hostname_type_on_launch": "ip-name",
            "tags": {
              "Environment": "prod",
              "Name": "prod-vpc",
              "Terraform": "true"
            },
            "tags_all": {
              "Environment": "prod",
              "Name": "prod-vpc",
              "Terraform": "true"
            },
            "timeouts": null,
            "vpc_id": "vpc-0aea249fb189ca256"
          },
          "sensitive_attributes": [],
          "private": "eyJlMmJmYjczMC1lY2FhLTExZTYtOGY4OC0zNDM2M2JjN2M0YzAiOnsiY3JlYXRlIjo2MDAwMDAwMDAwMDAsImRlbGV0ZSI6MTIwMDAwMDAwMDAwMH0sInNjaGVtYV92ZXJzaW9uIjoiMSJ9",
          "dependencies": [
            "module.vpc.module.vpc.aws_vpc.this",
            "module.vpc.module.vpc.aws_vpc_ipv4_cidr_block_association.this"
          ]
        },
        {
          "index_key": 1,
          "schema_version": 1,
          "attributes": {
            "arn": "arn:aws:ec2:ap-northeast-2:277707137172:subnet/subnet-0242ebd261be66902",
            "assign_ipv6_address_on_creation": false,
            "availability_zone": "ap-northeast-2c",
            "availability_zone_id": "apne2-az3",
            "cidr_block": "10.0.5.0/24",
            "customer_owned_ipv4_pool": "",
            "enable_dns64": false,
            "enable_lni_at_device_index": 0,
            "enable_resource_name_dns_a_record_on_launch": false,
            "enable_resource_name_dns_aaaa_record_on_launch": false,
            "id": "subnet-0242ebd261be66902",
            "ipv6_cidr_block": "",
            "ipv6_cidr_block_association_id": "",
            "ipv6_native": false,
            "map_customer_owned_ip_on_launch": false,
            "map_public_ip_on_launch": false,
            "outpost_arn": "",
            "owner_id": "277707137172",
            "private_dns_hostname_type_on_launch": "ip-name",
            "tags": {
              "Environment": "prod",
              "Name": "prod-vpc",
              "Terraform": "true"
            },
            "tags_all": {
              "Environment": "prod",
              "Name": "prod-vpc",
              "Terraform": "true"
            },
            "timeouts": null,
            "vpc_id": "vpc-0aea249fb189ca256"
          },
          "sensitive_attributes": [],
          "private": "eyJlMmJmYjczMC1lY2FhLTExZTYtOGY4OC0zNDM2M2JjN2M0YzAiOnsiY3JlYXRlIjo2MDAwMDAwMDAwMDAsImRlbGV0ZSI6MTIwMDAwMDAwMDAwMH0sInNjaGVtYV92ZXJzaW9uIjoiMSJ9",
          "dependencies": [
            "module.vpc.module.vpc.aws_vpc.this",
            "module.vpc.module.vpc.aws_vpc_ipv4_cidr_block_association.this"
          ]
        }
      ]
    },
    {
      "module": "module.vpc.module.vpc",
      "mode": "managed",
      "type": "aws_subnet",
      "name": "redshift",
      "provider": "module.vpc.provider[\"registry.terraform.io/hashicorp/aws\"]",
      "instances": []
    },
    {
      "module": "module.vpc.module.vpc",
      "mode": "managed",
      "type": "aws_vpc",
      "name": "this",
      "provider": "module.vpc.provider[\"registry.terraform.io/hashicorp/aws\"]",
      "instances": [
        {
          "index_key": 0,
          "schema_version": 1,
          "attributes": {
            "arn": "arn:aws:ec2:ap-northeast-2:277707137172:vpc/vpc-0aea249fb189ca256",
            "assign_generated_ipv6_cidr_block": false,
            "cidr_block": "10.0.0.0/16",
            "default_network_acl_id": "acl-0030134a507466cc3",
            "default_route_table_id": "rtb-03dd84ad6470c72d5",
            "default_security_group_id": "sg-037c2333e47ecc006",
            "dhcp_options_id": "dopt-004aeb64035f9c672",
            "enable_dns_hostnames": true,
            "enable_dns_support": true,
            "enable_network_address_usage_metrics": false,
            "id": "vpc-0aea249fb189ca256",
            "instance_tenancy": "default",
            "ipv4_ipam_pool_id": null,
            "ipv4_netmask_length": null,
            "ipv6_association_id": "",
            "ipv6_cidr_block": "",
            "ipv6_cidr_block_network_border_group": "",
            "ipv6_ipam_pool_id": "",
            "ipv6_netmask_length": 0,
            "main_route_table_id": "rtb-03dd84ad6470c72d5",
            "owner_id": "277707137172",
            "tags": {
              "Environment": "prod",
              "Name": "prod-vpc",
              "Terraform": "true"
            },
            "tags_all": {
              "Environment": "prod",
              "Name": "prod-vpc",
              "Terraform": "true"
            }
          },
          "sensitive_attributes": [],
          "private": "eyJzY2hlbWFfdmVyc2lvbiI6IjEifQ==",
          "create_before_destroy": true
        }
      ]
    },
    {
      "module": "module.vpc.module.vpc",
      "mode": "managed",
      "type": "aws_vpc_dhcp_options",
      "name": "this",
      "provider": "module.vpc.provider[\"registry.terraform.io/hashicorp/aws\"]",
      "instances": []
    },
    {
      "module": "module.vpc.module.vpc",
      "mode": "managed",
      "type": "aws_vpc_dhcp_options_association",
      "name": "this",
      "provider": "module.vpc.provider[\"registry.terraform.io/hashicorp/aws\"]",
      "instances": []
    },
    {
      "module": "module.vpc.module.vpc",
      "mode": "managed",
      "type": "aws_vpc_ipv4_cidr_block_association",
      "name": "this",
      "provider": "module.vpc.provider[\"registry.terraform.io/hashicorp/aws\"]",
      "instances": []
    },
    {
      "module": "module.vpc.module.vpc",
      "mode": "managed",
      "type": "aws_vpn_gateway",
      "name": "this",
      "provider": "module.vpc.provider[\"registry.terraform.io/hashicorp/aws\"]",
      "instances": []
    },
    {
      "module": "module.vpc.module.vpc",
      "mode": "managed",
      "type": "aws_vpn_gateway_attachment",
      "name": "this",
      "provider": "module.vpc.provider[\"registry.terraform.io/hashicorp/aws\"]",
      "instances": []
    },
    {
      "module": "module.vpc.module.vpc",
      "mode": "managed",
      "type": "aws_vpn_gateway_route_propagation",
      "name": "intra",
      "provider": "module.vpc.provider[\"registry.terraform.io/hashicorp/aws\"]",
      "instances": []
    },
    {
      "module": "module.vpc.module.vpc",
      "mode": "managed",
      "type": "aws_vpn_gateway_route_propagation",
      "name": "private",
      "provider": "module.vpc.provider[\"registry.terraform.io/hashicorp/aws\"]",
      "instances": []
    },
    {
      "module": "module.vpc.module.vpc",
      "mode": "managed",
      "type": "aws_vpn_gateway_route_propagation",
      "name": "public",
      "provider": "module.vpc.provider[\"registry.terraform.io/hashicorp/aws\"]",
      "instances": []
    }
  ],
  "check_results": [
    {
      "object_kind": "resource",
      "config_addr": "module.eks_az_c.module.eks_az_a.module.eks_managed_node_group.module.user_data.null_resource.validate_cluster_service_cidr",
      "status": "pass",
      "objects": null
    },
    {
      "object_kind": "resource",
      "config_addr": "module.eks_az_c.module.eks_az_a.module.self_managed_node_group.module.user_data.null_resource.validate_cluster_service_cidr",
      "status": "pass",
      "objects": null
    },
    {
      "object_kind": "resource",
      "config_addr": "module.eks_az_a.module.eks_az_c.module.self_managed_node_group.module.user_data.null_resource.validate_cluster_service_cidr",
      "status": "pass",
      "objects": null
    },
    {
      "object_kind": "resource",
      "config_addr": "module.eks_az_a.module.eks_az_c.module.eks_managed_node_group.module.user_data.null_resource.validate_cluster_service_cidr",
      "status": "pass",
      "objects": null
    },
    {
      "object_kind": "resource",
      "config_addr": "module.eks_az_c.module.eks_az_c.module.eks_managed_node_group.module.user_data.null_resource.validate_cluster_service_cidr",
      "status": "pass",
      "objects": null
    },
    {
      "object_kind": "var",
      "config_addr": "module.eks_az_a.module.eks_az_a.module.self_managed_node_group.var.platform",
      "status": "pass",
      "objects": null
    },
    {
      "object_kind": "var",
      "config_addr": "module.eks_az_c.module.eks_az_a.module.self_managed_node_group.var.platform",
      "status": "pass",
      "objects": null
    },
    {
      "object_kind": "var",
      "config_addr": "module.eks_az_a.module.eks_az_c.module.self_managed_node_group.var.platform",
      "status": "pass",
      "objects": null
    },
    {
      "object_kind": "resource",
      "config_addr": "module.eks_az_a.module.eks_az_a.module.eks_managed_node_group.module.user_data.null_resource.validate_cluster_service_cidr",
      "status": "pass",
      "objects": null
    },
    {
      "object_kind": "resource",
      "config_addr": "module.eks_az_c.module.eks_az_c.module.self_managed_node_group.module.user_data.null_resource.validate_cluster_service_cidr",
      "status": "pass",
      "objects": null
    },
    {
      "object_kind": "resource",
      "config_addr": "module.eks_az_a.module.eks_az_a.module.self_managed_node_group.module.user_data.null_resource.validate_cluster_service_cidr",
      "status": "pass",
      "objects": null
    },
    {
      "object_kind": "var",
      "config_addr": "module.eks_az_c.module.eks_az_c.module.self_managed_node_group.var.platform",
      "status": "pass",
      "objects": null
    }
  ]
}
